{
  "version": 4,
  "terraform_version": "1.0.4",
  "serial": 343,
  "lineage": "8c113217-16fe-3c48-fc70-93c7700b88cb",
  "outputs": {},
  "resources": [
    {
      "mode": "data",
      "type": "azurerm_resources",
      "name": "application_gateways",
      "provider": "provider[\"registry.terraform.io/hashicorp/azurerm\"]",
      "instances": [
        {
          "schema_version": 0,
          "attributes": {
            "id": "resource-16e51151-c30e-4638-8b5a-c30e7b02ae89",
            "name": null,
            "required_tags": null,
            "resource_group_name": "fourkites-development",
            "resources": [
              {
                "id": "/subscriptions/78c78ae6-b8f6-44d9-88b7-cee29cd59d60/resourceGroups/fourkites-development/providers/Microsoft.Network/applicationGateways/fk-frontend-dev",
                "location": "eastus",
                "name": "fk-frontend-dev",
                "tags": {
                  "env": "dev",
                  "project": "frontend",
                  "team": "common"
                },
                "type": "Microsoft.Network/applicationGateways"
              },
              {
                "id": "/subscriptions/78c78ae6-b8f6-44d9-88b7-cee29cd59d60/resourceGroups/fourkites-development/providers/Microsoft.Network/applicationGateways/fourkitesdevagwwaf",
                "location": "eastus",
                "name": "fourkitesdevagwwaf",
                "tags": {
                  "Owner": "Eric Zubriski",
                  "env": "dev",
                  "ingress-for-aks-cluster-id": "/subscriptions/78c78ae6-b8f6-44d9-88b7-cee29cd59d60/resourcegroups/fourkites-development/providers/Microsoft.ContainerService/managedClusters/fourkites-dev",
                  "managed-by-k8s-ingress": "1.4.0/0e9dc17c/2021-02-26-03:29T+0000",
                  "terraform-managed": "true"
                },
                "type": "Microsoft.Network/applicationGateways"
              }
            ],
            "timeouts": null,
            "type": "microsoft.network/applicationgateways"
          },
          "sensitive_attributes": []
        }
      ]
    },
    {
      "mode": "data",
      "type": "azurerm_resources",
      "name": "cdn_profiles",
      "provider": "provider[\"registry.terraform.io/hashicorp/azurerm\"]",
      "instances": [
        {
          "schema_version": 0,
          "attributes": {
            "id": "resource-98804d7e-6ca3-4303-91e6-269de8d1cabf",
            "name": null,
            "required_tags": null,
            "resource_group_name": "fourkites-development",
            "resources": [
              {
                "id": "/subscriptions/78c78ae6-b8f6-44d9-88b7-cee29cd59d60/resourceGroups/fourkites-development/providers/Microsoft.Cdn/profiles/dev-profile",
                "location": "global",
                "name": "dev-profile",
                "tags": {
                  "Owner": "Eric Zubriski",
                  "env": "dev",
                  "terraform-managed": "true"
                },
                "type": "Microsoft.Cdn/profiles"
              },
              {
                "id": "/subscriptions/78c78ae6-b8f6-44d9-88b7-cee29cd59d60/resourceGroups/fourkites-development/providers/microsoft.cdn/profiles/fkdevcdn-profile",
                "location": "global",
                "name": "fkdevcdn-profile",
                "tags": {
                  "Owner": "Eric Zubriski",
                  "env": "dev",
                  "terraform-managed": "true"
                },
                "type": "microsoft.cdn/profiles"
              },
              {
                "id": "/subscriptions/78c78ae6-b8f6-44d9-88b7-cee29cd59d60/resourceGroups/fourkites-development/providers/microsoft.cdn/profiles/portal-dev-fourkites-com",
                "location": "global",
                "name": "portal-dev-fourkites-com",
                "tags": {},
                "type": "microsoft.cdn/profiles"
              }
            ],
            "timeouts": null,
            "type": "microsoft.cdn/profiles"
          },
          "sensitive_attributes": []
        }
      ]
    },
    {
      "mode": "data",
      "type": "azurerm_resources",
      "name": "container_registries",
      "provider": "provider[\"registry.terraform.io/hashicorp/azurerm\"]",
      "instances": [
        {
          "schema_version": 0,
          "attributes": {
            "id": "resource-748d67ec-74cc-4bd2-b3ea-630b2b74ed73",
            "name": null,
            "required_tags": null,
            "resource_group_name": "fourkites-development",
            "resources": [
              {
                "id": "/subscriptions/78c78ae6-b8f6-44d9-88b7-cee29cd59d60/resourceGroups/fourkites-development/providers/Microsoft.ContainerRegistry/registries/fourkitesdevelopment",
                "location": "eastus",
                "name": "fourkitesdevelopment",
                "tags": {},
                "type": "Microsoft.ContainerRegistry/registries"
              }
            ],
            "timeouts": null,
            "type": "microsoft.containerregistry/registries"
          },
          "sensitive_attributes": []
        }
      ]
    },
    {
      "mode": "data",
      "type": "azurerm_resources",
      "name": "dns_zones",
      "provider": "provider[\"registry.terraform.io/hashicorp/azurerm\"]",
      "instances": [
        {
          "schema_version": 0,
          "attributes": {
            "id": "resource-8ab0e221-8a00-4fa6-9bf3-efb2fe4e769c",
            "name": null,
            "required_tags": null,
            "resource_group_name": "fourkites-development",
            "resources": [
              {
                "id": "/subscriptions/78c78ae6-b8f6-44d9-88b7-cee29cd59d60/resourceGroups/fourkites-development/providers/Microsoft.Network/dnszones/ng.fourkites.com",
                "location": "global",
                "name": "ng.fourkites.com",
                "tags": {},
                "type": "Microsoft.Network/dnszones"
              },
              {
                "id": "/subscriptions/78c78ae6-b8f6-44d9-88b7-cee29cd59d60/resourceGroups/fourkites-development/providers/Microsoft.Network/dnszones/portal.fourkites.com",
                "location": "global",
                "name": "portal.fourkites.com",
                "tags": {},
                "type": "Microsoft.Network/dnszones"
              }
            ],
            "timeouts": null,
            "type": "microsoft.network/dnszones"
          },
          "sensitive_attributes": []
        }
      ]
    },
    {
      "mode": "data",
      "type": "azurerm_resources",
      "name": "document_db",
      "provider": "provider[\"registry.terraform.io/hashicorp/azurerm\"]",
      "instances": [
        {
          "schema_version": 0,
          "attributes": {
            "id": "resource-4cc29860-daaf-4ae6-8ee0-4f0adf4e4955",
            "name": null,
            "required_tags": null,
            "resource_group_name": "fourkites-development",
            "resources": [
              {
                "id": "/subscriptions/78c78ae6-b8f6-44d9-88b7-cee29cd59d60/resourceGroups/fourkites-development/providers/Microsoft.DocumentDB/databaseAccounts/fourkites-dev-cassandra-account",
                "location": "eastus",
                "name": "fourkites-dev-cassandra-account",
                "tags": {
                  "Owner": "Eric Zubriski",
                  "env": "dev",
                  "terraform-managed": "true"
                },
                "type": "Microsoft.DocumentDB/databaseAccounts"
              },
              {
                "id": "/subscriptions/78c78ae6-b8f6-44d9-88b7-cee29cd59d60/resourceGroups/fourkites-development/providers/Microsoft.DocumentDB/databaseAccounts/fourkites-dev-mongo-account",
                "location": "eastus",
                "name": "fourkites-dev-mongo-account",
                "tags": {
                  "Owner": "Eric Zubriski",
                  "env": "dev",
                  "terraform-managed": "true"
                },
                "type": "Microsoft.DocumentDB/databaseAccounts"
              },
              {
                "id": "/subscriptions/78c78ae6-b8f6-44d9-88b7-cee29cd59d60/resourceGroups/fourkites-development/providers/Microsoft.DocumentDB/databaseAccounts/fourkites-dev-table-account",
                "location": "eastus",
                "name": "fourkites-dev-table-account",
                "tags": {
                  "Owner": "Eric Zubriski",
                  "env": "dev",
                  "terraform-managed": "true"
                },
                "type": "Microsoft.DocumentDB/databaseAccounts"
              },
              {
                "id": "/subscriptions/78c78ae6-b8f6-44d9-88b7-cee29cd59d60/resourceGroups/fourkites-development/providers/Microsoft.DocumentDB/databaseAccounts/fourkites-development-table-temp",
                "location": "eastus",
                "name": "fourkites-development-table-temp",
                "tags": {},
                "type": "Microsoft.DocumentDB/databaseAccounts"
              }
            ],
            "timeouts": null,
            "type": "microsoft.documentdb/databaseaccounts"
          },
          "sensitive_attributes": []
        }
      ]
    },
    {
      "mode": "data",
      "type": "azurerm_resources",
      "name": "firewalls",
      "provider": "provider[\"registry.terraform.io/hashicorp/azurerm\"]",
      "instances": [
        {
          "schema_version": 0,
          "attributes": {
            "id": "resource-86b4ab7d-8517-4b83-b291-09a698bc8192",
            "name": null,
            "required_tags": null,
            "resource_group_name": "fourkites-development",
            "resources": [
              {
                "id": "/subscriptions/78c78ae6-b8f6-44d9-88b7-cee29cd59d60/resourceGroups/fourkites-development/providers/Microsoft.Network/azureFirewalls/fkdev-firewall",
                "location": "eastus",
                "name": "fkdev-firewall",
                "tags": {
                  "Owner": "Eric Zubriski",
                  "env": "dev",
                  "terraform-managed": "true"
                },
                "type": "Microsoft.Network/azureFirewalls"
              }
            ],
            "timeouts": null,
            "type": "microsoft.network/azurefirewalls"
          },
          "sensitive_attributes": []
        }
      ]
    },
    {
      "mode": "data",
      "type": "azurerm_resources",
      "name": "hdinsights_clusters",
      "provider": "provider[\"registry.terraform.io/hashicorp/azurerm\"]",
      "instances": [
        {
          "schema_version": 0,
          "attributes": {
            "id": "resource-e52af313-ba8b-44d0-b949-218f735b3ed8",
            "name": null,
            "required_tags": null,
            "resource_group_name": "fourkites-development",
            "resources": [
              {
                "id": "/subscriptions/78c78ae6-b8f6-44d9-88b7-cee29cd59d60/resourceGroups/fourkites-development/providers/Microsoft.HDInsight/clusters/fourkitesdevkafka",
                "location": "eastus",
                "name": "fourkitesdevkafka",
                "tags": {
                  "Owner": "Eric Zubriski",
                  "env": "dev",
                  "terraform-managed": "true"
                },
                "type": "Microsoft.HDInsight/clusters"
              },
              {
                "id": "/subscriptions/78c78ae6-b8f6-44d9-88b7-cee29cd59d60/resourceGroups/fourkites-development/providers/Microsoft.HDInsight/clusters/gby-spark-fkdev",
                "location": "eastus",
                "name": "gby-spark-fkdev",
                "tags": {
                  "Owner": "Eric Zubriski",
                  "env": "dev",
                  "terraform-managed": "true"
                },
                "type": "Microsoft.HDInsight/clusters"
              },
              {
                "id": "/subscriptions/78c78ae6-b8f6-44d9-88b7-cee29cd59d60/resourceGroups/fourkites-development/providers/Microsoft.HDInsight/clusters/hbase-02",
                "location": "eastus",
                "name": "hbase-02",
                "tags": {},
                "type": "Microsoft.HDInsight/clusters"
              },
              {
                "id": "/subscriptions/78c78ae6-b8f6-44d9-88b7-cee29cd59d60/resourceGroups/fourkites-development/providers/Microsoft.HDInsight/clusters/kafka-az-us-fkdev",
                "location": "eastus",
                "name": "kafka-az-us-fkdev",
                "tags": {
                  "Owner": "Eric Zubriski",
                  "env": "dev",
                  "terraform-managed": "true"
                },
                "type": "Microsoft.HDInsight/clusters"
              },
              {
                "id": "/subscriptions/78c78ae6-b8f6-44d9-88b7-cee29cd59d60/resourceGroups/fourkites-development/providers/Microsoft.HDInsight/clusters/nls-hbase-fkdev",
                "location": "eastus",
                "name": "nls-hbase-fkdev",
                "tags": {
                  "Owner": "Eric Zubriski",
                  "env": "dev",
                  "terraform-managed": "true"
                },
                "type": "Microsoft.HDInsight/clusters"
              },
              {
                "id": "/subscriptions/78c78ae6-b8f6-44d9-88b7-cee29cd59d60/resourceGroups/fourkites-development/providers/Microsoft.HDInsight/clusters/spark-02",
                "location": "eastus",
                "name": "spark-02",
                "tags": {},
                "type": "Microsoft.HDInsight/clusters"
              }
            ],
            "timeouts": null,
            "type": "microsoft.hdinsight/clusters"
          },
          "sensitive_attributes": []
        }
      ]
    },
    {
      "mode": "data",
      "type": "azurerm_resources",
      "name": "keyvaults",
      "provider": "provider[\"registry.terraform.io/hashicorp/azurerm\"]",
      "instances": [
        {
          "schema_version": 0,
          "attributes": {
            "id": "resource-555a108c-6b48-405d-9fc7-a3287066489a",
            "name": null,
            "required_tags": null,
            "resource_group_name": "fourkites-development",
            "resources": [
              {
                "id": "/subscriptions/78c78ae6-b8f6-44d9-88b7-cee29cd59d60/resourceGroups/fourkites-development/providers/Microsoft.KeyVault/vaults/ds-poc",
                "location": "eastus",
                "name": "ds-poc",
                "tags": {},
                "type": "Microsoft.KeyVault/vaults"
              },
              {
                "id": "/subscriptions/78c78ae6-b8f6-44d9-88b7-cee29cd59d60/resourceGroups/fourkites-development/providers/Microsoft.KeyVault/vaults/fourkites-development",
                "location": "eastus",
                "name": "fourkites-development",
                "tags": {},
                "type": "Microsoft.KeyVault/vaults"
              },
              {
                "id": "/subscriptions/78c78ae6-b8f6-44d9-88b7-cee29cd59d60/resourceGroups/fourkites-development/providers/Microsoft.KeyVault/vaults/fourkitesdevagwwaf-kv",
                "location": "eastus",
                "name": "fourkitesdevagwwaf-kv",
                "tags": {},
                "type": "Microsoft.KeyVault/vaults"
              }
            ],
            "timeouts": null,
            "type": "microsoft.keyvault/vaults"
          },
          "sensitive_attributes": []
        }
      ]
    },
    {
      "mode": "data",
      "type": "azurerm_resources",
      "name": "load_balancers",
      "provider": "provider[\"registry.terraform.io/hashicorp/azurerm\"]",
      "instances": [
        {
          "schema_version": 0,
          "attributes": {
            "id": "resource-6bee4ed9-6a99-40f0-8740-7243c8b1e59b",
            "name": null,
            "required_tags": null,
            "resource_group_name": "fourkites-development",
            "resources": [
              {
                "id": "/subscriptions/78c78ae6-b8f6-44d9-88b7-cee29cd59d60/resourceGroups/fourkites-development/providers/Microsoft.Network/loadBalancers/edgenode1-43242fcadee44766ac16a7e01cfebd0d",
                "location": "eastus",
                "name": "edgenode1-43242fcadee44766ac16a7e01cfebd0d",
                "tags": {},
                "type": "Microsoft.Network/loadBalancers"
              },
              {
                "id": "/subscriptions/78c78ae6-b8f6-44d9-88b7-cee29cd59d60/resourceGroups/fourkites-development/providers/Microsoft.Network/loadBalancers/edgenode1-4e62d85716074eedbcfc4e414211239e",
                "location": "eastus",
                "name": "edgenode1-4e62d85716074eedbcfc4e414211239e",
                "tags": {
                  "Owner": "Eric Zubriski",
                  "env": "dev",
                  "terraform-managed": "true"
                },
                "type": "Microsoft.Network/loadBalancers"
              },
              {
                "id": "/subscriptions/78c78ae6-b8f6-44d9-88b7-cee29cd59d60/resourceGroups/fourkites-development/providers/Microsoft.Network/loadBalancers/gateway-25bf3d4810bc4e35a1095a5d3daed42b",
                "location": "eastus",
                "name": "gateway-25bf3d4810bc4e35a1095a5d3daed42b",
                "tags": {
                  "Owner": "Eric Zubriski",
                  "env": "dev",
                  "terraform-managed": "true"
                },
                "type": "Microsoft.Network/loadBalancers"
              },
              {
                "id": "/subscriptions/78c78ae6-b8f6-44d9-88b7-cee29cd59d60/resourceGroups/fourkites-development/providers/Microsoft.Network/loadBalancers/gateway-43242fcadee44766ac16a7e01cfebd0d",
                "location": "eastus",
                "name": "gateway-43242fcadee44766ac16a7e01cfebd0d",
                "tags": {},
                "type": "Microsoft.Network/loadBalancers"
              },
              {
                "id": "/subscriptions/78c78ae6-b8f6-44d9-88b7-cee29cd59d60/resourceGroups/fourkites-development/providers/Microsoft.Network/loadBalancers/gateway-4e62d85716074eedbcfc4e414211239e",
                "location": "eastus",
                "name": "gateway-4e62d85716074eedbcfc4e414211239e",
                "tags": {
                  "Owner": "Eric Zubriski",
                  "env": "dev",
                  "terraform-managed": "true"
                },
                "type": "Microsoft.Network/loadBalancers"
              },
              {
                "id": "/subscriptions/78c78ae6-b8f6-44d9-88b7-cee29cd59d60/resourceGroups/fourkites-development/providers/Microsoft.Network/loadBalancers/gateway-685f2fa10b3c416bb506108cc1d9e4e7",
                "location": "eastus",
                "name": "gateway-685f2fa10b3c416bb506108cc1d9e4e7",
                "tags": {
                  "Owner": "Eric Zubriski",
                  "env": "dev",
                  "terraform-managed": "true"
                },
                "type": "Microsoft.Network/loadBalancers"
              },
              {
                "id": "/subscriptions/78c78ae6-b8f6-44d9-88b7-cee29cd59d60/resourceGroups/fourkites-development/providers/Microsoft.Network/loadBalancers/gateway-acb61a7a87f84292b4fc0105d9b02fb6",
                "location": "eastus",
                "name": "gateway-acb61a7a87f84292b4fc0105d9b02fb6",
                "tags": {},
                "type": "Microsoft.Network/loadBalancers"
              },
              {
                "id": "/subscriptions/78c78ae6-b8f6-44d9-88b7-cee29cd59d60/resourceGroups/fourkites-development/providers/Microsoft.Network/loadBalancers/gateway-c68b4172f7874b27888e8c7a4a3c2203",
                "location": "eastus",
                "name": "gateway-c68b4172f7874b27888e8c7a4a3c2203",
                "tags": {
                  "Owner": "Eric Zubriski",
                  "env": "dev",
                  "terraform-managed": "true"
                },
                "type": "Microsoft.Network/loadBalancers"
              },
              {
                "id": "/subscriptions/78c78ae6-b8f6-44d9-88b7-cee29cd59d60/resourceGroups/fourkites-development/providers/Microsoft.Network/loadBalancers/gateway-internal-25bf3d4810bc4e35a1095a5d3daed42b",
                "location": "eastus",
                "name": "gateway-internal-25bf3d4810bc4e35a1095a5d3daed42b",
                "tags": {
                  "Owner": "Eric Zubriski",
                  "env": "dev",
                  "terraform-managed": "true"
                },
                "type": "Microsoft.Network/loadBalancers"
              },
              {
                "id": "/subscriptions/78c78ae6-b8f6-44d9-88b7-cee29cd59d60/resourceGroups/fourkites-development/providers/Microsoft.Network/loadBalancers/gateway-internal-43242fcadee44766ac16a7e01cfebd0d",
                "location": "eastus",
                "name": "gateway-internal-43242fcadee44766ac16a7e01cfebd0d",
                "tags": {},
                "type": "Microsoft.Network/loadBalancers"
              },
              {
                "id": "/subscriptions/78c78ae6-b8f6-44d9-88b7-cee29cd59d60/resourceGroups/fourkites-development/providers/Microsoft.Network/loadBalancers/gateway-internal-4e62d85716074eedbcfc4e414211239e",
                "location": "eastus",
                "name": "gateway-internal-4e62d85716074eedbcfc4e414211239e",
                "tags": {
                  "Owner": "Eric Zubriski",
                  "env": "dev",
                  "terraform-managed": "true"
                },
                "type": "Microsoft.Network/loadBalancers"
              },
              {
                "id": "/subscriptions/78c78ae6-b8f6-44d9-88b7-cee29cd59d60/resourceGroups/fourkites-development/providers/Microsoft.Network/loadBalancers/gateway-internal-685f2fa10b3c416bb506108cc1d9e4e7",
                "location": "eastus",
                "name": "gateway-internal-685f2fa10b3c416bb506108cc1d9e4e7",
                "tags": {
                  "Owner": "Eric Zubriski",
                  "env": "dev",
                  "terraform-managed": "true"
                },
                "type": "Microsoft.Network/loadBalancers"
              },
              {
                "id": "/subscriptions/78c78ae6-b8f6-44d9-88b7-cee29cd59d60/resourceGroups/fourkites-development/providers/Microsoft.Network/loadBalancers/gateway-internal-acb61a7a87f84292b4fc0105d9b02fb6",
                "location": "eastus",
                "name": "gateway-internal-acb61a7a87f84292b4fc0105d9b02fb6",
                "tags": {},
                "type": "Microsoft.Network/loadBalancers"
              },
              {
                "id": "/subscriptions/78c78ae6-b8f6-44d9-88b7-cee29cd59d60/resourceGroups/fourkites-development/providers/Microsoft.Network/loadBalancers/gateway-internal-c68b4172f7874b27888e8c7a4a3c2203",
                "location": "eastus",
                "name": "gateway-internal-c68b4172f7874b27888e8c7a4a3c2203",
                "tags": {
                  "Owner": "Eric Zubriski",
                  "env": "dev",
                  "terraform-managed": "true"
                },
                "type": "Microsoft.Network/loadBalancers"
              },
              {
                "id": "/subscriptions/78c78ae6-b8f6-44d9-88b7-cee29cd59d60/resourceGroups/fourkites-development/providers/Microsoft.Network/loadBalancers/headnode-25bf3d4810bc4e35a1095a5d3daed42b",
                "location": "eastus",
                "name": "headnode-25bf3d4810bc4e35a1095a5d3daed42b",
                "tags": {
                  "Owner": "Eric Zubriski",
                  "env": "dev",
                  "terraform-managed": "true"
                },
                "type": "Microsoft.Network/loadBalancers"
              },
              {
                "id": "/subscriptions/78c78ae6-b8f6-44d9-88b7-cee29cd59d60/resourceGroups/fourkites-development/providers/Microsoft.Network/loadBalancers/headnode-43242fcadee44766ac16a7e01cfebd0d",
                "location": "eastus",
                "name": "headnode-43242fcadee44766ac16a7e01cfebd0d",
                "tags": {},
                "type": "Microsoft.Network/loadBalancers"
              },
              {
                "id": "/subscriptions/78c78ae6-b8f6-44d9-88b7-cee29cd59d60/resourceGroups/fourkites-development/providers/Microsoft.Network/loadBalancers/headnode-4e62d85716074eedbcfc4e414211239e",
                "location": "eastus",
                "name": "headnode-4e62d85716074eedbcfc4e414211239e",
                "tags": {
                  "Owner": "Eric Zubriski",
                  "env": "dev",
                  "terraform-managed": "true"
                },
                "type": "Microsoft.Network/loadBalancers"
              },
              {
                "id": "/subscriptions/78c78ae6-b8f6-44d9-88b7-cee29cd59d60/resourceGroups/fourkites-development/providers/Microsoft.Network/loadBalancers/headnode-685f2fa10b3c416bb506108cc1d9e4e7",
                "location": "eastus",
                "name": "headnode-685f2fa10b3c416bb506108cc1d9e4e7",
                "tags": {
                  "Owner": "Eric Zubriski",
                  "env": "dev",
                  "terraform-managed": "true"
                },
                "type": "Microsoft.Network/loadBalancers"
              },
              {
                "id": "/subscriptions/78c78ae6-b8f6-44d9-88b7-cee29cd59d60/resourceGroups/fourkites-development/providers/Microsoft.Network/loadBalancers/headnode-acb61a7a87f84292b4fc0105d9b02fb6",
                "location": "eastus",
                "name": "headnode-acb61a7a87f84292b4fc0105d9b02fb6",
                "tags": {},
                "type": "Microsoft.Network/loadBalancers"
              },
              {
                "id": "/subscriptions/78c78ae6-b8f6-44d9-88b7-cee29cd59d60/resourceGroups/fourkites-development/providers/Microsoft.Network/loadBalancers/headnode-c68b4172f7874b27888e8c7a4a3c2203",
                "location": "eastus",
                "name": "headnode-c68b4172f7874b27888e8c7a4a3c2203",
                "tags": {
                  "Owner": "Eric Zubriski",
                  "env": "dev",
                  "terraform-managed": "true"
                },
                "type": "Microsoft.Network/loadBalancers"
              }
            ],
            "timeouts": null,
            "type": "microsoft.network/loadbalancers"
          },
          "sensitive_attributes": []
        }
      ]
    },
    {
      "mode": "data",
      "type": "azurerm_resources",
      "name": "managed_clusters",
      "provider": "provider[\"registry.terraform.io/hashicorp/azurerm\"]",
      "instances": [
        {
          "schema_version": 0,
          "attributes": {
            "id": "resource-3a6fbb73-a18e-479e-9f79-055ee36d8b95",
            "name": null,
            "required_tags": null,
            "resource_group_name": "fourkites-development",
            "resources": [
              {
                "id": "/subscriptions/78c78ae6-b8f6-44d9-88b7-cee29cd59d60/resourceGroups/fourkites-development/providers/Microsoft.ContainerService/managedClusters/fourkites-dev",
                "location": "eastus",
                "name": "fourkites-dev",
                "tags": {
                  "Owner": "Eric Zubriski",
                  "env": "dev",
                  "terraform-managed": "true"
                },
                "type": "Microsoft.ContainerService/managedClusters"
              },
              {
                "id": "/subscriptions/78c78ae6-b8f6-44d9-88b7-cee29cd59d60/resourceGroups/fourkites-development/providers/Microsoft.ContainerService/managedClusters/fourkites-development",
                "location": "eastus",
                "name": "fourkites-development",
                "tags": {
                  "Owner": "Eric Zubriski",
                  "env": "dev",
                  "terraform-managed": "true"
                },
                "type": "Microsoft.ContainerService/managedClusters"
              }
            ],
            "timeouts": null,
            "type": "microsoft.containerservice/managedclusters"
          },
          "sensitive_attributes": []
        }
      ]
    },
    {
      "mode": "data",
      "type": "azurerm_resources",
      "name": "mysql_servers",
      "provider": "provider[\"registry.terraform.io/hashicorp/azurerm\"]",
      "instances": [
        {
          "schema_version": 0,
          "attributes": {
            "id": "resource-9c941e08-a8e0-4589-95ac-3eae777fe9b8",
            "name": null,
            "required_tags": null,
            "resource_group_name": "fourkites-development",
            "resources": [
              {
                "id": "/subscriptions/78c78ae6-b8f6-44d9-88b7-cee29cd59d60/resourceGroups/fourkites-development/providers/Microsoft.DBForMySQL/servers/azure-automation-db-vpn-dev",
                "location": "eastus",
                "name": "azure-automation-db-vpn-dev",
                "tags": {},
                "type": "Microsoft.DBForMySQL/servers"
              }
            ],
            "timeouts": null,
            "type": "microsoft.dbformysql/servers"
          },
          "sensitive_attributes": []
        }
      ]
    },
    {
      "mode": "data",
      "type": "azurerm_resources",
      "name": "notification_hubs",
      "provider": "provider[\"registry.terraform.io/hashicorp/azurerm\"]",
      "instances": [
        {
          "schema_version": 0,
          "attributes": {
            "id": "resource-d7836d3d-402a-411c-b01b-4f042c5918b2",
            "name": null,
            "required_tags": null,
            "resource_group_name": "fourkites-development",
            "resources": [],
            "timeouts": null,
            "type": "Microsoft.NotificationHubs/Namespaces/NotificationHubs"
          },
          "sensitive_attributes": []
        }
      ]
    },
    {
      "mode": "data",
      "type": "azurerm_resources",
      "name": "redis_caches",
      "provider": "provider[\"registry.terraform.io/hashicorp/azurerm\"]",
      "instances": [
        {
          "schema_version": 0,
          "attributes": {
            "id": "resource-e72dc3f4-a4c8-4ae0-9dab-128d3cf36b24",
            "name": null,
            "required_tags": null,
            "resource_group_name": "fourkites-development",
            "resources": [
              {
                "id": "/subscriptions/78c78ae6-b8f6-44d9-88b7-cee29cd59d60/resourceGroups/fourkites-development/providers/Microsoft.Cache/Redis/airflow-infra-demo",
                "location": "eastus",
                "name": "airflow-infra-demo",
                "tags": {
                  "Owner": "Eric Zubriski",
                  "env": "dev",
                  "terraform-managed": "true"
                },
                "type": "Microsoft.Cache/Redis"
              },
              {
                "id": "/subscriptions/78c78ae6-b8f6-44d9-88b7-cee29cd59d60/resourceGroups/fourkites-development/providers/Microsoft.Cache/Redis/airflow-infra-dev",
                "location": "eastus",
                "name": "airflow-infra-dev",
                "tags": {
                  "Owner": "Eric Zubriski",
                  "env": "dev",
                  "terraform-managed": "true"
                },
                "type": "Microsoft.Cache/Redis"
              },
              {
                "id": "/subscriptions/78c78ae6-b8f6-44d9-88b7-cee29cd59d60/resourceGroups/fourkites-development/providers/Microsoft.Cache/Redis/collaboration-demo",
                "location": "eastus",
                "name": "collaboration-demo",
                "tags": {
                  "Owner": "Eric Zubriski",
                  "env": "dev",
                  "terraform-managed": "true"
                },
                "type": "Microsoft.Cache/Redis"
              },
              {
                "id": "/subscriptions/78c78ae6-b8f6-44d9-88b7-cee29cd59d60/resourceGroups/fourkites-development/providers/Microsoft.Cache/Redis/collaboration-dev",
                "location": "eastus",
                "name": "collaboration-dev",
                "tags": {
                  "Owner": "Eric Zubriski",
                  "env": "dev",
                  "terraform-managed": "true"
                },
                "type": "Microsoft.Cache/Redis"
              },
              {
                "id": "/subscriptions/78c78ae6-b8f6-44d9-88b7-cee29cd59d60/resourceGroups/fourkites-development/providers/Microsoft.Cache/Redis/courier-worker-dev",
                "location": "eastus",
                "name": "courier-worker-dev",
                "tags": {
                  "Owner": "Eric Zubriski",
                  "env": "dev",
                  "terraform-managed": "true"
                },
                "type": "Microsoft.Cache/Redis"
              },
              {
                "id": "/subscriptions/78c78ae6-b8f6-44d9-88b7-cee29cd59d60/resourceGroups/fourkites-development/providers/Microsoft.Cache/Redis/credential-management-service-dev",
                "location": "eastus",
                "name": "credential-management-service-dev",
                "tags": {
                  "Owner": "Eric Zubriski",
                  "env": "dev",
                  "terraform-managed": "true"
                },
                "type": "Microsoft.Cache/Redis"
              },
              {
                "id": "/subscriptions/78c78ae6-b8f6-44d9-88b7-cee29cd59d60/resourceGroups/fourkites-development/providers/Microsoft.Cache/Redis/data-ingestion-dev",
                "location": "eastus",
                "name": "data-ingestion-dev",
                "tags": {
                  "Owner": "Eric Zubriski",
                  "env": "dev",
                  "terraform-managed": "true"
                },
                "type": "Microsoft.Cache/Redis"
              },
              {
                "id": "/subscriptions/78c78ae6-b8f6-44d9-88b7-cee29cd59d60/resourceGroups/fourkites-development/providers/Microsoft.Cache/Redis/fk-dev",
                "location": "eastus",
                "name": "fk-dev",
                "tags": {},
                "type": "Microsoft.Cache/Redis"
              },
              {
                "id": "/subscriptions/78c78ae6-b8f6-44d9-88b7-cee29cd59d60/resourceGroups/fourkites-development/providers/Microsoft.Cache/Redis/fourkites-development",
                "location": "eastus",
                "name": "fourkites-development",
                "tags": {
                  "Owner": "Eric Zubriski",
                  "env": "dev",
                  "terraform-managed": "true"
                },
                "type": "Microsoft.Cache/Redis"
              },
              {
                "id": "/subscriptions/78c78ae6-b8f6-44d9-88b7-cee29cd59d60/resourceGroups/fourkites-development/providers/Microsoft.Cache/Redis/internal-cache-dev",
                "location": "eastus",
                "name": "internal-cache-dev",
                "tags": {
                  "Owner": "Eric Zubriski",
                  "env": "dev",
                  "terraform-managed": "true"
                },
                "type": "Microsoft.Cache/Redis"
              },
              {
                "id": "/subscriptions/78c78ae6-b8f6-44d9-88b7-cee29cd59d60/resourceGroups/fourkites-development/providers/Microsoft.Cache/Redis/ltl-cache-dev",
                "location": "eastus",
                "name": "ltl-cache-dev",
                "tags": {
                  "Owner": "Eric Zubriski",
                  "env": "dev",
                  "terraform-managed": "true"
                },
                "type": "Microsoft.Cache/Redis"
              },
              {
                "id": "/subscriptions/78c78ae6-b8f6-44d9-88b7-cee29cd59d60/resourceGroups/fourkites-development/providers/Microsoft.Cache/Redis/maps-cache-dev",
                "location": "eastus",
                "name": "maps-cache-dev",
                "tags": {
                  "Owner": "Eric Zubriski",
                  "env": "dev",
                  "terraform-managed": "true"
                },
                "type": "Microsoft.Cache/Redis"
              },
              {
                "id": "/subscriptions/78c78ae6-b8f6-44d9-88b7-cee29cd59d60/resourceGroups/fourkites-development/providers/Microsoft.Cache/Redis/mobile-cache-dev",
                "location": "eastus",
                "name": "mobile-cache-dev",
                "tags": {
                  "Owner": "Eric Zubriski",
                  "env": "dev",
                  "terraform-managed": "true"
                },
                "type": "Microsoft.Cache/Redis"
              },
              {
                "id": "/subscriptions/78c78ae6-b8f6-44d9-88b7-cee29cd59d60/resourceGroups/fourkites-development/providers/Microsoft.Cache/Redis/ns-cache-dev",
                "location": "eastus",
                "name": "ns-cache-dev",
                "tags": {
                  "Owner": "Eric Zubriski",
                  "env": "dev",
                  "terraform-managed": "true"
                },
                "type": "Microsoft.Cache/Redis"
              },
              {
                "id": "/subscriptions/78c78ae6-b8f6-44d9-88b7-cee29cd59d60/resourceGroups/fourkites-development/providers/Microsoft.Cache/Redis/po-service-demo",
                "location": "eastus",
                "name": "po-service-demo",
                "tags": {
                  "Owner": "Eric Zubriski",
                  "env": "dev",
                  "terraform-managed": "true"
                },
                "type": "Microsoft.Cache/Redis"
              },
              {
                "id": "/subscriptions/78c78ae6-b8f6-44d9-88b7-cee29cd59d60/resourceGroups/fourkites-development/providers/Microsoft.Cache/Redis/po-service-dev",
                "location": "eastus",
                "name": "po-service-dev",
                "tags": {
                  "Owner": "Eric Zubriski",
                  "env": "dev",
                  "terraform-managed": "true"
                },
                "type": "Microsoft.Cache/Redis"
              },
              {
                "id": "/subscriptions/78c78ae6-b8f6-44d9-88b7-cee29cd59d60/resourceGroups/fourkites-development/providers/Microsoft.Cache/Redis/tracking-dev",
                "location": "eastus",
                "name": "tracking-dev",
                "tags": {
                  "Owner": "Eric Zubriski",
                  "env": "dev",
                  "product": "track",
                  "project": "tracking-service",
                  "team": "tracking",
                  "terraform-managed": "true"
                },
                "type": "Microsoft.Cache/Redis"
              },
              {
                "id": "/subscriptions/78c78ae6-b8f6-44d9-88b7-cee29cd59d60/resourceGroups/fourkites-development/providers/Microsoft.Cache/Redis/user-notification-service-dev",
                "location": "eastus",
                "name": "user-notification-service-dev",
                "tags": {
                  "Owner": "Eric Zubriski",
                  "env": "dev",
                  "terraform-managed": "true"
                },
                "type": "Microsoft.Cache/Redis"
              }
            ],
            "timeouts": null,
            "type": "microsoft.cache/redis"
          },
          "sensitive_attributes": []
        }
      ]
    },
    {
      "mode": "data",
      "type": "azurerm_resources",
      "name": "storage_accounts",
      "provider": "provider[\"registry.terraform.io/hashicorp/azurerm\"]",
      "instances": [
        {
          "schema_version": 0,
          "attributes": {
            "id": "resource-153bf6f2-4e4c-4722-a918-f3e8a6aaf7a6",
            "name": null,
            "required_tags": null,
            "resource_group_name": "fourkites-development",
            "resources": [
              {
                "id": "/subscriptions/78c78ae6-b8f6-44d9-88b7-cee29cd59d60/resourceGroups/fourkites-development/providers/Microsoft.Storage/storageAccounts/adamantiumfeclientdev",
                "location": "eastus",
                "name": "adamantiumfeclientdev",
                "tags": {
                  "Owner": "Eric Zubriski",
                  "env": "dev",
                  "terraform-managed": "true"
                },
                "type": "Microsoft.Storage/storageAccounts"
              },
              {
                "id": "/subscriptions/78c78ae6-b8f6-44d9-88b7-cee29cd59d60/resourceGroups/fourkites-development/providers/Microsoft.Storage/storageAccounts/adminfeclientdev",
                "location": "eastus",
                "name": "adminfeclientdev",
                "tags": {
                  "Owner": "Eric Zubriski",
                  "env": "dev",
                  "terraform-managed": "true"
                },
                "type": "Microsoft.Storage/storageAccounts"
              },
              {
                "id": "/subscriptions/78c78ae6-b8f6-44d9-88b7-cee29cd59d60/resourceGroups/fourkites-development/providers/Microsoft.Storage/storageAccounts/betaeclientdev",
                "location": "eastus",
                "name": "betaeclientdev",
                "tags": {
                  "Owner": "Eric Zubriski",
                  "env": "dev",
                  "terraform-managed": "true"
                },
                "type": "Microsoft.Storage/storageAccounts"
              },
              {
                "id": "/subscriptions/78c78ae6-b8f6-44d9-88b7-cee29cd59d60/resourceGroups/fourkites-development/providers/Microsoft.Storage/storageAccounts/chatfeclientdev",
                "location": "eastus",
                "name": "chatfeclientdev",
                "tags": {
                  "Owner": "Eric Zubriski",
                  "env": "dev",
                  "terraform-managed": "true"
                },
                "type": "Microsoft.Storage/storageAccounts"
              },
              {
                "id": "/subscriptions/78c78ae6-b8f6-44d9-88b7-cee29cd59d60/resourceGroups/fourkites-development/providers/Microsoft.Storage/storageAccounts/collaborationchatfe",
                "location": "eastus",
                "name": "collaborationchatfe",
                "tags": {
                  "Owner": "Eric Zubriski",
                  "env": "dev",
                  "terraform-managed": "true"
                },
                "type": "Microsoft.Storage/storageAccounts"
              },
              {
                "id": "/subscriptions/78c78ae6-b8f6-44d9-88b7-cee29cd59d60/resourceGroups/fourkites-development/providers/Microsoft.Storage/storageAccounts/collaborationmsgcenterfe",
                "location": "eastus",
                "name": "collaborationmsgcenterfe",
                "tags": {
                  "Owner": "Eric Zubriski",
                  "env": "dev",
                  "terraform-managed": "true"
                },
                "type": "Microsoft.Storage/storageAccounts"
              },
              {
                "id": "/subscriptions/78c78ae6-b8f6-44d9-88b7-cee29cd59d60/resourceGroups/fourkites-development/providers/Microsoft.Storage/storageAccounts/configurabledashboarddev",
                "location": "eastus",
                "name": "configurabledashboarddev",
                "tags": {
                  "Owner": "Eric Zubriski",
                  "env": "dev",
                  "terraform-managed": "true"
                },
                "type": "Microsoft.Storage/storageAccounts"
              },
              {
                "id": "/subscriptions/78c78ae6-b8f6-44d9-88b7-cee29cd59d60/resourceGroups/fourkites-development/providers/Microsoft.Storage/storageAccounts/dashboardfeclientdev",
                "location": "eastus",
                "name": "dashboardfeclientdev",
                "tags": {
                  "Owner": "Eric Zubriski",
                  "env": "dev",
                  "terraform-managed": "true"
                },
                "type": "Microsoft.Storage/storageAccounts"
              },
              {
                "id": "/subscriptions/78c78ae6-b8f6-44d9-88b7-cee29cd59d60/resourceGroups/fourkites-development/providers/Microsoft.Storage/storageAccounts/devinsights",
                "location": "eastus",
                "name": "devinsights",
                "tags": {},
                "type": "Microsoft.Storage/storageAccounts"
              },
              {
                "id": "/subscriptions/78c78ae6-b8f6-44d9-88b7-cee29cd59d60/resourceGroups/fourkites-development/providers/Microsoft.Storage/storageAccounts/femultipathtest1",
                "location": "eastus",
                "name": "femultipathtest1",
                "tags": {},
                "type": "Microsoft.Storage/storageAccounts"
              },
              {
                "id": "/subscriptions/78c78ae6-b8f6-44d9-88b7-cee29cd59d60/resourceGroups/fourkites-development/providers/Microsoft.Storage/storageAccounts/femultipathtest2",
                "location": "eastus",
                "name": "femultipathtest2",
                "tags": {},
                "type": "Microsoft.Storage/storageAccounts"
              },
              {
                "id": "/subscriptions/78c78ae6-b8f6-44d9-88b7-cee29cd59d60/resourceGroups/fourkites-development/providers/Microsoft.Storage/storageAccounts/femultipathtest3",
                "location": "eastus",
                "name": "femultipathtest3",
                "tags": {},
                "type": "Microsoft.Storage/storageAccounts"
              },
              {
                "id": "/subscriptions/78c78ae6-b8f6-44d9-88b7-cee29cd59d60/resourceGroups/fourkites-development/providers/Microsoft.Storage/storageAccounts/fkcdntestpath2",
                "location": "eastus",
                "name": "fkcdntestpath2",
                "tags": {},
                "type": "Microsoft.Storage/storageAccounts"
              },
              {
                "id": "/subscriptions/78c78ae6-b8f6-44d9-88b7-cee29cd59d60/resourceGroups/fourkites-development/providers/Microsoft.Storage/storageAccounts/fkdevcdn",
                "location": "eastus",
                "name": "fkdevcdn",
                "tags": {
                  "Owner": "Eric Zubriski",
                  "env": "dev",
                  "terraform-managed": "true"
                },
                "type": "Microsoft.Storage/storageAccounts"
              },
              {
                "id": "/subscriptions/78c78ae6-b8f6-44d9-88b7-cee29cd59d60/resourceGroups/fourkites-development/providers/Microsoft.Storage/storageAccounts/fkdevhbasest",
                "location": "eastus",
                "name": "fkdevhbasest",
                "tags": {},
                "type": "Microsoft.Storage/storageAccounts"
              },
              {
                "id": "/subscriptions/78c78ae6-b8f6-44d9-88b7-cee29cd59d60/resourceGroups/fourkites-development/providers/Microsoft.Storage/storageAccounts/fkdevkafka",
                "location": "eastus",
                "name": "fkdevkafka",
                "tags": {
                  "Owner": "Eric Zubriski",
                  "env": "dev",
                  "terraform-managed": "true"
                },
                "type": "Microsoft.Storage/storageAccounts"
              },
              {
                "id": "/subscriptions/78c78ae6-b8f6-44d9-88b7-cee29cd59d60/resourceGroups/fourkites-development/providers/Microsoft.Storage/storageAccounts/fkdevkafkast",
                "location": "eastus",
                "name": "fkdevkafkast",
                "tags": {},
                "type": "Microsoft.Storage/storageAccounts"
              },
              {
                "id": "/subscriptions/78c78ae6-b8f6-44d9-88b7-cee29cd59d60/resourceGroups/fourkites-development/providers/Microsoft.Storage/storageAccounts/fkdevkafkatest",
                "location": "eastus",
                "name": "fkdevkafkatest",
                "tags": {
                  "Owner": "Eric Zubriski",
                  "env": "dev",
                  "terraform-managed": "true"
                },
                "type": "Microsoft.Storage/storageAccounts"
              },
              {
                "id": "/subscriptions/78c78ae6-b8f6-44d9-88b7-cee29cd59d60/resourceGroups/fourkites-development/providers/Microsoft.Storage/storageAccounts/fkdevsparkhbase",
                "location": "eastus",
                "name": "fkdevsparkhbase",
                "tags": {
                  "Owner": "Eric Zubriski",
                  "env": "dev",
                  "terraform-managed": "true"
                },
                "type": "Microsoft.Storage/storageAccounts"
              },
              {
                "id": "/subscriptions/78c78ae6-b8f6-44d9-88b7-cee29cd59d60/resourceGroups/fourkites-development/providers/Microsoft.Storage/storageAccounts/fkdevsparkst",
                "location": "eastus",
                "name": "fkdevsparkst",
                "tags": {},
                "type": "Microsoft.Storage/storageAccounts"
              },
              {
                "id": "/subscriptions/78c78ae6-b8f6-44d9-88b7-cee29cd59d60/resourceGroups/fourkites-development/providers/Microsoft.Storage/storageAccounts/fkminio",
                "location": "eastus",
                "name": "fkminio",
                "tags": {
                  "Owner": "Eric Zubriski",
                  "env": "dev",
                  "terraform-managed": "true"
                },
                "type": "Microsoft.Storage/storageAccounts"
              },
              {
                "id": "/subscriptions/78c78ae6-b8f6-44d9-88b7-cee29cd59d60/resourceGroups/fourkites-development/providers/Microsoft.Storage/storageAccounts/fkminioinsights",
                "location": "eastus",
                "name": "fkminioinsights",
                "tags": {
                  "Owner": "Eric Zubriski",
                  "env": "dev",
                  "terraform-managed": "true"
                },
                "type": "Microsoft.Storage/storageAccounts"
              },
              {
                "id": "/subscriptions/78c78ae6-b8f6-44d9-88b7-cee29cd59d60/resourceGroups/fourkites-development/providers/Microsoft.Storage/storageAccounts/insightsfeclientdev",
                "location": "eastus",
                "name": "insightsfeclientdev",
                "tags": {
                  "Owner": "Eric Zubriski",
                  "env": "dev",
                  "terraform-managed": "true"
                },
                "type": "Microsoft.Storage/storageAccounts"
              },
              {
                "id": "/subscriptions/78c78ae6-b8f6-44d9-88b7-cee29cd59d60/resourceGroups/fourkites-development/providers/Microsoft.Storage/storageAccounts/kaasazusdevhdistorage",
                "location": "eastus",
                "name": "kaasazusdevhdistorage",
                "tags": {},
                "type": "Microsoft.Storage/storageAccounts"
              },
              {
                "id": "/subscriptions/78c78ae6-b8f6-44d9-88b7-cee29cd59d60/resourceGroups/fourkites-development/providers/Microsoft.Storage/storageAccounts/onboardingtoolsfedev",
                "location": "eastus",
                "name": "onboardingtoolsfedev",
                "tags": {},
                "type": "Microsoft.Storage/storageAccounts"
              },
              {
                "id": "/subscriptions/78c78ae6-b8f6-44d9-88b7-cee29cd59d60/resourceGroups/fourkites-development/providers/Microsoft.Storage/storageAccounts/phdfeclientdev",
                "location": "eastus",
                "name": "phdfeclientdev",
                "tags": {
                  "Owner": "Eric Zubriski",
                  "env": "dev",
                  "terraform-managed": "true"
                },
                "type": "Microsoft.Storage/storageAccounts"
              },
              {
                "id": "/subscriptions/78c78ae6-b8f6-44d9-88b7-cee29cd59d60/resourceGroups/fourkites-development/providers/Microsoft.Storage/storageAccounts/sahdtestinsights02",
                "location": "eastus",
                "name": "sahdtestinsights02",
                "tags": {},
                "type": "Microsoft.Storage/storageAccounts"
              },
              {
                "id": "/subscriptions/78c78ae6-b8f6-44d9-88b7-cee29cd59d60/resourceGroups/fourkites-development/providers/Microsoft.Storage/storageAccounts/sftpstorageaccountfkdev",
                "location": "eastus",
                "name": "sftpstorageaccountfkdev",
                "tags": {
                  "Owner": "Eric Zubriski",
                  "env": "dev",
                  "terraform-managed": "true"
                },
                "type": "Microsoft.Storage/storageAccounts"
              },
              {
                "id": "/subscriptions/78c78ae6-b8f6-44d9-88b7-cee29cd59d60/resourceGroups/fourkites-development/providers/Microsoft.Storage/storageAccounts/stbetafeclient",
                "location": "eastus",
                "name": "stbetafeclient",
                "tags": {
                  "Owner": "Eric Zubriski",
                  "env": "dev",
                  "terraform-managed": "true"
                },
                "type": "Microsoft.Storage/storageAccounts"
              },
              {
                "id": "/subscriptions/78c78ae6-b8f6-44d9-88b7-cee29cd59d60/resourceGroups/fourkites-development/providers/Microsoft.Storage/storageAccounts/stdashboardfeclient",
                "location": "eastus",
                "name": "stdashboardfeclient",
                "tags": {
                  "Owner": "Eric Zubriski",
                  "env": "dev",
                  "terraform-managed": "true"
                },
                "type": "Microsoft.Storage/storageAccounts"
              },
              {
                "id": "/subscriptions/78c78ae6-b8f6-44d9-88b7-cee29cd59d60/resourceGroups/fourkites-development/providers/Microsoft.Storage/storageAccounts/sthomepagefeclient",
                "location": "eastus",
                "name": "sthomepagefeclient",
                "tags": {
                  "Owner": "Eric Zubriski",
                  "env": "dev",
                  "terraform-managed": "true"
                },
                "type": "Microsoft.Storage/storageAccounts"
              },
              {
                "id": "/subscriptions/78c78ae6-b8f6-44d9-88b7-cee29cd59d60/resourceGroups/fourkites-development/providers/Microsoft.Storage/storageAccounts/storageaccountfourk924f",
                "location": "eastus",
                "name": "storageaccountfourk924f",
                "tags": {},
                "type": "Microsoft.Storage/storageAccounts"
              },
              {
                "id": "/subscriptions/78c78ae6-b8f6-44d9-88b7-cee29cd59d60/resourceGroups/fourkites-development/providers/Microsoft.Storage/storageAccounts/storageaccountfourkba53",
                "location": "eastus",
                "name": "storageaccountfourkba53",
                "tags": {},
                "type": "Microsoft.Storage/storageAccounts"
              },
              {
                "id": "/subscriptions/78c78ae6-b8f6-44d9-88b7-cee29cd59d60/resourceGroups/fourkites-development/providers/Microsoft.Storage/storageAccounts/sttrackingfeclient",
                "location": "eastus",
                "name": "sttrackingfeclient",
                "tags": {
                  "Owner": "Eric Zubriski",
                  "env": "dev",
                  "terraform-managed": "true"
                },
                "type": "Microsoft.Storage/storageAccounts"
              },
              {
                "id": "/subscriptions/78c78ae6-b8f6-44d9-88b7-cee29cd59d60/resourceGroups/fourkites-development/providers/Microsoft.Storage/storageAccounts/toolsfeclientdev",
                "location": "eastus",
                "name": "toolsfeclientdev",
                "tags": {
                  "Owner": "Eric Zubriski",
                  "env": "dev",
                  "terraform-managed": "true"
                },
                "type": "Microsoft.Storage/storageAccounts"
              },
              {
                "id": "/subscriptions/78c78ae6-b8f6-44d9-88b7-cee29cd59d60/resourceGroups/fourkites-development/providers/Microsoft.Storage/storageAccounts/trackingdevfe",
                "location": "eastus",
                "name": "trackingdevfe",
                "tags": {},
                "type": "Microsoft.Storage/storageAccounts"
              },
              {
                "id": "/subscriptions/78c78ae6-b8f6-44d9-88b7-cee29cd59d60/resourceGroups/fourkites-development/providers/Microsoft.Storage/storageAccounts/trackingfeclientdev",
                "location": "eastus",
                "name": "trackingfeclientdev",
                "tags": {
                  "Owner": "Eric Zubriski",
                  "env": "dev",
                  "terraform-managed": "true"
                },
                "type": "Microsoft.Storage/storageAccounts"
              }
            ],
            "timeouts": null,
            "type": "microsoft.storage/storageaccounts"
          },
          "sensitive_attributes": []
        }
      ]
    },
    {
      "mode": "data",
      "type": "azurerm_resources",
      "name": "virtual_machines",
      "provider": "provider[\"registry.terraform.io/hashicorp/azurerm\"]",
      "instances": [
        {
          "schema_version": 0,
          "attributes": {
            "id": "resource-05ac5a13-b896-4d08-9e9e-25d2f24eb538",
            "name": null,
            "required_tags": null,
            "resource_group_name": "fourkites-development",
            "resources": [
              {
                "id": "/subscriptions/78c78ae6-b8f6-44d9-88b7-cee29cd59d60/resourceGroups/fourkites-development/providers/Microsoft.Compute/virtualMachines/custom-dns-palo-alto",
                "location": "eastus",
                "name": "custom-dns-palo-alto",
                "tags": {},
                "type": "Microsoft.Compute/virtualMachines"
              },
              {
                "id": "/subscriptions/78c78ae6-b8f6-44d9-88b7-cee29cd59d60/resourceGroups/fourkites-development/providers/Microsoft.Compute/virtualMachines/insightscronfkdev",
                "location": "eastus",
                "name": "insightscronfkdev",
                "tags": {},
                "type": "Microsoft.Compute/virtualMachines"
              },
              {
                "id": "/subscriptions/78c78ae6-b8f6-44d9-88b7-cee29cd59d60/resourceGroups/fourkites-development/providers/Microsoft.Compute/virtualMachines/openvpn-cloud-azure",
                "location": "eastus",
                "name": "openvpn-cloud-azure",
                "tags": {},
                "type": "Microsoft.Compute/virtualMachines"
              },
              {
                "id": "/subscriptions/78c78ae6-b8f6-44d9-88b7-cee29cd59d60/resourceGroups/fourkites-development/providers/Microsoft.Compute/virtualMachines/openvpn-test-ldap",
                "location": "eastus",
                "name": "openvpn-test-ldap",
                "tags": {},
                "type": "Microsoft.Compute/virtualMachines"
              },
              {
                "id": "/subscriptions/78c78ae6-b8f6-44d9-88b7-cee29cd59d60/resourceGroups/fourkites-development/providers/Microsoft.Compute/virtualMachines/palo-alto-test-instance",
                "location": "eastus",
                "name": "palo-alto-test-instance",
                "tags": {},
                "type": "Microsoft.Compute/virtualMachines"
              }
            ],
            "timeouts": null,
            "type": "microsoft.compute/virtualmachines"
          },
          "sensitive_attributes": []
        }
      ]
    },
    {
      "mode": "data",
      "type": "azurerm_resources",
      "name": "virtual_networks",
      "provider": "provider[\"registry.terraform.io/hashicorp/azurerm\"]",
      "instances": [
        {
          "schema_version": 0,
          "attributes": {
            "id": "resource-9f961348-c98a-4204-a8b3-b3af6943ba02",
            "name": null,
            "required_tags": null,
            "resource_group_name": "fourkites-development",
            "resources": [
              {
                "id": "/subscriptions/78c78ae6-b8f6-44d9-88b7-cee29cd59d60/resourceGroups/fourkites-development/providers/Microsoft.Network/virtualNetworks/aws-to-azure-migration",
                "location": "eastus",
                "name": "aws-to-azure-migration",
                "tags": {
                  "project": "aws to azure migration"
                },
                "type": "Microsoft.Network/virtualNetworks"
              },
              {
                "id": "/subscriptions/78c78ae6-b8f6-44d9-88b7-cee29cd59d60/resourceGroups/fourkites-development/providers/Microsoft.Network/virtualNetworks/company-sevice-qat-migration",
                "location": "eastus",
                "name": "company-sevice-qat-migration",
                "tags": {},
                "type": "Microsoft.Network/virtualNetworks"
              },
              {
                "id": "/subscriptions/78c78ae6-b8f6-44d9-88b7-cee29cd59d60/resourceGroups/fourkites-development/providers/Microsoft.Network/virtualNetworks/fourkites-development",
                "location": "eastus",
                "name": "fourkites-development",
                "tags": {
                  "Owner": "Eric Zubriski",
                  "env": "dev",
                  "terraform-managed": "true"
                },
                "type": "Microsoft.Network/virtualNetworks"
              }
            ],
            "timeouts": null,
            "type": "microsoft.network/virtualnetworks"
          },
          "sensitive_attributes": []
        }
      ]
    },
    {
      "module": "module.monitor_metric_alert[\"/subscriptions/78c78ae6-b8f6-44d9-88b7-cee29cd59d60/resourcegroups/fourkites-development/providers/microsoft.containerservice/managedclusters/fourkites-dev\"]",
      "mode": "managed",
      "type": "azurerm_monitor_action_group",
      "name": "critical_action_group_alert",
      "provider": "provider[\"registry.terraform.io/hashicorp/azurerm\"]",
      "instances": [
        {
          "schema_version": 0,
          "attributes": {
            "arm_role_receiver": [],
            "automation_runbook_receiver": [],
            "azure_app_push_receiver": [],
            "azure_function_receiver": [],
            "email_receiver": [],
            "enabled": true,
            "id": "/subscriptions/78c78ae6-b8f6-44d9-88b7-cee29cd59d60/resourceGroups/fourkites-development/providers/microsoft.insights/actionGroups/critical_action-group-alert-Mhvif1",
            "itsm_receiver": [],
            "logic_app_receiver": [],
            "name": "critical_action-group-alert-Mhvif1",
            "resource_group_name": "fourkites-development",
            "short_name": "ag-tf-Mhvif1",
            "sms_receiver": [],
            "tags": null,
            "timeouts": null,
            "voice_receiver": [],
            "webhook_receiver": [
              {
                "aad_auth": [],
                "name": "https://example.jeremiah.com/critical",
                "service_uri": "https://example.jeremiah.com/critical",
                "use_common_alert_schema": true
              }
            ]
          },
          "sensitive_attributes": [],
          "private": "eyJlMmJmYjczMC1lY2FhLTExZTYtOGY4OC0zNDM2M2JjN2M0YzAiOnsiY3JlYXRlIjoxODAwMDAwMDAwMDAwLCJkZWxldGUiOjE4MDAwMDAwMDAwMDAsInJlYWQiOjMwMDAwMDAwMDAwMCwidXBkYXRlIjoxODAwMDAwMDAwMDAwfX0=",
          "dependencies": [
            "data.azurerm_resources.document_db",
            "data.azurerm_resources.managed_clusters",
            "module.monitor_metric_alert.random_string.random_6"
          ]
        }
      ]
    },
    {
      "module": "module.monitor_metric_alert[\"/subscriptions/78c78ae6-b8f6-44d9-88b7-cee29cd59d60/resourcegroups/fourkites-development/providers/microsoft.containerservice/managedclusters/fourkites-dev\"]",
      "mode": "managed",
      "type": "azurerm_monitor_action_group",
      "name": "high_action_group_alert",
      "provider": "provider[\"registry.terraform.io/hashicorp/azurerm\"]",
      "instances": [
        {
          "schema_version": 0,
          "attributes": {
            "arm_role_receiver": [],
            "automation_runbook_receiver": [],
            "azure_app_push_receiver": [],
            "azure_function_receiver": [],
            "email_receiver": [],
            "enabled": true,
            "id": "/subscriptions/78c78ae6-b8f6-44d9-88b7-cee29cd59d60/resourceGroups/fourkites-development/providers/microsoft.insights/actionGroups/action-group-high-alert-Mhvif1",
            "itsm_receiver": [],
            "logic_app_receiver": [],
            "name": "action-group-high-alert-Mhvif1",
            "resource_group_name": "fourkites-development",
            "short_name": "ag-tf-Mhvif1",
            "sms_receiver": [],
            "tags": null,
            "timeouts": null,
            "voice_receiver": [],
            "webhook_receiver": [
              {
                "aad_auth": [],
                "name": "https://example.jeremiah.com/high",
                "service_uri": "https://example.jeremiah.com/high",
                "use_common_alert_schema": true
              }
            ]
          },
          "sensitive_attributes": [],
          "private": "eyJlMmJmYjczMC1lY2FhLTExZTYtOGY4OC0zNDM2M2JjN2M0YzAiOnsiY3JlYXRlIjoxODAwMDAwMDAwMDAwLCJkZWxldGUiOjE4MDAwMDAwMDAwMDAsInJlYWQiOjMwMDAwMDAwMDAwMCwidXBkYXRlIjoxODAwMDAwMDAwMDAwfX0=",
          "dependencies": [
            "data.azurerm_resources.document_db",
            "data.azurerm_resources.managed_clusters",
            "module.monitor_metric_alert.random_string.random_6"
          ]
        }
      ]
    },
    {
      "module": "module.monitor_metric_alert[\"/subscriptions/78c78ae6-b8f6-44d9-88b7-cee29cd59d60/resourcegroups/fourkites-development/providers/microsoft.containerservice/managedclusters/fourkites-dev\"]",
      "mode": "managed",
      "type": "random_string",
      "name": "random_6",
      "provider": "provider[\"registry.terraform.io/hashicorp/random\"]",
      "instances": [
        {
          "schema_version": 1,
          "attributes": {
            "id": "Mhvif1",
            "keepers": null,
            "length": 6,
            "lower": true,
            "min_lower": 0,
            "min_numeric": 0,
            "min_special": 0,
            "min_upper": 0,
            "number": true,
            "override_special": "_-",
            "result": "Mhvif1",
            "special": true,
            "upper": true
          },
          "sensitive_attributes": [],
          "private": "eyJzY2hlbWFfdmVyc2lvbiI6IjEifQ==",
          "dependencies": [
            "data.azurerm_resources.document_db",
            "data.azurerm_resources.managed_clusters"
          ]
        }
      ]
    },
    {
      "module": "module.monitor_metric_alert[\"/subscriptions/78c78ae6-b8f6-44d9-88b7-cee29cd59d60/resourcegroups/fourkites-development/providers/microsoft.containerservice/managedclusters/fourkites-development\"]",
      "mode": "managed",
      "type": "azurerm_monitor_action_group",
      "name": "critical_action_group_alert",
      "provider": "provider[\"registry.terraform.io/hashicorp/azurerm\"]",
      "instances": [
        {
          "schema_version": 0,
          "attributes": {
            "arm_role_receiver": [],
            "automation_runbook_receiver": [],
            "azure_app_push_receiver": [],
            "azure_function_receiver": [],
            "email_receiver": [],
            "enabled": true,
            "id": "/subscriptions/78c78ae6-b8f6-44d9-88b7-cee29cd59d60/resourceGroups/fourkites-development/providers/microsoft.insights/actionGroups/critical_action-group-alert-HNJROs",
            "itsm_receiver": [],
            "logic_app_receiver": [],
            "name": "critical_action-group-alert-HNJROs",
            "resource_group_name": "fourkites-development",
            "short_name": "ag-tf-HNJROs",
            "sms_receiver": [],
            "tags": null,
            "timeouts": null,
            "voice_receiver": [],
            "webhook_receiver": [
              {
                "aad_auth": [],
                "name": "https://example.jeremiah.com/critical",
                "service_uri": "https://example.jeremiah.com/critical",
                "use_common_alert_schema": true
              }
            ]
          },
          "sensitive_attributes": [],
          "private": "eyJlMmJmYjczMC1lY2FhLTExZTYtOGY4OC0zNDM2M2JjN2M0YzAiOnsiY3JlYXRlIjoxODAwMDAwMDAwMDAwLCJkZWxldGUiOjE4MDAwMDAwMDAwMDAsInJlYWQiOjMwMDAwMDAwMDAwMCwidXBkYXRlIjoxODAwMDAwMDAwMDAwfX0=",
          "dependencies": [
            "data.azurerm_resources.document_db",
            "data.azurerm_resources.managed_clusters",
            "module.monitor_metric_alert.random_string.random_6"
          ]
        }
      ]
    },
    {
      "module": "module.monitor_metric_alert[\"/subscriptions/78c78ae6-b8f6-44d9-88b7-cee29cd59d60/resourcegroups/fourkites-development/providers/microsoft.containerservice/managedclusters/fourkites-development\"]",
      "mode": "managed",
      "type": "azurerm_monitor_action_group",
      "name": "high_action_group_alert",
      "provider": "provider[\"registry.terraform.io/hashicorp/azurerm\"]",
      "instances": [
        {
          "schema_version": 0,
          "attributes": {
            "arm_role_receiver": [],
            "automation_runbook_receiver": [],
            "azure_app_push_receiver": [],
            "azure_function_receiver": [],
            "email_receiver": [],
            "enabled": true,
            "id": "/subscriptions/78c78ae6-b8f6-44d9-88b7-cee29cd59d60/resourceGroups/fourkites-development/providers/microsoft.insights/actionGroups/action-group-high-alert-HNJROs",
            "itsm_receiver": [],
            "logic_app_receiver": [],
            "name": "action-group-high-alert-HNJROs",
            "resource_group_name": "fourkites-development",
            "short_name": "ag-tf-HNJROs",
            "sms_receiver": [],
            "tags": null,
            "timeouts": null,
            "voice_receiver": [],
            "webhook_receiver": [
              {
                "aad_auth": [],
                "name": "https://example.jeremiah.com/high",
                "service_uri": "https://example.jeremiah.com/high",
                "use_common_alert_schema": true
              }
            ]
          },
          "sensitive_attributes": [],
          "private": "eyJlMmJmYjczMC1lY2FhLTExZTYtOGY4OC0zNDM2M2JjN2M0YzAiOnsiY3JlYXRlIjoxODAwMDAwMDAwMDAwLCJkZWxldGUiOjE4MDAwMDAwMDAwMDAsInJlYWQiOjMwMDAwMDAwMDAwMCwidXBkYXRlIjoxODAwMDAwMDAwMDAwfX0=",
          "dependencies": [
            "data.azurerm_resources.document_db",
            "data.azurerm_resources.managed_clusters",
            "module.monitor_metric_alert.random_string.random_6"
          ]
        }
      ]
    },
    {
      "module": "module.monitor_metric_alert[\"/subscriptions/78c78ae6-b8f6-44d9-88b7-cee29cd59d60/resourcegroups/fourkites-development/providers/microsoft.containerservice/managedclusters/fourkites-development\"]",
      "mode": "managed",
      "type": "azurerm_monitor_metric_alert",
      "name": "main",
      "provider": "provider[\"registry.terraform.io/hashicorp/azurerm\"]",
      "instances": [
        {
          "index_key": "Critical-cluster_autoscaler_cluster_safe_to_autoscale",
          "schema_version": 0,
          "attributes": {
            "action": [
              {
                "action_group_id": "/subscriptions/78c78ae6-b8f6-44d9-88b7-cee29cd59d60/resourceGroups/fourkites-development/providers/microsoft.insights/actionGroups/critical_action-group-alert-HNJROs",
                "webhook_properties": null
              }
            ],
            "application_insights_web_test_location_availability_criteria": [],
            "auto_mitigate": true,
            "criteria": [
              {
                "aggregation": "Average",
                "dimension": [],
                "metric_name": "cluster_autoscaler_cluster_safe_to_autoscale",
                "metric_namespace": "Microsoft.ContainerService/managedClusters",
                "operator": "LessThan",
                "skip_metric_validation": false,
                "threshold": 5
              }
            ],
            "description": "This is a Critical Cluster Health Alert",
            "dynamic_criteria": [],
            "enabled": true,
            "frequency": "PT1M",
            "id": "/subscriptions/78c78ae6-b8f6-44d9-88b7-cee29cd59d60/resourceGroups/fourkites-development/providers/Microsoft.Insights/metricAlerts/Critical-cluster_autoscaler_cluster_safe_to_autoscale",
            "name": "Critical-cluster_autoscaler_cluster_safe_to_autoscale",
            "resource_group_name": "fourkites-development",
            "scopes": [
              "/subscriptions/78c78ae6-b8f6-44d9-88b7-cee29cd59d60/resourcegroups/fourkites-development/providers/microsoft.containerservice/managedclusters/fourkites-development"
            ],
            "severity": 0,
            "tags": null,
            "target_resource_location": "",
            "target_resource_type": "",
            "timeouts": null,
            "window_size": "PT5M"
          },
          "sensitive_attributes": [],
          "private": "eyJlMmJmYjczMC1lY2FhLTExZTYtOGY4OC0zNDM2M2JjN2M0YzAiOnsiY3JlYXRlIjoxODAwMDAwMDAwMDAwLCJkZWxldGUiOjE4MDAwMDAwMDAwMDAsInJlYWQiOjMwMDAwMDAwMDAwMCwidXBkYXRlIjoxODAwMDAwMDAwMDAwfX0=",
          "dependencies": [
            "data.azurerm_resources.document_db",
            "data.azurerm_resources.managed_clusters",
            "module.monitor_metric_alert.azurerm_monitor_action_group.critical_action_group_alert",
            "module.monitor_metric_alert.azurerm_monitor_action_group.high_action_group_alert",
            "module.monitor_metric_alert.random_string.random_6"
          ]
        },
        {
          "index_key": "Critical-cluster_autoscaler_unneeded_nodes_count",
          "schema_version": 0,
          "attributes": {
            "action": [
              {
                "action_group_id": "/subscriptions/78c78ae6-b8f6-44d9-88b7-cee29cd59d60/resourceGroups/fourkites-development/providers/microsoft.insights/actionGroups/critical_action-group-alert-HNJROs",
                "webhook_properties": null
              }
            ],
            "application_insights_web_test_location_availability_criteria": [],
            "auto_mitigate": true,
            "criteria": [
              {
                "aggregation": "Average",
                "dimension": [],
                "metric_name": "cluster_autoscaler_unneeded_nodes_count",
                "metric_namespace": "Microsoft.ContainerService/managedClusters",
                "operator": "LessThan",
                "skip_metric_validation": false,
                "threshold": 5
              }
            ],
            "description": "This is a Critical Unneeded Nodes Alert",
            "dynamic_criteria": [],
            "enabled": true,
            "frequency": "PT1M",
            "id": "/subscriptions/78c78ae6-b8f6-44d9-88b7-cee29cd59d60/resourceGroups/fourkites-development/providers/Microsoft.Insights/metricAlerts/Critical-cluster_autoscaler_unneeded_nodes_count",
            "name": "Critical-cluster_autoscaler_unneeded_nodes_count",
            "resource_group_name": "fourkites-development",
            "scopes": [
              "/subscriptions/78c78ae6-b8f6-44d9-88b7-cee29cd59d60/resourcegroups/fourkites-development/providers/microsoft.containerservice/managedclusters/fourkites-development"
            ],
            "severity": 0,
            "tags": null,
            "target_resource_location": "",
            "target_resource_type": "",
            "timeouts": null,
            "window_size": "PT5M"
          },
          "sensitive_attributes": [],
          "private": "eyJlMmJmYjczMC1lY2FhLTExZTYtOGY4OC0zNDM2M2JjN2M0YzAiOnsiY3JlYXRlIjoxODAwMDAwMDAwMDAwLCJkZWxldGUiOjE4MDAwMDAwMDAwMDAsInJlYWQiOjMwMDAwMDAwMDAwMCwidXBkYXRlIjoxODAwMDAwMDAwMDAwfX0=",
          "dependencies": [
            "data.azurerm_resources.document_db",
            "data.azurerm_resources.managed_clusters",
            "module.monitor_metric_alert.azurerm_monitor_action_group.critical_action_group_alert",
            "module.monitor_metric_alert.azurerm_monitor_action_group.high_action_group_alert",
            "module.monitor_metric_alert.random_string.random_6"
          ]
        },
        {
          "index_key": "Critical-cluster_autoscaler_unschedulable_pods_count",
          "schema_version": 0,
          "attributes": {
            "action": [
              {
                "action_group_id": "/subscriptions/78c78ae6-b8f6-44d9-88b7-cee29cd59d60/resourceGroups/fourkites-development/providers/microsoft.insights/actionGroups/critical_action-group-alert-HNJROs",
                "webhook_properties": null
              }
            ],
            "application_insights_web_test_location_availability_criteria": [],
            "auto_mitigate": true,
            "criteria": [
              {
                "aggregation": "Average",
                "dimension": [],
                "metric_name": "cluster_autoscaler_unschedulable_pods_count",
                "metric_namespace": "Microsoft.ContainerService/managedClusters",
                "operator": "GreaterThan",
                "skip_metric_validation": false,
                "threshold": 5
              }
            ],
            "description": "This is a Critical Unschedulable Pods Alert",
            "dynamic_criteria": [],
            "enabled": true,
            "frequency": "PT1M",
            "id": "/subscriptions/78c78ae6-b8f6-44d9-88b7-cee29cd59d60/resourceGroups/fourkites-development/providers/Microsoft.Insights/metricAlerts/Critical-cluster_autoscaler_unschedulable_pods_count",
            "name": "Critical-cluster_autoscaler_unschedulable_pods_count",
            "resource_group_name": "fourkites-development",
            "scopes": [
              "/subscriptions/78c78ae6-b8f6-44d9-88b7-cee29cd59d60/resourcegroups/fourkites-development/providers/microsoft.containerservice/managedclusters/fourkites-development"
            ],
            "severity": 0,
            "tags": null,
            "target_resource_location": "",
            "target_resource_type": "",
            "timeouts": null,
            "window_size": "PT5M"
          },
          "sensitive_attributes": [],
          "private": "eyJlMmJmYjczMC1lY2FhLTExZTYtOGY4OC0zNDM2M2JjN2M0YzAiOnsiY3JlYXRlIjoxODAwMDAwMDAwMDAwLCJkZWxldGUiOjE4MDAwMDAwMDAwMDAsInJlYWQiOjMwMDAwMDAwMDAwMCwidXBkYXRlIjoxODAwMDAwMDAwMDAwfX0=",
          "dependencies": [
            "data.azurerm_resources.document_db",
            "data.azurerm_resources.managed_clusters",
            "module.monitor_metric_alert.azurerm_monitor_action_group.critical_action_group_alert",
            "module.monitor_metric_alert.azurerm_monitor_action_group.high_action_group_alert",
            "module.monitor_metric_alert.random_string.random_6"
          ]
        },
        {
          "index_key": "Critical-kube_pod_status_phase",
          "schema_version": 0,
          "attributes": {
            "action": [
              {
                "action_group_id": "/subscriptions/78c78ae6-b8f6-44d9-88b7-cee29cd59d60/resourceGroups/fourkites-development/providers/microsoft.insights/actionGroups/critical_action-group-alert-HNJROs",
                "webhook_properties": null
              }
            ],
            "application_insights_web_test_location_availability_criteria": [],
            "auto_mitigate": true,
            "criteria": [
              {
                "aggregation": "Average",
                "dimension": [],
                "metric_name": "kube_pod_status_phase",
                "metric_namespace": "Microsoft.ContainerService/managedClusters",
                "operator": "LessThan",
                "skip_metric_validation": false,
                "threshold": 50
              }
            ],
            "description": "This is a Critical Number of pods by phase Alert",
            "dynamic_criteria": [],
            "enabled": true,
            "frequency": "PT1M",
            "id": "/subscriptions/78c78ae6-b8f6-44d9-88b7-cee29cd59d60/resourceGroups/fourkites-development/providers/Microsoft.Insights/metricAlerts/Critical-kube_pod_status_phase",
            "name": "Critical-kube_pod_status_phase",
            "resource_group_name": "fourkites-development",
            "scopes": [
              "/subscriptions/78c78ae6-b8f6-44d9-88b7-cee29cd59d60/resourcegroups/fourkites-development/providers/microsoft.containerservice/managedclusters/fourkites-development"
            ],
            "severity": 0,
            "tags": null,
            "target_resource_location": "",
            "target_resource_type": "",
            "timeouts": null,
            "window_size": "PT5M"
          },
          "sensitive_attributes": [],
          "private": "eyJlMmJmYjczMC1lY2FhLTExZTYtOGY4OC0zNDM2M2JjN2M0YzAiOnsiY3JlYXRlIjoxODAwMDAwMDAwMDAwLCJkZWxldGUiOjE4MDAwMDAwMDAwMDAsInJlYWQiOjMwMDAwMDAwMDAwMCwidXBkYXRlIjoxODAwMDAwMDAwMDAwfX0=",
          "dependencies": [
            "data.azurerm_resources.document_db",
            "data.azurerm_resources.managed_clusters",
            "module.monitor_metric_alert.azurerm_monitor_action_group.critical_action_group_alert",
            "module.monitor_metric_alert.azurerm_monitor_action_group.high_action_group_alert",
            "module.monitor_metric_alert.random_string.random_6"
          ]
        },
        {
          "index_key": "Critical-kube_pod_status_ready",
          "schema_version": 0,
          "attributes": {
            "action": [
              {
                "action_group_id": "/subscriptions/78c78ae6-b8f6-44d9-88b7-cee29cd59d60/resourceGroups/fourkites-development/providers/microsoft.insights/actionGroups/critical_action-group-alert-HNJROs",
                "webhook_properties": null
              }
            ],
            "application_insights_web_test_location_availability_criteria": [],
            "auto_mitigate": true,
            "criteria": [
              {
                "aggregation": "Average",
                "dimension": [],
                "metric_name": "kube_pod_status_ready",
                "metric_namespace": "Microsoft.ContainerService/managedClusters",
                "operator": "LessThan",
                "skip_metric_validation": false,
                "threshold": 5
              }
            ],
            "description": "This is a Critical Number of pods in Ready state Alert",
            "dynamic_criteria": [],
            "enabled": true,
            "frequency": "PT1M",
            "id": "/subscriptions/78c78ae6-b8f6-44d9-88b7-cee29cd59d60/resourceGroups/fourkites-development/providers/Microsoft.Insights/metricAlerts/Critical-kube_pod_status_ready",
            "name": "Critical-kube_pod_status_ready",
            "resource_group_name": "fourkites-development",
            "scopes": [
              "/subscriptions/78c78ae6-b8f6-44d9-88b7-cee29cd59d60/resourcegroups/fourkites-development/providers/microsoft.containerservice/managedclusters/fourkites-development"
            ],
            "severity": 0,
            "tags": null,
            "target_resource_location": "",
            "target_resource_type": "",
            "timeouts": null,
            "window_size": "PT5M"
          },
          "sensitive_attributes": [],
          "private": "eyJlMmJmYjczMC1lY2FhLTExZTYtOGY4OC0zNDM2M2JjN2M0YzAiOnsiY3JlYXRlIjoxODAwMDAwMDAwMDAwLCJkZWxldGUiOjE4MDAwMDAwMDAwMDAsInJlYWQiOjMwMDAwMDAwMDAwMCwidXBkYXRlIjoxODAwMDAwMDAwMDAwfX0=",
          "dependencies": [
            "data.azurerm_resources.document_db",
            "data.azurerm_resources.managed_clusters",
            "module.monitor_metric_alert.azurerm_monitor_action_group.critical_action_group_alert",
            "module.monitor_metric_alert.azurerm_monitor_action_group.high_action_group_alert",
            "module.monitor_metric_alert.random_string.random_6"
          ]
        },
        {
          "index_key": "Critical-node_cpu_usage_percentage",
          "schema_version": 0,
          "attributes": {
            "action": [
              {
                "action_group_id": "/subscriptions/78c78ae6-b8f6-44d9-88b7-cee29cd59d60/resourceGroups/fourkites-development/providers/microsoft.insights/actionGroups/critical_action-group-alert-HNJROs",
                "webhook_properties": null
              }
            ],
            "application_insights_web_test_location_availability_criteria": [],
            "auto_mitigate": true,
            "criteria": [
              {
                "aggregation": "Average",
                "dimension": [],
                "metric_name": "node_cpu_usage_percentage",
                "metric_namespace": "Microsoft.ContainerService/managedClusters",
                "operator": "GreaterThan",
                "skip_metric_validation": false,
                "threshold": 5
              }
            ],
            "description": "This is a Critical CPU Usage Percentage Alert",
            "dynamic_criteria": [],
            "enabled": true,
            "frequency": "PT1M",
            "id": "/subscriptions/78c78ae6-b8f6-44d9-88b7-cee29cd59d60/resourceGroups/fourkites-development/providers/Microsoft.Insights/metricAlerts/Critical-node_cpu_usage_percentage",
            "name": "Critical-node_cpu_usage_percentage",
            "resource_group_name": "fourkites-development",
            "scopes": [
              "/subscriptions/78c78ae6-b8f6-44d9-88b7-cee29cd59d60/resourcegroups/fourkites-development/providers/microsoft.containerservice/managedclusters/fourkites-development"
            ],
            "severity": 0,
            "tags": null,
            "target_resource_location": "",
            "target_resource_type": "",
            "timeouts": null,
            "window_size": "PT5M"
          },
          "sensitive_attributes": [],
          "private": "eyJlMmJmYjczMC1lY2FhLTExZTYtOGY4OC0zNDM2M2JjN2M0YzAiOnsiY3JlYXRlIjoxODAwMDAwMDAwMDAwLCJkZWxldGUiOjE4MDAwMDAwMDAwMDAsInJlYWQiOjMwMDAwMDAwMDAwMCwidXBkYXRlIjoxODAwMDAwMDAwMDAwfX0=",
          "dependencies": [
            "data.azurerm_resources.document_db",
            "data.azurerm_resources.managed_clusters",
            "module.monitor_metric_alert.azurerm_monitor_action_group.critical_action_group_alert",
            "module.monitor_metric_alert.azurerm_monitor_action_group.high_action_group_alert",
            "module.monitor_metric_alert.random_string.random_6"
          ]
        },
        {
          "index_key": "Critical-node_disk_usage_percentage",
          "schema_version": 0,
          "attributes": {
            "action": [
              {
                "action_group_id": "/subscriptions/78c78ae6-b8f6-44d9-88b7-cee29cd59d60/resourceGroups/fourkites-development/providers/microsoft.insights/actionGroups/critical_action-group-alert-HNJROs",
                "webhook_properties": null
              }
            ],
            "application_insights_web_test_location_availability_criteria": [],
            "auto_mitigate": true,
            "criteria": [
              {
                "aggregation": "Average",
                "dimension": [],
                "metric_name": "node_disk_usage_percentage",
                "metric_namespace": "Microsoft.ContainerService/managedClusters",
                "operator": "GreaterThan",
                "skip_metric_validation": false,
                "threshold": 5
              }
            ],
            "description": "This is a Critical Disk Used Percentage Alert",
            "dynamic_criteria": [],
            "enabled": true,
            "frequency": "PT1M",
            "id": "/subscriptions/78c78ae6-b8f6-44d9-88b7-cee29cd59d60/resourceGroups/fourkites-development/providers/Microsoft.Insights/metricAlerts/Critical-node_disk_usage_percentage",
            "name": "Critical-node_disk_usage_percentage",
            "resource_group_name": "fourkites-development",
            "scopes": [
              "/subscriptions/78c78ae6-b8f6-44d9-88b7-cee29cd59d60/resourcegroups/fourkites-development/providers/microsoft.containerservice/managedclusters/fourkites-development"
            ],
            "severity": 0,
            "tags": null,
            "target_resource_location": "",
            "target_resource_type": "",
            "timeouts": null,
            "window_size": "PT5M"
          },
          "sensitive_attributes": [],
          "private": "eyJlMmJmYjczMC1lY2FhLTExZTYtOGY4OC0zNDM2M2JjN2M0YzAiOnsiY3JlYXRlIjoxODAwMDAwMDAwMDAwLCJkZWxldGUiOjE4MDAwMDAwMDAwMDAsInJlYWQiOjMwMDAwMDAwMDAwMCwidXBkYXRlIjoxODAwMDAwMDAwMDAwfX0=",
          "dependencies": [
            "data.azurerm_resources.document_db",
            "data.azurerm_resources.managed_clusters",
            "module.monitor_metric_alert.azurerm_monitor_action_group.critical_action_group_alert",
            "module.monitor_metric_alert.azurerm_monitor_action_group.high_action_group_alert",
            "module.monitor_metric_alert.random_string.random_6"
          ]
        },
        {
          "index_key": "Critical-node_memory_rss_percentage",
          "schema_version": 0,
          "attributes": {
            "action": [
              {
                "action_group_id": "/subscriptions/78c78ae6-b8f6-44d9-88b7-cee29cd59d60/resourceGroups/fourkites-development/providers/microsoft.insights/actionGroups/critical_action-group-alert-HNJROs",
                "webhook_properties": null
              }
            ],
            "application_insights_web_test_location_availability_criteria": [],
            "auto_mitigate": true,
            "criteria": [
              {
                "aggregation": "Average",
                "dimension": [],
                "metric_name": "node_memory_rss_percentage",
                "metric_namespace": "Microsoft.ContainerService/managedClusters",
                "operator": "GreaterThan",
                "skip_metric_validation": false,
                "threshold": 90
              }
            ],
            "description": "This is a Critical Memory RSS Percentage Alert",
            "dynamic_criteria": [],
            "enabled": true,
            "frequency": "PT1M",
            "id": "/subscriptions/78c78ae6-b8f6-44d9-88b7-cee29cd59d60/resourceGroups/fourkites-development/providers/Microsoft.Insights/metricAlerts/Critical-node_memory_rss_percentage",
            "name": "Critical-node_memory_rss_percentage",
            "resource_group_name": "fourkites-development",
            "scopes": [
              "/subscriptions/78c78ae6-b8f6-44d9-88b7-cee29cd59d60/resourcegroups/fourkites-development/providers/microsoft.containerservice/managedclusters/fourkites-development"
            ],
            "severity": 0,
            "tags": null,
            "target_resource_location": "",
            "target_resource_type": "",
            "timeouts": null,
            "window_size": "PT5M"
          },
          "sensitive_attributes": [],
          "private": "eyJlMmJmYjczMC1lY2FhLTExZTYtOGY4OC0zNDM2M2JjN2M0YzAiOnsiY3JlYXRlIjoxODAwMDAwMDAwMDAwLCJkZWxldGUiOjE4MDAwMDAwMDAwMDAsInJlYWQiOjMwMDAwMDAwMDAwMCwidXBkYXRlIjoxODAwMDAwMDAwMDAwfX0=",
          "dependencies": [
            "data.azurerm_resources.document_db",
            "data.azurerm_resources.managed_clusters",
            "module.monitor_metric_alert.azurerm_monitor_action_group.critical_action_group_alert",
            "module.monitor_metric_alert.azurerm_monitor_action_group.high_action_group_alert",
            "module.monitor_metric_alert.random_string.random_6"
          ]
        },
        {
          "index_key": "Critical-node_memory_working_set_percentage",
          "schema_version": 0,
          "attributes": {
            "action": [
              {
                "action_group_id": "/subscriptions/78c78ae6-b8f6-44d9-88b7-cee29cd59d60/resourceGroups/fourkites-development/providers/microsoft.insights/actionGroups/critical_action-group-alert-HNJROs",
                "webhook_properties": null
              }
            ],
            "application_insights_web_test_location_availability_criteria": [],
            "auto_mitigate": true,
            "criteria": [
              {
                "aggregation": "Average",
                "dimension": [],
                "metric_name": "node_memory_working_set_percentage",
                "metric_namespace": "Microsoft.ContainerService/managedClusters",
                "operator": "GreaterThan",
                "skip_metric_validation": false,
                "threshold": 90
              }
            ],
            "description": "This is a Critical Memory Working Set Percentage Alert",
            "dynamic_criteria": [],
            "enabled": true,
            "frequency": "PT1M",
            "id": "/subscriptions/78c78ae6-b8f6-44d9-88b7-cee29cd59d60/resourceGroups/fourkites-development/providers/Microsoft.Insights/metricAlerts/Critical-node_memory_working_set_percentage",
            "name": "Critical-node_memory_working_set_percentage",
            "resource_group_name": "fourkites-development",
            "scopes": [
              "/subscriptions/78c78ae6-b8f6-44d9-88b7-cee29cd59d60/resourcegroups/fourkites-development/providers/microsoft.containerservice/managedclusters/fourkites-development"
            ],
            "severity": 0,
            "tags": null,
            "target_resource_location": "",
            "target_resource_type": "",
            "timeouts": null,
            "window_size": "PT5M"
          },
          "sensitive_attributes": [],
          "private": "eyJlMmJmYjczMC1lY2FhLTExZTYtOGY4OC0zNDM2M2JjN2M0YzAiOnsiY3JlYXRlIjoxODAwMDAwMDAwMDAwLCJkZWxldGUiOjE4MDAwMDAwMDAwMDAsInJlYWQiOjMwMDAwMDAwMDAwMCwidXBkYXRlIjoxODAwMDAwMDAwMDAwfX0=",
          "dependencies": [
            "data.azurerm_resources.document_db",
            "data.azurerm_resources.managed_clusters",
            "module.monitor_metric_alert.azurerm_monitor_action_group.critical_action_group_alert",
            "module.monitor_metric_alert.azurerm_monitor_action_group.high_action_group_alert",
            "module.monitor_metric_alert.random_string.random_6"
          ]
        },
        {
          "index_key": "Critical-node_network_in_bytes",
          "schema_version": 0,
          "attributes": {
            "action": [
              {
                "action_group_id": "/subscriptions/78c78ae6-b8f6-44d9-88b7-cee29cd59d60/resourceGroups/fourkites-development/providers/microsoft.insights/actionGroups/critical_action-group-alert-HNJROs",
                "webhook_properties": null
              }
            ],
            "application_insights_web_test_location_availability_criteria": [],
            "auto_mitigate": true,
            "criteria": [
              {
                "aggregation": "Average",
                "dimension": [],
                "metric_name": "node_network_in_bytes",
                "metric_namespace": "Microsoft.ContainerService/managedClusters",
                "operator": "LessThan",
                "skip_metric_validation": false,
                "threshold": 50000000
              }
            ],
            "description": "This is a Critical Network In Bytes Alert",
            "dynamic_criteria": [],
            "enabled": true,
            "frequency": "PT1M",
            "id": "/subscriptions/78c78ae6-b8f6-44d9-88b7-cee29cd59d60/resourceGroups/fourkites-development/providers/Microsoft.Insights/metricAlerts/Critical-node_network_in_bytes",
            "name": "Critical-node_network_in_bytes",
            "resource_group_name": "fourkites-development",
            "scopes": [
              "/subscriptions/78c78ae6-b8f6-44d9-88b7-cee29cd59d60/resourcegroups/fourkites-development/providers/microsoft.containerservice/managedclusters/fourkites-development"
            ],
            "severity": 0,
            "tags": null,
            "target_resource_location": "",
            "target_resource_type": "",
            "timeouts": null,
            "window_size": "PT5M"
          },
          "sensitive_attributes": [],
          "private": "eyJlMmJmYjczMC1lY2FhLTExZTYtOGY4OC0zNDM2M2JjN2M0YzAiOnsiY3JlYXRlIjoxODAwMDAwMDAwMDAwLCJkZWxldGUiOjE4MDAwMDAwMDAwMDAsInJlYWQiOjMwMDAwMDAwMDAwMCwidXBkYXRlIjoxODAwMDAwMDAwMDAwfX0=",
          "dependencies": [
            "data.azurerm_resources.document_db",
            "data.azurerm_resources.managed_clusters",
            "module.monitor_metric_alert.azurerm_monitor_action_group.critical_action_group_alert",
            "module.monitor_metric_alert.azurerm_monitor_action_group.high_action_group_alert",
            "module.monitor_metric_alert.random_string.random_6"
          ]
        },
        {
          "index_key": "Critical-node_network_out_bytes",
          "schema_version": 0,
          "attributes": {
            "action": [
              {
                "action_group_id": "/subscriptions/78c78ae6-b8f6-44d9-88b7-cee29cd59d60/resourceGroups/fourkites-development/providers/microsoft.insights/actionGroups/critical_action-group-alert-HNJROs",
                "webhook_properties": null
              }
            ],
            "application_insights_web_test_location_availability_criteria": [],
            "auto_mitigate": true,
            "criteria": [
              {
                "aggregation": "Average",
                "dimension": [],
                "metric_name": "node_network_out_bytes",
                "metric_namespace": "Microsoft.ContainerService/managedClusters",
                "operator": "LessThan",
                "skip_metric_validation": false,
                "threshold": 50000000
              }
            ],
            "description": "This is a Critical Network Out Bytes Alert",
            "dynamic_criteria": [],
            "enabled": true,
            "frequency": "PT1M",
            "id": "/subscriptions/78c78ae6-b8f6-44d9-88b7-cee29cd59d60/resourceGroups/fourkites-development/providers/Microsoft.Insights/metricAlerts/Critical-node_network_out_bytes",
            "name": "Critical-node_network_out_bytes",
            "resource_group_name": "fourkites-development",
            "scopes": [
              "/subscriptions/78c78ae6-b8f6-44d9-88b7-cee29cd59d60/resourcegroups/fourkites-development/providers/microsoft.containerservice/managedclusters/fourkites-development"
            ],
            "severity": 0,
            "tags": null,
            "target_resource_location": "",
            "target_resource_type": "",
            "timeouts": null,
            "window_size": "PT5M"
          },
          "sensitive_attributes": [],
          "private": "eyJlMmJmYjczMC1lY2FhLTExZTYtOGY4OC0zNDM2M2JjN2M0YzAiOnsiY3JlYXRlIjoxODAwMDAwMDAwMDAwLCJkZWxldGUiOjE4MDAwMDAwMDAwMDAsInJlYWQiOjMwMDAwMDAwMDAwMCwidXBkYXRlIjoxODAwMDAwMDAwMDAwfX0=",
          "dependencies": [
            "data.azurerm_resources.document_db",
            "data.azurerm_resources.managed_clusters",
            "module.monitor_metric_alert.azurerm_monitor_action_group.critical_action_group_alert",
            "module.monitor_metric_alert.azurerm_monitor_action_group.high_action_group_alert",
            "module.monitor_metric_alert.random_string.random_6"
          ]
        },
        {
          "index_key": "High-cluster_autoscaler_cluster_safe_to_autoscale",
          "schema_version": 0,
          "attributes": {
            "action": [
              {
                "action_group_id": "/subscriptions/78c78ae6-b8f6-44d9-88b7-cee29cd59d60/resourceGroups/fourkites-development/providers/microsoft.insights/actionGroups/action-group-high-alert-HNJROs",
                "webhook_properties": null
              }
            ],
            "application_insights_web_test_location_availability_criteria": [],
            "auto_mitigate": true,
            "criteria": [
              {
                "aggregation": "Average",
                "dimension": [],
                "metric_name": "cluster_autoscaler_cluster_safe_to_autoscale",
                "metric_namespace": "Microsoft.ContainerService/managedClusters",
                "operator": "LessThan",
                "skip_metric_validation": false,
                "threshold": 10
              }
            ],
            "description": "This is a High Cluster Health Alert",
            "dynamic_criteria": [],
            "enabled": true,
            "frequency": "PT1M",
            "id": "/subscriptions/78c78ae6-b8f6-44d9-88b7-cee29cd59d60/resourceGroups/fourkites-development/providers/Microsoft.Insights/metricAlerts/High-cluster_autoscaler_cluster_safe_to_autoscale",
            "name": "High-cluster_autoscaler_cluster_safe_to_autoscale",
            "resource_group_name": "fourkites-development",
            "scopes": [
              "/subscriptions/78c78ae6-b8f6-44d9-88b7-cee29cd59d60/resourcegroups/fourkites-development/providers/microsoft.containerservice/managedclusters/fourkites-development"
            ],
            "severity": 1,
            "tags": null,
            "target_resource_location": "",
            "target_resource_type": "",
            "timeouts": null,
            "window_size": "PT5M"
          },
          "sensitive_attributes": [],
          "private": "eyJlMmJmYjczMC1lY2FhLTExZTYtOGY4OC0zNDM2M2JjN2M0YzAiOnsiY3JlYXRlIjoxODAwMDAwMDAwMDAwLCJkZWxldGUiOjE4MDAwMDAwMDAwMDAsInJlYWQiOjMwMDAwMDAwMDAwMCwidXBkYXRlIjoxODAwMDAwMDAwMDAwfX0=",
          "dependencies": [
            "data.azurerm_resources.document_db",
            "data.azurerm_resources.managed_clusters",
            "module.monitor_metric_alert.azurerm_monitor_action_group.critical_action_group_alert",
            "module.monitor_metric_alert.azurerm_monitor_action_group.high_action_group_alert",
            "module.monitor_metric_alert.random_string.random_6"
          ]
        },
        {
          "index_key": "High-cluster_autoscaler_unneeded_nodes_count",
          "schema_version": 0,
          "attributes": {
            "action": [
              {
                "action_group_id": "/subscriptions/78c78ae6-b8f6-44d9-88b7-cee29cd59d60/resourceGroups/fourkites-development/providers/microsoft.insights/actionGroups/action-group-high-alert-HNJROs",
                "webhook_properties": null
              }
            ],
            "application_insights_web_test_location_availability_criteria": [],
            "auto_mitigate": true,
            "criteria": [
              {
                "aggregation": "Average",
                "dimension": [],
                "metric_name": "cluster_autoscaler_unneeded_nodes_count",
                "metric_namespace": "Microsoft.ContainerService/managedClusters",
                "operator": "LessThan",
                "skip_metric_validation": false,
                "threshold": 10
              }
            ],
            "description": "This is a High Unneeded Nodes Alert",
            "dynamic_criteria": [],
            "enabled": true,
            "frequency": "PT1M",
            "id": "/subscriptions/78c78ae6-b8f6-44d9-88b7-cee29cd59d60/resourceGroups/fourkites-development/providers/Microsoft.Insights/metricAlerts/High-cluster_autoscaler_unneeded_nodes_count",
            "name": "High-cluster_autoscaler_unneeded_nodes_count",
            "resource_group_name": "fourkites-development",
            "scopes": [
              "/subscriptions/78c78ae6-b8f6-44d9-88b7-cee29cd59d60/resourcegroups/fourkites-development/providers/microsoft.containerservice/managedclusters/fourkites-development"
            ],
            "severity": 1,
            "tags": null,
            "target_resource_location": "",
            "target_resource_type": "",
            "timeouts": null,
            "window_size": "PT5M"
          },
          "sensitive_attributes": [],
          "private": "eyJlMmJmYjczMC1lY2FhLTExZTYtOGY4OC0zNDM2M2JjN2M0YzAiOnsiY3JlYXRlIjoxODAwMDAwMDAwMDAwLCJkZWxldGUiOjE4MDAwMDAwMDAwMDAsInJlYWQiOjMwMDAwMDAwMDAwMCwidXBkYXRlIjoxODAwMDAwMDAwMDAwfX0=",
          "dependencies": [
            "data.azurerm_resources.document_db",
            "data.azurerm_resources.managed_clusters",
            "module.monitor_metric_alert.azurerm_monitor_action_group.critical_action_group_alert",
            "module.monitor_metric_alert.azurerm_monitor_action_group.high_action_group_alert",
            "module.monitor_metric_alert.random_string.random_6"
          ]
        },
        {
          "index_key": "High-cluster_autoscaler_unschedulable_pods_count",
          "schema_version": 0,
          "attributes": {
            "action": [
              {
                "action_group_id": "/subscriptions/78c78ae6-b8f6-44d9-88b7-cee29cd59d60/resourceGroups/fourkites-development/providers/microsoft.insights/actionGroups/action-group-high-alert-HNJROs",
                "webhook_properties": null
              }
            ],
            "application_insights_web_test_location_availability_criteria": [],
            "auto_mitigate": true,
            "criteria": [
              {
                "aggregation": "Average",
                "dimension": [],
                "metric_name": "cluster_autoscaler_unschedulable_pods_count",
                "metric_namespace": "Microsoft.ContainerService/managedClusters",
                "operator": "GreaterThan",
                "skip_metric_validation": false,
                "threshold": 3
              }
            ],
            "description": "This is a High Unschedulable Pods Alert",
            "dynamic_criteria": [],
            "enabled": true,
            "frequency": "PT1M",
            "id": "/subscriptions/78c78ae6-b8f6-44d9-88b7-cee29cd59d60/resourceGroups/fourkites-development/providers/Microsoft.Insights/metricAlerts/High-cluster_autoscaler_unschedulable_pods_count",
            "name": "High-cluster_autoscaler_unschedulable_pods_count",
            "resource_group_name": "fourkites-development",
            "scopes": [
              "/subscriptions/78c78ae6-b8f6-44d9-88b7-cee29cd59d60/resourcegroups/fourkites-development/providers/microsoft.containerservice/managedclusters/fourkites-development"
            ],
            "severity": 1,
            "tags": null,
            "target_resource_location": "",
            "target_resource_type": "",
            "timeouts": null,
            "window_size": "PT5M"
          },
          "sensitive_attributes": [],
          "private": "eyJlMmJmYjczMC1lY2FhLTExZTYtOGY4OC0zNDM2M2JjN2M0YzAiOnsiY3JlYXRlIjoxODAwMDAwMDAwMDAwLCJkZWxldGUiOjE4MDAwMDAwMDAwMDAsInJlYWQiOjMwMDAwMDAwMDAwMCwidXBkYXRlIjoxODAwMDAwMDAwMDAwfX0=",
          "dependencies": [
            "data.azurerm_resources.document_db",
            "data.azurerm_resources.managed_clusters",
            "module.monitor_metric_alert.azurerm_monitor_action_group.critical_action_group_alert",
            "module.monitor_metric_alert.azurerm_monitor_action_group.high_action_group_alert",
            "module.monitor_metric_alert.random_string.random_6"
          ]
        },
        {
          "index_key": "High-kube_pod_status_phase",
          "schema_version": 0,
          "attributes": {
            "action": [
              {
                "action_group_id": "/subscriptions/78c78ae6-b8f6-44d9-88b7-cee29cd59d60/resourceGroups/fourkites-development/providers/microsoft.insights/actionGroups/action-group-high-alert-HNJROs",
                "webhook_properties": null
              }
            ],
            "application_insights_web_test_location_availability_criteria": [],
            "auto_mitigate": true,
            "criteria": [
              {
                "aggregation": "Average",
                "dimension": [],
                "metric_name": "kube_pod_status_phase",
                "metric_namespace": "Microsoft.ContainerService/managedClusters",
                "operator": "LessThan",
                "skip_metric_validation": false,
                "threshold": 70
              }
            ],
            "description": "This is a High Number of pods by phase Alert",
            "dynamic_criteria": [],
            "enabled": true,
            "frequency": "PT1M",
            "id": "/subscriptions/78c78ae6-b8f6-44d9-88b7-cee29cd59d60/resourceGroups/fourkites-development/providers/Microsoft.Insights/metricAlerts/High-kube_pod_status_phase",
            "name": "High-kube_pod_status_phase",
            "resource_group_name": "fourkites-development",
            "scopes": [
              "/subscriptions/78c78ae6-b8f6-44d9-88b7-cee29cd59d60/resourcegroups/fourkites-development/providers/microsoft.containerservice/managedclusters/fourkites-development"
            ],
            "severity": 1,
            "tags": null,
            "target_resource_location": "",
            "target_resource_type": "",
            "timeouts": null,
            "window_size": "PT5M"
          },
          "sensitive_attributes": [],
          "private": "eyJlMmJmYjczMC1lY2FhLTExZTYtOGY4OC0zNDM2M2JjN2M0YzAiOnsiY3JlYXRlIjoxODAwMDAwMDAwMDAwLCJkZWxldGUiOjE4MDAwMDAwMDAwMDAsInJlYWQiOjMwMDAwMDAwMDAwMCwidXBkYXRlIjoxODAwMDAwMDAwMDAwfX0=",
          "dependencies": [
            "data.azurerm_resources.document_db",
            "data.azurerm_resources.managed_clusters",
            "module.monitor_metric_alert.azurerm_monitor_action_group.critical_action_group_alert",
            "module.monitor_metric_alert.azurerm_monitor_action_group.high_action_group_alert",
            "module.monitor_metric_alert.random_string.random_6"
          ]
        },
        {
          "index_key": "High-kube_pod_status_ready",
          "schema_version": 0,
          "attributes": {
            "action": [
              {
                "action_group_id": "/subscriptions/78c78ae6-b8f6-44d9-88b7-cee29cd59d60/resourceGroups/fourkites-development/providers/microsoft.insights/actionGroups/action-group-high-alert-HNJROs",
                "webhook_properties": null
              }
            ],
            "application_insights_web_test_location_availability_criteria": [],
            "auto_mitigate": true,
            "criteria": [
              {
                "aggregation": "Average",
                "dimension": [],
                "metric_name": "kube_pod_status_ready",
                "metric_namespace": "Microsoft.ContainerService/managedClusters",
                "operator": "LessThan",
                "skip_metric_validation": false,
                "threshold": 7
              }
            ],
            "description": "This is a High Number of pods in Ready state Alert",
            "dynamic_criteria": [],
            "enabled": true,
            "frequency": "PT1M",
            "id": "/subscriptions/78c78ae6-b8f6-44d9-88b7-cee29cd59d60/resourceGroups/fourkites-development/providers/Microsoft.Insights/metricAlerts/High-kube_pod_status_ready",
            "name": "High-kube_pod_status_ready",
            "resource_group_name": "fourkites-development",
            "scopes": [
              "/subscriptions/78c78ae6-b8f6-44d9-88b7-cee29cd59d60/resourcegroups/fourkites-development/providers/microsoft.containerservice/managedclusters/fourkites-development"
            ],
            "severity": 1,
            "tags": null,
            "target_resource_location": "",
            "target_resource_type": "",
            "timeouts": null,
            "window_size": "PT5M"
          },
          "sensitive_attributes": [],
          "private": "eyJlMmJmYjczMC1lY2FhLTExZTYtOGY4OC0zNDM2M2JjN2M0YzAiOnsiY3JlYXRlIjoxODAwMDAwMDAwMDAwLCJkZWxldGUiOjE4MDAwMDAwMDAwMDAsInJlYWQiOjMwMDAwMDAwMDAwMCwidXBkYXRlIjoxODAwMDAwMDAwMDAwfX0=",
          "dependencies": [
            "data.azurerm_resources.document_db",
            "data.azurerm_resources.managed_clusters",
            "module.monitor_metric_alert.azurerm_monitor_action_group.critical_action_group_alert",
            "module.monitor_metric_alert.azurerm_monitor_action_group.high_action_group_alert",
            "module.monitor_metric_alert.random_string.random_6"
          ]
        },
        {
          "index_key": "High-node_cpu_usage_percentage",
          "schema_version": 0,
          "attributes": {
            "action": [
              {
                "action_group_id": "/subscriptions/78c78ae6-b8f6-44d9-88b7-cee29cd59d60/resourceGroups/fourkites-development/providers/microsoft.insights/actionGroups/action-group-high-alert-HNJROs",
                "webhook_properties": null
              }
            ],
            "application_insights_web_test_location_availability_criteria": [],
            "auto_mitigate": true,
            "criteria": [
              {
                "aggregation": "Average",
                "dimension": [],
                "metric_name": "node_cpu_usage_percentage",
                "metric_namespace": "Microsoft.ContainerService/managedClusters",
                "operator": "GreaterThan",
                "skip_metric_validation": false,
                "threshold": 3
              }
            ],
            "description": "This is a High CPU Usage Percentage Alert",
            "dynamic_criteria": [],
            "enabled": true,
            "frequency": "PT1M",
            "id": "/subscriptions/78c78ae6-b8f6-44d9-88b7-cee29cd59d60/resourceGroups/fourkites-development/providers/Microsoft.Insights/metricAlerts/High-node_cpu_usage_percentage",
            "name": "High-node_cpu_usage_percentage",
            "resource_group_name": "fourkites-development",
            "scopes": [
              "/subscriptions/78c78ae6-b8f6-44d9-88b7-cee29cd59d60/resourcegroups/fourkites-development/providers/microsoft.containerservice/managedclusters/fourkites-development"
            ],
            "severity": 1,
            "tags": null,
            "target_resource_location": "",
            "target_resource_type": "",
            "timeouts": null,
            "window_size": "PT5M"
          },
          "sensitive_attributes": [],
          "private": "eyJlMmJmYjczMC1lY2FhLTExZTYtOGY4OC0zNDM2M2JjN2M0YzAiOnsiY3JlYXRlIjoxODAwMDAwMDAwMDAwLCJkZWxldGUiOjE4MDAwMDAwMDAwMDAsInJlYWQiOjMwMDAwMDAwMDAwMCwidXBkYXRlIjoxODAwMDAwMDAwMDAwfX0=",
          "dependencies": [
            "data.azurerm_resources.document_db",
            "data.azurerm_resources.managed_clusters",
            "module.monitor_metric_alert.azurerm_monitor_action_group.critical_action_group_alert",
            "module.monitor_metric_alert.azurerm_monitor_action_group.high_action_group_alert",
            "module.monitor_metric_alert.random_string.random_6"
          ]
        },
        {
          "index_key": "High-node_disk_usage_percentage",
          "schema_version": 0,
          "attributes": {
            "action": [
              {
                "action_group_id": "/subscriptions/78c78ae6-b8f6-44d9-88b7-cee29cd59d60/resourceGroups/fourkites-development/providers/microsoft.insights/actionGroups/action-group-high-alert-HNJROs",
                "webhook_properties": null
              }
            ],
            "application_insights_web_test_location_availability_criteria": [],
            "auto_mitigate": true,
            "criteria": [
              {
                "aggregation": "Average",
                "dimension": [],
                "metric_name": "node_disk_usage_percentage",
                "metric_namespace": "Microsoft.ContainerService/managedClusters",
                "operator": "GreaterThan",
                "skip_metric_validation": false,
                "threshold": 3
              }
            ],
            "description": "This is a High Disk Used Percentage Alert",
            "dynamic_criteria": [],
            "enabled": true,
            "frequency": "PT1M",
            "id": "/subscriptions/78c78ae6-b8f6-44d9-88b7-cee29cd59d60/resourceGroups/fourkites-development/providers/Microsoft.Insights/metricAlerts/High-node_disk_usage_percentage",
            "name": "High-node_disk_usage_percentage",
            "resource_group_name": "fourkites-development",
            "scopes": [
              "/subscriptions/78c78ae6-b8f6-44d9-88b7-cee29cd59d60/resourcegroups/fourkites-development/providers/microsoft.containerservice/managedclusters/fourkites-development"
            ],
            "severity": 1,
            "tags": null,
            "target_resource_location": "",
            "target_resource_type": "",
            "timeouts": null,
            "window_size": "PT5M"
          },
          "sensitive_attributes": [],
          "private": "eyJlMmJmYjczMC1lY2FhLTExZTYtOGY4OC0zNDM2M2JjN2M0YzAiOnsiY3JlYXRlIjoxODAwMDAwMDAwMDAwLCJkZWxldGUiOjE4MDAwMDAwMDAwMDAsInJlYWQiOjMwMDAwMDAwMDAwMCwidXBkYXRlIjoxODAwMDAwMDAwMDAwfX0=",
          "dependencies": [
            "data.azurerm_resources.document_db",
            "data.azurerm_resources.managed_clusters",
            "module.monitor_metric_alert.azurerm_monitor_action_group.critical_action_group_alert",
            "module.monitor_metric_alert.azurerm_monitor_action_group.high_action_group_alert",
            "module.monitor_metric_alert.random_string.random_6"
          ]
        },
        {
          "index_key": "High-node_memory_rss_percentage",
          "schema_version": 0,
          "attributes": {
            "action": [
              {
                "action_group_id": "/subscriptions/78c78ae6-b8f6-44d9-88b7-cee29cd59d60/resourceGroups/fourkites-development/providers/microsoft.insights/actionGroups/action-group-high-alert-HNJROs",
                "webhook_properties": null
              }
            ],
            "application_insights_web_test_location_availability_criteria": [],
            "auto_mitigate": true,
            "criteria": [
              {
                "aggregation": "Average",
                "dimension": [],
                "metric_name": "node_memory_rss_percentage",
                "metric_namespace": "Microsoft.ContainerService/managedClusters",
                "operator": "GreaterThan",
                "skip_metric_validation": false,
                "threshold": 80
              }
            ],
            "description": "This is a High Memory RSS Percentage Alert",
            "dynamic_criteria": [],
            "enabled": true,
            "frequency": "PT1M",
            "id": "/subscriptions/78c78ae6-b8f6-44d9-88b7-cee29cd59d60/resourceGroups/fourkites-development/providers/Microsoft.Insights/metricAlerts/High-node_memory_rss_percentage",
            "name": "High-node_memory_rss_percentage",
            "resource_group_name": "fourkites-development",
            "scopes": [
              "/subscriptions/78c78ae6-b8f6-44d9-88b7-cee29cd59d60/resourcegroups/fourkites-development/providers/microsoft.containerservice/managedclusters/fourkites-development"
            ],
            "severity": 1,
            "tags": null,
            "target_resource_location": "",
            "target_resource_type": "",
            "timeouts": null,
            "window_size": "PT5M"
          },
          "sensitive_attributes": [],
          "private": "eyJlMmJmYjczMC1lY2FhLTExZTYtOGY4OC0zNDM2M2JjN2M0YzAiOnsiY3JlYXRlIjoxODAwMDAwMDAwMDAwLCJkZWxldGUiOjE4MDAwMDAwMDAwMDAsInJlYWQiOjMwMDAwMDAwMDAwMCwidXBkYXRlIjoxODAwMDAwMDAwMDAwfX0=",
          "dependencies": [
            "data.azurerm_resources.document_db",
            "data.azurerm_resources.managed_clusters",
            "module.monitor_metric_alert.azurerm_monitor_action_group.critical_action_group_alert",
            "module.monitor_metric_alert.azurerm_monitor_action_group.high_action_group_alert",
            "module.monitor_metric_alert.random_string.random_6"
          ]
        },
        {
          "index_key": "High-node_memory_working_set_percentage",
          "schema_version": 0,
          "attributes": {
            "action": [
              {
                "action_group_id": "/subscriptions/78c78ae6-b8f6-44d9-88b7-cee29cd59d60/resourceGroups/fourkites-development/providers/microsoft.insights/actionGroups/action-group-high-alert-HNJROs",
                "webhook_properties": null
              }
            ],
            "application_insights_web_test_location_availability_criteria": [],
            "auto_mitigate": true,
            "criteria": [
              {
                "aggregation": "Average",
                "dimension": [],
                "metric_name": "node_memory_working_set_percentage",
                "metric_namespace": "Microsoft.ContainerService/managedClusters",
                "operator": "GreaterThan",
                "skip_metric_validation": false,
                "threshold": 80
              }
            ],
            "description": "This is a High Memory Working Set Percentage Alert",
            "dynamic_criteria": [],
            "enabled": true,
            "frequency": "PT1M",
            "id": "/subscriptions/78c78ae6-b8f6-44d9-88b7-cee29cd59d60/resourceGroups/fourkites-development/providers/Microsoft.Insights/metricAlerts/High-node_memory_working_set_percentage",
            "name": "High-node_memory_working_set_percentage",
            "resource_group_name": "fourkites-development",
            "scopes": [
              "/subscriptions/78c78ae6-b8f6-44d9-88b7-cee29cd59d60/resourcegroups/fourkites-development/providers/microsoft.containerservice/managedclusters/fourkites-development"
            ],
            "severity": 1,
            "tags": null,
            "target_resource_location": "",
            "target_resource_type": "",
            "timeouts": null,
            "window_size": "PT5M"
          },
          "sensitive_attributes": [],
          "private": "eyJlMmJmYjczMC1lY2FhLTExZTYtOGY4OC0zNDM2M2JjN2M0YzAiOnsiY3JlYXRlIjoxODAwMDAwMDAwMDAwLCJkZWxldGUiOjE4MDAwMDAwMDAwMDAsInJlYWQiOjMwMDAwMDAwMDAwMCwidXBkYXRlIjoxODAwMDAwMDAwMDAwfX0=",
          "dependencies": [
            "data.azurerm_resources.document_db",
            "data.azurerm_resources.managed_clusters",
            "module.monitor_metric_alert.azurerm_monitor_action_group.critical_action_group_alert",
            "module.monitor_metric_alert.azurerm_monitor_action_group.high_action_group_alert",
            "module.monitor_metric_alert.random_string.random_6"
          ]
        },
        {
          "index_key": "High-node_network_in_bytes",
          "schema_version": 0,
          "attributes": {
            "action": [
              {
                "action_group_id": "/subscriptions/78c78ae6-b8f6-44d9-88b7-cee29cd59d60/resourceGroups/fourkites-development/providers/microsoft.insights/actionGroups/action-group-high-alert-HNJROs",
                "webhook_properties": null
              }
            ],
            "application_insights_web_test_location_availability_criteria": [],
            "auto_mitigate": true,
            "criteria": [
              {
                "aggregation": "Average",
                "dimension": [],
                "metric_name": "node_network_in_bytes",
                "metric_namespace": "Microsoft.ContainerService/managedClusters",
                "operator": "LessThan",
                "skip_metric_validation": false,
                "threshold": 70000000
              }
            ],
            "description": "This is a High Network In Bytes Alert",
            "dynamic_criteria": [],
            "enabled": true,
            "frequency": "PT1M",
            "id": "/subscriptions/78c78ae6-b8f6-44d9-88b7-cee29cd59d60/resourceGroups/fourkites-development/providers/Microsoft.Insights/metricAlerts/High-node_network_in_bytes",
            "name": "High-node_network_in_bytes",
            "resource_group_name": "fourkites-development",
            "scopes": [
              "/subscriptions/78c78ae6-b8f6-44d9-88b7-cee29cd59d60/resourcegroups/fourkites-development/providers/microsoft.containerservice/managedclusters/fourkites-development"
            ],
            "severity": 1,
            "tags": null,
            "target_resource_location": "",
            "target_resource_type": "",
            "timeouts": null,
            "window_size": "PT5M"
          },
          "sensitive_attributes": [],
          "private": "eyJlMmJmYjczMC1lY2FhLTExZTYtOGY4OC0zNDM2M2JjN2M0YzAiOnsiY3JlYXRlIjoxODAwMDAwMDAwMDAwLCJkZWxldGUiOjE4MDAwMDAwMDAwMDAsInJlYWQiOjMwMDAwMDAwMDAwMCwidXBkYXRlIjoxODAwMDAwMDAwMDAwfX0=",
          "dependencies": [
            "data.azurerm_resources.document_db",
            "data.azurerm_resources.managed_clusters",
            "module.monitor_metric_alert.azurerm_monitor_action_group.critical_action_group_alert",
            "module.monitor_metric_alert.azurerm_monitor_action_group.high_action_group_alert",
            "module.monitor_metric_alert.random_string.random_6"
          ]
        },
        {
          "index_key": "High-node_network_out_bytes",
          "schema_version": 0,
          "attributes": {
            "action": [
              {
                "action_group_id": "/subscriptions/78c78ae6-b8f6-44d9-88b7-cee29cd59d60/resourceGroups/fourkites-development/providers/microsoft.insights/actionGroups/action-group-high-alert-HNJROs",
                "webhook_properties": null
              }
            ],
            "application_insights_web_test_location_availability_criteria": [],
            "auto_mitigate": true,
            "criteria": [
              {
                "aggregation": "Average",
                "dimension": [],
                "metric_name": "node_network_out_bytes",
                "metric_namespace": "Microsoft.ContainerService/managedClusters",
                "operator": "LessThan",
                "skip_metric_validation": false,
                "threshold": 70000000
              }
            ],
            "description": "This is a High Network Out Bytes Alert",
            "dynamic_criteria": [],
            "enabled": true,
            "frequency": "PT1M",
            "id": "/subscriptions/78c78ae6-b8f6-44d9-88b7-cee29cd59d60/resourceGroups/fourkites-development/providers/Microsoft.Insights/metricAlerts/High-node_network_out_bytes",
            "name": "High-node_network_out_bytes",
            "resource_group_name": "fourkites-development",
            "scopes": [
              "/subscriptions/78c78ae6-b8f6-44d9-88b7-cee29cd59d60/resourcegroups/fourkites-development/providers/microsoft.containerservice/managedclusters/fourkites-development"
            ],
            "severity": 1,
            "tags": null,
            "target_resource_location": "",
            "target_resource_type": "",
            "timeouts": null,
            "window_size": "PT5M"
          },
          "sensitive_attributes": [],
          "private": "eyJlMmJmYjczMC1lY2FhLTExZTYtOGY4OC0zNDM2M2JjN2M0YzAiOnsiY3JlYXRlIjoxODAwMDAwMDAwMDAwLCJkZWxldGUiOjE4MDAwMDAwMDAwMDAsInJlYWQiOjMwMDAwMDAwMDAwMCwidXBkYXRlIjoxODAwMDAwMDAwMDAwfX0=",
          "dependencies": [
            "data.azurerm_resources.document_db",
            "data.azurerm_resources.managed_clusters",
            "module.monitor_metric_alert.azurerm_monitor_action_group.critical_action_group_alert",
            "module.monitor_metric_alert.azurerm_monitor_action_group.high_action_group_alert",
            "module.monitor_metric_alert.random_string.random_6"
          ]
        }
      ]
    },
    {
      "module": "module.monitor_metric_alert[\"/subscriptions/78c78ae6-b8f6-44d9-88b7-cee29cd59d60/resourcegroups/fourkites-development/providers/microsoft.containerservice/managedclusters/fourkites-development\"]",
      "mode": "managed",
      "type": "random_string",
      "name": "random_6",
      "provider": "provider[\"registry.terraform.io/hashicorp/random\"]",
      "instances": [
        {
          "schema_version": 1,
          "attributes": {
            "id": "HNJROs",
            "keepers": null,
            "length": 6,
            "lower": true,
            "min_lower": 0,
            "min_numeric": 0,
            "min_special": 0,
            "min_upper": 0,
            "number": true,
            "override_special": "_-",
            "result": "HNJROs",
            "special": true,
            "upper": true
          },
          "sensitive_attributes": [],
          "private": "eyJzY2hlbWFfdmVyc2lvbiI6IjEifQ==",
          "dependencies": [
            "data.azurerm_resources.document_db",
            "data.azurerm_resources.managed_clusters"
          ]
        }
      ]
    },
    {
      "module": "module.monitor_metric_alert[\"/subscriptions/78c78ae6-b8f6-44d9-88b7-cee29cd59d60/resourcegroups/fourkites-development/providers/microsoft.documentdb/databaseaccounts/fourkites-dev-cassandra-account\"]",
      "mode": "managed",
      "type": "azurerm_monitor_action_group",
      "name": "critical_action_group_alert",
      "provider": "provider[\"registry.terraform.io/hashicorp/azurerm\"]",
      "instances": [
        {
          "schema_version": 0,
          "attributes": {
            "arm_role_receiver": [],
            "automation_runbook_receiver": [],
            "azure_app_push_receiver": [],
            "azure_function_receiver": [],
            "email_receiver": [],
            "enabled": true,
            "id": "/subscriptions/78c78ae6-b8f6-44d9-88b7-cee29cd59d60/resourceGroups/fourkites-development/providers/microsoft.insights/actionGroups/critical_action-group-alert-cNIIWc",
            "itsm_receiver": [],
            "logic_app_receiver": [],
            "name": "critical_action-group-alert-cNIIWc",
            "resource_group_name": "fourkites-development",
            "short_name": "ag-tf-cNIIWc",
            "sms_receiver": [],
            "tags": null,
            "timeouts": null,
            "voice_receiver": [],
            "webhook_receiver": [
              {
                "aad_auth": [],
                "name": "https://example.jeremiah.com/critical",
                "service_uri": "https://example.jeremiah.com/critical",
                "use_common_alert_schema": true
              }
            ]
          },
          "sensitive_attributes": [],
          "private": "eyJlMmJmYjczMC1lY2FhLTExZTYtOGY4OC0zNDM2M2JjN2M0YzAiOnsiY3JlYXRlIjoxODAwMDAwMDAwMDAwLCJkZWxldGUiOjE4MDAwMDAwMDAwMDAsInJlYWQiOjMwMDAwMDAwMDAwMCwidXBkYXRlIjoxODAwMDAwMDAwMDAwfX0=",
          "dependencies": [
            "data.azurerm_resources.document_db",
            "data.azurerm_resources.managed_clusters",
            "module.monitor_metric_alert.random_string.random_6"
          ]
        }
      ]
    },
    {
      "module": "module.monitor_metric_alert[\"/subscriptions/78c78ae6-b8f6-44d9-88b7-cee29cd59d60/resourcegroups/fourkites-development/providers/microsoft.documentdb/databaseaccounts/fourkites-dev-cassandra-account\"]",
      "mode": "managed",
      "type": "azurerm_monitor_action_group",
      "name": "high_action_group_alert",
      "provider": "provider[\"registry.terraform.io/hashicorp/azurerm\"]",
      "instances": [
        {
          "schema_version": 0,
          "attributes": {
            "arm_role_receiver": [],
            "automation_runbook_receiver": [],
            "azure_app_push_receiver": [],
            "azure_function_receiver": [],
            "email_receiver": [],
            "enabled": true,
            "id": "/subscriptions/78c78ae6-b8f6-44d9-88b7-cee29cd59d60/resourceGroups/fourkites-development/providers/microsoft.insights/actionGroups/action-group-high-alert-cNIIWc",
            "itsm_receiver": [],
            "logic_app_receiver": [],
            "name": "action-group-high-alert-cNIIWc",
            "resource_group_name": "fourkites-development",
            "short_name": "ag-tf-cNIIWc",
            "sms_receiver": [],
            "tags": null,
            "timeouts": null,
            "voice_receiver": [],
            "webhook_receiver": [
              {
                "aad_auth": [],
                "name": "https://example.jeremiah.com/high",
                "service_uri": "https://example.jeremiah.com/high",
                "use_common_alert_schema": true
              }
            ]
          },
          "sensitive_attributes": [],
          "private": "eyJlMmJmYjczMC1lY2FhLTExZTYtOGY4OC0zNDM2M2JjN2M0YzAiOnsiY3JlYXRlIjoxODAwMDAwMDAwMDAwLCJkZWxldGUiOjE4MDAwMDAwMDAwMDAsInJlYWQiOjMwMDAwMDAwMDAwMCwidXBkYXRlIjoxODAwMDAwMDAwMDAwfX0=",
          "dependencies": [
            "data.azurerm_resources.document_db",
            "data.azurerm_resources.managed_clusters",
            "module.monitor_metric_alert.random_string.random_6"
          ]
        }
      ]
    },
    {
      "module": "module.monitor_metric_alert[\"/subscriptions/78c78ae6-b8f6-44d9-88b7-cee29cd59d60/resourcegroups/fourkites-development/providers/microsoft.documentdb/databaseaccounts/fourkites-dev-cassandra-account\"]",
      "mode": "managed",
      "type": "random_string",
      "name": "random_6",
      "provider": "provider[\"registry.terraform.io/hashicorp/random\"]",
      "instances": [
        {
          "schema_version": 1,
          "attributes": {
            "id": "cNIIWc",
            "keepers": null,
            "length": 6,
            "lower": true,
            "min_lower": 0,
            "min_numeric": 0,
            "min_special": 0,
            "min_upper": 0,
            "number": true,
            "override_special": "_-",
            "result": "cNIIWc",
            "special": true,
            "upper": true
          },
          "sensitive_attributes": [],
          "private": "eyJzY2hlbWFfdmVyc2lvbiI6IjEifQ==",
          "dependencies": [
            "data.azurerm_resources.document_db",
            "data.azurerm_resources.managed_clusters"
          ]
        }
      ]
    },
    {
      "module": "module.monitor_metric_alert[\"/subscriptions/78c78ae6-b8f6-44d9-88b7-cee29cd59d60/resourcegroups/fourkites-development/providers/microsoft.documentdb/databaseaccounts/fourkites-dev-mongo-account\"]",
      "mode": "managed",
      "type": "azurerm_monitor_action_group",
      "name": "critical_action_group_alert",
      "provider": "provider[\"registry.terraform.io/hashicorp/azurerm\"]",
      "instances": [
        {
          "schema_version": 0,
          "attributes": {
            "arm_role_receiver": [],
            "automation_runbook_receiver": [],
            "azure_app_push_receiver": [],
            "azure_function_receiver": [],
            "email_receiver": [],
            "enabled": true,
            "id": "/subscriptions/78c78ae6-b8f6-44d9-88b7-cee29cd59d60/resourceGroups/fourkites-development/providers/microsoft.insights/actionGroups/critical_action-group-alert-abTacV",
            "itsm_receiver": [],
            "logic_app_receiver": [],
            "name": "critical_action-group-alert-abTacV",
            "resource_group_name": "fourkites-development",
            "short_name": "ag-tf-abTacV",
            "sms_receiver": [],
            "tags": null,
            "timeouts": null,
            "voice_receiver": [],
            "webhook_receiver": [
              {
                "aad_auth": [],
                "name": "https://example.jeremiah.com/critical",
                "service_uri": "https://example.jeremiah.com/critical",
                "use_common_alert_schema": true
              }
            ]
          },
          "sensitive_attributes": [],
          "private": "eyJlMmJmYjczMC1lY2FhLTExZTYtOGY4OC0zNDM2M2JjN2M0YzAiOnsiY3JlYXRlIjoxODAwMDAwMDAwMDAwLCJkZWxldGUiOjE4MDAwMDAwMDAwMDAsInJlYWQiOjMwMDAwMDAwMDAwMCwidXBkYXRlIjoxODAwMDAwMDAwMDAwfX0=",
          "dependencies": [
            "data.azurerm_resources.document_db",
            "data.azurerm_resources.managed_clusters",
            "module.monitor_metric_alert.random_string.random_6"
          ]
        }
      ]
    },
    {
      "module": "module.monitor_metric_alert[\"/subscriptions/78c78ae6-b8f6-44d9-88b7-cee29cd59d60/resourcegroups/fourkites-development/providers/microsoft.documentdb/databaseaccounts/fourkites-dev-mongo-account\"]",
      "mode": "managed",
      "type": "azurerm_monitor_action_group",
      "name": "high_action_group_alert",
      "provider": "provider[\"registry.terraform.io/hashicorp/azurerm\"]",
      "instances": [
        {
          "schema_version": 0,
          "attributes": {
            "arm_role_receiver": [],
            "automation_runbook_receiver": [],
            "azure_app_push_receiver": [],
            "azure_function_receiver": [],
            "email_receiver": [],
            "enabled": true,
            "id": "/subscriptions/78c78ae6-b8f6-44d9-88b7-cee29cd59d60/resourceGroups/fourkites-development/providers/microsoft.insights/actionGroups/action-group-high-alert-abTacV",
            "itsm_receiver": [],
            "logic_app_receiver": [],
            "name": "action-group-high-alert-abTacV",
            "resource_group_name": "fourkites-development",
            "short_name": "ag-tf-abTacV",
            "sms_receiver": [],
            "tags": null,
            "timeouts": null,
            "voice_receiver": [],
            "webhook_receiver": [
              {
                "aad_auth": [],
                "name": "https://example.jeremiah.com/high",
                "service_uri": "https://example.jeremiah.com/high",
                "use_common_alert_schema": true
              }
            ]
          },
          "sensitive_attributes": [],
          "private": "eyJlMmJmYjczMC1lY2FhLTExZTYtOGY4OC0zNDM2M2JjN2M0YzAiOnsiY3JlYXRlIjoxODAwMDAwMDAwMDAwLCJkZWxldGUiOjE4MDAwMDAwMDAwMDAsInJlYWQiOjMwMDAwMDAwMDAwMCwidXBkYXRlIjoxODAwMDAwMDAwMDAwfX0=",
          "dependencies": [
            "data.azurerm_resources.document_db",
            "data.azurerm_resources.managed_clusters",
            "module.monitor_metric_alert.random_string.random_6"
          ]
        }
      ]
    },
    {
      "module": "module.monitor_metric_alert[\"/subscriptions/78c78ae6-b8f6-44d9-88b7-cee29cd59d60/resourcegroups/fourkites-development/providers/microsoft.documentdb/databaseaccounts/fourkites-dev-mongo-account\"]",
      "mode": "managed",
      "type": "random_string",
      "name": "random_6",
      "provider": "provider[\"registry.terraform.io/hashicorp/random\"]",
      "instances": [
        {
          "schema_version": 1,
          "attributes": {
            "id": "abTacV",
            "keepers": null,
            "length": 6,
            "lower": true,
            "min_lower": 0,
            "min_numeric": 0,
            "min_special": 0,
            "min_upper": 0,
            "number": true,
            "override_special": "_-",
            "result": "abTacV",
            "special": true,
            "upper": true
          },
          "sensitive_attributes": [],
          "private": "eyJzY2hlbWFfdmVyc2lvbiI6IjEifQ==",
          "dependencies": [
            "data.azurerm_resources.document_db",
            "data.azurerm_resources.managed_clusters"
          ]
        }
      ]
    },
    {
      "module": "module.monitor_metric_alert[\"/subscriptions/78c78ae6-b8f6-44d9-88b7-cee29cd59d60/resourcegroups/fourkites-development/providers/microsoft.documentdb/databaseaccounts/fourkites-dev-table-account\"]",
      "mode": "managed",
      "type": "azurerm_monitor_action_group",
      "name": "critical_action_group_alert",
      "provider": "provider[\"registry.terraform.io/hashicorp/azurerm\"]",
      "instances": [
        {
          "schema_version": 0,
          "attributes": {
            "arm_role_receiver": [],
            "automation_runbook_receiver": [],
            "azure_app_push_receiver": [],
            "azure_function_receiver": [],
            "email_receiver": [],
            "enabled": true,
            "id": "/subscriptions/78c78ae6-b8f6-44d9-88b7-cee29cd59d60/resourceGroups/fourkites-development/providers/microsoft.insights/actionGroups/critical_action-group-alert-q8On4j",
            "itsm_receiver": [],
            "logic_app_receiver": [],
            "name": "critical_action-group-alert-q8On4j",
            "resource_group_name": "fourkites-development",
            "short_name": "ag-tf-q8On4j",
            "sms_receiver": [],
            "tags": null,
            "timeouts": null,
            "voice_receiver": [],
            "webhook_receiver": [
              {
                "aad_auth": [],
                "name": "https://example.jeremiah.com/critical",
                "service_uri": "https://example.jeremiah.com/critical",
                "use_common_alert_schema": true
              }
            ]
          },
          "sensitive_attributes": [],
          "private": "eyJlMmJmYjczMC1lY2FhLTExZTYtOGY4OC0zNDM2M2JjN2M0YzAiOnsiY3JlYXRlIjoxODAwMDAwMDAwMDAwLCJkZWxldGUiOjE4MDAwMDAwMDAwMDAsInJlYWQiOjMwMDAwMDAwMDAwMCwidXBkYXRlIjoxODAwMDAwMDAwMDAwfX0=",
          "dependencies": [
            "data.azurerm_resources.document_db",
            "data.azurerm_resources.managed_clusters",
            "module.monitor_metric_alert.random_string.random_6"
          ]
        }
      ]
    },
    {
      "module": "module.monitor_metric_alert[\"/subscriptions/78c78ae6-b8f6-44d9-88b7-cee29cd59d60/resourcegroups/fourkites-development/providers/microsoft.documentdb/databaseaccounts/fourkites-dev-table-account\"]",
      "mode": "managed",
      "type": "azurerm_monitor_action_group",
      "name": "high_action_group_alert",
      "provider": "provider[\"registry.terraform.io/hashicorp/azurerm\"]",
      "instances": [
        {
          "schema_version": 0,
          "attributes": {
            "arm_role_receiver": [],
            "automation_runbook_receiver": [],
            "azure_app_push_receiver": [],
            "azure_function_receiver": [],
            "email_receiver": [],
            "enabled": true,
            "id": "/subscriptions/78c78ae6-b8f6-44d9-88b7-cee29cd59d60/resourceGroups/fourkites-development/providers/microsoft.insights/actionGroups/action-group-high-alert-q8On4j",
            "itsm_receiver": [],
            "logic_app_receiver": [],
            "name": "action-group-high-alert-q8On4j",
            "resource_group_name": "fourkites-development",
            "short_name": "ag-tf-q8On4j",
            "sms_receiver": [],
            "tags": null,
            "timeouts": null,
            "voice_receiver": [],
            "webhook_receiver": [
              {
                "aad_auth": [],
                "name": "https://example.jeremiah.com/high",
                "service_uri": "https://example.jeremiah.com/high",
                "use_common_alert_schema": true
              }
            ]
          },
          "sensitive_attributes": [],
          "private": "eyJlMmJmYjczMC1lY2FhLTExZTYtOGY4OC0zNDM2M2JjN2M0YzAiOnsiY3JlYXRlIjoxODAwMDAwMDAwMDAwLCJkZWxldGUiOjE4MDAwMDAwMDAwMDAsInJlYWQiOjMwMDAwMDAwMDAwMCwidXBkYXRlIjoxODAwMDAwMDAwMDAwfX0=",
          "dependencies": [
            "data.azurerm_resources.document_db",
            "data.azurerm_resources.managed_clusters",
            "module.monitor_metric_alert.random_string.random_6"
          ]
        }
      ]
    },
    {
      "module": "module.monitor_metric_alert[\"/subscriptions/78c78ae6-b8f6-44d9-88b7-cee29cd59d60/resourcegroups/fourkites-development/providers/microsoft.documentdb/databaseaccounts/fourkites-dev-table-account\"]",
      "mode": "managed",
      "type": "azurerm_monitor_metric_alert",
      "name": "main",
      "provider": "provider[\"registry.terraform.io/hashicorp/azurerm\"]",
      "instances": [
        {
          "index_key": "Critical-AutoscaleMaxThroughput",
          "schema_version": 0,
          "attributes": {
            "action": [
              {
                "action_group_id": "/subscriptions/78c78ae6-b8f6-44d9-88b7-cee29cd59d60/resourceGroups/fourkites-development/providers/microsoft.insights/actionGroups/critical_action-group-alert-q8On4j",
                "webhook_properties": null
              }
            ],
            "application_insights_web_test_location_availability_criteria": [],
            "auto_mitigate": true,
            "criteria": [
              {
                "aggregation": "Maximum",
                "dimension": [],
                "metric_name": "AutoscaleMaxThroughput",
                "metric_namespace": "Microsoft.DocumentDB/DatabaseAccounts",
                "operator": "GreaterThan",
                "skip_metric_validation": false,
                "threshold": 5
              }
            ],
            "description": "This is a Critical Autoscale Max Throughput Alert",
            "dynamic_criteria": [],
            "enabled": true,
            "frequency": "PT1M",
            "id": "/subscriptions/78c78ae6-b8f6-44d9-88b7-cee29cd59d60/resourceGroups/fourkites-development/providers/Microsoft.Insights/metricAlerts/Critical-AutoscaleMaxThroughput",
            "name": "Critical-AutoscaleMaxThroughput",
            "resource_group_name": "fourkites-development",
            "scopes": [
              "/subscriptions/78c78ae6-b8f6-44d9-88b7-cee29cd59d60/resourcegroups/fourkites-development/providers/microsoft.documentdb/databaseaccounts/fourkites-dev-table-account"
            ],
            "severity": 0,
            "tags": null,
            "target_resource_location": "",
            "target_resource_type": "",
            "timeouts": null,
            "window_size": "PT5M"
          },
          "sensitive_attributes": [],
          "private": "eyJlMmJmYjczMC1lY2FhLTExZTYtOGY4OC0zNDM2M2JjN2M0YzAiOnsiY3JlYXRlIjoxODAwMDAwMDAwMDAwLCJkZWxldGUiOjE4MDAwMDAwMDAwMDAsInJlYWQiOjMwMDAwMDAwMDAwMCwidXBkYXRlIjoxODAwMDAwMDAwMDAwfX0=",
          "dependencies": [
            "data.azurerm_resources.document_db",
            "data.azurerm_resources.managed_clusters",
            "module.monitor_metric_alert.azurerm_monitor_action_group.critical_action_group_alert",
            "module.monitor_metric_alert.azurerm_monitor_action_group.high_action_group_alert",
            "module.monitor_metric_alert.random_string.random_6"
          ]
        },
        {
          "index_key": "Critical-CreateAccount",
          "schema_version": 0,
          "attributes": {
            "action": [
              {
                "action_group_id": "/subscriptions/78c78ae6-b8f6-44d9-88b7-cee29cd59d60/resourceGroups/fourkites-development/providers/microsoft.insights/actionGroups/critical_action-group-alert-q8On4j",
                "webhook_properties": null
              }
            ],
            "application_insights_web_test_location_availability_criteria": [],
            "auto_mitigate": true,
            "criteria": [
              {
                "aggregation": "Count",
                "dimension": [],
                "metric_name": "CreateAccount",
                "metric_namespace": "Microsoft.DocumentDB/DatabaseAccounts",
                "operator": "GreaterThan",
                "skip_metric_validation": false,
                "threshold": 10
              }
            ],
            "description": "This is a Critical Create Account Alert",
            "dynamic_criteria": [],
            "enabled": true,
            "frequency": "PT1M",
            "id": "/subscriptions/78c78ae6-b8f6-44d9-88b7-cee29cd59d60/resourceGroups/fourkites-development/providers/Microsoft.Insights/metricAlerts/Critical-CreateAccount",
            "name": "Critical-CreateAccount",
            "resource_group_name": "fourkites-development",
            "scopes": [
              "/subscriptions/78c78ae6-b8f6-44d9-88b7-cee29cd59d60/resourcegroups/fourkites-development/providers/microsoft.documentdb/databaseaccounts/fourkites-dev-table-account"
            ],
            "severity": 0,
            "tags": null,
            "target_resource_location": "",
            "target_resource_type": "",
            "timeouts": null,
            "window_size": "PT5M"
          },
          "sensitive_attributes": [],
          "private": "eyJlMmJmYjczMC1lY2FhLTExZTYtOGY4OC0zNDM2M2JjN2M0YzAiOnsiY3JlYXRlIjoxODAwMDAwMDAwMDAwLCJkZWxldGUiOjE4MDAwMDAwMDAwMDAsInJlYWQiOjMwMDAwMDAwMDAwMCwidXBkYXRlIjoxODAwMDAwMDAwMDAwfX0=",
          "dependencies": [
            "data.azurerm_resources.document_db",
            "data.azurerm_resources.managed_clusters",
            "module.monitor_metric_alert.azurerm_monitor_action_group.critical_action_group_alert",
            "module.monitor_metric_alert.azurerm_monitor_action_group.high_action_group_alert",
            "module.monitor_metric_alert.random_string.random_6"
          ]
        },
        {
          "index_key": "Critical-DataUsage",
          "schema_version": 0,
          "attributes": {
            "action": [
              {
                "action_group_id": "/subscriptions/78c78ae6-b8f6-44d9-88b7-cee29cd59d60/resourceGroups/fourkites-development/providers/microsoft.insights/actionGroups/critical_action-group-alert-q8On4j",
                "webhook_properties": null
              }
            ],
            "application_insights_web_test_location_availability_criteria": [],
            "auto_mitigate": true,
            "criteria": [
              {
                "aggregation": "Average",
                "dimension": [],
                "metric_name": "DataUsage",
                "metric_namespace": "Microsoft.DocumentDB/DatabaseAccounts",
                "operator": "GreaterThan",
                "skip_metric_validation": false,
                "threshold": 100000
              }
            ],
            "description": "This is a Critical Data Usage Alert",
            "dynamic_criteria": [],
            "enabled": true,
            "frequency": "PT1M",
            "id": "/subscriptions/78c78ae6-b8f6-44d9-88b7-cee29cd59d60/resourceGroups/fourkites-development/providers/Microsoft.Insights/metricAlerts/Critical-DataUsage",
            "name": "Critical-DataUsage",
            "resource_group_name": "fourkites-development",
            "scopes": [
              "/subscriptions/78c78ae6-b8f6-44d9-88b7-cee29cd59d60/resourcegroups/fourkites-development/providers/microsoft.documentdb/databaseaccounts/fourkites-dev-table-account"
            ],
            "severity": 0,
            "tags": null,
            "target_resource_location": "",
            "target_resource_type": "",
            "timeouts": null,
            "window_size": "PT5M"
          },
          "sensitive_attributes": [],
          "private": "eyJlMmJmYjczMC1lY2FhLTExZTYtOGY4OC0zNDM2M2JjN2M0YzAiOnsiY3JlYXRlIjoxODAwMDAwMDAwMDAwLCJkZWxldGUiOjE4MDAwMDAwMDAwMDAsInJlYWQiOjMwMDAwMDAwMDAwMCwidXBkYXRlIjoxODAwMDAwMDAwMDAwfX0=",
          "dependencies": [
            "data.azurerm_resources.document_db",
            "data.azurerm_resources.managed_clusters",
            "module.monitor_metric_alert.azurerm_monitor_action_group.critical_action_group_alert",
            "module.monitor_metric_alert.azurerm_monitor_action_group.high_action_group_alert",
            "module.monitor_metric_alert.random_string.random_6"
          ]
        },
        {
          "index_key": "Critical-DedicatedGatewayAverageCPUUsage",
          "schema_version": 0,
          "attributes": {
            "action": [
              {
                "action_group_id": "/subscriptions/78c78ae6-b8f6-44d9-88b7-cee29cd59d60/resourceGroups/fourkites-development/providers/microsoft.insights/actionGroups/critical_action-group-alert-q8On4j",
                "webhook_properties": null
              }
            ],
            "application_insights_web_test_location_availability_criteria": [],
            "auto_mitigate": true,
            "criteria": [
              {
                "aggregation": "Average",
                "dimension": [],
                "metric_name": "DedicatedGatewayAverageCPUUsage",
                "metric_namespace": "Microsoft.DocumentDB/DatabaseAccounts",
                "operator": "GreaterThan",
                "skip_metric_validation": false,
                "threshold": 90
              }
            ],
            "description": "This is a Critical Dedicated Gateway Average CPU Usage Alert",
            "dynamic_criteria": [],
            "enabled": true,
            "frequency": "PT1M",
            "id": "/subscriptions/78c78ae6-b8f6-44d9-88b7-cee29cd59d60/resourceGroups/fourkites-development/providers/Microsoft.Insights/metricAlerts/Critical-DedicatedGatewayAverageCPUUsage",
            "name": "Critical-DedicatedGatewayAverageCPUUsage",
            "resource_group_name": "fourkites-development",
            "scopes": [
              "/subscriptions/78c78ae6-b8f6-44d9-88b7-cee29cd59d60/resourcegroups/fourkites-development/providers/microsoft.documentdb/databaseaccounts/fourkites-dev-table-account"
            ],
            "severity": 0,
            "tags": null,
            "target_resource_location": "",
            "target_resource_type": "",
            "timeouts": null,
            "window_size": "PT5M"
          },
          "sensitive_attributes": [],
          "private": "eyJlMmJmYjczMC1lY2FhLTExZTYtOGY4OC0zNDM2M2JjN2M0YzAiOnsiY3JlYXRlIjoxODAwMDAwMDAwMDAwLCJkZWxldGUiOjE4MDAwMDAwMDAwMDAsInJlYWQiOjMwMDAwMDAwMDAwMCwidXBkYXRlIjoxODAwMDAwMDAwMDAwfX0=",
          "dependencies": [
            "data.azurerm_resources.document_db",
            "data.azurerm_resources.managed_clusters",
            "module.monitor_metric_alert.azurerm_monitor_action_group.critical_action_group_alert",
            "module.monitor_metric_alert.azurerm_monitor_action_group.high_action_group_alert",
            "module.monitor_metric_alert.random_string.random_6"
          ]
        },
        {
          "index_key": "Critical-DedicatedGatewayAverageMemoryUsage",
          "schema_version": 0,
          "attributes": {
            "action": [
              {
                "action_group_id": "/subscriptions/78c78ae6-b8f6-44d9-88b7-cee29cd59d60/resourceGroups/fourkites-development/providers/microsoft.insights/actionGroups/critical_action-group-alert-q8On4j",
                "webhook_properties": null
              }
            ],
            "application_insights_web_test_location_availability_criteria": [],
            "auto_mitigate": true,
            "criteria": [
              {
                "aggregation": "Average",
                "dimension": [],
                "metric_name": "DedicatedGatewayAverageMemoryUsage",
                "metric_namespace": "Microsoft.DocumentDB/DatabaseAccounts",
                "operator": "GreaterThan",
                "skip_metric_validation": false,
                "threshold": 100000
              }
            ],
            "description": "This is a Critical Dedicated Gateway Average Memory Usage Alert",
            "dynamic_criteria": [],
            "enabled": true,
            "frequency": "PT1M",
            "id": "/subscriptions/78c78ae6-b8f6-44d9-88b7-cee29cd59d60/resourceGroups/fourkites-development/providers/Microsoft.Insights/metricAlerts/Critical-DedicatedGatewayAverageMemoryUsage",
            "name": "Critical-DedicatedGatewayAverageMemoryUsage",
            "resource_group_name": "fourkites-development",
            "scopes": [
              "/subscriptions/78c78ae6-b8f6-44d9-88b7-cee29cd59d60/resourcegroups/fourkites-development/providers/microsoft.documentdb/databaseaccounts/fourkites-dev-table-account"
            ],
            "severity": 0,
            "tags": null,
            "target_resource_location": "",
            "target_resource_type": "",
            "timeouts": null,
            "window_size": "PT5M"
          },
          "sensitive_attributes": [],
          "private": "eyJlMmJmYjczMC1lY2FhLTExZTYtOGY4OC0zNDM2M2JjN2M0YzAiOnsiY3JlYXRlIjoxODAwMDAwMDAwMDAwLCJkZWxldGUiOjE4MDAwMDAwMDAwMDAsInJlYWQiOjMwMDAwMDAwMDAwMCwidXBkYXRlIjoxODAwMDAwMDAwMDAwfX0=",
          "dependencies": [
            "data.azurerm_resources.document_db",
            "data.azurerm_resources.managed_clusters",
            "module.monitor_metric_alert.azurerm_monitor_action_group.critical_action_group_alert",
            "module.monitor_metric_alert.azurerm_monitor_action_group.high_action_group_alert",
            "module.monitor_metric_alert.random_string.random_6"
          ]
        },
        {
          "index_key": "Critical-DedicatedGatewayMaximumCPUUsage",
          "schema_version": 0,
          "attributes": {
            "action": [
              {
                "action_group_id": "/subscriptions/78c78ae6-b8f6-44d9-88b7-cee29cd59d60/resourceGroups/fourkites-development/providers/microsoft.insights/actionGroups/critical_action-group-alert-q8On4j",
                "webhook_properties": null
              }
            ],
            "application_insights_web_test_location_availability_criteria": [],
            "auto_mitigate": true,
            "criteria": [
              {
                "aggregation": "Average",
                "dimension": [],
                "metric_name": "DedicatedGatewayMaximumCPUUsage",
                "metric_namespace": "Microsoft.DocumentDB/DatabaseAccounts",
                "operator": "GreaterThan",
                "skip_metric_validation": false,
                "threshold": 90
              }
            ],
            "description": "This is a Critical Dedicated Gateway Maximum CPU Usage Alert",
            "dynamic_criteria": [],
            "enabled": true,
            "frequency": "PT1M",
            "id": "/subscriptions/78c78ae6-b8f6-44d9-88b7-cee29cd59d60/resourceGroups/fourkites-development/providers/Microsoft.Insights/metricAlerts/Critical-DedicatedGatewayMaximumCPUUsage",
            "name": "Critical-DedicatedGatewayMaximumCPUUsage",
            "resource_group_name": "fourkites-development",
            "scopes": [
              "/subscriptions/78c78ae6-b8f6-44d9-88b7-cee29cd59d60/resourcegroups/fourkites-development/providers/microsoft.documentdb/databaseaccounts/fourkites-dev-table-account"
            ],
            "severity": 0,
            "tags": null,
            "target_resource_location": "",
            "target_resource_type": "",
            "timeouts": null,
            "window_size": "PT5M"
          },
          "sensitive_attributes": [],
          "private": "eyJlMmJmYjczMC1lY2FhLTExZTYtOGY4OC0zNDM2M2JjN2M0YzAiOnsiY3JlYXRlIjoxODAwMDAwMDAwMDAwLCJkZWxldGUiOjE4MDAwMDAwMDAwMDAsInJlYWQiOjMwMDAwMDAwMDAwMCwidXBkYXRlIjoxODAwMDAwMDAwMDAwfX0=",
          "dependencies": [
            "data.azurerm_resources.document_db",
            "data.azurerm_resources.managed_clusters",
            "module.monitor_metric_alert.azurerm_monitor_action_group.critical_action_group_alert",
            "module.monitor_metric_alert.azurerm_monitor_action_group.high_action_group_alert",
            "module.monitor_metric_alert.random_string.random_6"
          ]
        },
        {
          "index_key": "Critical-DedicatedGatewayRequests",
          "schema_version": 0,
          "attributes": {
            "action": [
              {
                "action_group_id": "/subscriptions/78c78ae6-b8f6-44d9-88b7-cee29cd59d60/resourceGroups/fourkites-development/providers/microsoft.insights/actionGroups/critical_action-group-alert-q8On4j",
                "webhook_properties": null
              }
            ],
            "application_insights_web_test_location_availability_criteria": [],
            "auto_mitigate": true,
            "criteria": [
              {
                "aggregation": "Count",
                "dimension": [],
                "metric_name": "DedicatedGatewayRequests",
                "metric_namespace": "Microsoft.DocumentDB/DatabaseAccounts",
                "operator": "GreaterThan",
                "skip_metric_validation": false,
                "threshold": 500
              }
            ],
            "description": "This is a Critical Dedicated Gateway Requests Alert",
            "dynamic_criteria": [],
            "enabled": true,
            "frequency": "PT1M",
            "id": "/subscriptions/78c78ae6-b8f6-44d9-88b7-cee29cd59d60/resourceGroups/fourkites-development/providers/Microsoft.Insights/metricAlerts/Critical-DedicatedGatewayRequests",
            "name": "Critical-DedicatedGatewayRequests",
            "resource_group_name": "fourkites-development",
            "scopes": [
              "/subscriptions/78c78ae6-b8f6-44d9-88b7-cee29cd59d60/resourcegroups/fourkites-development/providers/microsoft.documentdb/databaseaccounts/fourkites-dev-table-account"
            ],
            "severity": 0,
            "tags": null,
            "target_resource_location": "",
            "target_resource_type": "",
            "timeouts": null,
            "window_size": "PT5M"
          },
          "sensitive_attributes": [],
          "private": "eyJlMmJmYjczMC1lY2FhLTExZTYtOGY4OC0zNDM2M2JjN2M0YzAiOnsiY3JlYXRlIjoxODAwMDAwMDAwMDAwLCJkZWxldGUiOjE4MDAwMDAwMDAwMDAsInJlYWQiOjMwMDAwMDAwMDAwMCwidXBkYXRlIjoxODAwMDAwMDAwMDAwfX0=",
          "dependencies": [
            "data.azurerm_resources.document_db",
            "data.azurerm_resources.managed_clusters",
            "module.monitor_metric_alert.azurerm_monitor_action_group.critical_action_group_alert",
            "module.monitor_metric_alert.azurerm_monitor_action_group.high_action_group_alert",
            "module.monitor_metric_alert.random_string.random_6"
          ]
        },
        {
          "index_key": "Critical-DeleteAccount",
          "schema_version": 0,
          "attributes": {
            "action": [
              {
                "action_group_id": "/subscriptions/78c78ae6-b8f6-44d9-88b7-cee29cd59d60/resourceGroups/fourkites-development/providers/microsoft.insights/actionGroups/critical_action-group-alert-q8On4j",
                "webhook_properties": null
              }
            ],
            "application_insights_web_test_location_availability_criteria": [],
            "auto_mitigate": true,
            "criteria": [
              {
                "aggregation": "Count",
                "dimension": [],
                "metric_name": "DeleteAccount",
                "metric_namespace": "Microsoft.DocumentDB/DatabaseAccounts",
                "operator": "GreaterThan",
                "skip_metric_validation": false,
                "threshold": 10
              }
            ],
            "description": "This is a Critical Delete Account Alert",
            "dynamic_criteria": [],
            "enabled": true,
            "frequency": "PT1M",
            "id": "/subscriptions/78c78ae6-b8f6-44d9-88b7-cee29cd59d60/resourceGroups/fourkites-development/providers/Microsoft.Insights/metricAlerts/Critical-DeleteAccount",
            "name": "Critical-DeleteAccount",
            "resource_group_name": "fourkites-development",
            "scopes": [
              "/subscriptions/78c78ae6-b8f6-44d9-88b7-cee29cd59d60/resourcegroups/fourkites-development/providers/microsoft.documentdb/databaseaccounts/fourkites-dev-table-account"
            ],
            "severity": 0,
            "tags": null,
            "target_resource_location": "",
            "target_resource_type": "",
            "timeouts": null,
            "window_size": "PT5M"
          },
          "sensitive_attributes": [],
          "private": "eyJlMmJmYjczMC1lY2FhLTExZTYtOGY4OC0zNDM2M2JjN2M0YzAiOnsiY3JlYXRlIjoxODAwMDAwMDAwMDAwLCJkZWxldGUiOjE4MDAwMDAwMDAwMDAsInJlYWQiOjMwMDAwMDAwMDAwMCwidXBkYXRlIjoxODAwMDAwMDAwMDAwfX0=",
          "dependencies": [
            "data.azurerm_resources.document_db",
            "data.azurerm_resources.managed_clusters",
            "module.monitor_metric_alert.azurerm_monitor_action_group.critical_action_group_alert",
            "module.monitor_metric_alert.azurerm_monitor_action_group.high_action_group_alert",
            "module.monitor_metric_alert.random_string.random_6"
          ]
        },
        {
          "index_key": "Critical-DocumentCount",
          "schema_version": 0,
          "attributes": {
            "action": [
              {
                "action_group_id": "/subscriptions/78c78ae6-b8f6-44d9-88b7-cee29cd59d60/resourceGroups/fourkites-development/providers/microsoft.insights/actionGroups/critical_action-group-alert-q8On4j",
                "webhook_properties": null
              }
            ],
            "application_insights_web_test_location_availability_criteria": [],
            "auto_mitigate": true,
            "criteria": [
              {
                "aggregation": "Total",
                "dimension": [],
                "metric_name": "DocumentCount",
                "metric_namespace": "Microsoft.DocumentDB/DatabaseAccounts",
                "operator": "GreaterThan",
                "skip_metric_validation": false,
                "threshold": 10
              }
            ],
            "description": "This is a Critical Document Count Alert",
            "dynamic_criteria": [],
            "enabled": true,
            "frequency": "PT1M",
            "id": "/subscriptions/78c78ae6-b8f6-44d9-88b7-cee29cd59d60/resourceGroups/fourkites-development/providers/Microsoft.Insights/metricAlerts/Critical-DocumentCount",
            "name": "Critical-DocumentCount",
            "resource_group_name": "fourkites-development",
            "scopes": [
              "/subscriptions/78c78ae6-b8f6-44d9-88b7-cee29cd59d60/resourcegroups/fourkites-development/providers/microsoft.documentdb/databaseaccounts/fourkites-dev-table-account"
            ],
            "severity": 0,
            "tags": null,
            "target_resource_location": "",
            "target_resource_type": "",
            "timeouts": null,
            "window_size": "PT5M"
          },
          "sensitive_attributes": [],
          "private": "eyJlMmJmYjczMC1lY2FhLTExZTYtOGY4OC0zNDM2M2JjN2M0YzAiOnsiY3JlYXRlIjoxODAwMDAwMDAwMDAwLCJkZWxldGUiOjE4MDAwMDAwMDAwMDAsInJlYWQiOjMwMDAwMDAwMDAwMCwidXBkYXRlIjoxODAwMDAwMDAwMDAwfX0=",
          "dependencies": [
            "data.azurerm_resources.document_db",
            "data.azurerm_resources.managed_clusters",
            "module.monitor_metric_alert.azurerm_monitor_action_group.critical_action_group_alert",
            "module.monitor_metric_alert.azurerm_monitor_action_group.high_action_group_alert",
            "module.monitor_metric_alert.random_string.random_6"
          ]
        },
        {
          "index_key": "Critical-DocumentQuota",
          "schema_version": 0,
          "attributes": {
            "action": [
              {
                "action_group_id": "/subscriptions/78c78ae6-b8f6-44d9-88b7-cee29cd59d60/resourceGroups/fourkites-development/providers/microsoft.insights/actionGroups/critical_action-group-alert-q8On4j",
                "webhook_properties": null
              }
            ],
            "application_insights_web_test_location_availability_criteria": [],
            "auto_mitigate": true,
            "criteria": [
              {
                "aggregation": "Total",
                "dimension": [],
                "metric_name": "DocumentQuota",
                "metric_namespace": "Microsoft.DocumentDB/DatabaseAccounts",
                "operator": "GreaterThan",
                "skip_metric_validation": false,
                "threshold": 10000
              }
            ],
            "description": "This is a Critical Document Quota Alert",
            "dynamic_criteria": [],
            "enabled": true,
            "frequency": "PT1M",
            "id": "/subscriptions/78c78ae6-b8f6-44d9-88b7-cee29cd59d60/resourceGroups/fourkites-development/providers/Microsoft.Insights/metricAlerts/Critical-DocumentQuota",
            "name": "Critical-DocumentQuota",
            "resource_group_name": "fourkites-development",
            "scopes": [
              "/subscriptions/78c78ae6-b8f6-44d9-88b7-cee29cd59d60/resourcegroups/fourkites-development/providers/microsoft.documentdb/databaseaccounts/fourkites-dev-table-account"
            ],
            "severity": 0,
            "tags": null,
            "target_resource_location": "",
            "target_resource_type": "",
            "timeouts": null,
            "window_size": "PT5M"
          },
          "sensitive_attributes": [],
          "private": "eyJlMmJmYjczMC1lY2FhLTExZTYtOGY4OC0zNDM2M2JjN2M0YzAiOnsiY3JlYXRlIjoxODAwMDAwMDAwMDAwLCJkZWxldGUiOjE4MDAwMDAwMDAwMDAsInJlYWQiOjMwMDAwMDAwMDAwMCwidXBkYXRlIjoxODAwMDAwMDAwMDAwfX0=",
          "dependencies": [
            "data.azurerm_resources.document_db",
            "data.azurerm_resources.managed_clusters",
            "module.monitor_metric_alert.azurerm_monitor_action_group.critical_action_group_alert",
            "module.monitor_metric_alert.azurerm_monitor_action_group.high_action_group_alert",
            "module.monitor_metric_alert.random_string.random_6"
          ]
        },
        {
          "index_key": "Critical-GremlinDatabaseCreate",
          "schema_version": 0,
          "attributes": {
            "action": [
              {
                "action_group_id": "/subscriptions/78c78ae6-b8f6-44d9-88b7-cee29cd59d60/resourceGroups/fourkites-development/providers/microsoft.insights/actionGroups/critical_action-group-alert-q8On4j",
                "webhook_properties": null
              }
            ],
            "application_insights_web_test_location_availability_criteria": [],
            "auto_mitigate": true,
            "criteria": [
              {
                "aggregation": "Count",
                "dimension": [],
                "metric_name": "GremlinDatabaseCreate",
                "metric_namespace": "Microsoft.DocumentDB/DatabaseAccounts",
                "operator": "GreaterThan",
                "skip_metric_validation": false,
                "threshold": 10
              }
            ],
            "description": "This is a Critical Gremlin Database Create Alert",
            "dynamic_criteria": [],
            "enabled": true,
            "frequency": "PT1M",
            "id": "/subscriptions/78c78ae6-b8f6-44d9-88b7-cee29cd59d60/resourceGroups/fourkites-development/providers/Microsoft.Insights/metricAlerts/Critical-GremlinDatabaseCreate",
            "name": "Critical-GremlinDatabaseCreate",
            "resource_group_name": "fourkites-development",
            "scopes": [
              "/subscriptions/78c78ae6-b8f6-44d9-88b7-cee29cd59d60/resourcegroups/fourkites-development/providers/microsoft.documentdb/databaseaccounts/fourkites-dev-table-account"
            ],
            "severity": 0,
            "tags": null,
            "target_resource_location": "",
            "target_resource_type": "",
            "timeouts": null,
            "window_size": "PT5M"
          },
          "sensitive_attributes": [],
          "private": "eyJlMmJmYjczMC1lY2FhLTExZTYtOGY4OC0zNDM2M2JjN2M0YzAiOnsiY3JlYXRlIjoxODAwMDAwMDAwMDAwLCJkZWxldGUiOjE4MDAwMDAwMDAwMDAsInJlYWQiOjMwMDAwMDAwMDAwMCwidXBkYXRlIjoxODAwMDAwMDAwMDAwfX0=",
          "dependencies": [
            "data.azurerm_resources.document_db",
            "data.azurerm_resources.managed_clusters",
            "module.monitor_metric_alert.azurerm_monitor_action_group.critical_action_group_alert",
            "module.monitor_metric_alert.azurerm_monitor_action_group.high_action_group_alert",
            "module.monitor_metric_alert.random_string.random_6"
          ]
        },
        {
          "index_key": "Critical-GremlinDatabaseDelete",
          "schema_version": 0,
          "attributes": {
            "action": [
              {
                "action_group_id": "/subscriptions/78c78ae6-b8f6-44d9-88b7-cee29cd59d60/resourceGroups/fourkites-development/providers/microsoft.insights/actionGroups/critical_action-group-alert-q8On4j",
                "webhook_properties": null
              }
            ],
            "application_insights_web_test_location_availability_criteria": [],
            "auto_mitigate": true,
            "criteria": [
              {
                "aggregation": "Count",
                "dimension": [],
                "metric_name": "GremlinDatabaseDelete",
                "metric_namespace": "Microsoft.DocumentDB/DatabaseAccounts",
                "operator": "GreaterThan",
                "skip_metric_validation": false,
                "threshold": 10
              }
            ],
            "description": "This is a Critical Gremlin Database Delete Alert",
            "dynamic_criteria": [],
            "enabled": true,
            "frequency": "PT1M",
            "id": "/subscriptions/78c78ae6-b8f6-44d9-88b7-cee29cd59d60/resourceGroups/fourkites-development/providers/Microsoft.Insights/metricAlerts/Critical-GremlinDatabaseDelete",
            "name": "Critical-GremlinDatabaseDelete",
            "resource_group_name": "fourkites-development",
            "scopes": [
              "/subscriptions/78c78ae6-b8f6-44d9-88b7-cee29cd59d60/resourcegroups/fourkites-development/providers/microsoft.documentdb/databaseaccounts/fourkites-dev-table-account"
            ],
            "severity": 0,
            "tags": null,
            "target_resource_location": "",
            "target_resource_type": "",
            "timeouts": null,
            "window_size": "PT5M"
          },
          "sensitive_attributes": [],
          "private": "eyJlMmJmYjczMC1lY2FhLTExZTYtOGY4OC0zNDM2M2JjN2M0YzAiOnsiY3JlYXRlIjoxODAwMDAwMDAwMDAwLCJkZWxldGUiOjE4MDAwMDAwMDAwMDAsInJlYWQiOjMwMDAwMDAwMDAwMCwidXBkYXRlIjoxODAwMDAwMDAwMDAwfX0=",
          "dependencies": [
            "data.azurerm_resources.document_db",
            "data.azurerm_resources.managed_clusters",
            "module.monitor_metric_alert.azurerm_monitor_action_group.critical_action_group_alert",
            "module.monitor_metric_alert.azurerm_monitor_action_group.high_action_group_alert",
            "module.monitor_metric_alert.random_string.random_6"
          ]
        },
        {
          "index_key": "Critical-GremlinGraphCreate",
          "schema_version": 0,
          "attributes": {
            "action": [
              {
                "action_group_id": "/subscriptions/78c78ae6-b8f6-44d9-88b7-cee29cd59d60/resourceGroups/fourkites-development/providers/microsoft.insights/actionGroups/critical_action-group-alert-q8On4j",
                "webhook_properties": null
              }
            ],
            "application_insights_web_test_location_availability_criteria": [],
            "auto_mitigate": true,
            "criteria": [
              {
                "aggregation": "Count",
                "dimension": [],
                "metric_name": "GremlinGraphCreate",
                "metric_namespace": "Microsoft.DocumentDB/DatabaseAccounts",
                "operator": "GreaterThan",
                "skip_metric_validation": false,
                "threshold": 10
              }
            ],
            "description": "This is a Critical Gremlin Graph Create Alert",
            "dynamic_criteria": [],
            "enabled": true,
            "frequency": "PT1M",
            "id": "/subscriptions/78c78ae6-b8f6-44d9-88b7-cee29cd59d60/resourceGroups/fourkites-development/providers/Microsoft.Insights/metricAlerts/Critical-GremlinGraphCreate",
            "name": "Critical-GremlinGraphCreate",
            "resource_group_name": "fourkites-development",
            "scopes": [
              "/subscriptions/78c78ae6-b8f6-44d9-88b7-cee29cd59d60/resourcegroups/fourkites-development/providers/microsoft.documentdb/databaseaccounts/fourkites-dev-table-account"
            ],
            "severity": 0,
            "tags": null,
            "target_resource_location": "",
            "target_resource_type": "",
            "timeouts": null,
            "window_size": "PT5M"
          },
          "sensitive_attributes": [],
          "private": "eyJlMmJmYjczMC1lY2FhLTExZTYtOGY4OC0zNDM2M2JjN2M0YzAiOnsiY3JlYXRlIjoxODAwMDAwMDAwMDAwLCJkZWxldGUiOjE4MDAwMDAwMDAwMDAsInJlYWQiOjMwMDAwMDAwMDAwMCwidXBkYXRlIjoxODAwMDAwMDAwMDAwfX0=",
          "dependencies": [
            "data.azurerm_resources.document_db",
            "data.azurerm_resources.managed_clusters",
            "module.monitor_metric_alert.azurerm_monitor_action_group.critical_action_group_alert",
            "module.monitor_metric_alert.azurerm_monitor_action_group.high_action_group_alert",
            "module.monitor_metric_alert.random_string.random_6"
          ]
        },
        {
          "index_key": "Critical-GremlinGraphDelete",
          "schema_version": 0,
          "attributes": {
            "action": [
              {
                "action_group_id": "/subscriptions/78c78ae6-b8f6-44d9-88b7-cee29cd59d60/resourceGroups/fourkites-development/providers/microsoft.insights/actionGroups/critical_action-group-alert-q8On4j",
                "webhook_properties": null
              }
            ],
            "application_insights_web_test_location_availability_criteria": [],
            "auto_mitigate": true,
            "criteria": [
              {
                "aggregation": "Count",
                "dimension": [],
                "metric_name": "GremlinGraphDelete",
                "metric_namespace": "Microsoft.DocumentDB/DatabaseAccounts",
                "operator": "GreaterThan",
                "skip_metric_validation": false,
                "threshold": 10
              }
            ],
            "description": "This is a Critical Gremlin Graph Delete Alert",
            "dynamic_criteria": [],
            "enabled": true,
            "frequency": "PT1M",
            "id": "/subscriptions/78c78ae6-b8f6-44d9-88b7-cee29cd59d60/resourceGroups/fourkites-development/providers/Microsoft.Insights/metricAlerts/Critical-GremlinGraphDelete",
            "name": "Critical-GremlinGraphDelete",
            "resource_group_name": "fourkites-development",
            "scopes": [
              "/subscriptions/78c78ae6-b8f6-44d9-88b7-cee29cd59d60/resourcegroups/fourkites-development/providers/microsoft.documentdb/databaseaccounts/fourkites-dev-table-account"
            ],
            "severity": 0,
            "tags": null,
            "target_resource_location": "",
            "target_resource_type": "",
            "timeouts": null,
            "window_size": "PT5M"
          },
          "sensitive_attributes": [],
          "private": "eyJlMmJmYjczMC1lY2FhLTExZTYtOGY4OC0zNDM2M2JjN2M0YzAiOnsiY3JlYXRlIjoxODAwMDAwMDAwMDAwLCJkZWxldGUiOjE4MDAwMDAwMDAwMDAsInJlYWQiOjMwMDAwMDAwMDAwMCwidXBkYXRlIjoxODAwMDAwMDAwMDAwfX0=",
          "dependencies": [
            "data.azurerm_resources.document_db",
            "data.azurerm_resources.managed_clusters",
            "module.monitor_metric_alert.azurerm_monitor_action_group.critical_action_group_alert",
            "module.monitor_metric_alert.azurerm_monitor_action_group.high_action_group_alert",
            "module.monitor_metric_alert.random_string.random_6"
          ]
        },
        {
          "index_key": "Critical-IndexUsage",
          "schema_version": 0,
          "attributes": {
            "action": [
              {
                "action_group_id": "/subscriptions/78c78ae6-b8f6-44d9-88b7-cee29cd59d60/resourceGroups/fourkites-development/providers/microsoft.insights/actionGroups/critical_action-group-alert-q8On4j",
                "webhook_properties": null
              }
            ],
            "application_insights_web_test_location_availability_criteria": [],
            "auto_mitigate": true,
            "criteria": [
              {
                "aggregation": "Total",
                "dimension": [],
                "metric_name": "IndexUsage",
                "metric_namespace": "Microsoft.DocumentDB/DatabaseAccounts",
                "operator": "GreaterThan",
                "skip_metric_validation": false,
                "threshold": 100000
              }
            ],
            "description": "This is a Critical Index Usage Alert",
            "dynamic_criteria": [],
            "enabled": true,
            "frequency": "PT1M",
            "id": "/subscriptions/78c78ae6-b8f6-44d9-88b7-cee29cd59d60/resourceGroups/fourkites-development/providers/Microsoft.Insights/metricAlerts/Critical-IndexUsage",
            "name": "Critical-IndexUsage",
            "resource_group_name": "fourkites-development",
            "scopes": [
              "/subscriptions/78c78ae6-b8f6-44d9-88b7-cee29cd59d60/resourcegroups/fourkites-development/providers/microsoft.documentdb/databaseaccounts/fourkites-dev-table-account"
            ],
            "severity": 0,
            "tags": null,
            "target_resource_location": "",
            "target_resource_type": "",
            "timeouts": null,
            "window_size": "PT5M"
          },
          "sensitive_attributes": [],
          "private": "eyJlMmJmYjczMC1lY2FhLTExZTYtOGY4OC0zNDM2M2JjN2M0YzAiOnsiY3JlYXRlIjoxODAwMDAwMDAwMDAwLCJkZWxldGUiOjE4MDAwMDAwMDAwMDAsInJlYWQiOjMwMDAwMDAwMDAwMCwidXBkYXRlIjoxODAwMDAwMDAwMDAwfX0=",
          "dependencies": [
            "data.azurerm_resources.document_db",
            "data.azurerm_resources.managed_clusters",
            "module.monitor_metric_alert.azurerm_monitor_action_group.critical_action_group_alert",
            "module.monitor_metric_alert.azurerm_monitor_action_group.high_action_group_alert",
            "module.monitor_metric_alert.random_string.random_6"
          ]
        },
        {
          "index_key": "Critical-IntegratedCacheItemHitRate",
          "schema_version": 0,
          "attributes": {
            "action": [
              {
                "action_group_id": "/subscriptions/78c78ae6-b8f6-44d9-88b7-cee29cd59d60/resourceGroups/fourkites-development/providers/microsoft.insights/actionGroups/critical_action-group-alert-q8On4j",
                "webhook_properties": null
              }
            ],
            "application_insights_web_test_location_availability_criteria": [],
            "auto_mitigate": true,
            "criteria": [
              {
                "aggregation": "Average",
                "dimension": [],
                "metric_name": "IntegratedCacheItemHitRate",
                "metric_namespace": "Microsoft.DocumentDB/DatabaseAccounts",
                "operator": "GreaterThan",
                "skip_metric_validation": false,
                "threshold": 90
              }
            ],
            "description": "This is a Critical Integrated Cache Item Hit Rate Alert",
            "dynamic_criteria": [],
            "enabled": true,
            "frequency": "PT1M",
            "id": "/subscriptions/78c78ae6-b8f6-44d9-88b7-cee29cd59d60/resourceGroups/fourkites-development/providers/Microsoft.Insights/metricAlerts/Critical-IntegratedCacheItemHitRate",
            "name": "Critical-IntegratedCacheItemHitRate",
            "resource_group_name": "fourkites-development",
            "scopes": [
              "/subscriptions/78c78ae6-b8f6-44d9-88b7-cee29cd59d60/resourcegroups/fourkites-development/providers/microsoft.documentdb/databaseaccounts/fourkites-dev-table-account"
            ],
            "severity": 0,
            "tags": null,
            "target_resource_location": "",
            "target_resource_type": "",
            "timeouts": null,
            "window_size": "PT5M"
          },
          "sensitive_attributes": [],
          "private": "eyJlMmJmYjczMC1lY2FhLTExZTYtOGY4OC0zNDM2M2JjN2M0YzAiOnsiY3JlYXRlIjoxODAwMDAwMDAwMDAwLCJkZWxldGUiOjE4MDAwMDAwMDAwMDAsInJlYWQiOjMwMDAwMDAwMDAwMCwidXBkYXRlIjoxODAwMDAwMDAwMDAwfX0=",
          "dependencies": [
            "data.azurerm_resources.document_db",
            "data.azurerm_resources.managed_clusters",
            "module.monitor_metric_alert.azurerm_monitor_action_group.critical_action_group_alert",
            "module.monitor_metric_alert.azurerm_monitor_action_group.high_action_group_alert",
            "module.monitor_metric_alert.random_string.random_6"
          ]
        },
        {
          "index_key": "Critical-IntegratedCacheQueryHitRate",
          "schema_version": 0,
          "attributes": {
            "action": [
              {
                "action_group_id": "/subscriptions/78c78ae6-b8f6-44d9-88b7-cee29cd59d60/resourceGroups/fourkites-development/providers/microsoft.insights/actionGroups/critical_action-group-alert-q8On4j",
                "webhook_properties": null
              }
            ],
            "application_insights_web_test_location_availability_criteria": [],
            "auto_mitigate": true,
            "criteria": [
              {
                "aggregation": "Average",
                "dimension": [],
                "metric_name": "IntegratedCacheQueryHitRate",
                "metric_namespace": "Microsoft.DocumentDB/DatabaseAccounts",
                "operator": "GreaterThan",
                "skip_metric_validation": false,
                "threshold": 90
              }
            ],
            "description": "This is a Critical Integrated Cache Query Hit Rate Alert",
            "dynamic_criteria": [],
            "enabled": true,
            "frequency": "PT1M",
            "id": "/subscriptions/78c78ae6-b8f6-44d9-88b7-cee29cd59d60/resourceGroups/fourkites-development/providers/Microsoft.Insights/metricAlerts/Critical-IntegratedCacheQueryHitRate",
            "name": "Critical-IntegratedCacheQueryHitRate",
            "resource_group_name": "fourkites-development",
            "scopes": [
              "/subscriptions/78c78ae6-b8f6-44d9-88b7-cee29cd59d60/resourcegroups/fourkites-development/providers/microsoft.documentdb/databaseaccounts/fourkites-dev-table-account"
            ],
            "severity": 0,
            "tags": null,
            "target_resource_location": "",
            "target_resource_type": "",
            "timeouts": null,
            "window_size": "PT5M"
          },
          "sensitive_attributes": [],
          "private": "eyJlMmJmYjczMC1lY2FhLTExZTYtOGY4OC0zNDM2M2JjN2M0YzAiOnsiY3JlYXRlIjoxODAwMDAwMDAwMDAwLCJkZWxldGUiOjE4MDAwMDAwMDAwMDAsInJlYWQiOjMwMDAwMDAwMDAwMCwidXBkYXRlIjoxODAwMDAwMDAwMDAwfX0=",
          "dependencies": [
            "data.azurerm_resources.document_db",
            "data.azurerm_resources.managed_clusters",
            "module.monitor_metric_alert.azurerm_monitor_action_group.critical_action_group_alert",
            "module.monitor_metric_alert.azurerm_monitor_action_group.high_action_group_alert",
            "module.monitor_metric_alert.random_string.random_6"
          ]
        },
        {
          "index_key": "Critical-MongoCollectionCreate",
          "schema_version": 0,
          "attributes": {
            "action": [
              {
                "action_group_id": "/subscriptions/78c78ae6-b8f6-44d9-88b7-cee29cd59d60/resourceGroups/fourkites-development/providers/microsoft.insights/actionGroups/critical_action-group-alert-q8On4j",
                "webhook_properties": null
              }
            ],
            "application_insights_web_test_location_availability_criteria": [],
            "auto_mitigate": true,
            "criteria": [
              {
                "aggregation": "Count",
                "dimension": [],
                "metric_name": "MongoCollectionCreate",
                "metric_namespace": "Microsoft.DocumentDB/DatabaseAccounts",
                "operator": "GreaterThan",
                "skip_metric_validation": false,
                "threshold": 500
              }
            ],
            "description": "This is a Critical Mongo Collection Create Alert",
            "dynamic_criteria": [],
            "enabled": true,
            "frequency": "PT1M",
            "id": "/subscriptions/78c78ae6-b8f6-44d9-88b7-cee29cd59d60/resourceGroups/fourkites-development/providers/Microsoft.Insights/metricAlerts/Critical-MongoCollectionCreate",
            "name": "Critical-MongoCollectionCreate",
            "resource_group_name": "fourkites-development",
            "scopes": [
              "/subscriptions/78c78ae6-b8f6-44d9-88b7-cee29cd59d60/resourcegroups/fourkites-development/providers/microsoft.documentdb/databaseaccounts/fourkites-dev-table-account"
            ],
            "severity": 0,
            "tags": null,
            "target_resource_location": "",
            "target_resource_type": "",
            "timeouts": null,
            "window_size": "PT5M"
          },
          "sensitive_attributes": [],
          "private": "eyJlMmJmYjczMC1lY2FhLTExZTYtOGY4OC0zNDM2M2JjN2M0YzAiOnsiY3JlYXRlIjoxODAwMDAwMDAwMDAwLCJkZWxldGUiOjE4MDAwMDAwMDAwMDAsInJlYWQiOjMwMDAwMDAwMDAwMCwidXBkYXRlIjoxODAwMDAwMDAwMDAwfX0=",
          "dependencies": [
            "data.azurerm_resources.document_db",
            "data.azurerm_resources.managed_clusters",
            "module.monitor_metric_alert.azurerm_monitor_action_group.critical_action_group_alert",
            "module.monitor_metric_alert.azurerm_monitor_action_group.high_action_group_alert",
            "module.monitor_metric_alert.random_string.random_6"
          ]
        },
        {
          "index_key": "Critical-MongoCollectionDelete",
          "schema_version": 0,
          "attributes": {
            "action": [
              {
                "action_group_id": "/subscriptions/78c78ae6-b8f6-44d9-88b7-cee29cd59d60/resourceGroups/fourkites-development/providers/microsoft.insights/actionGroups/critical_action-group-alert-q8On4j",
                "webhook_properties": null
              }
            ],
            "application_insights_web_test_location_availability_criteria": [],
            "auto_mitigate": true,
            "criteria": [
              {
                "aggregation": "Count",
                "dimension": [],
                "metric_name": "MongoCollectionDelete",
                "metric_namespace": "Microsoft.DocumentDB/DatabaseAccounts",
                "operator": "GreaterThan",
                "skip_metric_validation": false,
                "threshold": 500
              }
            ],
            "description": "This is a Critical Mongo Collection Delete Alert",
            "dynamic_criteria": [],
            "enabled": true,
            "frequency": "PT1M",
            "id": "/subscriptions/78c78ae6-b8f6-44d9-88b7-cee29cd59d60/resourceGroups/fourkites-development/providers/Microsoft.Insights/metricAlerts/Critical-MongoCollectionDelete",
            "name": "Critical-MongoCollectionDelete",
            "resource_group_name": "fourkites-development",
            "scopes": [
              "/subscriptions/78c78ae6-b8f6-44d9-88b7-cee29cd59d60/resourcegroups/fourkites-development/providers/microsoft.documentdb/databaseaccounts/fourkites-dev-table-account"
            ],
            "severity": 0,
            "tags": null,
            "target_resource_location": "",
            "target_resource_type": "",
            "timeouts": null,
            "window_size": "PT5M"
          },
          "sensitive_attributes": [],
          "private": "eyJlMmJmYjczMC1lY2FhLTExZTYtOGY4OC0zNDM2M2JjN2M0YzAiOnsiY3JlYXRlIjoxODAwMDAwMDAwMDAwLCJkZWxldGUiOjE4MDAwMDAwMDAwMDAsInJlYWQiOjMwMDAwMDAwMDAwMCwidXBkYXRlIjoxODAwMDAwMDAwMDAwfX0=",
          "dependencies": [
            "data.azurerm_resources.document_db",
            "data.azurerm_resources.managed_clusters",
            "module.monitor_metric_alert.azurerm_monitor_action_group.critical_action_group_alert",
            "module.monitor_metric_alert.azurerm_monitor_action_group.high_action_group_alert",
            "module.monitor_metric_alert.random_string.random_6"
          ]
        },
        {
          "index_key": "Critical-MongoDBDatabaseCreate",
          "schema_version": 0,
          "attributes": {
            "action": [
              {
                "action_group_id": "/subscriptions/78c78ae6-b8f6-44d9-88b7-cee29cd59d60/resourceGroups/fourkites-development/providers/microsoft.insights/actionGroups/critical_action-group-alert-q8On4j",
                "webhook_properties": null
              }
            ],
            "application_insights_web_test_location_availability_criteria": [],
            "auto_mitigate": true,
            "criteria": [
              {
                "aggregation": "Count",
                "dimension": [],
                "metric_name": "MongoDBDatabaseCreate",
                "metric_namespace": "Microsoft.DocumentDB/DatabaseAccounts",
                "operator": "GreaterThan",
                "skip_metric_validation": false,
                "threshold": 5
              }
            ],
            "description": "This is a Critical MongoDB Database Create Alert",
            "dynamic_criteria": [],
            "enabled": true,
            "frequency": "PT1M",
            "id": "/subscriptions/78c78ae6-b8f6-44d9-88b7-cee29cd59d60/resourceGroups/fourkites-development/providers/Microsoft.Insights/metricAlerts/Critical-MongoDBDatabaseCreate",
            "name": "Critical-MongoDBDatabaseCreate",
            "resource_group_name": "fourkites-development",
            "scopes": [
              "/subscriptions/78c78ae6-b8f6-44d9-88b7-cee29cd59d60/resourcegroups/fourkites-development/providers/microsoft.documentdb/databaseaccounts/fourkites-dev-table-account"
            ],
            "severity": 0,
            "tags": null,
            "target_resource_location": "",
            "target_resource_type": "",
            "timeouts": null,
            "window_size": "PT5M"
          },
          "sensitive_attributes": [],
          "private": "eyJlMmJmYjczMC1lY2FhLTExZTYtOGY4OC0zNDM2M2JjN2M0YzAiOnsiY3JlYXRlIjoxODAwMDAwMDAwMDAwLCJkZWxldGUiOjE4MDAwMDAwMDAwMDAsInJlYWQiOjMwMDAwMDAwMDAwMCwidXBkYXRlIjoxODAwMDAwMDAwMDAwfX0=",
          "dependencies": [
            "data.azurerm_resources.document_db",
            "data.azurerm_resources.managed_clusters",
            "module.monitor_metric_alert.azurerm_monitor_action_group.critical_action_group_alert",
            "module.monitor_metric_alert.azurerm_monitor_action_group.high_action_group_alert",
            "module.monitor_metric_alert.random_string.random_6"
          ]
        },
        {
          "index_key": "Critical-MongoDatabaseDelete",
          "schema_version": 0,
          "attributes": {
            "action": [
              {
                "action_group_id": "/subscriptions/78c78ae6-b8f6-44d9-88b7-cee29cd59d60/resourceGroups/fourkites-development/providers/microsoft.insights/actionGroups/critical_action-group-alert-q8On4j",
                "webhook_properties": null
              }
            ],
            "application_insights_web_test_location_availability_criteria": [],
            "auto_mitigate": true,
            "criteria": [
              {
                "aggregation": "Count",
                "dimension": [],
                "metric_name": "MongoDatabaseDelete",
                "metric_namespace": "Microsoft.DocumentDB/DatabaseAccounts",
                "operator": "GreaterThan",
                "skip_metric_validation": false,
                "threshold": 10
              }
            ],
            "description": "This is a Critical Mongo Database Delete Alert",
            "dynamic_criteria": [],
            "enabled": true,
            "frequency": "PT1M",
            "id": "/subscriptions/78c78ae6-b8f6-44d9-88b7-cee29cd59d60/resourceGroups/fourkites-development/providers/Microsoft.Insights/metricAlerts/Critical-MongoDatabaseDelete",
            "name": "Critical-MongoDatabaseDelete",
            "resource_group_name": "fourkites-development",
            "scopes": [
              "/subscriptions/78c78ae6-b8f6-44d9-88b7-cee29cd59d60/resourcegroups/fourkites-development/providers/microsoft.documentdb/databaseaccounts/fourkites-dev-table-account"
            ],
            "severity": 0,
            "tags": null,
            "target_resource_location": "",
            "target_resource_type": "",
            "timeouts": null,
            "window_size": "PT5M"
          },
          "sensitive_attributes": [],
          "private": "eyJlMmJmYjczMC1lY2FhLTExZTYtOGY4OC0zNDM2M2JjN2M0YzAiOnsiY3JlYXRlIjoxODAwMDAwMDAwMDAwLCJkZWxldGUiOjE4MDAwMDAwMDAwMDAsInJlYWQiOjMwMDAwMDAwMDAwMCwidXBkYXRlIjoxODAwMDAwMDAwMDAwfX0=",
          "dependencies": [
            "data.azurerm_resources.document_db",
            "data.azurerm_resources.managed_clusters",
            "module.monitor_metric_alert.azurerm_monitor_action_group.critical_action_group_alert",
            "module.monitor_metric_alert.azurerm_monitor_action_group.high_action_group_alert",
            "module.monitor_metric_alert.random_string.random_6"
          ]
        },
        {
          "index_key": "Critical-MongoRequestCharge",
          "schema_version": 0,
          "attributes": {
            "action": [
              {
                "action_group_id": "/subscriptions/78c78ae6-b8f6-44d9-88b7-cee29cd59d60/resourceGroups/fourkites-development/providers/microsoft.insights/actionGroups/critical_action-group-alert-q8On4j",
                "webhook_properties": null
              }
            ],
            "application_insights_web_test_location_availability_criteria": [],
            "auto_mitigate": true,
            "criteria": [
              {
                "aggregation": "Total",
                "dimension": [],
                "metric_name": "MongoRequestCharge",
                "metric_namespace": "Microsoft.DocumentDB/DatabaseAccounts",
                "operator": "GreaterThan",
                "skip_metric_validation": false,
                "threshold": 5
              }
            ],
            "description": "This is a Critical Mongo Request Charge Alert",
            "dynamic_criteria": [],
            "enabled": true,
            "frequency": "PT1M",
            "id": "/subscriptions/78c78ae6-b8f6-44d9-88b7-cee29cd59d60/resourceGroups/fourkites-development/providers/Microsoft.Insights/metricAlerts/Critical-MongoRequestCharge",
            "name": "Critical-MongoRequestCharge",
            "resource_group_name": "fourkites-development",
            "scopes": [
              "/subscriptions/78c78ae6-b8f6-44d9-88b7-cee29cd59d60/resourcegroups/fourkites-development/providers/microsoft.documentdb/databaseaccounts/fourkites-dev-table-account"
            ],
            "severity": 0,
            "tags": null,
            "target_resource_location": "",
            "target_resource_type": "",
            "timeouts": null,
            "window_size": "PT5M"
          },
          "sensitive_attributes": [],
          "private": "eyJlMmJmYjczMC1lY2FhLTExZTYtOGY4OC0zNDM2M2JjN2M0YzAiOnsiY3JlYXRlIjoxODAwMDAwMDAwMDAwLCJkZWxldGUiOjE4MDAwMDAwMDAwMDAsInJlYWQiOjMwMDAwMDAwMDAwMCwidXBkYXRlIjoxODAwMDAwMDAwMDAwfX0=",
          "dependencies": [
            "data.azurerm_resources.document_db",
            "data.azurerm_resources.managed_clusters",
            "module.monitor_metric_alert.azurerm_monitor_action_group.critical_action_group_alert",
            "module.monitor_metric_alert.azurerm_monitor_action_group.high_action_group_alert",
            "module.monitor_metric_alert.random_string.random_6"
          ]
        },
        {
          "index_key": "Critical-MongoRequests",
          "schema_version": 0,
          "attributes": {
            "action": [
              {
                "action_group_id": "/subscriptions/78c78ae6-b8f6-44d9-88b7-cee29cd59d60/resourceGroups/fourkites-development/providers/microsoft.insights/actionGroups/critical_action-group-alert-q8On4j",
                "webhook_properties": null
              }
            ],
            "application_insights_web_test_location_availability_criteria": [],
            "auto_mitigate": true,
            "criteria": [
              {
                "aggregation": "Count",
                "dimension": [],
                "metric_name": "MongoRequests",
                "metric_namespace": "Microsoft.DocumentDB/DatabaseAccounts",
                "operator": "GreaterThan",
                "skip_metric_validation": false,
                "threshold": 50
              }
            ],
            "description": "This is a Critical Mongo Requests Alert",
            "dynamic_criteria": [],
            "enabled": true,
            "frequency": "PT1M",
            "id": "/subscriptions/78c78ae6-b8f6-44d9-88b7-cee29cd59d60/resourceGroups/fourkites-development/providers/Microsoft.Insights/metricAlerts/Critical-MongoRequests",
            "name": "Critical-MongoRequests",
            "resource_group_name": "fourkites-development",
            "scopes": [
              "/subscriptions/78c78ae6-b8f6-44d9-88b7-cee29cd59d60/resourcegroups/fourkites-development/providers/microsoft.documentdb/databaseaccounts/fourkites-dev-table-account"
            ],
            "severity": 0,
            "tags": null,
            "target_resource_location": "",
            "target_resource_type": "",
            "timeouts": null,
            "window_size": "PT5M"
          },
          "sensitive_attributes": [],
          "private": "eyJlMmJmYjczMC1lY2FhLTExZTYtOGY4OC0zNDM2M2JjN2M0YzAiOnsiY3JlYXRlIjoxODAwMDAwMDAwMDAwLCJkZWxldGUiOjE4MDAwMDAwMDAwMDAsInJlYWQiOjMwMDAwMDAwMDAwMCwidXBkYXRlIjoxODAwMDAwMDAwMDAwfX0=",
          "dependencies": [
            "data.azurerm_resources.document_db",
            "data.azurerm_resources.managed_clusters",
            "module.monitor_metric_alert.azurerm_monitor_action_group.critical_action_group_alert",
            "module.monitor_metric_alert.azurerm_monitor_action_group.high_action_group_alert",
            "module.monitor_metric_alert.random_string.random_6"
          ]
        },
        {
          "index_key": "Critical-RegionFailover",
          "schema_version": 0,
          "attributes": {
            "action": [
              {
                "action_group_id": "/subscriptions/78c78ae6-b8f6-44d9-88b7-cee29cd59d60/resourceGroups/fourkites-development/providers/microsoft.insights/actionGroups/critical_action-group-alert-q8On4j",
                "webhook_properties": null
              }
            ],
            "application_insights_web_test_location_availability_criteria": [],
            "auto_mitigate": true,
            "criteria": [
              {
                "aggregation": "Count",
                "dimension": [],
                "metric_name": "RegionFailover",
                "metric_namespace": "Microsoft.DocumentDB/DatabaseAccounts",
                "operator": "LessThan",
                "skip_metric_validation": false,
                "threshold": 5
              }
            ],
            "description": "This is a Critical Region Failover Alert",
            "dynamic_criteria": [],
            "enabled": true,
            "frequency": "PT1M",
            "id": "/subscriptions/78c78ae6-b8f6-44d9-88b7-cee29cd59d60/resourceGroups/fourkites-development/providers/Microsoft.Insights/metricAlerts/Critical-RegionFailover",
            "name": "Critical-RegionFailover",
            "resource_group_name": "fourkites-development",
            "scopes": [
              "/subscriptions/78c78ae6-b8f6-44d9-88b7-cee29cd59d60/resourcegroups/fourkites-development/providers/microsoft.documentdb/databaseaccounts/fourkites-dev-table-account"
            ],
            "severity": 0,
            "tags": null,
            "target_resource_location": "",
            "target_resource_type": "",
            "timeouts": null,
            "window_size": "PT5M"
          },
          "sensitive_attributes": [],
          "private": "eyJlMmJmYjczMC1lY2FhLTExZTYtOGY4OC0zNDM2M2JjN2M0YzAiOnsiY3JlYXRlIjoxODAwMDAwMDAwMDAwLCJkZWxldGUiOjE4MDAwMDAwMDAwMDAsInJlYWQiOjMwMDAwMDAwMDAwMCwidXBkYXRlIjoxODAwMDAwMDAwMDAwfX0=",
          "dependencies": [
            "data.azurerm_resources.document_db",
            "data.azurerm_resources.managed_clusters",
            "module.monitor_metric_alert.azurerm_monitor_action_group.critical_action_group_alert",
            "module.monitor_metric_alert.azurerm_monitor_action_group.high_action_group_alert",
            "module.monitor_metric_alert.random_string.random_6"
          ]
        },
        {
          "index_key": "Critical-ReplicationLatency",
          "schema_version": 0,
          "attributes": {
            "action": [
              {
                "action_group_id": "/subscriptions/78c78ae6-b8f6-44d9-88b7-cee29cd59d60/resourceGroups/fourkites-development/providers/microsoft.insights/actionGroups/critical_action-group-alert-q8On4j",
                "webhook_properties": null
              }
            ],
            "application_insights_web_test_location_availability_criteria": [],
            "auto_mitigate": true,
            "criteria": [
              {
                "aggregation": "Average",
                "dimension": [],
                "metric_name": "ReplicationLatency",
                "metric_namespace": "Microsoft.DocumentDB/DatabaseAccounts",
                "operator": "GreaterThan",
                "skip_metric_validation": false,
                "threshold": 60
              }
            ],
            "description": "This is a Critical Replication Latency Alert",
            "dynamic_criteria": [],
            "enabled": true,
            "frequency": "PT1M",
            "id": "/subscriptions/78c78ae6-b8f6-44d9-88b7-cee29cd59d60/resourceGroups/fourkites-development/providers/Microsoft.Insights/metricAlerts/Critical-ReplicationLatency",
            "name": "Critical-ReplicationLatency",
            "resource_group_name": "fourkites-development",
            "scopes": [
              "/subscriptions/78c78ae6-b8f6-44d9-88b7-cee29cd59d60/resourcegroups/fourkites-development/providers/microsoft.documentdb/databaseaccounts/fourkites-dev-table-account"
            ],
            "severity": 0,
            "tags": null,
            "target_resource_location": "",
            "target_resource_type": "",
            "timeouts": null,
            "window_size": "PT5M"
          },
          "sensitive_attributes": [],
          "private": "eyJlMmJmYjczMC1lY2FhLTExZTYtOGY4OC0zNDM2M2JjN2M0YzAiOnsiY3JlYXRlIjoxODAwMDAwMDAwMDAwLCJkZWxldGUiOjE4MDAwMDAwMDAwMDAsInJlYWQiOjMwMDAwMDAwMDAwMCwidXBkYXRlIjoxODAwMDAwMDAwMDAwfX0=",
          "dependencies": [
            "data.azurerm_resources.document_db",
            "data.azurerm_resources.managed_clusters",
            "module.monitor_metric_alert.azurerm_monitor_action_group.critical_action_group_alert",
            "module.monitor_metric_alert.azurerm_monitor_action_group.high_action_group_alert",
            "module.monitor_metric_alert.random_string.random_6"
          ]
        },
        {
          "index_key": "Critical-ServerSideLatency",
          "schema_version": 0,
          "attributes": {
            "action": [
              {
                "action_group_id": "/subscriptions/78c78ae6-b8f6-44d9-88b7-cee29cd59d60/resourceGroups/fourkites-development/providers/microsoft.insights/actionGroups/critical_action-group-alert-q8On4j",
                "webhook_properties": null
              }
            ],
            "application_insights_web_test_location_availability_criteria": [],
            "auto_mitigate": true,
            "criteria": [
              {
                "aggregation": "Average",
                "dimension": [],
                "metric_name": "ServerSideLatency",
                "metric_namespace": "Microsoft.DocumentDB/DatabaseAccounts",
                "operator": "GreaterThan",
                "skip_metric_validation": false,
                "threshold": 60
              }
            ],
            "description": "This is a Critical Server Side Latency Alert",
            "dynamic_criteria": [],
            "enabled": true,
            "frequency": "PT1M",
            "id": "/subscriptions/78c78ae6-b8f6-44d9-88b7-cee29cd59d60/resourceGroups/fourkites-development/providers/Microsoft.Insights/metricAlerts/Critical-ServerSideLatency",
            "name": "Critical-ServerSideLatency",
            "resource_group_name": "fourkites-development",
            "scopes": [
              "/subscriptions/78c78ae6-b8f6-44d9-88b7-cee29cd59d60/resourcegroups/fourkites-development/providers/microsoft.documentdb/databaseaccounts/fourkites-dev-table-account"
            ],
            "severity": 0,
            "tags": null,
            "target_resource_location": "",
            "target_resource_type": "",
            "timeouts": null,
            "window_size": "PT5M"
          },
          "sensitive_attributes": [],
          "private": "eyJlMmJmYjczMC1lY2FhLTExZTYtOGY4OC0zNDM2M2JjN2M0YzAiOnsiY3JlYXRlIjoxODAwMDAwMDAwMDAwLCJkZWxldGUiOjE4MDAwMDAwMDAwMDAsInJlYWQiOjMwMDAwMDAwMDAwMCwidXBkYXRlIjoxODAwMDAwMDAwMDAwfX0=",
          "dependencies": [
            "data.azurerm_resources.document_db",
            "data.azurerm_resources.managed_clusters",
            "module.monitor_metric_alert.azurerm_monitor_action_group.critical_action_group_alert",
            "module.monitor_metric_alert.azurerm_monitor_action_group.high_action_group_alert",
            "module.monitor_metric_alert.random_string.random_6"
          ]
        },
        {
          "index_key": "Critical-ServiceAvailability",
          "schema_version": 0,
          "attributes": {
            "action": [
              {
                "action_group_id": "/subscriptions/78c78ae6-b8f6-44d9-88b7-cee29cd59d60/resourceGroups/fourkites-development/providers/microsoft.insights/actionGroups/critical_action-group-alert-q8On4j",
                "webhook_properties": null
              }
            ],
            "application_insights_web_test_location_availability_criteria": [],
            "auto_mitigate": true,
            "criteria": [
              {
                "aggregation": "Average",
                "dimension": [],
                "metric_name": "ServiceAvailability",
                "metric_namespace": "Microsoft.DocumentDB/DatabaseAccounts",
                "operator": "GreaterThan",
                "skip_metric_validation": false,
                "threshold": 90
              }
            ],
            "description": "This is a Critical Service Availability Alert",
            "dynamic_criteria": [],
            "enabled": true,
            "frequency": "PT1M",
            "id": "/subscriptions/78c78ae6-b8f6-44d9-88b7-cee29cd59d60/resourceGroups/fourkites-development/providers/Microsoft.Insights/metricAlerts/Critical-ServiceAvailability",
            "name": "Critical-ServiceAvailability",
            "resource_group_name": "fourkites-development",
            "scopes": [
              "/subscriptions/78c78ae6-b8f6-44d9-88b7-cee29cd59d60/resourcegroups/fourkites-development/providers/microsoft.documentdb/databaseaccounts/fourkites-dev-table-account"
            ],
            "severity": 0,
            "tags": null,
            "target_resource_location": "",
            "target_resource_type": "",
            "timeouts": null,
            "window_size": "PT1H"
          },
          "sensitive_attributes": [],
          "private": "eyJlMmJmYjczMC1lY2FhLTExZTYtOGY4OC0zNDM2M2JjN2M0YzAiOnsiY3JlYXRlIjoxODAwMDAwMDAwMDAwLCJkZWxldGUiOjE4MDAwMDAwMDAwMDAsInJlYWQiOjMwMDAwMDAwMDAwMCwidXBkYXRlIjoxODAwMDAwMDAwMDAwfX0=",
          "dependencies": [
            "data.azurerm_resources.document_db",
            "data.azurerm_resources.managed_clusters",
            "module.monitor_metric_alert.azurerm_monitor_action_group.critical_action_group_alert",
            "module.monitor_metric_alert.azurerm_monitor_action_group.high_action_group_alert",
            "module.monitor_metric_alert.random_string.random_6"
          ]
        },
        {
          "index_key": "Critical-SqlContainerCreate",
          "schema_version": 0,
          "attributes": {
            "action": [
              {
                "action_group_id": "/subscriptions/78c78ae6-b8f6-44d9-88b7-cee29cd59d60/resourceGroups/fourkites-development/providers/microsoft.insights/actionGroups/critical_action-group-alert-q8On4j",
                "webhook_properties": null
              }
            ],
            "application_insights_web_test_location_availability_criteria": [],
            "auto_mitigate": true,
            "criteria": [
              {
                "aggregation": "Count",
                "dimension": [],
                "metric_name": "SqlContainerCreate",
                "metric_namespace": "Microsoft.DocumentDB/DatabaseAccounts",
                "operator": "GreaterThan",
                "skip_metric_validation": false,
                "threshold": 90
              }
            ],
            "description": "This is a Critical Sql Container Create Alert",
            "dynamic_criteria": [],
            "enabled": true,
            "frequency": "PT1M",
            "id": "/subscriptions/78c78ae6-b8f6-44d9-88b7-cee29cd59d60/resourceGroups/fourkites-development/providers/Microsoft.Insights/metricAlerts/Critical-SqlContainerCreate",
            "name": "Critical-SqlContainerCreate",
            "resource_group_name": "fourkites-development",
            "scopes": [
              "/subscriptions/78c78ae6-b8f6-44d9-88b7-cee29cd59d60/resourcegroups/fourkites-development/providers/microsoft.documentdb/databaseaccounts/fourkites-dev-table-account"
            ],
            "severity": 0,
            "tags": null,
            "target_resource_location": "",
            "target_resource_type": "",
            "timeouts": null,
            "window_size": "PT5M"
          },
          "sensitive_attributes": [],
          "private": "eyJlMmJmYjczMC1lY2FhLTExZTYtOGY4OC0zNDM2M2JjN2M0YzAiOnsiY3JlYXRlIjoxODAwMDAwMDAwMDAwLCJkZWxldGUiOjE4MDAwMDAwMDAwMDAsInJlYWQiOjMwMDAwMDAwMDAwMCwidXBkYXRlIjoxODAwMDAwMDAwMDAwfX0=",
          "dependencies": [
            "data.azurerm_resources.document_db",
            "data.azurerm_resources.managed_clusters",
            "module.monitor_metric_alert.azurerm_monitor_action_group.critical_action_group_alert",
            "module.monitor_metric_alert.azurerm_monitor_action_group.high_action_group_alert",
            "module.monitor_metric_alert.random_string.random_6"
          ]
        },
        {
          "index_key": "Critical-SqlContainerDelete",
          "schema_version": 0,
          "attributes": {
            "action": [
              {
                "action_group_id": "/subscriptions/78c78ae6-b8f6-44d9-88b7-cee29cd59d60/resourceGroups/fourkites-development/providers/microsoft.insights/actionGroups/critical_action-group-alert-q8On4j",
                "webhook_properties": null
              }
            ],
            "application_insights_web_test_location_availability_criteria": [],
            "auto_mitigate": true,
            "criteria": [
              {
                "aggregation": "Count",
                "dimension": [],
                "metric_name": "SqlContainerDelete",
                "metric_namespace": "Microsoft.DocumentDB/DatabaseAccounts",
                "operator": "GreaterThan",
                "skip_metric_validation": false,
                "threshold": 10
              }
            ],
            "description": "This is a Critical Sql Container Delete Alert",
            "dynamic_criteria": [],
            "enabled": true,
            "frequency": "PT1M",
            "id": "/subscriptions/78c78ae6-b8f6-44d9-88b7-cee29cd59d60/resourceGroups/fourkites-development/providers/Microsoft.Insights/metricAlerts/Critical-SqlContainerDelete",
            "name": "Critical-SqlContainerDelete",
            "resource_group_name": "fourkites-development",
            "scopes": [
              "/subscriptions/78c78ae6-b8f6-44d9-88b7-cee29cd59d60/resourcegroups/fourkites-development/providers/microsoft.documentdb/databaseaccounts/fourkites-dev-table-account"
            ],
            "severity": 0,
            "tags": null,
            "target_resource_location": "",
            "target_resource_type": "",
            "timeouts": null,
            "window_size": "PT5M"
          },
          "sensitive_attributes": [],
          "private": "eyJlMmJmYjczMC1lY2FhLTExZTYtOGY4OC0zNDM2M2JjN2M0YzAiOnsiY3JlYXRlIjoxODAwMDAwMDAwMDAwLCJkZWxldGUiOjE4MDAwMDAwMDAwMDAsInJlYWQiOjMwMDAwMDAwMDAwMCwidXBkYXRlIjoxODAwMDAwMDAwMDAwfX0=",
          "dependencies": [
            "data.azurerm_resources.document_db",
            "data.azurerm_resources.managed_clusters",
            "module.monitor_metric_alert.azurerm_monitor_action_group.critical_action_group_alert",
            "module.monitor_metric_alert.azurerm_monitor_action_group.high_action_group_alert",
            "module.monitor_metric_alert.random_string.random_6"
          ]
        },
        {
          "index_key": "Critical-SqlDatabaseCreate",
          "schema_version": 0,
          "attributes": {
            "action": [
              {
                "action_group_id": "/subscriptions/78c78ae6-b8f6-44d9-88b7-cee29cd59d60/resourceGroups/fourkites-development/providers/microsoft.insights/actionGroups/critical_action-group-alert-q8On4j",
                "webhook_properties": null
              }
            ],
            "application_insights_web_test_location_availability_criteria": [],
            "auto_mitigate": true,
            "criteria": [
              {
                "aggregation": "Count",
                "dimension": [],
                "metric_name": "SqlDatabaseCreate",
                "metric_namespace": "Microsoft.DocumentDB/DatabaseAccounts",
                "operator": "GreaterThan",
                "skip_metric_validation": false,
                "threshold": 10
              }
            ],
            "description": "This is a Critical Sql Database Create Alert",
            "dynamic_criteria": [],
            "enabled": true,
            "frequency": "PT1M",
            "id": "/subscriptions/78c78ae6-b8f6-44d9-88b7-cee29cd59d60/resourceGroups/fourkites-development/providers/Microsoft.Insights/metricAlerts/Critical-SqlDatabaseCreate",
            "name": "Critical-SqlDatabaseCreate",
            "resource_group_name": "fourkites-development",
            "scopes": [
              "/subscriptions/78c78ae6-b8f6-44d9-88b7-cee29cd59d60/resourcegroups/fourkites-development/providers/microsoft.documentdb/databaseaccounts/fourkites-dev-table-account"
            ],
            "severity": 0,
            "tags": null,
            "target_resource_location": "",
            "target_resource_type": "",
            "timeouts": null,
            "window_size": "PT5M"
          },
          "sensitive_attributes": [],
          "private": "eyJlMmJmYjczMC1lY2FhLTExZTYtOGY4OC0zNDM2M2JjN2M0YzAiOnsiY3JlYXRlIjoxODAwMDAwMDAwMDAwLCJkZWxldGUiOjE4MDAwMDAwMDAwMDAsInJlYWQiOjMwMDAwMDAwMDAwMCwidXBkYXRlIjoxODAwMDAwMDAwMDAwfX0=",
          "dependencies": [
            "data.azurerm_resources.document_db",
            "data.azurerm_resources.managed_clusters",
            "module.monitor_metric_alert.azurerm_monitor_action_group.critical_action_group_alert",
            "module.monitor_metric_alert.azurerm_monitor_action_group.high_action_group_alert",
            "module.monitor_metric_alert.random_string.random_6"
          ]
        },
        {
          "index_key": "Critical-SqlDatabaseDelete",
          "schema_version": 0,
          "attributes": {
            "action": [
              {
                "action_group_id": "/subscriptions/78c78ae6-b8f6-44d9-88b7-cee29cd59d60/resourceGroups/fourkites-development/providers/microsoft.insights/actionGroups/critical_action-group-alert-q8On4j",
                "webhook_properties": null
              }
            ],
            "application_insights_web_test_location_availability_criteria": [],
            "auto_mitigate": true,
            "criteria": [
              {
                "aggregation": "Count",
                "dimension": [],
                "metric_name": "SqlDatabaseDelete",
                "metric_namespace": "Microsoft.DocumentDB/DatabaseAccounts",
                "operator": "GreaterThan",
                "skip_metric_validation": false,
                "threshold": 10
              }
            ],
            "description": "This is a Critical Sql Database Delete Alert",
            "dynamic_criteria": [],
            "enabled": true,
            "frequency": "PT1M",
            "id": "/subscriptions/78c78ae6-b8f6-44d9-88b7-cee29cd59d60/resourceGroups/fourkites-development/providers/Microsoft.Insights/metricAlerts/Critical-SqlDatabaseDelete",
            "name": "Critical-SqlDatabaseDelete",
            "resource_group_name": "fourkites-development",
            "scopes": [
              "/subscriptions/78c78ae6-b8f6-44d9-88b7-cee29cd59d60/resourcegroups/fourkites-development/providers/microsoft.documentdb/databaseaccounts/fourkites-dev-table-account"
            ],
            "severity": 0,
            "tags": null,
            "target_resource_location": "",
            "target_resource_type": "",
            "timeouts": null,
            "window_size": "PT5M"
          },
          "sensitive_attributes": [],
          "private": "eyJlMmJmYjczMC1lY2FhLTExZTYtOGY4OC0zNDM2M2JjN2M0YzAiOnsiY3JlYXRlIjoxODAwMDAwMDAwMDAwLCJkZWxldGUiOjE4MDAwMDAwMDAwMDAsInJlYWQiOjMwMDAwMDAwMDAwMCwidXBkYXRlIjoxODAwMDAwMDAwMDAwfX0=",
          "dependencies": [
            "data.azurerm_resources.document_db",
            "data.azurerm_resources.managed_clusters",
            "module.monitor_metric_alert.azurerm_monitor_action_group.critical_action_group_alert",
            "module.monitor_metric_alert.azurerm_monitor_action_group.high_action_group_alert",
            "module.monitor_metric_alert.random_string.random_6"
          ]
        },
        {
          "index_key": "Critical-SqlDatabaseUpdate",
          "schema_version": 0,
          "attributes": {
            "action": [
              {
                "action_group_id": "/subscriptions/78c78ae6-b8f6-44d9-88b7-cee29cd59d60/resourceGroups/fourkites-development/providers/microsoft.insights/actionGroups/critical_action-group-alert-q8On4j",
                "webhook_properties": null
              }
            ],
            "application_insights_web_test_location_availability_criteria": [],
            "auto_mitigate": true,
            "criteria": [
              {
                "aggregation": "Count",
                "dimension": [],
                "metric_name": "SqlDatabaseUpdate",
                "metric_namespace": "Microsoft.DocumentDB/DatabaseAccounts",
                "operator": "GreaterThan",
                "skip_metric_validation": false,
                "threshold": 10
              }
            ],
            "description": "This is a Critical Sql Database Update Alert",
            "dynamic_criteria": [],
            "enabled": true,
            "frequency": "PT1M",
            "id": "/subscriptions/78c78ae6-b8f6-44d9-88b7-cee29cd59d60/resourceGroups/fourkites-development/providers/Microsoft.Insights/metricAlerts/Critical-SqlDatabaseUpdate",
            "name": "Critical-SqlDatabaseUpdate",
            "resource_group_name": "fourkites-development",
            "scopes": [
              "/subscriptions/78c78ae6-b8f6-44d9-88b7-cee29cd59d60/resourcegroups/fourkites-development/providers/microsoft.documentdb/databaseaccounts/fourkites-dev-table-account"
            ],
            "severity": 0,
            "tags": null,
            "target_resource_location": "",
            "target_resource_type": "",
            "timeouts": null,
            "window_size": "PT5M"
          },
          "sensitive_attributes": [],
          "private": "eyJlMmJmYjczMC1lY2FhLTExZTYtOGY4OC0zNDM2M2JjN2M0YzAiOnsiY3JlYXRlIjoxODAwMDAwMDAwMDAwLCJkZWxldGUiOjE4MDAwMDAwMDAwMDAsInJlYWQiOjMwMDAwMDAwMDAwMCwidXBkYXRlIjoxODAwMDAwMDAwMDAwfX0=",
          "dependencies": [
            "data.azurerm_resources.document_db",
            "data.azurerm_resources.managed_clusters",
            "module.monitor_metric_alert.azurerm_monitor_action_group.critical_action_group_alert",
            "module.monitor_metric_alert.azurerm_monitor_action_group.high_action_group_alert",
            "module.monitor_metric_alert.random_string.random_6"
          ]
        },
        {
          "index_key": "Critical-TableTableCreate",
          "schema_version": 0,
          "attributes": {
            "action": [
              {
                "action_group_id": "/subscriptions/78c78ae6-b8f6-44d9-88b7-cee29cd59d60/resourceGroups/fourkites-development/providers/microsoft.insights/actionGroups/critical_action-group-alert-q8On4j",
                "webhook_properties": null
              }
            ],
            "application_insights_web_test_location_availability_criteria": [],
            "auto_mitigate": true,
            "criteria": [
              {
                "aggregation": "Count",
                "dimension": [],
                "metric_name": "TableTableCreate",
                "metric_namespace": "Microsoft.DocumentDB/DatabaseAccounts",
                "operator": "GreaterThan",
                "skip_metric_validation": false,
                "threshold": 10
              }
            ],
            "description": "This is a Critical Table Table Create Alert",
            "dynamic_criteria": [],
            "enabled": true,
            "frequency": "PT1M",
            "id": "/subscriptions/78c78ae6-b8f6-44d9-88b7-cee29cd59d60/resourceGroups/fourkites-development/providers/Microsoft.Insights/metricAlerts/Critical-TableTableCreate",
            "name": "Critical-TableTableCreate",
            "resource_group_name": "fourkites-development",
            "scopes": [
              "/subscriptions/78c78ae6-b8f6-44d9-88b7-cee29cd59d60/resourcegroups/fourkites-development/providers/microsoft.documentdb/databaseaccounts/fourkites-dev-table-account"
            ],
            "severity": 0,
            "tags": null,
            "target_resource_location": "",
            "target_resource_type": "",
            "timeouts": null,
            "window_size": "PT5M"
          },
          "sensitive_attributes": [],
          "private": "eyJlMmJmYjczMC1lY2FhLTExZTYtOGY4OC0zNDM2M2JjN2M0YzAiOnsiY3JlYXRlIjoxODAwMDAwMDAwMDAwLCJkZWxldGUiOjE4MDAwMDAwMDAwMDAsInJlYWQiOjMwMDAwMDAwMDAwMCwidXBkYXRlIjoxODAwMDAwMDAwMDAwfX0=",
          "dependencies": [
            "data.azurerm_resources.document_db",
            "data.azurerm_resources.managed_clusters",
            "module.monitor_metric_alert.azurerm_monitor_action_group.critical_action_group_alert",
            "module.monitor_metric_alert.azurerm_monitor_action_group.high_action_group_alert",
            "module.monitor_metric_alert.random_string.random_6"
          ]
        },
        {
          "index_key": "Critical-TableTableDelete",
          "schema_version": 0,
          "attributes": {
            "action": [
              {
                "action_group_id": "/subscriptions/78c78ae6-b8f6-44d9-88b7-cee29cd59d60/resourceGroups/fourkites-development/providers/microsoft.insights/actionGroups/critical_action-group-alert-q8On4j",
                "webhook_properties": null
              }
            ],
            "application_insights_web_test_location_availability_criteria": [],
            "auto_mitigate": true,
            "criteria": [
              {
                "aggregation": "Count",
                "dimension": [],
                "metric_name": "TableTableDelete",
                "metric_namespace": "Microsoft.DocumentDB/DatabaseAccounts",
                "operator": "GreaterThan",
                "skip_metric_validation": false,
                "threshold": 10
              }
            ],
            "description": "This is a Critical Table Table Delete Alert",
            "dynamic_criteria": [],
            "enabled": true,
            "frequency": "PT1M",
            "id": "/subscriptions/78c78ae6-b8f6-44d9-88b7-cee29cd59d60/resourceGroups/fourkites-development/providers/Microsoft.Insights/metricAlerts/Critical-TableTableDelete",
            "name": "Critical-TableTableDelete",
            "resource_group_name": "fourkites-development",
            "scopes": [
              "/subscriptions/78c78ae6-b8f6-44d9-88b7-cee29cd59d60/resourcegroups/fourkites-development/providers/microsoft.documentdb/databaseaccounts/fourkites-dev-table-account"
            ],
            "severity": 0,
            "tags": null,
            "target_resource_location": "",
            "target_resource_type": "",
            "timeouts": null,
            "window_size": "PT5M"
          },
          "sensitive_attributes": [],
          "private": "eyJlMmJmYjczMC1lY2FhLTExZTYtOGY4OC0zNDM2M2JjN2M0YzAiOnsiY3JlYXRlIjoxODAwMDAwMDAwMDAwLCJkZWxldGUiOjE4MDAwMDAwMDAwMDAsInJlYWQiOjMwMDAwMDAwMDAwMCwidXBkYXRlIjoxODAwMDAwMDAwMDAwfX0=",
          "dependencies": [
            "data.azurerm_resources.document_db",
            "data.azurerm_resources.managed_clusters",
            "module.monitor_metric_alert.azurerm_monitor_action_group.critical_action_group_alert",
            "module.monitor_metric_alert.azurerm_monitor_action_group.high_action_group_alert",
            "module.monitor_metric_alert.random_string.random_6"
          ]
        },
        {
          "index_key": "Critical-TotalRequests",
          "schema_version": 0,
          "attributes": {
            "action": [
              {
                "action_group_id": "/subscriptions/78c78ae6-b8f6-44d9-88b7-cee29cd59d60/resourceGroups/fourkites-development/providers/microsoft.insights/actionGroups/critical_action-group-alert-q8On4j",
                "webhook_properties": null
              }
            ],
            "application_insights_web_test_location_availability_criteria": [],
            "auto_mitigate": true,
            "criteria": [
              {
                "aggregation": "Count",
                "dimension": [],
                "metric_name": "TotalRequests",
                "metric_namespace": "Microsoft.DocumentDB/DatabaseAccounts",
                "operator": "GreaterThan",
                "skip_metric_validation": false,
                "threshold": 1000
              }
            ],
            "description": "This is a Critical Total Requests Alert",
            "dynamic_criteria": [],
            "enabled": true,
            "frequency": "PT1M",
            "id": "/subscriptions/78c78ae6-b8f6-44d9-88b7-cee29cd59d60/resourceGroups/fourkites-development/providers/Microsoft.Insights/metricAlerts/Critical-TotalRequests",
            "name": "Critical-TotalRequests",
            "resource_group_name": "fourkites-development",
            "scopes": [
              "/subscriptions/78c78ae6-b8f6-44d9-88b7-cee29cd59d60/resourcegroups/fourkites-development/providers/microsoft.documentdb/databaseaccounts/fourkites-dev-table-account"
            ],
            "severity": 0,
            "tags": null,
            "target_resource_location": "",
            "target_resource_type": "",
            "timeouts": null,
            "window_size": "PT5M"
          },
          "sensitive_attributes": [],
          "private": "eyJlMmJmYjczMC1lY2FhLTExZTYtOGY4OC0zNDM2M2JjN2M0YzAiOnsiY3JlYXRlIjoxODAwMDAwMDAwMDAwLCJkZWxldGUiOjE4MDAwMDAwMDAwMDAsInJlYWQiOjMwMDAwMDAwMDAwMCwidXBkYXRlIjoxODAwMDAwMDAwMDAwfX0=",
          "dependencies": [
            "data.azurerm_resources.document_db",
            "data.azurerm_resources.managed_clusters",
            "module.monitor_metric_alert.azurerm_monitor_action_group.critical_action_group_alert",
            "module.monitor_metric_alert.azurerm_monitor_action_group.high_action_group_alert",
            "module.monitor_metric_alert.random_string.random_6"
          ]
        },
        {
          "index_key": "High-AutoscaleMaxThroughput",
          "schema_version": 0,
          "attributes": {
            "action": [
              {
                "action_group_id": "/subscriptions/78c78ae6-b8f6-44d9-88b7-cee29cd59d60/resourceGroups/fourkites-development/providers/microsoft.insights/actionGroups/action-group-high-alert-q8On4j",
                "webhook_properties": null
              }
            ],
            "application_insights_web_test_location_availability_criteria": [],
            "auto_mitigate": true,
            "criteria": [
              {
                "aggregation": "Maximum",
                "dimension": [],
                "metric_name": "AutoscaleMaxThroughput",
                "metric_namespace": "Microsoft.DocumentDB/DatabaseAccounts",
                "operator": "GreaterThan",
                "skip_metric_validation": false,
                "threshold": 1
              }
            ],
            "description": "This is a High  Autoscale Max Throughput Alert",
            "dynamic_criteria": [],
            "enabled": true,
            "frequency": "PT1M",
            "id": "/subscriptions/78c78ae6-b8f6-44d9-88b7-cee29cd59d60/resourceGroups/fourkites-development/providers/Microsoft.Insights/metricAlerts/High-AutoscaleMaxThroughput",
            "name": "High-AutoscaleMaxThroughput",
            "resource_group_name": "fourkites-development",
            "scopes": [
              "/subscriptions/78c78ae6-b8f6-44d9-88b7-cee29cd59d60/resourcegroups/fourkites-development/providers/microsoft.documentdb/databaseaccounts/fourkites-dev-table-account"
            ],
            "severity": 1,
            "tags": null,
            "target_resource_location": "",
            "target_resource_type": "",
            "timeouts": null,
            "window_size": "PT5M"
          },
          "sensitive_attributes": [],
          "private": "eyJlMmJmYjczMC1lY2FhLTExZTYtOGY4OC0zNDM2M2JjN2M0YzAiOnsiY3JlYXRlIjoxODAwMDAwMDAwMDAwLCJkZWxldGUiOjE4MDAwMDAwMDAwMDAsInJlYWQiOjMwMDAwMDAwMDAwMCwidXBkYXRlIjoxODAwMDAwMDAwMDAwfX0=",
          "dependencies": [
            "data.azurerm_resources.document_db",
            "data.azurerm_resources.managed_clusters",
            "module.monitor_metric_alert.azurerm_monitor_action_group.critical_action_group_alert",
            "module.monitor_metric_alert.azurerm_monitor_action_group.high_action_group_alert",
            "module.monitor_metric_alert.random_string.random_6"
          ]
        },
        {
          "index_key": "High-CreateAccount",
          "schema_version": 0,
          "attributes": {
            "action": [
              {
                "action_group_id": "/subscriptions/78c78ae6-b8f6-44d9-88b7-cee29cd59d60/resourceGroups/fourkites-development/providers/microsoft.insights/actionGroups/action-group-high-alert-q8On4j",
                "webhook_properties": null
              }
            ],
            "application_insights_web_test_location_availability_criteria": [],
            "auto_mitigate": true,
            "criteria": [
              {
                "aggregation": "Count",
                "dimension": [],
                "metric_name": "CreateAccount",
                "metric_namespace": "Microsoft.DocumentDB/DatabaseAccounts",
                "operator": "GreaterThan",
                "skip_metric_validation": false,
                "threshold": 5
              }
            ],
            "description": "This is a High  Create Account Alert",
            "dynamic_criteria": [],
            "enabled": true,
            "frequency": "PT1M",
            "id": "/subscriptions/78c78ae6-b8f6-44d9-88b7-cee29cd59d60/resourceGroups/fourkites-development/providers/Microsoft.Insights/metricAlerts/High-CreateAccount",
            "name": "High-CreateAccount",
            "resource_group_name": "fourkites-development",
            "scopes": [
              "/subscriptions/78c78ae6-b8f6-44d9-88b7-cee29cd59d60/resourcegroups/fourkites-development/providers/microsoft.documentdb/databaseaccounts/fourkites-dev-table-account"
            ],
            "severity": 1,
            "tags": null,
            "target_resource_location": "",
            "target_resource_type": "",
            "timeouts": null,
            "window_size": "PT5M"
          },
          "sensitive_attributes": [],
          "private": "eyJlMmJmYjczMC1lY2FhLTExZTYtOGY4OC0zNDM2M2JjN2M0YzAiOnsiY3JlYXRlIjoxODAwMDAwMDAwMDAwLCJkZWxldGUiOjE4MDAwMDAwMDAwMDAsInJlYWQiOjMwMDAwMDAwMDAwMCwidXBkYXRlIjoxODAwMDAwMDAwMDAwfX0=",
          "dependencies": [
            "data.azurerm_resources.document_db",
            "data.azurerm_resources.managed_clusters",
            "module.monitor_metric_alert.azurerm_monitor_action_group.critical_action_group_alert",
            "module.monitor_metric_alert.azurerm_monitor_action_group.high_action_group_alert",
            "module.monitor_metric_alert.random_string.random_6"
          ]
        },
        {
          "index_key": "High-DataUsage",
          "schema_version": 0,
          "attributes": {
            "action": [
              {
                "action_group_id": "/subscriptions/78c78ae6-b8f6-44d9-88b7-cee29cd59d60/resourceGroups/fourkites-development/providers/microsoft.insights/actionGroups/action-group-high-alert-q8On4j",
                "webhook_properties": null
              }
            ],
            "application_insights_web_test_location_availability_criteria": [],
            "auto_mitigate": true,
            "criteria": [
              {
                "aggregation": "Average",
                "dimension": [],
                "metric_name": "DataUsage",
                "metric_namespace": "Microsoft.DocumentDB/DatabaseAccounts",
                "operator": "GreaterThan",
                "skip_metric_validation": false,
                "threshold": 50000
              }
            ],
            "description": "This is a High  Data Usage Alert",
            "dynamic_criteria": [],
            "enabled": true,
            "frequency": "PT1M",
            "id": "/subscriptions/78c78ae6-b8f6-44d9-88b7-cee29cd59d60/resourceGroups/fourkites-development/providers/Microsoft.Insights/metricAlerts/High-DataUsage",
            "name": "High-DataUsage",
            "resource_group_name": "fourkites-development",
            "scopes": [
              "/subscriptions/78c78ae6-b8f6-44d9-88b7-cee29cd59d60/resourcegroups/fourkites-development/providers/microsoft.documentdb/databaseaccounts/fourkites-dev-table-account"
            ],
            "severity": 1,
            "tags": null,
            "target_resource_location": "",
            "target_resource_type": "",
            "timeouts": null,
            "window_size": "PT5M"
          },
          "sensitive_attributes": [],
          "private": "eyJlMmJmYjczMC1lY2FhLTExZTYtOGY4OC0zNDM2M2JjN2M0YzAiOnsiY3JlYXRlIjoxODAwMDAwMDAwMDAwLCJkZWxldGUiOjE4MDAwMDAwMDAwMDAsInJlYWQiOjMwMDAwMDAwMDAwMCwidXBkYXRlIjoxODAwMDAwMDAwMDAwfX0=",
          "dependencies": [
            "data.azurerm_resources.document_db",
            "data.azurerm_resources.managed_clusters",
            "module.monitor_metric_alert.azurerm_monitor_action_group.critical_action_group_alert",
            "module.monitor_metric_alert.azurerm_monitor_action_group.high_action_group_alert",
            "module.monitor_metric_alert.random_string.random_6"
          ]
        },
        {
          "index_key": "High-DedicatedGatewayAverageCPUUsage",
          "schema_version": 0,
          "attributes": {
            "action": [
              {
                "action_group_id": "/subscriptions/78c78ae6-b8f6-44d9-88b7-cee29cd59d60/resourceGroups/fourkites-development/providers/microsoft.insights/actionGroups/action-group-high-alert-q8On4j",
                "webhook_properties": null
              }
            ],
            "application_insights_web_test_location_availability_criteria": [],
            "auto_mitigate": true,
            "criteria": [
              {
                "aggregation": "Average",
                "dimension": [],
                "metric_name": "DedicatedGatewayAverageCPUUsage",
                "metric_namespace": "Microsoft.DocumentDB/DatabaseAccounts",
                "operator": "GreaterThan",
                "skip_metric_validation": false,
                "threshold": 80
              }
            ],
            "description": "This is a High Dedicated Gateway Average CPU Usage Alert",
            "dynamic_criteria": [],
            "enabled": true,
            "frequency": "PT1M",
            "id": "/subscriptions/78c78ae6-b8f6-44d9-88b7-cee29cd59d60/resourceGroups/fourkites-development/providers/Microsoft.Insights/metricAlerts/High-DedicatedGatewayAverageCPUUsage",
            "name": "High-DedicatedGatewayAverageCPUUsage",
            "resource_group_name": "fourkites-development",
            "scopes": [
              "/subscriptions/78c78ae6-b8f6-44d9-88b7-cee29cd59d60/resourcegroups/fourkites-development/providers/microsoft.documentdb/databaseaccounts/fourkites-dev-table-account"
            ],
            "severity": 1,
            "tags": null,
            "target_resource_location": "",
            "target_resource_type": "",
            "timeouts": null,
            "window_size": "PT5M"
          },
          "sensitive_attributes": [],
          "private": "eyJlMmJmYjczMC1lY2FhLTExZTYtOGY4OC0zNDM2M2JjN2M0YzAiOnsiY3JlYXRlIjoxODAwMDAwMDAwMDAwLCJkZWxldGUiOjE4MDAwMDAwMDAwMDAsInJlYWQiOjMwMDAwMDAwMDAwMCwidXBkYXRlIjoxODAwMDAwMDAwMDAwfX0=",
          "dependencies": [
            "data.azurerm_resources.document_db",
            "data.azurerm_resources.managed_clusters",
            "module.monitor_metric_alert.azurerm_monitor_action_group.critical_action_group_alert",
            "module.monitor_metric_alert.azurerm_monitor_action_group.high_action_group_alert",
            "module.monitor_metric_alert.random_string.random_6"
          ]
        },
        {
          "index_key": "High-DedicatedGatewayAverageMemoryUsage",
          "schema_version": 0,
          "attributes": {
            "action": [
              {
                "action_group_id": "/subscriptions/78c78ae6-b8f6-44d9-88b7-cee29cd59d60/resourceGroups/fourkites-development/providers/microsoft.insights/actionGroups/action-group-high-alert-q8On4j",
                "webhook_properties": null
              }
            ],
            "application_insights_web_test_location_availability_criteria": [],
            "auto_mitigate": true,
            "criteria": [
              {
                "aggregation": "Average",
                "dimension": [],
                "metric_name": "DedicatedGatewayAverageMemoryUsage",
                "metric_namespace": "Microsoft.DocumentDB/DatabaseAccounts",
                "operator": "GreaterThan",
                "skip_metric_validation": false,
                "threshold": 50000
              }
            ],
            "description": "This is a High Dedicated Gateway Average Memory Usage Alert",
            "dynamic_criteria": [],
            "enabled": true,
            "frequency": "PT1M",
            "id": "/subscriptions/78c78ae6-b8f6-44d9-88b7-cee29cd59d60/resourceGroups/fourkites-development/providers/Microsoft.Insights/metricAlerts/High-DedicatedGatewayAverageMemoryUsage",
            "name": "High-DedicatedGatewayAverageMemoryUsage",
            "resource_group_name": "fourkites-development",
            "scopes": [
              "/subscriptions/78c78ae6-b8f6-44d9-88b7-cee29cd59d60/resourcegroups/fourkites-development/providers/microsoft.documentdb/databaseaccounts/fourkites-dev-table-account"
            ],
            "severity": 1,
            "tags": null,
            "target_resource_location": "",
            "target_resource_type": "",
            "timeouts": null,
            "window_size": "PT5M"
          },
          "sensitive_attributes": [],
          "private": "eyJlMmJmYjczMC1lY2FhLTExZTYtOGY4OC0zNDM2M2JjN2M0YzAiOnsiY3JlYXRlIjoxODAwMDAwMDAwMDAwLCJkZWxldGUiOjE4MDAwMDAwMDAwMDAsInJlYWQiOjMwMDAwMDAwMDAwMCwidXBkYXRlIjoxODAwMDAwMDAwMDAwfX0=",
          "dependencies": [
            "data.azurerm_resources.document_db",
            "data.azurerm_resources.managed_clusters",
            "module.monitor_metric_alert.azurerm_monitor_action_group.critical_action_group_alert",
            "module.monitor_metric_alert.azurerm_monitor_action_group.high_action_group_alert",
            "module.monitor_metric_alert.random_string.random_6"
          ]
        },
        {
          "index_key": "High-DedicatedGatewayMaximumCPUUsage",
          "schema_version": 0,
          "attributes": {
            "action": [
              {
                "action_group_id": "/subscriptions/78c78ae6-b8f6-44d9-88b7-cee29cd59d60/resourceGroups/fourkites-development/providers/microsoft.insights/actionGroups/action-group-high-alert-q8On4j",
                "webhook_properties": null
              }
            ],
            "application_insights_web_test_location_availability_criteria": [],
            "auto_mitigate": true,
            "criteria": [
              {
                "aggregation": "Average",
                "dimension": [],
                "metric_name": "DedicatedGatewayMaximumCPUUsage",
                "metric_namespace": "Microsoft.DocumentDB/DatabaseAccounts",
                "operator": "GreaterThan",
                "skip_metric_validation": false,
                "threshold": 80
              }
            ],
            "description": "This is a High Dedicated Gateway Maximum CPU Usage Alert",
            "dynamic_criteria": [],
            "enabled": true,
            "frequency": "PT1M",
            "id": "/subscriptions/78c78ae6-b8f6-44d9-88b7-cee29cd59d60/resourceGroups/fourkites-development/providers/Microsoft.Insights/metricAlerts/High-DedicatedGatewayMaximumCPUUsage",
            "name": "High-DedicatedGatewayMaximumCPUUsage",
            "resource_group_name": "fourkites-development",
            "scopes": [
              "/subscriptions/78c78ae6-b8f6-44d9-88b7-cee29cd59d60/resourcegroups/fourkites-development/providers/microsoft.documentdb/databaseaccounts/fourkites-dev-table-account"
            ],
            "severity": 1,
            "tags": null,
            "target_resource_location": "",
            "target_resource_type": "",
            "timeouts": null,
            "window_size": "PT5M"
          },
          "sensitive_attributes": [],
          "private": "eyJlMmJmYjczMC1lY2FhLTExZTYtOGY4OC0zNDM2M2JjN2M0YzAiOnsiY3JlYXRlIjoxODAwMDAwMDAwMDAwLCJkZWxldGUiOjE4MDAwMDAwMDAwMDAsInJlYWQiOjMwMDAwMDAwMDAwMCwidXBkYXRlIjoxODAwMDAwMDAwMDAwfX0=",
          "dependencies": [
            "data.azurerm_resources.document_db",
            "data.azurerm_resources.managed_clusters",
            "module.monitor_metric_alert.azurerm_monitor_action_group.critical_action_group_alert",
            "module.monitor_metric_alert.azurerm_monitor_action_group.high_action_group_alert",
            "module.monitor_metric_alert.random_string.random_6"
          ]
        },
        {
          "index_key": "High-DedicatedGatewayRequests",
          "schema_version": 0,
          "attributes": {
            "action": [
              {
                "action_group_id": "/subscriptions/78c78ae6-b8f6-44d9-88b7-cee29cd59d60/resourceGroups/fourkites-development/providers/microsoft.insights/actionGroups/action-group-high-alert-q8On4j",
                "webhook_properties": null
              }
            ],
            "application_insights_web_test_location_availability_criteria": [],
            "auto_mitigate": true,
            "criteria": [
              {
                "aggregation": "Count",
                "dimension": [],
                "metric_name": "DedicatedGatewayRequests",
                "metric_namespace": "Microsoft.DocumentDB/DatabaseAccounts",
                "operator": "GreaterThan",
                "skip_metric_validation": false,
                "threshold": 400
              }
            ],
            "description": "This is a High Dedicated Gateway Requests Alert",
            "dynamic_criteria": [],
            "enabled": true,
            "frequency": "PT1M",
            "id": "/subscriptions/78c78ae6-b8f6-44d9-88b7-cee29cd59d60/resourceGroups/fourkites-development/providers/Microsoft.Insights/metricAlerts/High-DedicatedGatewayRequests",
            "name": "High-DedicatedGatewayRequests",
            "resource_group_name": "fourkites-development",
            "scopes": [
              "/subscriptions/78c78ae6-b8f6-44d9-88b7-cee29cd59d60/resourcegroups/fourkites-development/providers/microsoft.documentdb/databaseaccounts/fourkites-dev-table-account"
            ],
            "severity": 1,
            "tags": null,
            "target_resource_location": "",
            "target_resource_type": "",
            "timeouts": null,
            "window_size": "PT5M"
          },
          "sensitive_attributes": [],
          "private": "eyJlMmJmYjczMC1lY2FhLTExZTYtOGY4OC0zNDM2M2JjN2M0YzAiOnsiY3JlYXRlIjoxODAwMDAwMDAwMDAwLCJkZWxldGUiOjE4MDAwMDAwMDAwMDAsInJlYWQiOjMwMDAwMDAwMDAwMCwidXBkYXRlIjoxODAwMDAwMDAwMDAwfX0=",
          "dependencies": [
            "data.azurerm_resources.document_db",
            "data.azurerm_resources.managed_clusters",
            "module.monitor_metric_alert.azurerm_monitor_action_group.critical_action_group_alert",
            "module.monitor_metric_alert.azurerm_monitor_action_group.high_action_group_alert",
            "module.monitor_metric_alert.random_string.random_6"
          ]
        },
        {
          "index_key": "High-DeleteAccount",
          "schema_version": 0,
          "attributes": {
            "action": [
              {
                "action_group_id": "/subscriptions/78c78ae6-b8f6-44d9-88b7-cee29cd59d60/resourceGroups/fourkites-development/providers/microsoft.insights/actionGroups/action-group-high-alert-q8On4j",
                "webhook_properties": null
              }
            ],
            "application_insights_web_test_location_availability_criteria": [],
            "auto_mitigate": true,
            "criteria": [
              {
                "aggregation": "Count",
                "dimension": [],
                "metric_name": "DeleteAccount",
                "metric_namespace": "Microsoft.DocumentDB/DatabaseAccounts",
                "operator": "GreaterThan",
                "skip_metric_validation": false,
                "threshold": 7
              }
            ],
            "description": "This is a High Delete Account Alert",
            "dynamic_criteria": [],
            "enabled": true,
            "frequency": "PT1M",
            "id": "/subscriptions/78c78ae6-b8f6-44d9-88b7-cee29cd59d60/resourceGroups/fourkites-development/providers/Microsoft.Insights/metricAlerts/High-DeleteAccount",
            "name": "High-DeleteAccount",
            "resource_group_name": "fourkites-development",
            "scopes": [
              "/subscriptions/78c78ae6-b8f6-44d9-88b7-cee29cd59d60/resourcegroups/fourkites-development/providers/microsoft.documentdb/databaseaccounts/fourkites-dev-table-account"
            ],
            "severity": 1,
            "tags": null,
            "target_resource_location": "",
            "target_resource_type": "",
            "timeouts": null,
            "window_size": "PT5M"
          },
          "sensitive_attributes": [],
          "private": "eyJlMmJmYjczMC1lY2FhLTExZTYtOGY4OC0zNDM2M2JjN2M0YzAiOnsiY3JlYXRlIjoxODAwMDAwMDAwMDAwLCJkZWxldGUiOjE4MDAwMDAwMDAwMDAsInJlYWQiOjMwMDAwMDAwMDAwMCwidXBkYXRlIjoxODAwMDAwMDAwMDAwfX0=",
          "dependencies": [
            "data.azurerm_resources.document_db",
            "data.azurerm_resources.managed_clusters",
            "module.monitor_metric_alert.azurerm_monitor_action_group.critical_action_group_alert",
            "module.monitor_metric_alert.azurerm_monitor_action_group.high_action_group_alert",
            "module.monitor_metric_alert.random_string.random_6"
          ]
        },
        {
          "index_key": "High-DocumentCount",
          "schema_version": 0,
          "attributes": {
            "action": [
              {
                "action_group_id": "/subscriptions/78c78ae6-b8f6-44d9-88b7-cee29cd59d60/resourceGroups/fourkites-development/providers/microsoft.insights/actionGroups/action-group-high-alert-q8On4j",
                "webhook_properties": null
              }
            ],
            "application_insights_web_test_location_availability_criteria": [],
            "auto_mitigate": true,
            "criteria": [
              {
                "aggregation": "Total",
                "dimension": [],
                "metric_name": "DocumentCount",
                "metric_namespace": "Microsoft.DocumentDB/DatabaseAccounts",
                "operator": "GreaterThan",
                "skip_metric_validation": false,
                "threshold": 5
              }
            ],
            "description": "This is a High Document Count Alert",
            "dynamic_criteria": [],
            "enabled": true,
            "frequency": "PT1M",
            "id": "/subscriptions/78c78ae6-b8f6-44d9-88b7-cee29cd59d60/resourceGroups/fourkites-development/providers/Microsoft.Insights/metricAlerts/High-DocumentCount",
            "name": "High-DocumentCount",
            "resource_group_name": "fourkites-development",
            "scopes": [
              "/subscriptions/78c78ae6-b8f6-44d9-88b7-cee29cd59d60/resourcegroups/fourkites-development/providers/microsoft.documentdb/databaseaccounts/fourkites-dev-table-account"
            ],
            "severity": 1,
            "tags": null,
            "target_resource_location": "",
            "target_resource_type": "",
            "timeouts": null,
            "window_size": "PT5M"
          },
          "sensitive_attributes": [],
          "private": "eyJlMmJmYjczMC1lY2FhLTExZTYtOGY4OC0zNDM2M2JjN2M0YzAiOnsiY3JlYXRlIjoxODAwMDAwMDAwMDAwLCJkZWxldGUiOjE4MDAwMDAwMDAwMDAsInJlYWQiOjMwMDAwMDAwMDAwMCwidXBkYXRlIjoxODAwMDAwMDAwMDAwfX0=",
          "dependencies": [
            "data.azurerm_resources.document_db",
            "data.azurerm_resources.managed_clusters",
            "module.monitor_metric_alert.azurerm_monitor_action_group.critical_action_group_alert",
            "module.monitor_metric_alert.azurerm_monitor_action_group.high_action_group_alert",
            "module.monitor_metric_alert.random_string.random_6"
          ]
        },
        {
          "index_key": "High-DocumentQuota",
          "schema_version": 0,
          "attributes": {
            "action": [
              {
                "action_group_id": "/subscriptions/78c78ae6-b8f6-44d9-88b7-cee29cd59d60/resourceGroups/fourkites-development/providers/microsoft.insights/actionGroups/action-group-high-alert-q8On4j",
                "webhook_properties": null
              }
            ],
            "application_insights_web_test_location_availability_criteria": [],
            "auto_mitigate": true,
            "criteria": [
              {
                "aggregation": "Total",
                "dimension": [],
                "metric_name": "DocumentQuota",
                "metric_namespace": "Microsoft.DocumentDB/DatabaseAccounts",
                "operator": "GreaterThan",
                "skip_metric_validation": false,
                "threshold": 5000
              }
            ],
            "description": "This is a High Document Quota Alert",
            "dynamic_criteria": [],
            "enabled": true,
            "frequency": "PT1M",
            "id": "/subscriptions/78c78ae6-b8f6-44d9-88b7-cee29cd59d60/resourceGroups/fourkites-development/providers/Microsoft.Insights/metricAlerts/High-DocumentQuota",
            "name": "High-DocumentQuota",
            "resource_group_name": "fourkites-development",
            "scopes": [
              "/subscriptions/78c78ae6-b8f6-44d9-88b7-cee29cd59d60/resourcegroups/fourkites-development/providers/microsoft.documentdb/databaseaccounts/fourkites-dev-table-account"
            ],
            "severity": 1,
            "tags": null,
            "target_resource_location": "",
            "target_resource_type": "",
            "timeouts": null,
            "window_size": "PT5M"
          },
          "sensitive_attributes": [],
          "private": "eyJlMmJmYjczMC1lY2FhLTExZTYtOGY4OC0zNDM2M2JjN2M0YzAiOnsiY3JlYXRlIjoxODAwMDAwMDAwMDAwLCJkZWxldGUiOjE4MDAwMDAwMDAwMDAsInJlYWQiOjMwMDAwMDAwMDAwMCwidXBkYXRlIjoxODAwMDAwMDAwMDAwfX0=",
          "dependencies": [
            "data.azurerm_resources.document_db",
            "data.azurerm_resources.managed_clusters",
            "module.monitor_metric_alert.azurerm_monitor_action_group.critical_action_group_alert",
            "module.monitor_metric_alert.azurerm_monitor_action_group.high_action_group_alert",
            "module.monitor_metric_alert.random_string.random_6"
          ]
        },
        {
          "index_key": "High-GremlinDatabaseCreate",
          "schema_version": 0,
          "attributes": {
            "action": [
              {
                "action_group_id": "/subscriptions/78c78ae6-b8f6-44d9-88b7-cee29cd59d60/resourceGroups/fourkites-development/providers/microsoft.insights/actionGroups/action-group-high-alert-q8On4j",
                "webhook_properties": null
              }
            ],
            "application_insights_web_test_location_availability_criteria": [],
            "auto_mitigate": true,
            "criteria": [
              {
                "aggregation": "Count",
                "dimension": [],
                "metric_name": "GremlinDatabaseCreate",
                "metric_namespace": "Microsoft.DocumentDB/DatabaseAccounts",
                "operator": "GreaterThan",
                "skip_metric_validation": false,
                "threshold": 5
              }
            ],
            "description": "This is a High Gremlin Database Create Alert",
            "dynamic_criteria": [],
            "enabled": true,
            "frequency": "PT1M",
            "id": "/subscriptions/78c78ae6-b8f6-44d9-88b7-cee29cd59d60/resourceGroups/fourkites-development/providers/Microsoft.Insights/metricAlerts/High-GremlinDatabaseCreate",
            "name": "High-GremlinDatabaseCreate",
            "resource_group_name": "fourkites-development",
            "scopes": [
              "/subscriptions/78c78ae6-b8f6-44d9-88b7-cee29cd59d60/resourcegroups/fourkites-development/providers/microsoft.documentdb/databaseaccounts/fourkites-dev-table-account"
            ],
            "severity": 1,
            "tags": null,
            "target_resource_location": "",
            "target_resource_type": "",
            "timeouts": null,
            "window_size": "PT5M"
          },
          "sensitive_attributes": [],
          "private": "eyJlMmJmYjczMC1lY2FhLTExZTYtOGY4OC0zNDM2M2JjN2M0YzAiOnsiY3JlYXRlIjoxODAwMDAwMDAwMDAwLCJkZWxldGUiOjE4MDAwMDAwMDAwMDAsInJlYWQiOjMwMDAwMDAwMDAwMCwidXBkYXRlIjoxODAwMDAwMDAwMDAwfX0=",
          "dependencies": [
            "data.azurerm_resources.document_db",
            "data.azurerm_resources.managed_clusters",
            "module.monitor_metric_alert.azurerm_monitor_action_group.critical_action_group_alert",
            "module.monitor_metric_alert.azurerm_monitor_action_group.high_action_group_alert",
            "module.monitor_metric_alert.random_string.random_6"
          ]
        },
        {
          "index_key": "High-GremlinDatabaseDelete",
          "schema_version": 0,
          "attributes": {
            "action": [
              {
                "action_group_id": "/subscriptions/78c78ae6-b8f6-44d9-88b7-cee29cd59d60/resourceGroups/fourkites-development/providers/microsoft.insights/actionGroups/action-group-high-alert-q8On4j",
                "webhook_properties": null
              }
            ],
            "application_insights_web_test_location_availability_criteria": [],
            "auto_mitigate": true,
            "criteria": [
              {
                "aggregation": "Count",
                "dimension": [],
                "metric_name": "GremlinDatabaseDelete",
                "metric_namespace": "Microsoft.DocumentDB/DatabaseAccounts",
                "operator": "GreaterThan",
                "skip_metric_validation": false,
                "threshold": 5
              }
            ],
            "description": "This is a High Gremlin Database Delete Alert",
            "dynamic_criteria": [],
            "enabled": true,
            "frequency": "PT1M",
            "id": "/subscriptions/78c78ae6-b8f6-44d9-88b7-cee29cd59d60/resourceGroups/fourkites-development/providers/Microsoft.Insights/metricAlerts/High-GremlinDatabaseDelete",
            "name": "High-GremlinDatabaseDelete",
            "resource_group_name": "fourkites-development",
            "scopes": [
              "/subscriptions/78c78ae6-b8f6-44d9-88b7-cee29cd59d60/resourcegroups/fourkites-development/providers/microsoft.documentdb/databaseaccounts/fourkites-dev-table-account"
            ],
            "severity": 1,
            "tags": null,
            "target_resource_location": "",
            "target_resource_type": "",
            "timeouts": null,
            "window_size": "PT5M"
          },
          "sensitive_attributes": [],
          "private": "eyJlMmJmYjczMC1lY2FhLTExZTYtOGY4OC0zNDM2M2JjN2M0YzAiOnsiY3JlYXRlIjoxODAwMDAwMDAwMDAwLCJkZWxldGUiOjE4MDAwMDAwMDAwMDAsInJlYWQiOjMwMDAwMDAwMDAwMCwidXBkYXRlIjoxODAwMDAwMDAwMDAwfX0=",
          "dependencies": [
            "data.azurerm_resources.document_db",
            "data.azurerm_resources.managed_clusters",
            "module.monitor_metric_alert.azurerm_monitor_action_group.critical_action_group_alert",
            "module.monitor_metric_alert.azurerm_monitor_action_group.high_action_group_alert",
            "module.monitor_metric_alert.random_string.random_6"
          ]
        },
        {
          "index_key": "High-GremlinGraphDelete",
          "schema_version": 0,
          "attributes": {
            "action": [
              {
                "action_group_id": "/subscriptions/78c78ae6-b8f6-44d9-88b7-cee29cd59d60/resourceGroups/fourkites-development/providers/microsoft.insights/actionGroups/action-group-high-alert-q8On4j",
                "webhook_properties": null
              }
            ],
            "application_insights_web_test_location_availability_criteria": [],
            "auto_mitigate": true,
            "criteria": [
              {
                "aggregation": "Count",
                "dimension": [],
                "metric_name": "GremlinGraphDelete",
                "metric_namespace": "Microsoft.DocumentDB/DatabaseAccounts",
                "operator": "GreaterThan",
                "skip_metric_validation": false,
                "threshold": 5
              }
            ],
            "description": "This is a High Gremlin Graph Delete Alert",
            "dynamic_criteria": [],
            "enabled": true,
            "frequency": "PT1M",
            "id": "/subscriptions/78c78ae6-b8f6-44d9-88b7-cee29cd59d60/resourceGroups/fourkites-development/providers/Microsoft.Insights/metricAlerts/High-GremlinGraphCreate",
            "name": "High-GremlinGraphCreate",
            "resource_group_name": "fourkites-development",
            "scopes": [
              "/subscriptions/78c78ae6-b8f6-44d9-88b7-cee29cd59d60/resourcegroups/fourkites-development/providers/microsoft.documentdb/databaseaccounts/fourkites-dev-table-account"
            ],
            "severity": 1,
            "tags": null,
            "target_resource_location": "",
            "target_resource_type": "",
            "timeouts": null,
            "window_size": "PT5M"
          },
          "sensitive_attributes": [],
          "private": "eyJlMmJmYjczMC1lY2FhLTExZTYtOGY4OC0zNDM2M2JjN2M0YzAiOnsiY3JlYXRlIjoxODAwMDAwMDAwMDAwLCJkZWxldGUiOjE4MDAwMDAwMDAwMDAsInJlYWQiOjMwMDAwMDAwMDAwMCwidXBkYXRlIjoxODAwMDAwMDAwMDAwfX0=",
          "dependencies": [
            "data.azurerm_resources.document_db",
            "data.azurerm_resources.managed_clusters",
            "module.monitor_metric_alert.azurerm_monitor_action_group.critical_action_group_alert",
            "module.monitor_metric_alert.azurerm_monitor_action_group.high_action_group_alert",
            "module.monitor_metric_alert.random_string.random_6"
          ]
        },
        {
          "index_key": "High-IndexUsage",
          "schema_version": 0,
          "attributes": {
            "action": [
              {
                "action_group_id": "/subscriptions/78c78ae6-b8f6-44d9-88b7-cee29cd59d60/resourceGroups/fourkites-development/providers/microsoft.insights/actionGroups/action-group-high-alert-q8On4j",
                "webhook_properties": null
              }
            ],
            "application_insights_web_test_location_availability_criteria": [],
            "auto_mitigate": true,
            "criteria": [
              {
                "aggregation": "Total",
                "dimension": [],
                "metric_name": "IndexUsage",
                "metric_namespace": "Microsoft.DocumentDB/DatabaseAccounts",
                "operator": "GreaterThan",
                "skip_metric_validation": false,
                "threshold": 50000
              }
            ],
            "description": "This is a High Index Usage Alert",
            "dynamic_criteria": [],
            "enabled": true,
            "frequency": "PT1M",
            "id": "/subscriptions/78c78ae6-b8f6-44d9-88b7-cee29cd59d60/resourceGroups/fourkites-development/providers/Microsoft.Insights/metricAlerts/High-IndexUsage",
            "name": "High-IndexUsage",
            "resource_group_name": "fourkites-development",
            "scopes": [
              "/subscriptions/78c78ae6-b8f6-44d9-88b7-cee29cd59d60/resourcegroups/fourkites-development/providers/microsoft.documentdb/databaseaccounts/fourkites-dev-table-account"
            ],
            "severity": 1,
            "tags": null,
            "target_resource_location": "",
            "target_resource_type": "",
            "timeouts": null,
            "window_size": "PT5M"
          },
          "sensitive_attributes": [],
          "private": "eyJlMmJmYjczMC1lY2FhLTExZTYtOGY4OC0zNDM2M2JjN2M0YzAiOnsiY3JlYXRlIjoxODAwMDAwMDAwMDAwLCJkZWxldGUiOjE4MDAwMDAwMDAwMDAsInJlYWQiOjMwMDAwMDAwMDAwMCwidXBkYXRlIjoxODAwMDAwMDAwMDAwfX0=",
          "dependencies": [
            "data.azurerm_resources.document_db",
            "data.azurerm_resources.managed_clusters",
            "module.monitor_metric_alert.azurerm_monitor_action_group.critical_action_group_alert",
            "module.monitor_metric_alert.azurerm_monitor_action_group.high_action_group_alert",
            "module.monitor_metric_alert.random_string.random_6"
          ]
        },
        {
          "index_key": "High-IntegratedCacheItemHitRate",
          "schema_version": 0,
          "attributes": {
            "action": [
              {
                "action_group_id": "/subscriptions/78c78ae6-b8f6-44d9-88b7-cee29cd59d60/resourceGroups/fourkites-development/providers/microsoft.insights/actionGroups/action-group-high-alert-q8On4j",
                "webhook_properties": null
              }
            ],
            "application_insights_web_test_location_availability_criteria": [],
            "auto_mitigate": true,
            "criteria": [
              {
                "aggregation": "Average",
                "dimension": [],
                "metric_name": "IntegratedCacheItemHitRate",
                "metric_namespace": "Microsoft.DocumentDB/DatabaseAccounts",
                "operator": "GreaterThan",
                "skip_metric_validation": false,
                "threshold": 80
              }
            ],
            "description": "This is a High Integrated Cache Item Hit Rate Alert",
            "dynamic_criteria": [],
            "enabled": true,
            "frequency": "PT1M",
            "id": "/subscriptions/78c78ae6-b8f6-44d9-88b7-cee29cd59d60/resourceGroups/fourkites-development/providers/Microsoft.Insights/metricAlerts/High-IntegratedCacheItemHitRate",
            "name": "High-IntegratedCacheItemHitRate",
            "resource_group_name": "fourkites-development",
            "scopes": [
              "/subscriptions/78c78ae6-b8f6-44d9-88b7-cee29cd59d60/resourcegroups/fourkites-development/providers/microsoft.documentdb/databaseaccounts/fourkites-dev-table-account"
            ],
            "severity": 1,
            "tags": null,
            "target_resource_location": "",
            "target_resource_type": "",
            "timeouts": null,
            "window_size": "PT5M"
          },
          "sensitive_attributes": [],
          "private": "eyJlMmJmYjczMC1lY2FhLTExZTYtOGY4OC0zNDM2M2JjN2M0YzAiOnsiY3JlYXRlIjoxODAwMDAwMDAwMDAwLCJkZWxldGUiOjE4MDAwMDAwMDAwMDAsInJlYWQiOjMwMDAwMDAwMDAwMCwidXBkYXRlIjoxODAwMDAwMDAwMDAwfX0=",
          "dependencies": [
            "data.azurerm_resources.document_db",
            "data.azurerm_resources.managed_clusters",
            "module.monitor_metric_alert.azurerm_monitor_action_group.critical_action_group_alert",
            "module.monitor_metric_alert.azurerm_monitor_action_group.high_action_group_alert",
            "module.monitor_metric_alert.random_string.random_6"
          ]
        },
        {
          "index_key": "High-IntegratedCacheQueryHitRate",
          "schema_version": 0,
          "attributes": {
            "action": [
              {
                "action_group_id": "/subscriptions/78c78ae6-b8f6-44d9-88b7-cee29cd59d60/resourceGroups/fourkites-development/providers/microsoft.insights/actionGroups/action-group-high-alert-q8On4j",
                "webhook_properties": null
              }
            ],
            "application_insights_web_test_location_availability_criteria": [],
            "auto_mitigate": true,
            "criteria": [
              {
                "aggregation": "Average",
                "dimension": [],
                "metric_name": "IntegratedCacheQueryHitRate",
                "metric_namespace": "Microsoft.DocumentDB/DatabaseAccounts",
                "operator": "GreaterThan",
                "skip_metric_validation": false,
                "threshold": 80
              }
            ],
            "description": "This is a High Integrated Cache Query Hit Rate Alert",
            "dynamic_criteria": [],
            "enabled": true,
            "frequency": "PT1M",
            "id": "/subscriptions/78c78ae6-b8f6-44d9-88b7-cee29cd59d60/resourceGroups/fourkites-development/providers/Microsoft.Insights/metricAlerts/High-IntegratedCacheQueryHitRate",
            "name": "High-IntegratedCacheQueryHitRate",
            "resource_group_name": "fourkites-development",
            "scopes": [
              "/subscriptions/78c78ae6-b8f6-44d9-88b7-cee29cd59d60/resourcegroups/fourkites-development/providers/microsoft.documentdb/databaseaccounts/fourkites-dev-table-account"
            ],
            "severity": 1,
            "tags": null,
            "target_resource_location": "",
            "target_resource_type": "",
            "timeouts": null,
            "window_size": "PT5M"
          },
          "sensitive_attributes": [],
          "private": "eyJlMmJmYjczMC1lY2FhLTExZTYtOGY4OC0zNDM2M2JjN2M0YzAiOnsiY3JlYXRlIjoxODAwMDAwMDAwMDAwLCJkZWxldGUiOjE4MDAwMDAwMDAwMDAsInJlYWQiOjMwMDAwMDAwMDAwMCwidXBkYXRlIjoxODAwMDAwMDAwMDAwfX0=",
          "dependencies": [
            "data.azurerm_resources.document_db",
            "data.azurerm_resources.managed_clusters",
            "module.monitor_metric_alert.azurerm_monitor_action_group.critical_action_group_alert",
            "module.monitor_metric_alert.azurerm_monitor_action_group.high_action_group_alert",
            "module.monitor_metric_alert.random_string.random_6"
          ]
        },
        {
          "index_key": "High-MongoCollectionCreate",
          "schema_version": 0,
          "attributes": {
            "action": [
              {
                "action_group_id": "/subscriptions/78c78ae6-b8f6-44d9-88b7-cee29cd59d60/resourceGroups/fourkites-development/providers/microsoft.insights/actionGroups/action-group-high-alert-q8On4j",
                "webhook_properties": null
              }
            ],
            "application_insights_web_test_location_availability_criteria": [],
            "auto_mitigate": true,
            "criteria": [
              {
                "aggregation": "Count",
                "dimension": [],
                "metric_name": "MongoCollectionCreate",
                "metric_namespace": "Microsoft.DocumentDB/DatabaseAccounts",
                "operator": "GreaterThan",
                "skip_metric_validation": false,
                "threshold": 400
              }
            ],
            "description": "This is a High Mongo Collection Create Alert",
            "dynamic_criteria": [],
            "enabled": true,
            "frequency": "PT1M",
            "id": "/subscriptions/78c78ae6-b8f6-44d9-88b7-cee29cd59d60/resourceGroups/fourkites-development/providers/Microsoft.Insights/metricAlerts/High-MongoCollectionCreate",
            "name": "High-MongoCollectionCreate",
            "resource_group_name": "fourkites-development",
            "scopes": [
              "/subscriptions/78c78ae6-b8f6-44d9-88b7-cee29cd59d60/resourcegroups/fourkites-development/providers/microsoft.documentdb/databaseaccounts/fourkites-dev-table-account"
            ],
            "severity": 1,
            "tags": null,
            "target_resource_location": "",
            "target_resource_type": "",
            "timeouts": null,
            "window_size": "PT5M"
          },
          "sensitive_attributes": [],
          "private": "eyJlMmJmYjczMC1lY2FhLTExZTYtOGY4OC0zNDM2M2JjN2M0YzAiOnsiY3JlYXRlIjoxODAwMDAwMDAwMDAwLCJkZWxldGUiOjE4MDAwMDAwMDAwMDAsInJlYWQiOjMwMDAwMDAwMDAwMCwidXBkYXRlIjoxODAwMDAwMDAwMDAwfX0=",
          "dependencies": [
            "data.azurerm_resources.document_db",
            "data.azurerm_resources.managed_clusters",
            "module.monitor_metric_alert.azurerm_monitor_action_group.critical_action_group_alert",
            "module.monitor_metric_alert.azurerm_monitor_action_group.high_action_group_alert",
            "module.monitor_metric_alert.random_string.random_6"
          ]
        },
        {
          "index_key": "High-MongoCollectionDelete",
          "schema_version": 0,
          "attributes": {
            "action": [
              {
                "action_group_id": "/subscriptions/78c78ae6-b8f6-44d9-88b7-cee29cd59d60/resourceGroups/fourkites-development/providers/microsoft.insights/actionGroups/action-group-high-alert-q8On4j",
                "webhook_properties": null
              }
            ],
            "application_insights_web_test_location_availability_criteria": [],
            "auto_mitigate": true,
            "criteria": [
              {
                "aggregation": "Count",
                "dimension": [],
                "metric_name": "MongoCollectionDelete",
                "metric_namespace": "Microsoft.DocumentDB/DatabaseAccounts",
                "operator": "GreaterThan",
                "skip_metric_validation": false,
                "threshold": 400
              }
            ],
            "description": "This is a High Mongo Collection Delete Alert",
            "dynamic_criteria": [],
            "enabled": true,
            "frequency": "PT1M",
            "id": "/subscriptions/78c78ae6-b8f6-44d9-88b7-cee29cd59d60/resourceGroups/fourkites-development/providers/Microsoft.Insights/metricAlerts/High-MongoCollectionDelete",
            "name": "High-MongoCollectionDelete",
            "resource_group_name": "fourkites-development",
            "scopes": [
              "/subscriptions/78c78ae6-b8f6-44d9-88b7-cee29cd59d60/resourcegroups/fourkites-development/providers/microsoft.documentdb/databaseaccounts/fourkites-dev-table-account"
            ],
            "severity": 1,
            "tags": null,
            "target_resource_location": "",
            "target_resource_type": "",
            "timeouts": null,
            "window_size": "PT5M"
          },
          "sensitive_attributes": [],
          "private": "eyJlMmJmYjczMC1lY2FhLTExZTYtOGY4OC0zNDM2M2JjN2M0YzAiOnsiY3JlYXRlIjoxODAwMDAwMDAwMDAwLCJkZWxldGUiOjE4MDAwMDAwMDAwMDAsInJlYWQiOjMwMDAwMDAwMDAwMCwidXBkYXRlIjoxODAwMDAwMDAwMDAwfX0=",
          "dependencies": [
            "data.azurerm_resources.document_db",
            "data.azurerm_resources.managed_clusters",
            "module.monitor_metric_alert.azurerm_monitor_action_group.critical_action_group_alert",
            "module.monitor_metric_alert.azurerm_monitor_action_group.high_action_group_alert",
            "module.monitor_metric_alert.random_string.random_6"
          ]
        },
        {
          "index_key": "High-MongoDBDatabaseCreate",
          "schema_version": 0,
          "attributes": {
            "action": [
              {
                "action_group_id": "/subscriptions/78c78ae6-b8f6-44d9-88b7-cee29cd59d60/resourceGroups/fourkites-development/providers/microsoft.insights/actionGroups/action-group-high-alert-q8On4j",
                "webhook_properties": null
              }
            ],
            "application_insights_web_test_location_availability_criteria": [],
            "auto_mitigate": true,
            "criteria": [
              {
                "aggregation": "Count",
                "dimension": [],
                "metric_name": "MongoDBDatabaseCreate",
                "metric_namespace": "Microsoft.DocumentDB/DatabaseAccounts",
                "operator": "GreaterThan",
                "skip_metric_validation": false,
                "threshold": 3
              }
            ],
            "description": "This is a High MongoDB Database Create Alert",
            "dynamic_criteria": [],
            "enabled": true,
            "frequency": "PT1M",
            "id": "/subscriptions/78c78ae6-b8f6-44d9-88b7-cee29cd59d60/resourceGroups/fourkites-development/providers/Microsoft.Insights/metricAlerts/High-MongoDBDatabaseCreate",
            "name": "High-MongoDBDatabaseCreate",
            "resource_group_name": "fourkites-development",
            "scopes": [
              "/subscriptions/78c78ae6-b8f6-44d9-88b7-cee29cd59d60/resourcegroups/fourkites-development/providers/microsoft.documentdb/databaseaccounts/fourkites-dev-table-account"
            ],
            "severity": 1,
            "tags": null,
            "target_resource_location": "",
            "target_resource_type": "",
            "timeouts": null,
            "window_size": "PT5M"
          },
          "sensitive_attributes": [],
          "private": "eyJlMmJmYjczMC1lY2FhLTExZTYtOGY4OC0zNDM2M2JjN2M0YzAiOnsiY3JlYXRlIjoxODAwMDAwMDAwMDAwLCJkZWxldGUiOjE4MDAwMDAwMDAwMDAsInJlYWQiOjMwMDAwMDAwMDAwMCwidXBkYXRlIjoxODAwMDAwMDAwMDAwfX0=",
          "dependencies": [
            "data.azurerm_resources.document_db",
            "data.azurerm_resources.managed_clusters",
            "module.monitor_metric_alert.azurerm_monitor_action_group.critical_action_group_alert",
            "module.monitor_metric_alert.azurerm_monitor_action_group.high_action_group_alert",
            "module.monitor_metric_alert.random_string.random_6"
          ]
        },
        {
          "index_key": "High-MongoDatabaseDelete",
          "schema_version": 0,
          "attributes": {
            "action": [
              {
                "action_group_id": "/subscriptions/78c78ae6-b8f6-44d9-88b7-cee29cd59d60/resourceGroups/fourkites-development/providers/microsoft.insights/actionGroups/action-group-high-alert-q8On4j",
                "webhook_properties": null
              }
            ],
            "application_insights_web_test_location_availability_criteria": [],
            "auto_mitigate": true,
            "criteria": [
              {
                "aggregation": "Count",
                "dimension": [],
                "metric_name": "MongoDatabaseDelete",
                "metric_namespace": "Microsoft.DocumentDB/DatabaseAccounts",
                "operator": "GreaterThan",
                "skip_metric_validation": false,
                "threshold": 7
              }
            ],
            "description": "This is a High Mongo Database Delete Alert",
            "dynamic_criteria": [],
            "enabled": true,
            "frequency": "PT1M",
            "id": "/subscriptions/78c78ae6-b8f6-44d9-88b7-cee29cd59d60/resourceGroups/fourkites-development/providers/Microsoft.Insights/metricAlerts/High-MongoDatabaseDelete",
            "name": "High-MongoDatabaseDelete",
            "resource_group_name": "fourkites-development",
            "scopes": [
              "/subscriptions/78c78ae6-b8f6-44d9-88b7-cee29cd59d60/resourcegroups/fourkites-development/providers/microsoft.documentdb/databaseaccounts/fourkites-dev-table-account"
            ],
            "severity": 1,
            "tags": null,
            "target_resource_location": "",
            "target_resource_type": "",
            "timeouts": null,
            "window_size": "PT5M"
          },
          "sensitive_attributes": [],
          "private": "eyJlMmJmYjczMC1lY2FhLTExZTYtOGY4OC0zNDM2M2JjN2M0YzAiOnsiY3JlYXRlIjoxODAwMDAwMDAwMDAwLCJkZWxldGUiOjE4MDAwMDAwMDAwMDAsInJlYWQiOjMwMDAwMDAwMDAwMCwidXBkYXRlIjoxODAwMDAwMDAwMDAwfX0=",
          "dependencies": [
            "data.azurerm_resources.document_db",
            "data.azurerm_resources.managed_clusters",
            "module.monitor_metric_alert.azurerm_monitor_action_group.critical_action_group_alert",
            "module.monitor_metric_alert.azurerm_monitor_action_group.high_action_group_alert",
            "module.monitor_metric_alert.random_string.random_6"
          ]
        },
        {
          "index_key": "High-MongoRequestCharge",
          "schema_version": 0,
          "attributes": {
            "action": [
              {
                "action_group_id": "/subscriptions/78c78ae6-b8f6-44d9-88b7-cee29cd59d60/resourceGroups/fourkites-development/providers/microsoft.insights/actionGroups/action-group-high-alert-q8On4j",
                "webhook_properties": null
              }
            ],
            "application_insights_web_test_location_availability_criteria": [],
            "auto_mitigate": true,
            "criteria": [
              {
                "aggregation": "Total",
                "dimension": [],
                "metric_name": "MongoRequestCharge",
                "metric_namespace": "Microsoft.DocumentDB/DatabaseAccounts",
                "operator": "GreaterThan",
                "skip_metric_validation": false,
                "threshold": 3
              }
            ],
            "description": "This is a High Mongo Request Charge Alert",
            "dynamic_criteria": [],
            "enabled": true,
            "frequency": "PT1M",
            "id": "/subscriptions/78c78ae6-b8f6-44d9-88b7-cee29cd59d60/resourceGroups/fourkites-development/providers/Microsoft.Insights/metricAlerts/High-MongoRequestCharge",
            "name": "High-MongoRequestCharge",
            "resource_group_name": "fourkites-development",
            "scopes": [
              "/subscriptions/78c78ae6-b8f6-44d9-88b7-cee29cd59d60/resourcegroups/fourkites-development/providers/microsoft.documentdb/databaseaccounts/fourkites-dev-table-account"
            ],
            "severity": 1,
            "tags": null,
            "target_resource_location": "",
            "target_resource_type": "",
            "timeouts": null,
            "window_size": "PT5M"
          },
          "sensitive_attributes": [],
          "private": "eyJlMmJmYjczMC1lY2FhLTExZTYtOGY4OC0zNDM2M2JjN2M0YzAiOnsiY3JlYXRlIjoxODAwMDAwMDAwMDAwLCJkZWxldGUiOjE4MDAwMDAwMDAwMDAsInJlYWQiOjMwMDAwMDAwMDAwMCwidXBkYXRlIjoxODAwMDAwMDAwMDAwfX0=",
          "dependencies": [
            "data.azurerm_resources.document_db",
            "data.azurerm_resources.managed_clusters",
            "module.monitor_metric_alert.azurerm_monitor_action_group.critical_action_group_alert",
            "module.monitor_metric_alert.azurerm_monitor_action_group.high_action_group_alert",
            "module.monitor_metric_alert.random_string.random_6"
          ]
        },
        {
          "index_key": "High-MongoRequests",
          "schema_version": 0,
          "attributes": {
            "action": [
              {
                "action_group_id": "/subscriptions/78c78ae6-b8f6-44d9-88b7-cee29cd59d60/resourceGroups/fourkites-development/providers/microsoft.insights/actionGroups/action-group-high-alert-q8On4j",
                "webhook_properties": null
              }
            ],
            "application_insights_web_test_location_availability_criteria": [],
            "auto_mitigate": true,
            "criteria": [
              {
                "aggregation": "Count",
                "dimension": [],
                "metric_name": "MongoRequests",
                "metric_namespace": "Microsoft.DocumentDB/DatabaseAccounts",
                "operator": "GreaterThan",
                "skip_metric_validation": false,
                "threshold": 40
              }
            ],
            "description": "This is a High Mongo Requests Alert",
            "dynamic_criteria": [],
            "enabled": true,
            "frequency": "PT1M",
            "id": "/subscriptions/78c78ae6-b8f6-44d9-88b7-cee29cd59d60/resourceGroups/fourkites-development/providers/Microsoft.Insights/metricAlerts/High-MongoRequests",
            "name": "High-MongoRequests",
            "resource_group_name": "fourkites-development",
            "scopes": [
              "/subscriptions/78c78ae6-b8f6-44d9-88b7-cee29cd59d60/resourcegroups/fourkites-development/providers/microsoft.documentdb/databaseaccounts/fourkites-dev-table-account"
            ],
            "severity": 1,
            "tags": null,
            "target_resource_location": "",
            "target_resource_type": "",
            "timeouts": null,
            "window_size": "PT5M"
          },
          "sensitive_attributes": [],
          "private": "eyJlMmJmYjczMC1lY2FhLTExZTYtOGY4OC0zNDM2M2JjN2M0YzAiOnsiY3JlYXRlIjoxODAwMDAwMDAwMDAwLCJkZWxldGUiOjE4MDAwMDAwMDAwMDAsInJlYWQiOjMwMDAwMDAwMDAwMCwidXBkYXRlIjoxODAwMDAwMDAwMDAwfX0=",
          "dependencies": [
            "data.azurerm_resources.document_db",
            "data.azurerm_resources.managed_clusters",
            "module.monitor_metric_alert.azurerm_monitor_action_group.critical_action_group_alert",
            "module.monitor_metric_alert.azurerm_monitor_action_group.high_action_group_alert",
            "module.monitor_metric_alert.random_string.random_6"
          ]
        },
        {
          "index_key": "High-RegionFailover",
          "schema_version": 0,
          "attributes": {
            "action": [
              {
                "action_group_id": "/subscriptions/78c78ae6-b8f6-44d9-88b7-cee29cd59d60/resourceGroups/fourkites-development/providers/microsoft.insights/actionGroups/action-group-high-alert-q8On4j",
                "webhook_properties": null
              }
            ],
            "application_insights_web_test_location_availability_criteria": [],
            "auto_mitigate": true,
            "criteria": [
              {
                "aggregation": "Count",
                "dimension": [],
                "metric_name": "RegionFailover",
                "metric_namespace": "Microsoft.DocumentDB/DatabaseAccounts",
                "operator": "LessThan",
                "skip_metric_validation": false,
                "threshold": 10
              }
            ],
            "description": "This is a High Region Failover Alert",
            "dynamic_criteria": [],
            "enabled": true,
            "frequency": "PT1M",
            "id": "/subscriptions/78c78ae6-b8f6-44d9-88b7-cee29cd59d60/resourceGroups/fourkites-development/providers/Microsoft.Insights/metricAlerts/High-RegionFailover",
            "name": "High-RegionFailover",
            "resource_group_name": "fourkites-development",
            "scopes": [
              "/subscriptions/78c78ae6-b8f6-44d9-88b7-cee29cd59d60/resourcegroups/fourkites-development/providers/microsoft.documentdb/databaseaccounts/fourkites-dev-table-account"
            ],
            "severity": 1,
            "tags": null,
            "target_resource_location": "",
            "target_resource_type": "",
            "timeouts": null,
            "window_size": "PT5M"
          },
          "sensitive_attributes": [],
          "private": "eyJlMmJmYjczMC1lY2FhLTExZTYtOGY4OC0zNDM2M2JjN2M0YzAiOnsiY3JlYXRlIjoxODAwMDAwMDAwMDAwLCJkZWxldGUiOjE4MDAwMDAwMDAwMDAsInJlYWQiOjMwMDAwMDAwMDAwMCwidXBkYXRlIjoxODAwMDAwMDAwMDAwfX0=",
          "dependencies": [
            "data.azurerm_resources.document_db",
            "data.azurerm_resources.managed_clusters",
            "module.monitor_metric_alert.azurerm_monitor_action_group.critical_action_group_alert",
            "module.monitor_metric_alert.azurerm_monitor_action_group.high_action_group_alert",
            "module.monitor_metric_alert.random_string.random_6"
          ]
        },
        {
          "index_key": "High-ReplicationLatency",
          "schema_version": 0,
          "attributes": {
            "action": [
              {
                "action_group_id": "/subscriptions/78c78ae6-b8f6-44d9-88b7-cee29cd59d60/resourceGroups/fourkites-development/providers/microsoft.insights/actionGroups/action-group-high-alert-q8On4j",
                "webhook_properties": null
              }
            ],
            "application_insights_web_test_location_availability_criteria": [],
            "auto_mitigate": true,
            "criteria": [
              {
                "aggregation": "Average",
                "dimension": [],
                "metric_name": "ReplicationLatency",
                "metric_namespace": "Microsoft.DocumentDB/DatabaseAccounts",
                "operator": "GreaterThan",
                "skip_metric_validation": false,
                "threshold": 50
              }
            ],
            "description": "This is a High Replication Latency Alert",
            "dynamic_criteria": [],
            "enabled": true,
            "frequency": "PT1M",
            "id": "/subscriptions/78c78ae6-b8f6-44d9-88b7-cee29cd59d60/resourceGroups/fourkites-development/providers/Microsoft.Insights/metricAlerts/High-ReplicationLatency",
            "name": "High-ReplicationLatency",
            "resource_group_name": "fourkites-development",
            "scopes": [
              "/subscriptions/78c78ae6-b8f6-44d9-88b7-cee29cd59d60/resourcegroups/fourkites-development/providers/microsoft.documentdb/databaseaccounts/fourkites-dev-table-account"
            ],
            "severity": 1,
            "tags": null,
            "target_resource_location": "",
            "target_resource_type": "",
            "timeouts": null,
            "window_size": "PT5M"
          },
          "sensitive_attributes": [],
          "private": "eyJlMmJmYjczMC1lY2FhLTExZTYtOGY4OC0zNDM2M2JjN2M0YzAiOnsiY3JlYXRlIjoxODAwMDAwMDAwMDAwLCJkZWxldGUiOjE4MDAwMDAwMDAwMDAsInJlYWQiOjMwMDAwMDAwMDAwMCwidXBkYXRlIjoxODAwMDAwMDAwMDAwfX0=",
          "dependencies": [
            "data.azurerm_resources.document_db",
            "data.azurerm_resources.managed_clusters",
            "module.monitor_metric_alert.azurerm_monitor_action_group.critical_action_group_alert",
            "module.monitor_metric_alert.azurerm_monitor_action_group.high_action_group_alert",
            "module.monitor_metric_alert.random_string.random_6"
          ]
        },
        {
          "index_key": "High-ServerSideLatency",
          "schema_version": 0,
          "attributes": {
            "action": [
              {
                "action_group_id": "/subscriptions/78c78ae6-b8f6-44d9-88b7-cee29cd59d60/resourceGroups/fourkites-development/providers/microsoft.insights/actionGroups/action-group-high-alert-q8On4j",
                "webhook_properties": null
              }
            ],
            "application_insights_web_test_location_availability_criteria": [],
            "auto_mitigate": true,
            "criteria": [
              {
                "aggregation": "Average",
                "dimension": [],
                "metric_name": "ServerSideLatency",
                "metric_namespace": "Microsoft.DocumentDB/DatabaseAccounts",
                "operator": "GreaterThan",
                "skip_metric_validation": false,
                "threshold": 50
              }
            ],
            "description": "This is a High Server Side Latency Alert",
            "dynamic_criteria": [],
            "enabled": true,
            "frequency": "PT1M",
            "id": "/subscriptions/78c78ae6-b8f6-44d9-88b7-cee29cd59d60/resourceGroups/fourkites-development/providers/Microsoft.Insights/metricAlerts/High-ServerSideLatency",
            "name": "High-ServerSideLatency",
            "resource_group_name": "fourkites-development",
            "scopes": [
              "/subscriptions/78c78ae6-b8f6-44d9-88b7-cee29cd59d60/resourcegroups/fourkites-development/providers/microsoft.documentdb/databaseaccounts/fourkites-dev-table-account"
            ],
            "severity": 1,
            "tags": null,
            "target_resource_location": "",
            "target_resource_type": "",
            "timeouts": null,
            "window_size": "PT5M"
          },
          "sensitive_attributes": [],
          "private": "eyJlMmJmYjczMC1lY2FhLTExZTYtOGY4OC0zNDM2M2JjN2M0YzAiOnsiY3JlYXRlIjoxODAwMDAwMDAwMDAwLCJkZWxldGUiOjE4MDAwMDAwMDAwMDAsInJlYWQiOjMwMDAwMDAwMDAwMCwidXBkYXRlIjoxODAwMDAwMDAwMDAwfX0=",
          "dependencies": [
            "data.azurerm_resources.document_db",
            "data.azurerm_resources.managed_clusters",
            "module.monitor_metric_alert.azurerm_monitor_action_group.critical_action_group_alert",
            "module.monitor_metric_alert.azurerm_monitor_action_group.high_action_group_alert",
            "module.monitor_metric_alert.random_string.random_6"
          ]
        },
        {
          "index_key": "High-ServiceAvailability",
          "schema_version": 0,
          "attributes": {
            "action": [
              {
                "action_group_id": "/subscriptions/78c78ae6-b8f6-44d9-88b7-cee29cd59d60/resourceGroups/fourkites-development/providers/microsoft.insights/actionGroups/action-group-high-alert-q8On4j",
                "webhook_properties": null
              }
            ],
            "application_insights_web_test_location_availability_criteria": [],
            "auto_mitigate": true,
            "criteria": [
              {
                "aggregation": "Average",
                "dimension": [],
                "metric_name": "ServiceAvailability",
                "metric_namespace": "Microsoft.DocumentDB/DatabaseAccounts",
                "operator": "GreaterThan",
                "skip_metric_validation": false,
                "threshold": 80
              }
            ],
            "description": "This is a High Service Availability Alert",
            "dynamic_criteria": [],
            "enabled": true,
            "frequency": "PT1M",
            "id": "/subscriptions/78c78ae6-b8f6-44d9-88b7-cee29cd59d60/resourceGroups/fourkites-development/providers/Microsoft.Insights/metricAlerts/High-ServiceAvailability",
            "name": "High-ServiceAvailability",
            "resource_group_name": "fourkites-development",
            "scopes": [
              "/subscriptions/78c78ae6-b8f6-44d9-88b7-cee29cd59d60/resourcegroups/fourkites-development/providers/microsoft.documentdb/databaseaccounts/fourkites-dev-table-account"
            ],
            "severity": 1,
            "tags": null,
            "target_resource_location": "",
            "target_resource_type": "",
            "timeouts": null,
            "window_size": "PT1H"
          },
          "sensitive_attributes": [],
          "private": "eyJlMmJmYjczMC1lY2FhLTExZTYtOGY4OC0zNDM2M2JjN2M0YzAiOnsiY3JlYXRlIjoxODAwMDAwMDAwMDAwLCJkZWxldGUiOjE4MDAwMDAwMDAwMDAsInJlYWQiOjMwMDAwMDAwMDAwMCwidXBkYXRlIjoxODAwMDAwMDAwMDAwfX0=",
          "dependencies": [
            "data.azurerm_resources.document_db",
            "data.azurerm_resources.managed_clusters",
            "module.monitor_metric_alert.azurerm_monitor_action_group.critical_action_group_alert",
            "module.monitor_metric_alert.azurerm_monitor_action_group.high_action_group_alert",
            "module.monitor_metric_alert.random_string.random_6"
          ]
        },
        {
          "index_key": "High-SqlContainerCreate",
          "schema_version": 0,
          "attributes": {
            "action": [
              {
                "action_group_id": "/subscriptions/78c78ae6-b8f6-44d9-88b7-cee29cd59d60/resourceGroups/fourkites-development/providers/microsoft.insights/actionGroups/action-group-high-alert-q8On4j",
                "webhook_properties": null
              }
            ],
            "application_insights_web_test_location_availability_criteria": [],
            "auto_mitigate": true,
            "criteria": [
              {
                "aggregation": "Count",
                "dimension": [],
                "metric_name": "SqlContainerCreate",
                "metric_namespace": "Microsoft.DocumentDB/DatabaseAccounts",
                "operator": "GreaterThan",
                "skip_metric_validation": false,
                "threshold": 80
              }
            ],
            "description": "This is a High Sql Container Create Alert",
            "dynamic_criteria": [],
            "enabled": true,
            "frequency": "PT1M",
            "id": "/subscriptions/78c78ae6-b8f6-44d9-88b7-cee29cd59d60/resourceGroups/fourkites-development/providers/Microsoft.Insights/metricAlerts/High-SqlContainerCreate",
            "name": "High-SqlContainerCreate",
            "resource_group_name": "fourkites-development",
            "scopes": [
              "/subscriptions/78c78ae6-b8f6-44d9-88b7-cee29cd59d60/resourcegroups/fourkites-development/providers/microsoft.documentdb/databaseaccounts/fourkites-dev-table-account"
            ],
            "severity": 1,
            "tags": null,
            "target_resource_location": "",
            "target_resource_type": "",
            "timeouts": null,
            "window_size": "PT5M"
          },
          "sensitive_attributes": [],
          "private": "eyJlMmJmYjczMC1lY2FhLTExZTYtOGY4OC0zNDM2M2JjN2M0YzAiOnsiY3JlYXRlIjoxODAwMDAwMDAwMDAwLCJkZWxldGUiOjE4MDAwMDAwMDAwMDAsInJlYWQiOjMwMDAwMDAwMDAwMCwidXBkYXRlIjoxODAwMDAwMDAwMDAwfX0=",
          "dependencies": [
            "data.azurerm_resources.document_db",
            "data.azurerm_resources.managed_clusters",
            "module.monitor_metric_alert.azurerm_monitor_action_group.critical_action_group_alert",
            "module.monitor_metric_alert.azurerm_monitor_action_group.high_action_group_alert",
            "module.monitor_metric_alert.random_string.random_6"
          ]
        },
        {
          "index_key": "High-SqlContainerDelete",
          "schema_version": 0,
          "attributes": {
            "action": [
              {
                "action_group_id": "/subscriptions/78c78ae6-b8f6-44d9-88b7-cee29cd59d60/resourceGroups/fourkites-development/providers/microsoft.insights/actionGroups/action-group-high-alert-q8On4j",
                "webhook_properties": null
              }
            ],
            "application_insights_web_test_location_availability_criteria": [],
            "auto_mitigate": true,
            "criteria": [
              {
                "aggregation": "Count",
                "dimension": [],
                "metric_name": "SqlContainerDelete",
                "metric_namespace": "Microsoft.DocumentDB/DatabaseAccounts",
                "operator": "GreaterThan",
                "skip_metric_validation": false,
                "threshold": 8
              }
            ],
            "description": "This is a High Sql Container Delete Alert",
            "dynamic_criteria": [],
            "enabled": true,
            "frequency": "PT1M",
            "id": "/subscriptions/78c78ae6-b8f6-44d9-88b7-cee29cd59d60/resourceGroups/fourkites-development/providers/Microsoft.Insights/metricAlerts/High-SqlContainerDelete",
            "name": "High-SqlContainerDelete",
            "resource_group_name": "fourkites-development",
            "scopes": [
              "/subscriptions/78c78ae6-b8f6-44d9-88b7-cee29cd59d60/resourcegroups/fourkites-development/providers/microsoft.documentdb/databaseaccounts/fourkites-dev-table-account"
            ],
            "severity": 1,
            "tags": null,
            "target_resource_location": "",
            "target_resource_type": "",
            "timeouts": null,
            "window_size": "PT5M"
          },
          "sensitive_attributes": [],
          "private": "eyJlMmJmYjczMC1lY2FhLTExZTYtOGY4OC0zNDM2M2JjN2M0YzAiOnsiY3JlYXRlIjoxODAwMDAwMDAwMDAwLCJkZWxldGUiOjE4MDAwMDAwMDAwMDAsInJlYWQiOjMwMDAwMDAwMDAwMCwidXBkYXRlIjoxODAwMDAwMDAwMDAwfX0=",
          "dependencies": [
            "data.azurerm_resources.document_db",
            "data.azurerm_resources.managed_clusters",
            "module.monitor_metric_alert.azurerm_monitor_action_group.critical_action_group_alert",
            "module.monitor_metric_alert.azurerm_monitor_action_group.high_action_group_alert",
            "module.monitor_metric_alert.random_string.random_6"
          ]
        },
        {
          "index_key": "High-SqlDatabaseCreate",
          "schema_version": 0,
          "attributes": {
            "action": [
              {
                "action_group_id": "/subscriptions/78c78ae6-b8f6-44d9-88b7-cee29cd59d60/resourceGroups/fourkites-development/providers/microsoft.insights/actionGroups/action-group-high-alert-q8On4j",
                "webhook_properties": null
              }
            ],
            "application_insights_web_test_location_availability_criteria": [],
            "auto_mitigate": true,
            "criteria": [
              {
                "aggregation": "Count",
                "dimension": [],
                "metric_name": "SqlDatabaseCreate",
                "metric_namespace": "Microsoft.DocumentDB/DatabaseAccounts",
                "operator": "GreaterThan",
                "skip_metric_validation": false,
                "threshold": 8
              }
            ],
            "description": "This is a High Sql Database Create Alert",
            "dynamic_criteria": [],
            "enabled": true,
            "frequency": "PT1M",
            "id": "/subscriptions/78c78ae6-b8f6-44d9-88b7-cee29cd59d60/resourceGroups/fourkites-development/providers/Microsoft.Insights/metricAlerts/High-SqlDatabaseCreate",
            "name": "High-SqlDatabaseCreate",
            "resource_group_name": "fourkites-development",
            "scopes": [
              "/subscriptions/78c78ae6-b8f6-44d9-88b7-cee29cd59d60/resourcegroups/fourkites-development/providers/microsoft.documentdb/databaseaccounts/fourkites-dev-table-account"
            ],
            "severity": 1,
            "tags": null,
            "target_resource_location": "",
            "target_resource_type": "",
            "timeouts": null,
            "window_size": "PT5M"
          },
          "sensitive_attributes": [],
          "private": "eyJlMmJmYjczMC1lY2FhLTExZTYtOGY4OC0zNDM2M2JjN2M0YzAiOnsiY3JlYXRlIjoxODAwMDAwMDAwMDAwLCJkZWxldGUiOjE4MDAwMDAwMDAwMDAsInJlYWQiOjMwMDAwMDAwMDAwMCwidXBkYXRlIjoxODAwMDAwMDAwMDAwfX0=",
          "dependencies": [
            "data.azurerm_resources.document_db",
            "data.azurerm_resources.managed_clusters",
            "module.monitor_metric_alert.azurerm_monitor_action_group.critical_action_group_alert",
            "module.monitor_metric_alert.azurerm_monitor_action_group.high_action_group_alert",
            "module.monitor_metric_alert.random_string.random_6"
          ]
        },
        {
          "index_key": "High-SqlDatabaseDelete",
          "schema_version": 0,
          "attributes": {
            "action": [
              {
                "action_group_id": "/subscriptions/78c78ae6-b8f6-44d9-88b7-cee29cd59d60/resourceGroups/fourkites-development/providers/microsoft.insights/actionGroups/action-group-high-alert-q8On4j",
                "webhook_properties": null
              }
            ],
            "application_insights_web_test_location_availability_criteria": [],
            "auto_mitigate": true,
            "criteria": [
              {
                "aggregation": "Count",
                "dimension": [],
                "metric_name": "SqlDatabaseDelete",
                "metric_namespace": "Microsoft.DocumentDB/DatabaseAccounts",
                "operator": "GreaterThan",
                "skip_metric_validation": false,
                "threshold": 8
              }
            ],
            "description": "This is a High Sql Database Delete Alert",
            "dynamic_criteria": [],
            "enabled": true,
            "frequency": "PT1M",
            "id": "/subscriptions/78c78ae6-b8f6-44d9-88b7-cee29cd59d60/resourceGroups/fourkites-development/providers/Microsoft.Insights/metricAlerts/High-SqlDatabaseDelete",
            "name": "High-SqlDatabaseDelete",
            "resource_group_name": "fourkites-development",
            "scopes": [
              "/subscriptions/78c78ae6-b8f6-44d9-88b7-cee29cd59d60/resourcegroups/fourkites-development/providers/microsoft.documentdb/databaseaccounts/fourkites-dev-table-account"
            ],
            "severity": 1,
            "tags": null,
            "target_resource_location": "",
            "target_resource_type": "",
            "timeouts": null,
            "window_size": "PT5M"
          },
          "sensitive_attributes": [],
          "private": "eyJlMmJmYjczMC1lY2FhLTExZTYtOGY4OC0zNDM2M2JjN2M0YzAiOnsiY3JlYXRlIjoxODAwMDAwMDAwMDAwLCJkZWxldGUiOjE4MDAwMDAwMDAwMDAsInJlYWQiOjMwMDAwMDAwMDAwMCwidXBkYXRlIjoxODAwMDAwMDAwMDAwfX0=",
          "dependencies": [
            "data.azurerm_resources.document_db",
            "data.azurerm_resources.managed_clusters",
            "module.monitor_metric_alert.azurerm_monitor_action_group.critical_action_group_alert",
            "module.monitor_metric_alert.azurerm_monitor_action_group.high_action_group_alert",
            "module.monitor_metric_alert.random_string.random_6"
          ]
        },
        {
          "index_key": "High-SqlDatabaseUpdate",
          "schema_version": 0,
          "attributes": {
            "action": [
              {
                "action_group_id": "/subscriptions/78c78ae6-b8f6-44d9-88b7-cee29cd59d60/resourceGroups/fourkites-development/providers/microsoft.insights/actionGroups/action-group-high-alert-q8On4j",
                "webhook_properties": null
              }
            ],
            "application_insights_web_test_location_availability_criteria": [],
            "auto_mitigate": true,
            "criteria": [
              {
                "aggregation": "Count",
                "dimension": [],
                "metric_name": "SqlDatabaseUpdate",
                "metric_namespace": "Microsoft.DocumentDB/DatabaseAccounts",
                "operator": "GreaterThan",
                "skip_metric_validation": false,
                "threshold": 8
              }
            ],
            "description": "This is a High Sql Database Update Alert",
            "dynamic_criteria": [],
            "enabled": true,
            "frequency": "PT1M",
            "id": "/subscriptions/78c78ae6-b8f6-44d9-88b7-cee29cd59d60/resourceGroups/fourkites-development/providers/Microsoft.Insights/metricAlerts/High-SqlDatabaseUpdate",
            "name": "High-SqlDatabaseUpdate",
            "resource_group_name": "fourkites-development",
            "scopes": [
              "/subscriptions/78c78ae6-b8f6-44d9-88b7-cee29cd59d60/resourcegroups/fourkites-development/providers/microsoft.documentdb/databaseaccounts/fourkites-dev-table-account"
            ],
            "severity": 1,
            "tags": null,
            "target_resource_location": "",
            "target_resource_type": "",
            "timeouts": null,
            "window_size": "PT5M"
          },
          "sensitive_attributes": [],
          "private": "eyJlMmJmYjczMC1lY2FhLTExZTYtOGY4OC0zNDM2M2JjN2M0YzAiOnsiY3JlYXRlIjoxODAwMDAwMDAwMDAwLCJkZWxldGUiOjE4MDAwMDAwMDAwMDAsInJlYWQiOjMwMDAwMDAwMDAwMCwidXBkYXRlIjoxODAwMDAwMDAwMDAwfX0=",
          "dependencies": [
            "data.azurerm_resources.document_db",
            "data.azurerm_resources.managed_clusters",
            "module.monitor_metric_alert.azurerm_monitor_action_group.critical_action_group_alert",
            "module.monitor_metric_alert.azurerm_monitor_action_group.high_action_group_alert",
            "module.monitor_metric_alert.random_string.random_6"
          ]
        },
        {
          "index_key": "High-TableTableCreate",
          "schema_version": 0,
          "attributes": {
            "action": [
              {
                "action_group_id": "/subscriptions/78c78ae6-b8f6-44d9-88b7-cee29cd59d60/resourceGroups/fourkites-development/providers/microsoft.insights/actionGroups/action-group-high-alert-q8On4j",
                "webhook_properties": null
              }
            ],
            "application_insights_web_test_location_availability_criteria": [],
            "auto_mitigate": true,
            "criteria": [
              {
                "aggregation": "Count",
                "dimension": [],
                "metric_name": "TableTableCreate",
                "metric_namespace": "Microsoft.DocumentDB/DatabaseAccounts",
                "operator": "GreaterThan",
                "skip_metric_validation": false,
                "threshold": 8
              }
            ],
            "description": "This is a High Table Table Create Alert",
            "dynamic_criteria": [],
            "enabled": true,
            "frequency": "PT1M",
            "id": "/subscriptions/78c78ae6-b8f6-44d9-88b7-cee29cd59d60/resourceGroups/fourkites-development/providers/Microsoft.Insights/metricAlerts/High-TableTableCreate",
            "name": "High-TableTableCreate",
            "resource_group_name": "fourkites-development",
            "scopes": [
              "/subscriptions/78c78ae6-b8f6-44d9-88b7-cee29cd59d60/resourcegroups/fourkites-development/providers/microsoft.documentdb/databaseaccounts/fourkites-dev-table-account"
            ],
            "severity": 1,
            "tags": null,
            "target_resource_location": "",
            "target_resource_type": "",
            "timeouts": null,
            "window_size": "PT5M"
          },
          "sensitive_attributes": [],
          "private": "eyJlMmJmYjczMC1lY2FhLTExZTYtOGY4OC0zNDM2M2JjN2M0YzAiOnsiY3JlYXRlIjoxODAwMDAwMDAwMDAwLCJkZWxldGUiOjE4MDAwMDAwMDAwMDAsInJlYWQiOjMwMDAwMDAwMDAwMCwidXBkYXRlIjoxODAwMDAwMDAwMDAwfX0=",
          "dependencies": [
            "data.azurerm_resources.document_db",
            "data.azurerm_resources.managed_clusters",
            "module.monitor_metric_alert.azurerm_monitor_action_group.critical_action_group_alert",
            "module.monitor_metric_alert.azurerm_monitor_action_group.high_action_group_alert",
            "module.monitor_metric_alert.random_string.random_6"
          ]
        },
        {
          "index_key": "High-TableTableDelete",
          "schema_version": 0,
          "attributes": {
            "action": [
              {
                "action_group_id": "/subscriptions/78c78ae6-b8f6-44d9-88b7-cee29cd59d60/resourceGroups/fourkites-development/providers/microsoft.insights/actionGroups/action-group-high-alert-q8On4j",
                "webhook_properties": null
              }
            ],
            "application_insights_web_test_location_availability_criteria": [],
            "auto_mitigate": true,
            "criteria": [
              {
                "aggregation": "Count",
                "dimension": [],
                "metric_name": "TableTableDelete",
                "metric_namespace": "Microsoft.DocumentDB/DatabaseAccounts",
                "operator": "GreaterThan",
                "skip_metric_validation": false,
                "threshold": 8
              }
            ],
            "description": "This is a High Table Table Delete Alert",
            "dynamic_criteria": [],
            "enabled": true,
            "frequency": "PT1M",
            "id": "/subscriptions/78c78ae6-b8f6-44d9-88b7-cee29cd59d60/resourceGroups/fourkites-development/providers/Microsoft.Insights/metricAlerts/High-TableTableDelete",
            "name": "High-TableTableDelete",
            "resource_group_name": "fourkites-development",
            "scopes": [
              "/subscriptions/78c78ae6-b8f6-44d9-88b7-cee29cd59d60/resourcegroups/fourkites-development/providers/microsoft.documentdb/databaseaccounts/fourkites-dev-table-account"
            ],
            "severity": 1,
            "tags": null,
            "target_resource_location": "",
            "target_resource_type": "",
            "timeouts": null,
            "window_size": "PT5M"
          },
          "sensitive_attributes": [],
          "private": "eyJlMmJmYjczMC1lY2FhLTExZTYtOGY4OC0zNDM2M2JjN2M0YzAiOnsiY3JlYXRlIjoxODAwMDAwMDAwMDAwLCJkZWxldGUiOjE4MDAwMDAwMDAwMDAsInJlYWQiOjMwMDAwMDAwMDAwMCwidXBkYXRlIjoxODAwMDAwMDAwMDAwfX0=",
          "dependencies": [
            "data.azurerm_resources.document_db",
            "data.azurerm_resources.managed_clusters",
            "module.monitor_metric_alert.azurerm_monitor_action_group.critical_action_group_alert",
            "module.monitor_metric_alert.azurerm_monitor_action_group.high_action_group_alert",
            "module.monitor_metric_alert.random_string.random_6"
          ]
        },
        {
          "index_key": "High-TotalRequests",
          "schema_version": 0,
          "attributes": {
            "action": [
              {
                "action_group_id": "/subscriptions/78c78ae6-b8f6-44d9-88b7-cee29cd59d60/resourceGroups/fourkites-development/providers/microsoft.insights/actionGroups/action-group-high-alert-q8On4j",
                "webhook_properties": null
              }
            ],
            "application_insights_web_test_location_availability_criteria": [],
            "auto_mitigate": true,
            "criteria": [
              {
                "aggregation": "Count",
                "dimension": [],
                "metric_name": "TotalRequests",
                "metric_namespace": "Microsoft.DocumentDB/DatabaseAccounts",
                "operator": "GreaterThan",
                "skip_metric_validation": false,
                "threshold": 800
              }
            ],
            "description": "This is a High Total Requests Alert",
            "dynamic_criteria": [],
            "enabled": true,
            "frequency": "PT1M",
            "id": "/subscriptions/78c78ae6-b8f6-44d9-88b7-cee29cd59d60/resourceGroups/fourkites-development/providers/Microsoft.Insights/metricAlerts/High-TotalRequests",
            "name": "High-TotalRequests",
            "resource_group_name": "fourkites-development",
            "scopes": [
              "/subscriptions/78c78ae6-b8f6-44d9-88b7-cee29cd59d60/resourcegroups/fourkites-development/providers/microsoft.documentdb/databaseaccounts/fourkites-dev-table-account"
            ],
            "severity": 1,
            "tags": null,
            "target_resource_location": "",
            "target_resource_type": "",
            "timeouts": null,
            "window_size": "PT5M"
          },
          "sensitive_attributes": [],
          "private": "eyJlMmJmYjczMC1lY2FhLTExZTYtOGY4OC0zNDM2M2JjN2M0YzAiOnsiY3JlYXRlIjoxODAwMDAwMDAwMDAwLCJkZWxldGUiOjE4MDAwMDAwMDAwMDAsInJlYWQiOjMwMDAwMDAwMDAwMCwidXBkYXRlIjoxODAwMDAwMDAwMDAwfX0=",
          "dependencies": [
            "data.azurerm_resources.document_db",
            "data.azurerm_resources.managed_clusters",
            "module.monitor_metric_alert.azurerm_monitor_action_group.critical_action_group_alert",
            "module.monitor_metric_alert.azurerm_monitor_action_group.high_action_group_alert",
            "module.monitor_metric_alert.random_string.random_6"
          ]
        }
      ]
    },
    {
      "module": "module.monitor_metric_alert[\"/subscriptions/78c78ae6-b8f6-44d9-88b7-cee29cd59d60/resourcegroups/fourkites-development/providers/microsoft.documentdb/databaseaccounts/fourkites-dev-table-account\"]",
      "mode": "managed",
      "type": "random_string",
      "name": "random_6",
      "provider": "provider[\"registry.terraform.io/hashicorp/random\"]",
      "instances": [
        {
          "schema_version": 1,
          "attributes": {
            "id": "q8On4j",
            "keepers": null,
            "length": 6,
            "lower": true,
            "min_lower": 0,
            "min_numeric": 0,
            "min_special": 0,
            "min_upper": 0,
            "number": true,
            "override_special": "_-",
            "result": "q8On4j",
            "special": true,
            "upper": true
          },
          "sensitive_attributes": [],
          "private": "eyJzY2hlbWFfdmVyc2lvbiI6IjEifQ==",
          "dependencies": [
            "data.azurerm_resources.document_db",
            "data.azurerm_resources.managed_clusters"
          ]
        }
      ]
    },
    {
      "module": "module.monitor_metric_alert[\"/subscriptions/78c78ae6-b8f6-44d9-88b7-cee29cd59d60/resourcegroups/fourkites-development/providers/microsoft.documentdb/databaseaccounts/fourkites-development-table-temp\"]",
      "mode": "managed",
      "type": "azurerm_monitor_action_group",
      "name": "critical_action_group_alert",
      "provider": "provider[\"registry.terraform.io/hashicorp/azurerm\"]",
      "instances": [
        {
          "schema_version": 0,
          "attributes": {
            "arm_role_receiver": [],
            "automation_runbook_receiver": [],
            "azure_app_push_receiver": [],
            "azure_function_receiver": [],
            "email_receiver": [],
            "enabled": true,
            "id": "/subscriptions/78c78ae6-b8f6-44d9-88b7-cee29cd59d60/resourceGroups/fourkites-development/providers/microsoft.insights/actionGroups/critical_action-group-alert-KVr_c7",
            "itsm_receiver": [],
            "logic_app_receiver": [],
            "name": "critical_action-group-alert-KVr_c7",
            "resource_group_name": "fourkites-development",
            "short_name": "ag-tf-KVr_c7",
            "sms_receiver": [],
            "tags": null,
            "timeouts": null,
            "voice_receiver": [],
            "webhook_receiver": [
              {
                "aad_auth": [],
                "name": "https://example.jeremiah.com/critical",
                "service_uri": "https://example.jeremiah.com/critical",
                "use_common_alert_schema": true
              }
            ]
          },
          "sensitive_attributes": [],
          "private": "eyJlMmJmYjczMC1lY2FhLTExZTYtOGY4OC0zNDM2M2JjN2M0YzAiOnsiY3JlYXRlIjoxODAwMDAwMDAwMDAwLCJkZWxldGUiOjE4MDAwMDAwMDAwMDAsInJlYWQiOjMwMDAwMDAwMDAwMCwidXBkYXRlIjoxODAwMDAwMDAwMDAwfX0=",
          "dependencies": [
            "data.azurerm_resources.document_db",
            "data.azurerm_resources.managed_clusters",
            "module.monitor_metric_alert.random_string.random_6"
          ]
        }
      ]
    },
    {
      "module": "module.monitor_metric_alert[\"/subscriptions/78c78ae6-b8f6-44d9-88b7-cee29cd59d60/resourcegroups/fourkites-development/providers/microsoft.documentdb/databaseaccounts/fourkites-development-table-temp\"]",
      "mode": "managed",
      "type": "azurerm_monitor_action_group",
      "name": "high_action_group_alert",
      "provider": "provider[\"registry.terraform.io/hashicorp/azurerm\"]",
      "instances": [
        {
          "schema_version": 0,
          "attributes": {
            "arm_role_receiver": [],
            "automation_runbook_receiver": [],
            "azure_app_push_receiver": [],
            "azure_function_receiver": [],
            "email_receiver": [],
            "enabled": true,
            "id": "/subscriptions/78c78ae6-b8f6-44d9-88b7-cee29cd59d60/resourceGroups/fourkites-development/providers/microsoft.insights/actionGroups/action-group-high-alert-KVr_c7",
            "itsm_receiver": [],
            "logic_app_receiver": [],
            "name": "action-group-high-alert-KVr_c7",
            "resource_group_name": "fourkites-development",
            "short_name": "ag-tf-KVr_c7",
            "sms_receiver": [],
            "tags": null,
            "timeouts": null,
            "voice_receiver": [],
            "webhook_receiver": [
              {
                "aad_auth": [],
                "name": "https://example.jeremiah.com/high",
                "service_uri": "https://example.jeremiah.com/high",
                "use_common_alert_schema": true
              }
            ]
          },
          "sensitive_attributes": [],
          "private": "eyJlMmJmYjczMC1lY2FhLTExZTYtOGY4OC0zNDM2M2JjN2M0YzAiOnsiY3JlYXRlIjoxODAwMDAwMDAwMDAwLCJkZWxldGUiOjE4MDAwMDAwMDAwMDAsInJlYWQiOjMwMDAwMDAwMDAwMCwidXBkYXRlIjoxODAwMDAwMDAwMDAwfX0=",
          "dependencies": [
            "data.azurerm_resources.document_db",
            "data.azurerm_resources.managed_clusters",
            "module.monitor_metric_alert.random_string.random_6"
          ]
        }
      ]
    },
    {
      "module": "module.monitor_metric_alert[\"/subscriptions/78c78ae6-b8f6-44d9-88b7-cee29cd59d60/resourcegroups/fourkites-development/providers/microsoft.documentdb/databaseaccounts/fourkites-development-table-temp\"]",
      "mode": "managed",
      "type": "random_string",
      "name": "random_6",
      "provider": "provider[\"registry.terraform.io/hashicorp/random\"]",
      "instances": [
        {
          "schema_version": 1,
          "attributes": {
            "id": "KVr_c7",
            "keepers": null,
            "length": 6,
            "lower": true,
            "min_lower": 0,
            "min_numeric": 0,
            "min_special": 0,
            "min_upper": 0,
            "number": true,
            "override_special": "_-",
            "result": "KVr_c7",
            "special": true,
            "upper": true
          },
          "sensitive_attributes": [],
          "private": "eyJzY2hlbWFfdmVyc2lvbiI6IjEifQ==",
          "dependencies": [
            "data.azurerm_resources.document_db",
            "data.azurerm_resources.managed_clusters"
          ]
        }
      ]
    }
  ]
}
