{
  "version": 4,
  "terraform_version": "1.0.4",
  "serial": 17,
  "lineage": "2ecf21b0-0fbb-bd66-a693-ba089e2d6944",
  "outputs": {},
  "resources": [
    {
      "mode": "data",
      "type": "azurerm_resources",
      "name": "application_gateways",
      "provider": "provider[\"registry.terraform.io/hashicorp/azurerm\"]",
      "instances": [
        {
          "schema_version": 0,
          "attributes": {
            "id": "resource-91460d67-2197-4aa2-9ccd-2ae572d7826c",
            "name": null,
            "required_tags": null,
            "resource_group_name": "Jeremiah-Terraform",
            "resources": [],
            "timeouts": null,
            "type": "microsoft.network/applicationgateways"
          },
          "sensitive_attributes": []
        }
      ]
    },
    {
      "mode": "data",
      "type": "azurerm_resources",
      "name": "cdn_profiles",
      "provider": "provider[\"registry.terraform.io/hashicorp/azurerm\"]",
      "instances": [
        {
          "schema_version": 0,
          "attributes": {
            "id": "resource-6ebb565e-3244-4a8e-8950-386ea7b72073",
            "name": null,
            "required_tags": null,
            "resource_group_name": "Jeremiah-Terraform",
            "resources": [],
            "timeouts": null,
            "type": "microsoft.cdn/profiles"
          },
          "sensitive_attributes": []
        }
      ]
    },
    {
      "mode": "data",
      "type": "azurerm_resources",
      "name": "container_registries",
      "provider": "provider[\"registry.terraform.io/hashicorp/azurerm\"]",
      "instances": [
        {
          "schema_version": 0,
          "attributes": {
            "id": "resource-04f4de75-235a-4767-b951-503752701995",
            "name": null,
            "required_tags": null,
            "resource_group_name": "Jeremiah-Terraform",
            "resources": [],
            "timeouts": null,
            "type": "microsoft.containerregistry/registries"
          },
          "sensitive_attributes": []
        }
      ]
    },
    {
      "mode": "data",
      "type": "azurerm_resources",
      "name": "dns_zones",
      "provider": "provider[\"registry.terraform.io/hashicorp/azurerm\"]",
      "instances": [
        {
          "schema_version": 0,
          "attributes": {
            "id": "resource-56edb4ba-5e62-482c-bee3-4c4635e15c3e",
            "name": null,
            "required_tags": null,
            "resource_group_name": "Jeremiah-Terraform",
            "resources": [],
            "timeouts": null,
            "type": "microsoft.network/dnszones"
          },
          "sensitive_attributes": []
        }
      ]
    },
    {
      "mode": "data",
      "type": "azurerm_resources",
      "name": "document_db",
      "provider": "provider[\"registry.terraform.io/hashicorp/azurerm\"]",
      "instances": [
        {
          "schema_version": 0,
          "attributes": {
            "id": "resource-b5ca8bce-5ff4-4e9c-af19-fe08b364b14b",
            "name": null,
            "required_tags": null,
            "resource_group_name": "Jeremiah-Terraform",
            "resources": [],
            "timeouts": null,
            "type": "microsoft.documentdb/databaseaccounts"
          },
          "sensitive_attributes": []
        }
      ]
    },
    {
      "mode": "data",
      "type": "azurerm_resources",
      "name": "firewalls",
      "provider": "provider[\"registry.terraform.io/hashicorp/azurerm\"]",
      "instances": [
        {
          "schema_version": 0,
          "attributes": {
            "id": "resource-d2f6b1e7-6341-442d-ac96-c90e5c01281c",
            "name": null,
            "required_tags": null,
            "resource_group_name": "Jeremiah-Terraform",
            "resources": [],
            "timeouts": null,
            "type": "microsoft.network/azurefirewalls"
          },
          "sensitive_attributes": []
        }
      ]
    },
    {
      "mode": "data",
      "type": "azurerm_resources",
      "name": "hdinsights_clusters",
      "provider": "provider[\"registry.terraform.io/hashicorp/azurerm\"]",
      "instances": [
        {
          "schema_version": 0,
          "attributes": {
            "id": "resource-ca833bf2-c3ee-472e-9f26-73305dbb67cc",
            "name": null,
            "required_tags": null,
            "resource_group_name": "Jeremiah-Terraform",
            "resources": [],
            "timeouts": null,
            "type": "microsoft.hdinsight/clusters"
          },
          "sensitive_attributes": []
        }
      ]
    },
    {
      "mode": "data",
      "type": "azurerm_resources",
      "name": "keyvaults",
      "provider": "provider[\"registry.terraform.io/hashicorp/azurerm\"]",
      "instances": [
        {
          "schema_version": 0,
          "attributes": {
            "id": "resource-1e14f3bc-c807-4ccd-9292-fcc3db2488b6",
            "name": null,
            "required_tags": null,
            "resource_group_name": "Jeremiah-Terraform",
            "resources": [],
            "timeouts": null,
            "type": "microsoft.keyvault/vaults"
          },
          "sensitive_attributes": []
        }
      ]
    },
    {
      "mode": "data",
      "type": "azurerm_resources",
      "name": "load_balancers",
      "provider": "provider[\"registry.terraform.io/hashicorp/azurerm\"]",
      "instances": [
        {
          "schema_version": 0,
          "attributes": {
            "id": "resource-1cfe10e5-6ffc-411c-9f5a-e4a90b2d7e7f",
            "name": null,
            "required_tags": null,
            "resource_group_name": "Jeremiah-Terraform",
            "resources": [],
            "timeouts": null,
            "type": "microsoft.network/loadbalancers"
          },
          "sensitive_attributes": []
        }
      ]
    },
    {
      "mode": "data",
      "type": "azurerm_resources",
      "name": "managed_clusters",
      "provider": "provider[\"registry.terraform.io/hashicorp/azurerm\"]",
      "instances": [
        {
          "schema_version": 0,
          "attributes": {
            "id": "resource-df1a6c32-d13f-4f8d-a88c-699b64a23a15",
            "name": null,
            "required_tags": null,
            "resource_group_name": "Jeremiah-Terraform",
            "resources": [],
            "timeouts": null,
            "type": "microsoft.containerservice/managedclusters"
          },
          "sensitive_attributes": []
        }
      ]
    },
    {
      "mode": "data",
      "type": "azurerm_resources",
      "name": "mysql_servers",
      "provider": "provider[\"registry.terraform.io/hashicorp/azurerm\"]",
      "instances": [
        {
          "schema_version": 0,
          "attributes": {
            "id": "resource-3037811c-5636-4c9b-98ff-85f064b5d956",
            "name": null,
            "required_tags": null,
            "resource_group_name": "Jeremiah-Terraform",
            "resources": [],
            "timeouts": null,
            "type": "microsoft.dbformysql/servers"
          },
          "sensitive_attributes": []
        }
      ]
    },
    {
      "mode": "data",
      "type": "azurerm_resources",
      "name": "notification_hubs",
      "provider": "provider[\"registry.terraform.io/hashicorp/azurerm\"]",
      "instances": [
        {
          "schema_version": 0,
          "attributes": {
            "id": "resource-3e49bde7-e78b-4ea5-be0b-c4d3e50a8e5b",
            "name": null,
            "required_tags": null,
            "resource_group_name": "Jeremiah-Terraform",
            "resources": [],
            "timeouts": null,
            "type": "Microsoft.NotificationHubs/Namespaces/NotificationHubs"
          },
          "sensitive_attributes": []
        }
      ]
    },
    {
      "mode": "data",
      "type": "azurerm_resources",
      "name": "redis_caches",
      "provider": "provider[\"registry.terraform.io/hashicorp/azurerm\"]",
      "instances": [
        {
          "schema_version": 0,
          "attributes": {
            "id": "resource-a27fc655-65ab-482e-a321-eca7d54cd851",
            "name": null,
            "required_tags": null,
            "resource_group_name": "Jeremiah-Terraform",
            "resources": [],
            "timeouts": null,
            "type": "microsoft.cache/redis"
          },
          "sensitive_attributes": []
        }
      ]
    },
    {
      "mode": "data",
      "type": "azurerm_resources",
      "name": "storage_accounts",
      "provider": "provider[\"registry.terraform.io/hashicorp/azurerm\"]",
      "instances": [
        {
          "schema_version": 0,
          "attributes": {
            "id": "resource-0c637b9e-5266-42bc-b7f4-e49def258890",
            "name": null,
            "required_tags": null,
            "resource_group_name": "Jeremiah-Terraform",
            "resources": [],
            "timeouts": null,
            "type": "microsoft.storage/storageaccounts"
          },
          "sensitive_attributes": []
        }
      ]
    },
    {
      "mode": "data",
      "type": "azurerm_resources",
      "name": "virtual_machines",
      "provider": "provider[\"registry.terraform.io/hashicorp/azurerm\"]",
      "instances": [
        {
          "schema_version": 0,
          "attributes": {
            "id": "resource-2e10616c-9759-432a-baa2-e121fabc7b44",
            "name": null,
            "required_tags": null,
            "resource_group_name": "Jeremiah-Terraform",
            "resources": [],
            "timeouts": null,
            "type": "microsoft.compute/virtualmachines"
          },
          "sensitive_attributes": []
        }
      ]
    },
    {
      "mode": "data",
      "type": "azurerm_resources",
      "name": "virtual_networks",
      "provider": "provider[\"registry.terraform.io/hashicorp/azurerm\"]",
      "instances": [
        {
          "schema_version": 0,
          "attributes": {
            "id": "resource-27bebb36-9c08-4673-aee4-528d9edb7af0",
            "name": null,
            "required_tags": null,
            "resource_group_name": "Jeremiah-Terraform",
            "resources": [],
            "timeouts": null,
            "type": "microsoft.network/virtualnetworks"
          },
          "sensitive_attributes": []
        }
      ]
    },
    {
      "module": "module.monitor_activity_log[\"/subscriptions/df510064-1312-4116-9944-0b6d03942270/resourcegroups/jeremiah-terraform/providers/microsoft.containerservice/managedclusters/jeremiah-terraform-test\"]",
      "mode": "managed",
      "type": "random_string",
      "name": "random_6",
      "provider": "provider[\"registry.terraform.io/hashicorp/random\"]",
      "instances": [
        {
          "schema_version": 1,
          "attributes": {
            "id": "6jdsgb",
            "keepers": null,
            "length": 6,
            "lower": true,
            "min_lower": 0,
            "min_numeric": 0,
            "min_special": 0,
            "min_upper": 0,
            "number": true,
            "override_special": "_-",
            "result": "6jdsgb",
            "special": true,
            "upper": true
          },
          "sensitive_attributes": [],
          "private": "eyJzY2hlbWFfdmVyc2lvbiI6IjEifQ==",
          "dependencies": [
            "data.azurerm_resources.document_db",
            "data.azurerm_resources.managed_clusters",
            "data.azurerm_resources.mysql_servers"
          ]
        }
      ]
    },
    {
      "module": "module.monitor_activity_log[\"/subscriptions/df510064-1312-4116-9944-0b6d03942270/resourcegroups/jeremiah-terraform/providers/microsoft.dbformysql/servers/jeremiah-terraform-mysql\"]",
      "mode": "managed",
      "type": "random_string",
      "name": "random_6",
      "provider": "provider[\"registry.terraform.io/hashicorp/random\"]",
      "instances": [
        {
          "schema_version": 1,
          "attributes": {
            "id": "RH4dce",
            "keepers": null,
            "length": 6,
            "lower": true,
            "min_lower": 0,
            "min_numeric": 0,
            "min_special": 0,
            "min_upper": 0,
            "number": true,
            "override_special": "_-",
            "result": "RH4dce",
            "special": true,
            "upper": true
          },
          "sensitive_attributes": [],
          "private": "eyJzY2hlbWFfdmVyc2lvbiI6IjEifQ==",
          "dependencies": [
            "data.azurerm_resources.document_db",
            "data.azurerm_resources.managed_clusters",
            "data.azurerm_resources.mysql_servers"
          ]
        }
      ]
    },
    {
      "module": "module.monitor_activity_log[\"/subscriptions/df510064-1312-4116-9944-0b6d03942270/resourcegroups/jeremiah-terraform/providers/microsoft.documentdb/databaseaccounts/jeremiah-terraform-cosmosdb\"]",
      "mode": "managed",
      "type": "random_string",
      "name": "random_6",
      "provider": "provider[\"registry.terraform.io/hashicorp/random\"]",
      "instances": [
        {
          "schema_version": 1,
          "attributes": {
            "id": "CH_PXg",
            "keepers": null,
            "length": 6,
            "lower": true,
            "min_lower": 0,
            "min_numeric": 0,
            "min_special": 0,
            "min_upper": 0,
            "number": true,
            "override_special": "_-",
            "result": "CH_PXg",
            "special": true,
            "upper": true
          },
          "sensitive_attributes": [],
          "private": "eyJzY2hlbWFfdmVyc2lvbiI6IjEifQ==",
          "dependencies": [
            "data.azurerm_resources.document_db",
            "data.azurerm_resources.managed_clusters",
            "data.azurerm_resources.mysql_servers"
          ]
        }
      ]
    }
  ]
}
