{
  "version": 4,
  "terraform_version": "1.0.4",
  "serial": 135,
  "lineage": "2ecf21b0-0fbb-bd66-a693-ba089e2d6944",
  "outputs": {},
  "resources": [
    {
      "mode": "data",
      "type": "azurerm_resources",
      "name": "application_gateways",
      "provider": "provider[\"registry.terraform.io/hashicorp/azurerm\"]",
      "instances": [
        {
          "schema_version": 0,
          "attributes": {
            "id": "resource-e82a8755-2f54-489d-9ee6-17edaaadd5a9",
            "name": null,
            "required_tags": null,
            "resource_group_name": "fourkites-development",
            "resources": [
              {
                "id": "/subscriptions/78c78ae6-b8f6-44d9-88b7-cee29cd59d60/resourceGroups/fourkites-development/providers/Microsoft.Network/applicationGateways/fk-frontend-dev",
                "location": "eastus",
                "name": "fk-frontend-dev",
                "tags": {
                  "env": "dev",
                  "project": "frontend",
                  "team": "common"
                },
                "type": "Microsoft.Network/applicationGateways"
              },
              {
                "id": "/subscriptions/78c78ae6-b8f6-44d9-88b7-cee29cd59d60/resourceGroups/fourkites-development/providers/Microsoft.Network/applicationGateways/fourkitesdevagwwaf",
                "location": "eastus",
                "name": "fourkitesdevagwwaf",
                "tags": {
                  "Owner": "Eric Zubriski",
                  "env": "dev",
                  "ingress-for-aks-cluster-id": "/subscriptions/78c78ae6-b8f6-44d9-88b7-cee29cd59d60/resourcegroups/fourkites-development/providers/Microsoft.ContainerService/managedClusters/fourkites-dev",
                  "managed-by-k8s-ingress": "1.4.0/0e9dc17c/2021-02-26-03:29T+0000",
                  "terraform-managed": "true"
                },
                "type": "Microsoft.Network/applicationGateways"
              }
            ],
            "timeouts": null,
            "type": "microsoft.network/applicationgateways"
          },
          "sensitive_attributes": []
        }
      ]
    },
    {
      "mode": "data",
      "type": "azurerm_resources",
      "name": "cdn_profiles",
      "provider": "provider[\"registry.terraform.io/hashicorp/azurerm\"]",
      "instances": [
        {
          "schema_version": 0,
          "attributes": {
            "id": "resource-4bfa4915-a80d-47f0-8559-31a22cd2d9b4",
            "name": null,
            "required_tags": null,
            "resource_group_name": "fourkites-development",
            "resources": [
              {
                "id": "/subscriptions/78c78ae6-b8f6-44d9-88b7-cee29cd59d60/resourceGroups/fourkites-development/providers/Microsoft.Cdn/profiles/dev-profile",
                "location": "global",
                "name": "dev-profile",
                "tags": {
                  "Owner": "Eric Zubriski",
                  "env": "dev",
                  "terraform-managed": "true"
                },
                "type": "Microsoft.Cdn/profiles"
              },
              {
                "id": "/subscriptions/78c78ae6-b8f6-44d9-88b7-cee29cd59d60/resourceGroups/fourkites-development/providers/microsoft.cdn/profiles/fkdevcdn-profile",
                "location": "global",
                "name": "fkdevcdn-profile",
                "tags": {
                  "Owner": "Eric Zubriski",
                  "env": "dev",
                  "terraform-managed": "true"
                },
                "type": "microsoft.cdn/profiles"
              },
              {
                "id": "/subscriptions/78c78ae6-b8f6-44d9-88b7-cee29cd59d60/resourceGroups/fourkites-development/providers/microsoft.cdn/profiles/portal-dev-fourkites-com",
                "location": "global",
                "name": "portal-dev-fourkites-com",
                "tags": {},
                "type": "microsoft.cdn/profiles"
              }
            ],
            "timeouts": null,
            "type": "microsoft.cdn/profiles"
          },
          "sensitive_attributes": []
        }
      ]
    },
    {
      "mode": "data",
      "type": "azurerm_resources",
      "name": "container_registries",
      "provider": "provider[\"registry.terraform.io/hashicorp/azurerm\"]",
      "instances": [
        {
          "schema_version": 0,
          "attributes": {
            "id": "resource-61fca068-e7ba-4cd7-86da-4c7eaf133c78",
            "name": null,
            "required_tags": null,
            "resource_group_name": "fourkites-development",
            "resources": [
              {
                "id": "/subscriptions/78c78ae6-b8f6-44d9-88b7-cee29cd59d60/resourceGroups/fourkites-development/providers/Microsoft.ContainerRegistry/registries/fourkitesdevelopment",
                "location": "eastus",
                "name": "fourkitesdevelopment",
                "tags": {},
                "type": "Microsoft.ContainerRegistry/registries"
              }
            ],
            "timeouts": null,
            "type": "microsoft.containerregistry/registries"
          },
          "sensitive_attributes": []
        }
      ]
    },
    {
      "mode": "data",
      "type": "azurerm_resources",
      "name": "dns_zones",
      "provider": "provider[\"registry.terraform.io/hashicorp/azurerm\"]",
      "instances": [
        {
          "schema_version": 0,
          "attributes": {
            "id": "resource-dcc75bb0-a45a-4a78-8d72-a7c2fcd80c5b",
            "name": null,
            "required_tags": null,
            "resource_group_name": "fourkites-development",
            "resources": [
              {
                "id": "/subscriptions/78c78ae6-b8f6-44d9-88b7-cee29cd59d60/resourceGroups/fourkites-development/providers/Microsoft.Network/dnszones/ng-np.fourkites.com",
                "location": "global",
                "name": "ng-np.fourkites.com",
                "tags": {},
                "type": "Microsoft.Network/dnszones"
              },
              {
                "id": "/subscriptions/78c78ae6-b8f6-44d9-88b7-cee29cd59d60/resourceGroups/fourkites-development/providers/Microsoft.Network/dnszones/portal.fourkites.com",
                "location": "global",
                "name": "portal.fourkites.com",
                "tags": {},
                "type": "Microsoft.Network/dnszones"
              }
            ],
            "timeouts": null,
            "type": "microsoft.network/dnszones"
          },
          "sensitive_attributes": []
        }
      ]
    },
    {
      "mode": "data",
      "type": "azurerm_resources",
      "name": "document_db",
      "provider": "provider[\"registry.terraform.io/hashicorp/azurerm\"]",
      "instances": [
        {
          "schema_version": 0,
          "attributes": {
            "id": "resource-63a33478-a15b-4924-9d75-fd4e2471c16b",
            "name": null,
            "required_tags": null,
            "resource_group_name": "fourkites-development",
            "resources": [
              {
                "id": "/subscriptions/78c78ae6-b8f6-44d9-88b7-cee29cd59d60/resourceGroups/fourkites-development/providers/Microsoft.DocumentDB/databaseAccounts/fourkites-dev-cassandra-account",
                "location": "eastus",
                "name": "fourkites-dev-cassandra-account",
                "tags": {
                  "Owner": "Eric Zubriski",
                  "env": "dev",
                  "terraform-managed": "true"
                },
                "type": "Microsoft.DocumentDB/databaseAccounts"
              },
              {
                "id": "/subscriptions/78c78ae6-b8f6-44d9-88b7-cee29cd59d60/resourceGroups/fourkites-development/providers/Microsoft.DocumentDB/databaseAccounts/fourkites-dev-mongo-account",
                "location": "eastus",
                "name": "fourkites-dev-mongo-account",
                "tags": {
                  "Owner": "Eric Zubriski",
                  "env": "dev",
                  "terraform-managed": "true"
                },
                "type": "Microsoft.DocumentDB/databaseAccounts"
              },
              {
                "id": "/subscriptions/78c78ae6-b8f6-44d9-88b7-cee29cd59d60/resourceGroups/fourkites-development/providers/Microsoft.DocumentDB/databaseAccounts/fourkites-dev-table-account",
                "location": "eastus",
                "name": "fourkites-dev-table-account",
                "tags": {
                  "Owner": "Eric Zubriski",
                  "env": "dev",
                  "terraform-managed": "true"
                },
                "type": "Microsoft.DocumentDB/databaseAccounts"
              },
              {
                "id": "/subscriptions/78c78ae6-b8f6-44d9-88b7-cee29cd59d60/resourceGroups/fourkites-development/providers/Microsoft.DocumentDB/databaseAccounts/fourkites-development-table-temp",
                "location": "eastus",
                "name": "fourkites-development-table-temp",
                "tags": {},
                "type": "Microsoft.DocumentDB/databaseAccounts"
              }
            ],
            "timeouts": null,
            "type": "microsoft.documentdb/databaseaccounts"
          },
          "sensitive_attributes": []
        }
      ]
    },
    {
      "mode": "data",
      "type": "azurerm_resources",
      "name": "firewalls",
      "provider": "provider[\"registry.terraform.io/hashicorp/azurerm\"]",
      "instances": [
        {
          "schema_version": 0,
          "attributes": {
            "id": "resource-6713464c-7681-4da8-9324-af316a6c0edf",
            "name": null,
            "required_tags": null,
            "resource_group_name": "fourkites-development",
            "resources": [
              {
                "id": "/subscriptions/78c78ae6-b8f6-44d9-88b7-cee29cd59d60/resourceGroups/fourkites-development/providers/Microsoft.Network/azureFirewalls/fkdev-firewall",
                "location": "eastus",
                "name": "fkdev-firewall",
                "tags": {
                  "Owner": "Eric Zubriski",
                  "env": "dev",
                  "terraform-managed": "true"
                },
                "type": "Microsoft.Network/azureFirewalls"
              }
            ],
            "timeouts": null,
            "type": "microsoft.network/azurefirewalls"
          },
          "sensitive_attributes": []
        }
      ]
    },
    {
      "mode": "data",
      "type": "azurerm_resources",
      "name": "hdinsights_clusters",
      "provider": "provider[\"registry.terraform.io/hashicorp/azurerm\"]",
      "instances": [
        {
          "schema_version": 0,
          "attributes": {
            "id": "resource-b24865d8-de93-487a-bffa-27cf241fe7f0",
            "name": null,
            "required_tags": null,
            "resource_group_name": "fourkites-development",
            "resources": [
              {
                "id": "/subscriptions/78c78ae6-b8f6-44d9-88b7-cee29cd59d60/resourceGroups/fourkites-development/providers/Microsoft.HDInsight/clusters/fourkitesdevkafka",
                "location": "eastus",
                "name": "fourkitesdevkafka",
                "tags": {
                  "Owner": "Eric Zubriski",
                  "env": "dev",
                  "terraform-managed": "true"
                },
                "type": "Microsoft.HDInsight/clusters"
              },
              {
                "id": "/subscriptions/78c78ae6-b8f6-44d9-88b7-cee29cd59d60/resourceGroups/fourkites-development/providers/Microsoft.HDInsight/clusters/gby-spark-fkdev",
                "location": "eastus",
                "name": "gby-spark-fkdev",
                "tags": {
                  "Owner": "Eric Zubriski",
                  "env": "dev",
                  "terraform-managed": "true"
                },
                "type": "Microsoft.HDInsight/clusters"
              },
              {
                "id": "/subscriptions/78c78ae6-b8f6-44d9-88b7-cee29cd59d60/resourceGroups/fourkites-development/providers/Microsoft.HDInsight/clusters/hbase-02",
                "location": "eastus",
                "name": "hbase-02",
                "tags": {},
                "type": "Microsoft.HDInsight/clusters"
              },
              {
                "id": "/subscriptions/78c78ae6-b8f6-44d9-88b7-cee29cd59d60/resourceGroups/fourkites-development/providers/Microsoft.HDInsight/clusters/kafka-az-us-fkdev",
                "location": "eastus",
                "name": "kafka-az-us-fkdev",
                "tags": {
                  "Owner": "Eric Zubriski",
                  "env": "dev",
                  "terraform-managed": "true"
                },
                "type": "Microsoft.HDInsight/clusters"
              },
              {
                "id": "/subscriptions/78c78ae6-b8f6-44d9-88b7-cee29cd59d60/resourceGroups/fourkites-development/providers/Microsoft.HDInsight/clusters/koh-test-hbase",
                "location": "eastus",
                "name": "koh-test-hbase",
                "tags": {},
                "type": "Microsoft.HDInsight/clusters"
              },
              {
                "id": "/subscriptions/78c78ae6-b8f6-44d9-88b7-cee29cd59d60/resourceGroups/fourkites-development/providers/Microsoft.HDInsight/clusters/nls-hbase-fkdev",
                "location": "eastus",
                "name": "nls-hbase-fkdev",
                "tags": {
                  "Owner": "Eric Zubriski",
                  "env": "dev",
                  "terraform-managed": "true"
                },
                "type": "Microsoft.HDInsight/clusters"
              },
              {
                "id": "/subscriptions/78c78ae6-b8f6-44d9-88b7-cee29cd59d60/resourceGroups/fourkites-development/providers/Microsoft.HDInsight/clusters/spark-02",
                "location": "eastus",
                "name": "spark-02",
                "tags": {},
                "type": "Microsoft.HDInsight/clusters"
              }
            ],
            "timeouts": null,
            "type": "microsoft.hdinsight/clusters"
          },
          "sensitive_attributes": []
        }
      ]
    },
    {
      "mode": "data",
      "type": "azurerm_resources",
      "name": "keyvaults",
      "provider": "provider[\"registry.terraform.io/hashicorp/azurerm\"]",
      "instances": [
        {
          "schema_version": 0,
          "attributes": {
            "id": "resource-6b18a1bd-ef21-4870-8ccc-633a59fa1487",
            "name": null,
            "required_tags": null,
            "resource_group_name": "fourkites-development",
            "resources": [
              {
                "id": "/subscriptions/78c78ae6-b8f6-44d9-88b7-cee29cd59d60/resourceGroups/fourkites-development/providers/Microsoft.KeyVault/vaults/ds-poc",
                "location": "eastus",
                "name": "ds-poc",
                "tags": {},
                "type": "Microsoft.KeyVault/vaults"
              },
              {
                "id": "/subscriptions/78c78ae6-b8f6-44d9-88b7-cee29cd59d60/resourceGroups/fourkites-development/providers/Microsoft.KeyVault/vaults/fourkites-development",
                "location": "eastus",
                "name": "fourkites-development",
                "tags": {},
                "type": "Microsoft.KeyVault/vaults"
              },
              {
                "id": "/subscriptions/78c78ae6-b8f6-44d9-88b7-cee29cd59d60/resourceGroups/fourkites-development/providers/Microsoft.KeyVault/vaults/fourkitesdevagwwaf-kv",
                "location": "eastus",
                "name": "fourkitesdevagwwaf-kv",
                "tags": {},
                "type": "Microsoft.KeyVault/vaults"
              }
            ],
            "timeouts": null,
            "type": "microsoft.keyvault/vaults"
          },
          "sensitive_attributes": []
        }
      ]
    },
    {
      "mode": "data",
      "type": "azurerm_resources",
      "name": "load_balancers",
      "provider": "provider[\"registry.terraform.io/hashicorp/azurerm\"]",
      "instances": [
        {
          "schema_version": 0,
          "attributes": {
            "id": "resource-67a0ef9e-fd48-4cf7-b76f-60b9372e05e9",
            "name": null,
            "required_tags": null,
            "resource_group_name": "fourkites-development",
            "resources": [
              {
                "id": "/subscriptions/78c78ae6-b8f6-44d9-88b7-cee29cd59d60/resourceGroups/fourkites-development/providers/Microsoft.Network/loadBalancers/edgenode1-43242fcadee44766ac16a7e01cfebd0d",
                "location": "eastus",
                "name": "edgenode1-43242fcadee44766ac16a7e01cfebd0d",
                "tags": {},
                "type": "Microsoft.Network/loadBalancers"
              },
              {
                "id": "/subscriptions/78c78ae6-b8f6-44d9-88b7-cee29cd59d60/resourceGroups/fourkites-development/providers/Microsoft.Network/loadBalancers/edgenode1-4e62d85716074eedbcfc4e414211239e",
                "location": "eastus",
                "name": "edgenode1-4e62d85716074eedbcfc4e414211239e",
                "tags": {
                  "Owner": "Eric Zubriski",
                  "env": "dev",
                  "terraform-managed": "true"
                },
                "type": "Microsoft.Network/loadBalancers"
              },
              {
                "id": "/subscriptions/78c78ae6-b8f6-44d9-88b7-cee29cd59d60/resourceGroups/fourkites-development/providers/Microsoft.Network/loadBalancers/gateway-25bf3d4810bc4e35a1095a5d3daed42b",
                "location": "eastus",
                "name": "gateway-25bf3d4810bc4e35a1095a5d3daed42b",
                "tags": {
                  "Owner": "Eric Zubriski",
                  "env": "dev",
                  "terraform-managed": "true"
                },
                "type": "Microsoft.Network/loadBalancers"
              },
              {
                "id": "/subscriptions/78c78ae6-b8f6-44d9-88b7-cee29cd59d60/resourceGroups/fourkites-development/providers/Microsoft.Network/loadBalancers/gateway-43242fcadee44766ac16a7e01cfebd0d",
                "location": "eastus",
                "name": "gateway-43242fcadee44766ac16a7e01cfebd0d",
                "tags": {},
                "type": "Microsoft.Network/loadBalancers"
              },
              {
                "id": "/subscriptions/78c78ae6-b8f6-44d9-88b7-cee29cd59d60/resourceGroups/fourkites-development/providers/Microsoft.Network/loadBalancers/gateway-4e62d85716074eedbcfc4e414211239e",
                "location": "eastus",
                "name": "gateway-4e62d85716074eedbcfc4e414211239e",
                "tags": {
                  "Owner": "Eric Zubriski",
                  "env": "dev",
                  "terraform-managed": "true"
                },
                "type": "Microsoft.Network/loadBalancers"
              },
              {
                "id": "/subscriptions/78c78ae6-b8f6-44d9-88b7-cee29cd59d60/resourceGroups/fourkites-development/providers/Microsoft.Network/loadBalancers/gateway-685f2fa10b3c416bb506108cc1d9e4e7",
                "location": "eastus",
                "name": "gateway-685f2fa10b3c416bb506108cc1d9e4e7",
                "tags": {
                  "Owner": "Eric Zubriski",
                  "env": "dev",
                  "terraform-managed": "true"
                },
                "type": "Microsoft.Network/loadBalancers"
              },
              {
                "id": "/subscriptions/78c78ae6-b8f6-44d9-88b7-cee29cd59d60/resourceGroups/fourkites-development/providers/Microsoft.Network/loadBalancers/gateway-acb61a7a87f84292b4fc0105d9b02fb6",
                "location": "eastus",
                "name": "gateway-acb61a7a87f84292b4fc0105d9b02fb6",
                "tags": {},
                "type": "Microsoft.Network/loadBalancers"
              },
              {
                "id": "/subscriptions/78c78ae6-b8f6-44d9-88b7-cee29cd59d60/resourceGroups/fourkites-development/providers/Microsoft.Network/loadBalancers/gateway-c68b4172f7874b27888e8c7a4a3c2203",
                "location": "eastus",
                "name": "gateway-c68b4172f7874b27888e8c7a4a3c2203",
                "tags": {
                  "Owner": "Eric Zubriski",
                  "env": "dev",
                  "terraform-managed": "true"
                },
                "type": "Microsoft.Network/loadBalancers"
              },
              {
                "id": "/subscriptions/78c78ae6-b8f6-44d9-88b7-cee29cd59d60/resourceGroups/fourkites-development/providers/Microsoft.Network/loadBalancers/gateway-internal-25bf3d4810bc4e35a1095a5d3daed42b",
                "location": "eastus",
                "name": "gateway-internal-25bf3d4810bc4e35a1095a5d3daed42b",
                "tags": {
                  "Owner": "Eric Zubriski",
                  "env": "dev",
                  "terraform-managed": "true"
                },
                "type": "Microsoft.Network/loadBalancers"
              },
              {
                "id": "/subscriptions/78c78ae6-b8f6-44d9-88b7-cee29cd59d60/resourceGroups/fourkites-development/providers/Microsoft.Network/loadBalancers/gateway-internal-43242fcadee44766ac16a7e01cfebd0d",
                "location": "eastus",
                "name": "gateway-internal-43242fcadee44766ac16a7e01cfebd0d",
                "tags": {},
                "type": "Microsoft.Network/loadBalancers"
              },
              {
                "id": "/subscriptions/78c78ae6-b8f6-44d9-88b7-cee29cd59d60/resourceGroups/fourkites-development/providers/Microsoft.Network/loadBalancers/gateway-internal-4e62d85716074eedbcfc4e414211239e",
                "location": "eastus",
                "name": "gateway-internal-4e62d85716074eedbcfc4e414211239e",
                "tags": {
                  "Owner": "Eric Zubriski",
                  "env": "dev",
                  "terraform-managed": "true"
                },
                "type": "Microsoft.Network/loadBalancers"
              },
              {
                "id": "/subscriptions/78c78ae6-b8f6-44d9-88b7-cee29cd59d60/resourceGroups/fourkites-development/providers/Microsoft.Network/loadBalancers/gateway-internal-685f2fa10b3c416bb506108cc1d9e4e7",
                "location": "eastus",
                "name": "gateway-internal-685f2fa10b3c416bb506108cc1d9e4e7",
                "tags": {
                  "Owner": "Eric Zubriski",
                  "env": "dev",
                  "terraform-managed": "true"
                },
                "type": "Microsoft.Network/loadBalancers"
              },
              {
                "id": "/subscriptions/78c78ae6-b8f6-44d9-88b7-cee29cd59d60/resourceGroups/fourkites-development/providers/Microsoft.Network/loadBalancers/gateway-internal-acb61a7a87f84292b4fc0105d9b02fb6",
                "location": "eastus",
                "name": "gateway-internal-acb61a7a87f84292b4fc0105d9b02fb6",
                "tags": {},
                "type": "Microsoft.Network/loadBalancers"
              },
              {
                "id": "/subscriptions/78c78ae6-b8f6-44d9-88b7-cee29cd59d60/resourceGroups/fourkites-development/providers/Microsoft.Network/loadBalancers/gateway-internal-c68b4172f7874b27888e8c7a4a3c2203",
                "location": "eastus",
                "name": "gateway-internal-c68b4172f7874b27888e8c7a4a3c2203",
                "tags": {
                  "Owner": "Eric Zubriski",
                  "env": "dev",
                  "terraform-managed": "true"
                },
                "type": "Microsoft.Network/loadBalancers"
              },
              {
                "id": "/subscriptions/78c78ae6-b8f6-44d9-88b7-cee29cd59d60/resourceGroups/fourkites-development/providers/Microsoft.Network/loadBalancers/headnode-25bf3d4810bc4e35a1095a5d3daed42b",
                "location": "eastus",
                "name": "headnode-25bf3d4810bc4e35a1095a5d3daed42b",
                "tags": {
                  "Owner": "Eric Zubriski",
                  "env": "dev",
                  "terraform-managed": "true"
                },
                "type": "Microsoft.Network/loadBalancers"
              },
              {
                "id": "/subscriptions/78c78ae6-b8f6-44d9-88b7-cee29cd59d60/resourceGroups/fourkites-development/providers/Microsoft.Network/loadBalancers/headnode-43242fcadee44766ac16a7e01cfebd0d",
                "location": "eastus",
                "name": "headnode-43242fcadee44766ac16a7e01cfebd0d",
                "tags": {},
                "type": "Microsoft.Network/loadBalancers"
              },
              {
                "id": "/subscriptions/78c78ae6-b8f6-44d9-88b7-cee29cd59d60/resourceGroups/fourkites-development/providers/Microsoft.Network/loadBalancers/headnode-4e62d85716074eedbcfc4e414211239e",
                "location": "eastus",
                "name": "headnode-4e62d85716074eedbcfc4e414211239e",
                "tags": {
                  "Owner": "Eric Zubriski",
                  "env": "dev",
                  "terraform-managed": "true"
                },
                "type": "Microsoft.Network/loadBalancers"
              },
              {
                "id": "/subscriptions/78c78ae6-b8f6-44d9-88b7-cee29cd59d60/resourceGroups/fourkites-development/providers/Microsoft.Network/loadBalancers/headnode-685f2fa10b3c416bb506108cc1d9e4e7",
                "location": "eastus",
                "name": "headnode-685f2fa10b3c416bb506108cc1d9e4e7",
                "tags": {
                  "Owner": "Eric Zubriski",
                  "env": "dev",
                  "terraform-managed": "true"
                },
                "type": "Microsoft.Network/loadBalancers"
              },
              {
                "id": "/subscriptions/78c78ae6-b8f6-44d9-88b7-cee29cd59d60/resourceGroups/fourkites-development/providers/Microsoft.Network/loadBalancers/headnode-acb61a7a87f84292b4fc0105d9b02fb6",
                "location": "eastus",
                "name": "headnode-acb61a7a87f84292b4fc0105d9b02fb6",
                "tags": {},
                "type": "Microsoft.Network/loadBalancers"
              },
              {
                "id": "/subscriptions/78c78ae6-b8f6-44d9-88b7-cee29cd59d60/resourceGroups/fourkites-development/providers/Microsoft.Network/loadBalancers/headnode-c68b4172f7874b27888e8c7a4a3c2203",
                "location": "eastus",
                "name": "headnode-c68b4172f7874b27888e8c7a4a3c2203",
                "tags": {
                  "Owner": "Eric Zubriski",
                  "env": "dev",
                  "terraform-managed": "true"
                },
                "type": "Microsoft.Network/loadBalancers"
              },
              {
                "id": "/subscriptions/78c78ae6-b8f6-44d9-88b7-cee29cd59d60/resourceGroups/fourkites-development/providers/Microsoft.Network/loadBalancers/kafka-wk-int-dev",
                "location": "eastus",
                "name": "kafka-wk-int-dev",
                "tags": {},
                "type": "Microsoft.Network/loadBalancers"
              },
              {
                "id": "/subscriptions/78c78ae6-b8f6-44d9-88b7-cee29cd59d60/resourceGroups/fourkites-development/providers/Microsoft.Network/loadBalancers/kafka-zk-dev",
                "location": "eastus",
                "name": "kafka-zk-dev",
                "tags": {},
                "type": "Microsoft.Network/loadBalancers"
              },
              {
                "id": "/subscriptions/78c78ae6-b8f6-44d9-88b7-cee29cd59d60/resourceGroups/fourkites-development/providers/Microsoft.Network/loadBalancers/kafka-zk-int-dev",
                "location": "eastus",
                "name": "kafka-zk-int-dev",
                "tags": {},
                "type": "Microsoft.Network/loadBalancers"
              }
            ],
            "timeouts": null,
            "type": "microsoft.network/loadbalancers"
          },
          "sensitive_attributes": []
        }
      ]
    },
    {
      "mode": "data",
      "type": "azurerm_resources",
      "name": "managed_clusters",
      "provider": "provider[\"registry.terraform.io/hashicorp/azurerm\"]",
      "instances": [
        {
          "schema_version": 0,
          "attributes": {
            "id": "resource-b2dc3ef8-1259-43fa-ac25-c2cae64c7f61",
            "name": null,
            "required_tags": null,
            "resource_group_name": "fourkites-development",
            "resources": [
              {
                "id": "/subscriptions/78c78ae6-b8f6-44d9-88b7-cee29cd59d60/resourceGroups/fourkites-development/providers/Microsoft.ContainerService/managedClusters/fourkites-dev",
                "location": "eastus",
                "name": "fourkites-dev",
                "tags": {
                  "Owner": "Eric Zubriski",
                  "env": "dev",
                  "terraform-managed": "true"
                },
                "type": "Microsoft.ContainerService/managedClusters"
              },
              {
                "id": "/subscriptions/78c78ae6-b8f6-44d9-88b7-cee29cd59d60/resourceGroups/fourkites-development/providers/Microsoft.ContainerService/managedClusters/fourkites-development",
                "location": "eastus",
                "name": "fourkites-development",
                "tags": {
                  "Owner": "Eric Zubriski",
                  "env": "dev",
                  "terraform-managed": "true"
                },
                "type": "Microsoft.ContainerService/managedClusters"
              }
            ],
            "timeouts": null,
            "type": "microsoft.containerservice/managedclusters"
          },
          "sensitive_attributes": []
        }
      ]
    },
    {
      "mode": "data",
      "type": "azurerm_resources",
      "name": "mysql_servers",
      "provider": "provider[\"registry.terraform.io/hashicorp/azurerm\"]",
      "instances": [
        {
          "schema_version": 0,
          "attributes": {
            "id": "resource-a734aad7-2da1-4768-a449-91e1d77e42dc",
            "name": null,
            "required_tags": null,
            "resource_group_name": "fourkites-development",
            "resources": [
              {
                "id": "/subscriptions/78c78ae6-b8f6-44d9-88b7-cee29cd59d60/resourceGroups/fourkites-development/providers/Microsoft.DBForMySQL/servers/azure-automation-db-vpn-dev",
                "location": "eastus",
                "name": "azure-automation-db-vpn-dev",
                "tags": {},
                "type": "Microsoft.DBForMySQL/servers"
              }
            ],
            "timeouts": null,
            "type": "microsoft.dbformysql/servers"
          },
          "sensitive_attributes": []
        }
      ]
    },
    {
      "mode": "data",
      "type": "azurerm_resources",
      "name": "notification_hubs",
      "provider": "provider[\"registry.terraform.io/hashicorp/azurerm\"]",
      "instances": [
        {
          "schema_version": 0,
          "attributes": {
            "id": "resource-7095ed4c-a3e4-4021-a84f-2fcafde2e4f3",
            "name": null,
            "required_tags": null,
            "resource_group_name": "fourkites-development",
            "resources": [],
            "timeouts": null,
            "type": "Microsoft.NotificationHubs/Namespaces/NotificationHubs"
          },
          "sensitive_attributes": []
        }
      ]
    },
    {
      "mode": "data",
      "type": "azurerm_resources",
      "name": "redis_caches",
      "provider": "provider[\"registry.terraform.io/hashicorp/azurerm\"]",
      "instances": [
        {
          "schema_version": 0,
          "attributes": {
            "id": "resource-81e49604-9208-488b-858a-a7466d5a1632",
            "name": null,
            "required_tags": null,
            "resource_group_name": "fourkites-development",
            "resources": [
              {
                "id": "/subscriptions/78c78ae6-b8f6-44d9-88b7-cee29cd59d60/resourceGroups/fourkites-development/providers/Microsoft.Cache/Redis/airflow-infra-demo",
                "location": "eastus",
                "name": "airflow-infra-demo",
                "tags": {
                  "Owner": "Eric Zubriski",
                  "env": "dev",
                  "terraform-managed": "true"
                },
                "type": "Microsoft.Cache/Redis"
              },
              {
                "id": "/subscriptions/78c78ae6-b8f6-44d9-88b7-cee29cd59d60/resourceGroups/fourkites-development/providers/Microsoft.Cache/Redis/airflow-infra-dev",
                "location": "eastus",
                "name": "airflow-infra-dev",
                "tags": {
                  "Owner": "Eric Zubriski",
                  "env": "dev",
                  "terraform-managed": "true"
                },
                "type": "Microsoft.Cache/Redis"
              },
              {
                "id": "/subscriptions/78c78ae6-b8f6-44d9-88b7-cee29cd59d60/resourceGroups/fourkites-development/providers/Microsoft.Cache/Redis/collaboration-demo",
                "location": "eastus",
                "name": "collaboration-demo",
                "tags": {
                  "Owner": "Eric Zubriski",
                  "env": "dev",
                  "terraform-managed": "true"
                },
                "type": "Microsoft.Cache/Redis"
              },
              {
                "id": "/subscriptions/78c78ae6-b8f6-44d9-88b7-cee29cd59d60/resourceGroups/fourkites-development/providers/Microsoft.Cache/Redis/collaboration-dev",
                "location": "eastus",
                "name": "collaboration-dev",
                "tags": {
                  "Owner": "Eric Zubriski",
                  "env": "dev",
                  "terraform-managed": "true"
                },
                "type": "Microsoft.Cache/Redis"
              },
              {
                "id": "/subscriptions/78c78ae6-b8f6-44d9-88b7-cee29cd59d60/resourceGroups/fourkites-development/providers/Microsoft.Cache/Redis/courier-worker-dev",
                "location": "eastus",
                "name": "courier-worker-dev",
                "tags": {
                  "Owner": "Eric Zubriski",
                  "env": "dev",
                  "terraform-managed": "true"
                },
                "type": "Microsoft.Cache/Redis"
              },
              {
                "id": "/subscriptions/78c78ae6-b8f6-44d9-88b7-cee29cd59d60/resourceGroups/fourkites-development/providers/Microsoft.Cache/Redis/credential-management-service-dev",
                "location": "eastus",
                "name": "credential-management-service-dev",
                "tags": {
                  "Owner": "Eric Zubriski",
                  "env": "dev",
                  "terraform-managed": "true"
                },
                "type": "Microsoft.Cache/Redis"
              },
              {
                "id": "/subscriptions/78c78ae6-b8f6-44d9-88b7-cee29cd59d60/resourceGroups/fourkites-development/providers/Microsoft.Cache/Redis/data-ingestion-dev",
                "location": "eastus",
                "name": "data-ingestion-dev",
                "tags": {
                  "Owner": "Eric Zubriski",
                  "env": "dev",
                  "terraform-managed": "true"
                },
                "type": "Microsoft.Cache/Redis"
              },
              {
                "id": "/subscriptions/78c78ae6-b8f6-44d9-88b7-cee29cd59d60/resourceGroups/fourkites-development/providers/Microsoft.Cache/Redis/fk-dev",
                "location": "eastus",
                "name": "fk-dev",
                "tags": {},
                "type": "Microsoft.Cache/Redis"
              },
              {
                "id": "/subscriptions/78c78ae6-b8f6-44d9-88b7-cee29cd59d60/resourceGroups/fourkites-development/providers/Microsoft.Cache/Redis/fourkites-development",
                "location": "eastus",
                "name": "fourkites-development",
                "tags": {
                  "Owner": "Eric Zubriski",
                  "env": "dev",
                  "terraform-managed": "true"
                },
                "type": "Microsoft.Cache/Redis"
              },
              {
                "id": "/subscriptions/78c78ae6-b8f6-44d9-88b7-cee29cd59d60/resourceGroups/fourkites-development/providers/Microsoft.Cache/Redis/internal-cache-dev",
                "location": "eastus",
                "name": "internal-cache-dev",
                "tags": {
                  "Owner": "Eric Zubriski",
                  "env": "dev",
                  "terraform-managed": "true"
                },
                "type": "Microsoft.Cache/Redis"
              },
              {
                "id": "/subscriptions/78c78ae6-b8f6-44d9-88b7-cee29cd59d60/resourceGroups/fourkites-development/providers/Microsoft.Cache/Redis/ltl-cache-dev",
                "location": "eastus",
                "name": "ltl-cache-dev",
                "tags": {
                  "Owner": "Eric Zubriski",
                  "env": "dev",
                  "terraform-managed": "true"
                },
                "type": "Microsoft.Cache/Redis"
              },
              {
                "id": "/subscriptions/78c78ae6-b8f6-44d9-88b7-cee29cd59d60/resourceGroups/fourkites-development/providers/Microsoft.Cache/Redis/maps-cache-dev",
                "location": "eastus",
                "name": "maps-cache-dev",
                "tags": {
                  "Owner": "Eric Zubriski",
                  "env": "dev",
                  "terraform-managed": "true"
                },
                "type": "Microsoft.Cache/Redis"
              },
              {
                "id": "/subscriptions/78c78ae6-b8f6-44d9-88b7-cee29cd59d60/resourceGroups/fourkites-development/providers/Microsoft.Cache/Redis/mobile-cache-dev",
                "location": "eastus",
                "name": "mobile-cache-dev",
                "tags": {
                  "Owner": "Eric Zubriski",
                  "env": "dev",
                  "terraform-managed": "true"
                },
                "type": "Microsoft.Cache/Redis"
              },
              {
                "id": "/subscriptions/78c78ae6-b8f6-44d9-88b7-cee29cd59d60/resourceGroups/fourkites-development/providers/Microsoft.Cache/Redis/ns-cache-dev",
                "location": "eastus",
                "name": "ns-cache-dev",
                "tags": {
                  "Owner": "Eric Zubriski",
                  "env": "dev",
                  "terraform-managed": "true"
                },
                "type": "Microsoft.Cache/Redis"
              },
              {
                "id": "/subscriptions/78c78ae6-b8f6-44d9-88b7-cee29cd59d60/resourceGroups/fourkites-development/providers/Microsoft.Cache/Redis/po-service-demo",
                "location": "eastus",
                "name": "po-service-demo",
                "tags": {
                  "Owner": "Eric Zubriski",
                  "env": "dev",
                  "terraform-managed": "true"
                },
                "type": "Microsoft.Cache/Redis"
              },
              {
                "id": "/subscriptions/78c78ae6-b8f6-44d9-88b7-cee29cd59d60/resourceGroups/fourkites-development/providers/Microsoft.Cache/Redis/po-service-dev",
                "location": "eastus",
                "name": "po-service-dev",
                "tags": {
                  "Owner": "Eric Zubriski",
                  "env": "dev",
                  "terraform-managed": "true"
                },
                "type": "Microsoft.Cache/Redis"
              },
              {
                "id": "/subscriptions/78c78ae6-b8f6-44d9-88b7-cee29cd59d60/resourceGroups/fourkites-development/providers/Microsoft.Cache/Redis/tracking-dev",
                "location": "eastus",
                "name": "tracking-dev",
                "tags": {
                  "Owner": "Eric Zubriski",
                  "env": "dev",
                  "product": "track",
                  "project": "tracking-service",
                  "team": "tracking",
                  "terraform-managed": "true"
                },
                "type": "Microsoft.Cache/Redis"
              },
              {
                "id": "/subscriptions/78c78ae6-b8f6-44d9-88b7-cee29cd59d60/resourceGroups/fourkites-development/providers/Microsoft.Cache/Redis/user-notification-service-dev",
                "location": "eastus",
                "name": "user-notification-service-dev",
                "tags": {
                  "Owner": "Eric Zubriski",
                  "env": "dev",
                  "terraform-managed": "true"
                },
                "type": "Microsoft.Cache/Redis"
              }
            ],
            "timeouts": null,
            "type": "microsoft.cache/redis"
          },
          "sensitive_attributes": []
        }
      ]
    },
    {
      "mode": "data",
      "type": "azurerm_resources",
      "name": "storage_accounts",
      "provider": "provider[\"registry.terraform.io/hashicorp/azurerm\"]",
      "instances": [
        {
          "schema_version": 0,
          "attributes": {
            "id": "resource-ab69c3c5-50b6-4a48-accb-c17db2b8ec6e",
            "name": null,
            "required_tags": null,
            "resource_group_name": "fourkites-development",
            "resources": [
              {
                "id": "/subscriptions/78c78ae6-b8f6-44d9-88b7-cee29cd59d60/resourceGroups/fourkites-development/providers/Microsoft.Storage/storageAccounts/adamantiumfeclientdev",
                "location": "eastus",
                "name": "adamantiumfeclientdev",
                "tags": {
                  "Owner": "Eric Zubriski",
                  "env": "dev",
                  "terraform-managed": "true"
                },
                "type": "Microsoft.Storage/storageAccounts"
              },
              {
                "id": "/subscriptions/78c78ae6-b8f6-44d9-88b7-cee29cd59d60/resourceGroups/fourkites-development/providers/Microsoft.Storage/storageAccounts/adminfeclientdev",
                "location": "eastus",
                "name": "adminfeclientdev",
                "tags": {
                  "Owner": "Eric Zubriski",
                  "env": "dev",
                  "terraform-managed": "true"
                },
                "type": "Microsoft.Storage/storageAccounts"
              },
              {
                "id": "/subscriptions/78c78ae6-b8f6-44d9-88b7-cee29cd59d60/resourceGroups/fourkites-development/providers/Microsoft.Storage/storageAccounts/betaeclientdev",
                "location": "eastus",
                "name": "betaeclientdev",
                "tags": {
                  "Owner": "Eric Zubriski",
                  "env": "dev",
                  "terraform-managed": "true"
                },
                "type": "Microsoft.Storage/storageAccounts"
              },
              {
                "id": "/subscriptions/78c78ae6-b8f6-44d9-88b7-cee29cd59d60/resourceGroups/fourkites-development/providers/Microsoft.Storage/storageAccounts/chatfeclientdev",
                "location": "eastus",
                "name": "chatfeclientdev",
                "tags": {
                  "Owner": "Eric Zubriski",
                  "env": "dev",
                  "terraform-managed": "true"
                },
                "type": "Microsoft.Storage/storageAccounts"
              },
              {
                "id": "/subscriptions/78c78ae6-b8f6-44d9-88b7-cee29cd59d60/resourceGroups/fourkites-development/providers/Microsoft.Storage/storageAccounts/collaborationchatfe",
                "location": "eastus",
                "name": "collaborationchatfe",
                "tags": {
                  "Owner": "Eric Zubriski",
                  "env": "dev",
                  "terraform-managed": "true"
                },
                "type": "Microsoft.Storage/storageAccounts"
              },
              {
                "id": "/subscriptions/78c78ae6-b8f6-44d9-88b7-cee29cd59d60/resourceGroups/fourkites-development/providers/Microsoft.Storage/storageAccounts/collaborationmsgcenterfe",
                "location": "eastus",
                "name": "collaborationmsgcenterfe",
                "tags": {
                  "Owner": "Eric Zubriski",
                  "env": "dev",
                  "terraform-managed": "true"
                },
                "type": "Microsoft.Storage/storageAccounts"
              },
              {
                "id": "/subscriptions/78c78ae6-b8f6-44d9-88b7-cee29cd59d60/resourceGroups/fourkites-development/providers/Microsoft.Storage/storageAccounts/configurabledashboarddev",
                "location": "eastus",
                "name": "configurabledashboarddev",
                "tags": {
                  "Owner": "Eric Zubriski",
                  "env": "dev",
                  "terraform-managed": "true"
                },
                "type": "Microsoft.Storage/storageAccounts"
              },
              {
                "id": "/subscriptions/78c78ae6-b8f6-44d9-88b7-cee29cd59d60/resourceGroups/fourkites-development/providers/Microsoft.Storage/storageAccounts/dashboardfeclientdev",
                "location": "eastus",
                "name": "dashboardfeclientdev",
                "tags": {
                  "Owner": "Eric Zubriski",
                  "env": "dev",
                  "terraform-managed": "true"
                },
                "type": "Microsoft.Storage/storageAccounts"
              },
              {
                "id": "/subscriptions/78c78ae6-b8f6-44d9-88b7-cee29cd59d60/resourceGroups/fourkites-development/providers/Microsoft.Storage/storageAccounts/devinsights",
                "location": "eastus",
                "name": "devinsights",
                "tags": {},
                "type": "Microsoft.Storage/storageAccounts"
              },
              {
                "id": "/subscriptions/78c78ae6-b8f6-44d9-88b7-cee29cd59d60/resourceGroups/fourkites-development/providers/Microsoft.Storage/storageAccounts/femultipathtest1",
                "location": "eastus",
                "name": "femultipathtest1",
                "tags": {},
                "type": "Microsoft.Storage/storageAccounts"
              },
              {
                "id": "/subscriptions/78c78ae6-b8f6-44d9-88b7-cee29cd59d60/resourceGroups/fourkites-development/providers/Microsoft.Storage/storageAccounts/femultipathtest2",
                "location": "eastus",
                "name": "femultipathtest2",
                "tags": {},
                "type": "Microsoft.Storage/storageAccounts"
              },
              {
                "id": "/subscriptions/78c78ae6-b8f6-44d9-88b7-cee29cd59d60/resourceGroups/fourkites-development/providers/Microsoft.Storage/storageAccounts/femultipathtest3",
                "location": "eastus",
                "name": "femultipathtest3",
                "tags": {},
                "type": "Microsoft.Storage/storageAccounts"
              },
              {
                "id": "/subscriptions/78c78ae6-b8f6-44d9-88b7-cee29cd59d60/resourceGroups/fourkites-development/providers/Microsoft.Storage/storageAccounts/fkcdntestpath2",
                "location": "eastus",
                "name": "fkcdntestpath2",
                "tags": {},
                "type": "Microsoft.Storage/storageAccounts"
              },
              {
                "id": "/subscriptions/78c78ae6-b8f6-44d9-88b7-cee29cd59d60/resourceGroups/fourkites-development/providers/Microsoft.Storage/storageAccounts/fkdevcdn",
                "location": "eastus",
                "name": "fkdevcdn",
                "tags": {
                  "Owner": "Eric Zubriski",
                  "env": "dev",
                  "terraform-managed": "true"
                },
                "type": "Microsoft.Storage/storageAccounts"
              },
              {
                "id": "/subscriptions/78c78ae6-b8f6-44d9-88b7-cee29cd59d60/resourceGroups/fourkites-development/providers/Microsoft.Storage/storageAccounts/fkdevhbasest",
                "location": "eastus",
                "name": "fkdevhbasest",
                "tags": {},
                "type": "Microsoft.Storage/storageAccounts"
              },
              {
                "id": "/subscriptions/78c78ae6-b8f6-44d9-88b7-cee29cd59d60/resourceGroups/fourkites-development/providers/Microsoft.Storage/storageAccounts/fkdevkafka",
                "location": "eastus",
                "name": "fkdevkafka",
                "tags": {
                  "Owner": "Eric Zubriski",
                  "env": "dev",
                  "terraform-managed": "true"
                },
                "type": "Microsoft.Storage/storageAccounts"
              },
              {
                "id": "/subscriptions/78c78ae6-b8f6-44d9-88b7-cee29cd59d60/resourceGroups/fourkites-development/providers/Microsoft.Storage/storageAccounts/fkdevkafkast",
                "location": "eastus",
                "name": "fkdevkafkast",
                "tags": {},
                "type": "Microsoft.Storage/storageAccounts"
              },
              {
                "id": "/subscriptions/78c78ae6-b8f6-44d9-88b7-cee29cd59d60/resourceGroups/fourkites-development/providers/Microsoft.Storage/storageAccounts/fkdevkafkatest",
                "location": "eastus",
                "name": "fkdevkafkatest",
                "tags": {
                  "Owner": "Eric Zubriski",
                  "env": "dev",
                  "terraform-managed": "true"
                },
                "type": "Microsoft.Storage/storageAccounts"
              },
              {
                "id": "/subscriptions/78c78ae6-b8f6-44d9-88b7-cee29cd59d60/resourceGroups/fourkites-development/providers/Microsoft.Storage/storageAccounts/fkdevsparkhbase",
                "location": "eastus",
                "name": "fkdevsparkhbase",
                "tags": {
                  "Owner": "Eric Zubriski",
                  "env": "dev",
                  "terraform-managed": "true"
                },
                "type": "Microsoft.Storage/storageAccounts"
              },
              {
                "id": "/subscriptions/78c78ae6-b8f6-44d9-88b7-cee29cd59d60/resourceGroups/fourkites-development/providers/Microsoft.Storage/storageAccounts/fkdevsparkst",
                "location": "eastus",
                "name": "fkdevsparkst",
                "tags": {},
                "type": "Microsoft.Storage/storageAccounts"
              },
              {
                "id": "/subscriptions/78c78ae6-b8f6-44d9-88b7-cee29cd59d60/resourceGroups/fourkites-development/providers/Microsoft.Storage/storageAccounts/fkminio",
                "location": "eastus",
                "name": "fkminio",
                "tags": {
                  "Owner": "Eric Zubriski",
                  "env": "dev",
                  "terraform-managed": "true"
                },
                "type": "Microsoft.Storage/storageAccounts"
              },
              {
                "id": "/subscriptions/78c78ae6-b8f6-44d9-88b7-cee29cd59d60/resourceGroups/fourkites-development/providers/Microsoft.Storage/storageAccounts/fkminioinsights",
                "location": "eastus",
                "name": "fkminioinsights",
                "tags": {
                  "Owner": "Eric Zubriski",
                  "env": "dev",
                  "terraform-managed": "true"
                },
                "type": "Microsoft.Storage/storageAccounts"
              },
              {
                "id": "/subscriptions/78c78ae6-b8f6-44d9-88b7-cee29cd59d60/resourceGroups/fourkites-development/providers/Microsoft.Storage/storageAccounts/insightsfeclientdev",
                "location": "eastus",
                "name": "insightsfeclientdev",
                "tags": {
                  "Owner": "Eric Zubriski",
                  "env": "dev",
                  "terraform-managed": "true"
                },
                "type": "Microsoft.Storage/storageAccounts"
              },
              {
                "id": "/subscriptions/78c78ae6-b8f6-44d9-88b7-cee29cd59d60/resourceGroups/fourkites-development/providers/Microsoft.Storage/storageAccounts/kaasazusdevhdistorage",
                "location": "eastus",
                "name": "kaasazusdevhdistorage",
                "tags": {},
                "type": "Microsoft.Storage/storageAccounts"
              },
              {
                "id": "/subscriptions/78c78ae6-b8f6-44d9-88b7-cee29cd59d60/resourceGroups/fourkites-development/providers/Microsoft.Storage/storageAccounts/kghtesthbasehdistorage",
                "location": "eastus",
                "name": "kghtesthbasehdistorage",
                "tags": {},
                "type": "Microsoft.Storage/storageAccounts"
              },
              {
                "id": "/subscriptions/78c78ae6-b8f6-44d9-88b7-cee29cd59d60/resourceGroups/fourkites-development/providers/Microsoft.Storage/storageAccounts/kohtesthbasehdistorage",
                "location": "eastus",
                "name": "kohtesthbasehdistorage",
                "tags": {},
                "type": "Microsoft.Storage/storageAccounts"
              },
              {
                "id": "/subscriptions/78c78ae6-b8f6-44d9-88b7-cee29cd59d60/resourceGroups/fourkites-development/providers/Microsoft.Storage/storageAccounts/onboardingtoolsfedev",
                "location": "eastus",
                "name": "onboardingtoolsfedev",
                "tags": {},
                "type": "Microsoft.Storage/storageAccounts"
              },
              {
                "id": "/subscriptions/78c78ae6-b8f6-44d9-88b7-cee29cd59d60/resourceGroups/fourkites-development/providers/Microsoft.Storage/storageAccounts/phdfeclientdev",
                "location": "eastus",
                "name": "phdfeclientdev",
                "tags": {
                  "Owner": "Eric Zubriski",
                  "env": "dev",
                  "terraform-managed": "true"
                },
                "type": "Microsoft.Storage/storageAccounts"
              },
              {
                "id": "/subscriptions/78c78ae6-b8f6-44d9-88b7-cee29cd59d60/resourceGroups/fourkites-development/providers/Microsoft.Storage/storageAccounts/sahdtestinsights02",
                "location": "eastus",
                "name": "sahdtestinsights02",
                "tags": {},
                "type": "Microsoft.Storage/storageAccounts"
              },
              {
                "id": "/subscriptions/78c78ae6-b8f6-44d9-88b7-cee29cd59d60/resourceGroups/fourkites-development/providers/Microsoft.Storage/storageAccounts/sftpstorageaccountfkdev",
                "location": "eastus",
                "name": "sftpstorageaccountfkdev",
                "tags": {
                  "Owner": "Eric Zubriski",
                  "env": "dev",
                  "terraform-managed": "true"
                },
                "type": "Microsoft.Storage/storageAccounts"
              },
              {
                "id": "/subscriptions/78c78ae6-b8f6-44d9-88b7-cee29cd59d60/resourceGroups/fourkites-development/providers/Microsoft.Storage/storageAccounts/stbetafeclient",
                "location": "eastus",
                "name": "stbetafeclient",
                "tags": {
                  "Owner": "Eric Zubriski",
                  "env": "dev",
                  "terraform-managed": "true"
                },
                "type": "Microsoft.Storage/storageAccounts"
              },
              {
                "id": "/subscriptions/78c78ae6-b8f6-44d9-88b7-cee29cd59d60/resourceGroups/fourkites-development/providers/Microsoft.Storage/storageAccounts/stdashboardfeclient",
                "location": "eastus",
                "name": "stdashboardfeclient",
                "tags": {
                  "Owner": "Eric Zubriski",
                  "env": "dev",
                  "terraform-managed": "true"
                },
                "type": "Microsoft.Storage/storageAccounts"
              },
              {
                "id": "/subscriptions/78c78ae6-b8f6-44d9-88b7-cee29cd59d60/resourceGroups/fourkites-development/providers/Microsoft.Storage/storageAccounts/sthomepagefeclient",
                "location": "eastus",
                "name": "sthomepagefeclient",
                "tags": {
                  "Owner": "Eric Zubriski",
                  "env": "dev",
                  "terraform-managed": "true"
                },
                "type": "Microsoft.Storage/storageAccounts"
              },
              {
                "id": "/subscriptions/78c78ae6-b8f6-44d9-88b7-cee29cd59d60/resourceGroups/fourkites-development/providers/Microsoft.Storage/storageAccounts/storageaccountfourk924f",
                "location": "eastus",
                "name": "storageaccountfourk924f",
                "tags": {},
                "type": "Microsoft.Storage/storageAccounts"
              },
              {
                "id": "/subscriptions/78c78ae6-b8f6-44d9-88b7-cee29cd59d60/resourceGroups/fourkites-development/providers/Microsoft.Storage/storageAccounts/storageaccountfourkba53",
                "location": "eastus",
                "name": "storageaccountfourkba53",
                "tags": {},
                "type": "Microsoft.Storage/storageAccounts"
              },
              {
                "id": "/subscriptions/78c78ae6-b8f6-44d9-88b7-cee29cd59d60/resourceGroups/fourkites-development/providers/Microsoft.Storage/storageAccounts/sttrackingfeclient",
                "location": "eastus",
                "name": "sttrackingfeclient",
                "tags": {
                  "Owner": "Eric Zubriski",
                  "env": "dev",
                  "terraform-managed": "true"
                },
                "type": "Microsoft.Storage/storageAccounts"
              },
              {
                "id": "/subscriptions/78c78ae6-b8f6-44d9-88b7-cee29cd59d60/resourceGroups/fourkites-development/providers/Microsoft.Storage/storageAccounts/testhbase01hdistorage",
                "location": "eastus",
                "name": "testhbase01hdistorage",
                "tags": {},
                "type": "Microsoft.Storage/storageAccounts"
              },
              {
                "id": "/subscriptions/78c78ae6-b8f6-44d9-88b7-cee29cd59d60/resourceGroups/fourkites-development/providers/Microsoft.Storage/storageAccounts/toolsfeclientdev",
                "location": "eastus",
                "name": "toolsfeclientdev",
                "tags": {
                  "Owner": "Eric Zubriski",
                  "env": "dev",
                  "terraform-managed": "true"
                },
                "type": "Microsoft.Storage/storageAccounts"
              },
              {
                "id": "/subscriptions/78c78ae6-b8f6-44d9-88b7-cee29cd59d60/resourceGroups/fourkites-development/providers/Microsoft.Storage/storageAccounts/trackingdevfe",
                "location": "eastus",
                "name": "trackingdevfe",
                "tags": {},
                "type": "Microsoft.Storage/storageAccounts"
              },
              {
                "id": "/subscriptions/78c78ae6-b8f6-44d9-88b7-cee29cd59d60/resourceGroups/fourkites-development/providers/Microsoft.Storage/storageAccounts/trackingfeclientdev",
                "location": "eastus",
                "name": "trackingfeclientdev",
                "tags": {
                  "Owner": "Eric Zubriski",
                  "env": "dev",
                  "terraform-managed": "true"
                },
                "type": "Microsoft.Storage/storageAccounts"
              }
            ],
            "timeouts": null,
            "type": "microsoft.storage/storageaccounts"
          },
          "sensitive_attributes": []
        }
      ]
    },
    {
      "mode": "data",
      "type": "azurerm_resources",
      "name": "virtual_machines",
      "provider": "provider[\"registry.terraform.io/hashicorp/azurerm\"]",
      "instances": [
        {
          "schema_version": 0,
          "attributes": {
            "id": "resource-f10a6b01-4c52-409f-bae2-5d7368d237e0",
            "name": null,
            "required_tags": null,
            "resource_group_name": "fourkites-development",
            "resources": [
              {
                "id": "/subscriptions/78c78ae6-b8f6-44d9-88b7-cee29cd59d60/resourceGroups/fourkites-development/providers/Microsoft.Compute/virtualMachines/automation-qa-azure-2",
                "location": "eastus",
                "name": "automation-qa-azure-2",
                "tags": {},
                "type": "Microsoft.Compute/virtualMachines"
              },
              {
                "id": "/subscriptions/78c78ae6-b8f6-44d9-88b7-cee29cd59d60/resourceGroups/fourkites-development/providers/Microsoft.Compute/virtualMachines/ftp-integrations-worker-dev",
                "location": "eastus",
                "name": "ftp-integrations-worker-dev",
                "tags": {},
                "type": "Microsoft.Compute/virtualMachines"
              },
              {
                "id": "/subscriptions/78c78ae6-b8f6-44d9-88b7-cee29cd59d60/resourceGroups/fourkites-development/providers/Microsoft.Compute/virtualMachines/insightscronfkdev",
                "location": "eastus",
                "name": "insightscronfkdev",
                "tags": {},
                "type": "Microsoft.Compute/virtualMachines"
              }
            ],
            "timeouts": null,
            "type": "microsoft.compute/virtualmachines"
          },
          "sensitive_attributes": []
        }
      ]
    },
    {
      "mode": "data",
      "type": "azurerm_resources",
      "name": "virtual_networks",
      "provider": "provider[\"registry.terraform.io/hashicorp/azurerm\"]",
      "instances": [
        {
          "schema_version": 0,
          "attributes": {
            "id": "resource-79979607-2f59-45cb-b83d-009fb58c8bfe",
            "name": null,
            "required_tags": null,
            "resource_group_name": "fourkites-development",
            "resources": [
              {
                "id": "/subscriptions/78c78ae6-b8f6-44d9-88b7-cee29cd59d60/resourceGroups/fourkites-development/providers/Microsoft.Network/virtualNetworks/aws-to-azure-migration",
                "location": "eastus",
                "name": "aws-to-azure-migration",
                "tags": {
                  "project": "aws to azure migration"
                },
                "type": "Microsoft.Network/virtualNetworks"
              },
              {
                "id": "/subscriptions/78c78ae6-b8f6-44d9-88b7-cee29cd59d60/resourceGroups/fourkites-development/providers/Microsoft.Network/virtualNetworks/company-sevice-qat-migration",
                "location": "eastus",
                "name": "company-sevice-qat-migration",
                "tags": {},
                "type": "Microsoft.Network/virtualNetworks"
              },
              {
                "id": "/subscriptions/78c78ae6-b8f6-44d9-88b7-cee29cd59d60/resourceGroups/fourkites-development/providers/Microsoft.Network/virtualNetworks/fourkites-development",
                "location": "eastus",
                "name": "fourkites-development",
                "tags": {
                  "Owner": "Eric Zubriski",
                  "env": "dev",
                  "terraform-managed": "true"
                },
                "type": "Microsoft.Network/virtualNetworks"
              }
            ],
            "timeouts": null,
            "type": "microsoft.network/virtualnetworks"
          },
          "sensitive_attributes": []
        }
      ]
    },
    {
      "module": "module.monitor_activity_log[\"/subscriptions/78c78ae6-b8f6-44d9-88b7-cee29cd59d60/resourcegroups/fourkites-development/providers/microsoft.compute/virtualmachines/automation-qa-azure-2\"]",
      "mode": "managed",
      "type": "azurerm_monitor_action_group",
      "name": "critical_action_group_alert",
      "provider": "provider[\"registry.terraform.io/hashicorp/azurerm\"]",
      "instances": [
        {
          "schema_version": 0,
          "attributes": {
            "arm_role_receiver": [],
            "automation_runbook_receiver": [],
            "azure_app_push_receiver": [],
            "azure_function_receiver": [],
            "email_receiver": [],
            "enabled": true,
            "id": "/subscriptions/78c78ae6-b8f6-44d9-88b7-cee29cd59d60/resourceGroups/fourkites-development/providers/microsoft.insights/actionGroups/action-group-critical-alert-MMzFEo",
            "itsm_receiver": [],
            "logic_app_receiver": [],
            "name": "action-group-critical-alert-MMzFEo",
            "resource_group_name": "fourkites-development",
            "short_name": "ag-tf-MMzFEo",
            "sms_receiver": [],
            "tags": null,
            "timeouts": null,
            "voice_receiver": [],
            "webhook_receiver": [
              {
                "aad_auth": [],
                "name": "https://hooks.slack.com/services/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",
                "service_uri": "https://hooks.slack.com/services/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",
                "use_common_alert_schema": true
              }
            ]
          },
          "sensitive_attributes": [],
          "private": "eyJlMmJmYjczMC1lY2FhLTExZTYtOGY4OC0zNDM2M2JjN2M0YzAiOnsiY3JlYXRlIjoxODAwMDAwMDAwMDAwLCJkZWxldGUiOjE4MDAwMDAwMDAwMDAsInJlYWQiOjMwMDAwMDAwMDAwMCwidXBkYXRlIjoxODAwMDAwMDAwMDAwfX0=",
          "dependencies": [
            "data.azurerm_resources.document_db",
            "data.azurerm_resources.managed_clusters",
            "data.azurerm_resources.mysql_servers",
            "data.azurerm_resources.virtual_machines",
            "data.azurerm_resources.virtual_networks",
            "module.monitor_activity_log.random_string.random_6"
          ]
        }
      ]
    },
    {
      "module": "module.monitor_activity_log[\"/subscriptions/78c78ae6-b8f6-44d9-88b7-cee29cd59d60/resourcegroups/fourkites-development/providers/microsoft.compute/virtualmachines/automation-qa-azure-2\"]",
      "mode": "managed",
      "type": "azurerm_monitor_action_group",
      "name": "high_action_group_alert",
      "provider": "provider[\"registry.terraform.io/hashicorp/azurerm\"]",
      "instances": [
        {
          "schema_version": 0,
          "attributes": {
            "arm_role_receiver": [],
            "automation_runbook_receiver": [],
            "azure_app_push_receiver": [],
            "azure_function_receiver": [],
            "email_receiver": [],
            "enabled": true,
            "id": "/subscriptions/78c78ae6-b8f6-44d9-88b7-cee29cd59d60/resourceGroups/fourkites-development/providers/microsoft.insights/actionGroups/action-group-high-alert-MMzFEo",
            "itsm_receiver": [],
            "logic_app_receiver": [],
            "name": "action-group-high-alert-MMzFEo",
            "resource_group_name": "fourkites-development",
            "short_name": "ag-tf-MMzFEo",
            "sms_receiver": [],
            "tags": null,
            "timeouts": null,
            "voice_receiver": [],
            "webhook_receiver": [
              {
                "aad_auth": [],
                "name": "https://hooks.slack.com/services/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",
                "service_uri": "https://hooks.slack.com/services/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",
                "use_common_alert_schema": true
              }
            ]
          },
          "sensitive_attributes": [],
          "private": "eyJlMmJmYjczMC1lY2FhLTExZTYtOGY4OC0zNDM2M2JjN2M0YzAiOnsiY3JlYXRlIjoxODAwMDAwMDAwMDAwLCJkZWxldGUiOjE4MDAwMDAwMDAwMDAsInJlYWQiOjMwMDAwMDAwMDAwMCwidXBkYXRlIjoxODAwMDAwMDAwMDAwfX0=",
          "dependencies": [
            "data.azurerm_resources.document_db",
            "data.azurerm_resources.managed_clusters",
            "data.azurerm_resources.mysql_servers",
            "data.azurerm_resources.virtual_machines",
            "data.azurerm_resources.virtual_networks",
            "module.monitor_activity_log.random_string.random_6"
          ]
        }
      ]
    },
    {
      "module": "module.monitor_activity_log[\"/subscriptions/78c78ae6-b8f6-44d9-88b7-cee29cd59d60/resourcegroups/fourkites-development/providers/microsoft.compute/virtualmachines/automation-qa-azure-2\"]",
      "mode": "managed",
      "type": "azurerm_monitor_activity_log_alert",
      "name": "critical",
      "provider": "provider[\"registry.terraform.io/hashicorp/azurerm\"]",
      "instances": [
        {
          "schema_version": 0,
          "attributes": {
            "action": [
              {
                "action_group_id": "/subscriptions/78c78ae6-b8f6-44d9-88b7-cee29cd59d60/resourceGroups/fourkites-development/providers/microsoft.insights/actionGroups/action-group-critical-alert-MMzFEo",
                "webhook_properties": null
              }
            ],
            "criteria": [
              {
                "caller": "",
                "category": "Administrative",
                "level": "Critical",
                "operation_name": "",
                "recommendation_category": "",
                "recommendation_impact": "",
                "recommendation_type": "",
                "resource_group": "",
                "resource_id": "/subscriptions/78c78ae6-b8f6-44d9-88b7-cee29cd59d60/resourcegroups/fourkites-development/providers/microsoft.compute/virtualmachines/automation-qa-azure-2",
                "resource_provider": "",
                "resource_type": "",
                "service_health": [],
                "status": "",
                "sub_status": ""
              }
            ],
            "description": "This alert will monitor for critical events.",
            "enabled": true,
            "id": "/subscriptions/78c78ae6-b8f6-44d9-88b7-cee29cd59d60/resourceGroups/fourkites-development/providers/microsoft.insights/activityLogAlerts/Activity-Log-Critical-Alert-MMzFEo",
            "name": "Activity-Log-Critical-Alert-MMzFEo",
            "resource_group_name": "fourkites-development",
            "scopes": [
              "/subscriptions/78c78ae6-b8f6-44d9-88b7-cee29cd59d60/resourcegroups/fourkites-development/providers/microsoft.compute/virtualmachines/automation-qa-azure-2"
            ],
            "tags": null,
            "timeouts": null
          },
          "sensitive_attributes": [],
          "private": "eyJlMmJmYjczMC1lY2FhLTExZTYtOGY4OC0zNDM2M2JjN2M0YzAiOnsiY3JlYXRlIjoxODAwMDAwMDAwMDAwLCJkZWxldGUiOjE4MDAwMDAwMDAwMDAsInJlYWQiOjMwMDAwMDAwMDAwMCwidXBkYXRlIjoxODAwMDAwMDAwMDAwfX0=",
          "dependencies": [
            "data.azurerm_resources.document_db",
            "data.azurerm_resources.managed_clusters",
            "data.azurerm_resources.mysql_servers",
            "data.azurerm_resources.virtual_machines",
            "data.azurerm_resources.virtual_networks",
            "module.monitor_activity_log.azurerm_monitor_action_group.critical_action_group_alert",
            "module.monitor_activity_log.random_string.random_6"
          ]
        }
      ]
    },
    {
      "module": "module.monitor_activity_log[\"/subscriptions/78c78ae6-b8f6-44d9-88b7-cee29cd59d60/resourcegroups/fourkites-development/providers/microsoft.compute/virtualmachines/automation-qa-azure-2\"]",
      "mode": "managed",
      "type": "azurerm_monitor_activity_log_alert",
      "name": "error",
      "provider": "provider[\"registry.terraform.io/hashicorp/azurerm\"]",
      "instances": [
        {
          "schema_version": 0,
          "attributes": {
            "action": [
              {
                "action_group_id": "/subscriptions/78c78ae6-b8f6-44d9-88b7-cee29cd59d60/resourceGroups/fourkites-development/providers/microsoft.insights/actionGroups/action-group-high-alert-MMzFEo",
                "webhook_properties": null
              }
            ],
            "criteria": [
              {
                "caller": "",
                "category": "Administrative",
                "level": "Error",
                "operation_name": "",
                "recommendation_category": "",
                "recommendation_impact": "",
                "recommendation_type": "",
                "resource_group": "",
                "resource_id": "/subscriptions/78c78ae6-b8f6-44d9-88b7-cee29cd59d60/resourcegroups/fourkites-development/providers/microsoft.compute/virtualmachines/automation-qa-azure-2",
                "resource_provider": "",
                "resource_type": "",
                "service_health": [],
                "status": "",
                "sub_status": ""
              }
            ],
            "description": "This alert will monitor for error events",
            "enabled": true,
            "id": "/subscriptions/78c78ae6-b8f6-44d9-88b7-cee29cd59d60/resourceGroups/fourkites-development/providers/microsoft.insights/activityLogAlerts/Activity-Log-Error-Alert-MMzFEo",
            "name": "Activity-Log-Error-Alert-MMzFEo",
            "resource_group_name": "fourkites-development",
            "scopes": [
              "/subscriptions/78c78ae6-b8f6-44d9-88b7-cee29cd59d60/resourcegroups/fourkites-development/providers/microsoft.compute/virtualmachines/automation-qa-azure-2"
            ],
            "tags": null,
            "timeouts": null
          },
          "sensitive_attributes": [],
          "private": "eyJlMmJmYjczMC1lY2FhLTExZTYtOGY4OC0zNDM2M2JjN2M0YzAiOnsiY3JlYXRlIjoxODAwMDAwMDAwMDAwLCJkZWxldGUiOjE4MDAwMDAwMDAwMDAsInJlYWQiOjMwMDAwMDAwMDAwMCwidXBkYXRlIjoxODAwMDAwMDAwMDAwfX0=",
          "dependencies": [
            "data.azurerm_resources.document_db",
            "data.azurerm_resources.managed_clusters",
            "data.azurerm_resources.mysql_servers",
            "data.azurerm_resources.virtual_machines",
            "data.azurerm_resources.virtual_networks",
            "module.monitor_activity_log.azurerm_monitor_action_group.high_action_group_alert",
            "module.monitor_activity_log.random_string.random_6"
          ]
        }
      ]
    },
    {
      "module": "module.monitor_activity_log[\"/subscriptions/78c78ae6-b8f6-44d9-88b7-cee29cd59d60/resourcegroups/fourkites-development/providers/microsoft.compute/virtualmachines/automation-qa-azure-2\"]",
      "mode": "managed",
      "type": "random_string",
      "name": "random_6",
      "provider": "provider[\"registry.terraform.io/hashicorp/random\"]",
      "instances": [
        {
          "schema_version": 1,
          "attributes": {
            "id": "MMzFEo",
            "keepers": null,
            "length": 6,
            "lower": true,
            "min_lower": 0,
            "min_numeric": 0,
            "min_special": 0,
            "min_upper": 0,
            "number": true,
            "override_special": "_-",
            "result": "MMzFEo",
            "special": true,
            "upper": true
          },
          "sensitive_attributes": [],
          "private": "eyJzY2hlbWFfdmVyc2lvbiI6IjEifQ==",
          "dependencies": [
            "data.azurerm_resources.document_db",
            "data.azurerm_resources.managed_clusters",
            "data.azurerm_resources.mysql_servers",
            "data.azurerm_resources.virtual_machines",
            "data.azurerm_resources.virtual_networks"
          ]
        }
      ]
    },
    {
      "module": "module.monitor_activity_log[\"/subscriptions/78c78ae6-b8f6-44d9-88b7-cee29cd59d60/resourcegroups/fourkites-development/providers/microsoft.compute/virtualmachines/ftp-integrations-worker-dev\"]",
      "mode": "managed",
      "type": "azurerm_monitor_action_group",
      "name": "critical_action_group_alert",
      "provider": "provider[\"registry.terraform.io/hashicorp/azurerm\"]",
      "instances": [
        {
          "schema_version": 0,
          "attributes": {
            "arm_role_receiver": [],
            "automation_runbook_receiver": [],
            "azure_app_push_receiver": [],
            "azure_function_receiver": [],
            "email_receiver": [],
            "enabled": true,
            "id": "/subscriptions/78c78ae6-b8f6-44d9-88b7-cee29cd59d60/resourceGroups/fourkites-development/providers/microsoft.insights/actionGroups/action-group-critical-alert-w4lHYE",
            "itsm_receiver": [],
            "logic_app_receiver": [],
            "name": "action-group-critical-alert-w4lHYE",
            "resource_group_name": "fourkites-development",
            "short_name": "ag-tf-w4lHYE",
            "sms_receiver": [],
            "tags": null,
            "timeouts": null,
            "voice_receiver": [],
            "webhook_receiver": [
              {
                "aad_auth": [],
                "name": "https://hooks.slack.com/services/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",
                "service_uri": "https://hooks.slack.com/services/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",
                "use_common_alert_schema": true
              }
            ]
          },
          "sensitive_attributes": [],
          "private": "eyJlMmJmYjczMC1lY2FhLTExZTYtOGY4OC0zNDM2M2JjN2M0YzAiOnsiY3JlYXRlIjoxODAwMDAwMDAwMDAwLCJkZWxldGUiOjE4MDAwMDAwMDAwMDAsInJlYWQiOjMwMDAwMDAwMDAwMCwidXBkYXRlIjoxODAwMDAwMDAwMDAwfX0=",
          "dependencies": [
            "data.azurerm_resources.document_db",
            "data.azurerm_resources.managed_clusters",
            "data.azurerm_resources.mysql_servers",
            "data.azurerm_resources.virtual_machines",
            "data.azurerm_resources.virtual_networks",
            "module.monitor_activity_log.random_string.random_6"
          ]
        }
      ]
    },
    {
      "module": "module.monitor_activity_log[\"/subscriptions/78c78ae6-b8f6-44d9-88b7-cee29cd59d60/resourcegroups/fourkites-development/providers/microsoft.compute/virtualmachines/ftp-integrations-worker-dev\"]",
      "mode": "managed",
      "type": "azurerm_monitor_action_group",
      "name": "high_action_group_alert",
      "provider": "provider[\"registry.terraform.io/hashicorp/azurerm\"]",
      "instances": [
        {
          "schema_version": 0,
          "attributes": {
            "arm_role_receiver": [],
            "automation_runbook_receiver": [],
            "azure_app_push_receiver": [],
            "azure_function_receiver": [],
            "email_receiver": [],
            "enabled": true,
            "id": "/subscriptions/78c78ae6-b8f6-44d9-88b7-cee29cd59d60/resourceGroups/fourkites-development/providers/microsoft.insights/actionGroups/action-group-high-alert-w4lHYE",
            "itsm_receiver": [],
            "logic_app_receiver": [],
            "name": "action-group-high-alert-w4lHYE",
            "resource_group_name": "fourkites-development",
            "short_name": "ag-tf-w4lHYE",
            "sms_receiver": [],
            "tags": null,
            "timeouts": null,
            "voice_receiver": [],
            "webhook_receiver": [
              {
                "aad_auth": [],
                "name": "https://hooks.slack.com/services/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",
                "service_uri": "https://hooks.slack.com/services/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",
                "use_common_alert_schema": true
              }
            ]
          },
          "sensitive_attributes": [],
          "private": "eyJlMmJmYjczMC1lY2FhLTExZTYtOGY4OC0zNDM2M2JjN2M0YzAiOnsiY3JlYXRlIjoxODAwMDAwMDAwMDAwLCJkZWxldGUiOjE4MDAwMDAwMDAwMDAsInJlYWQiOjMwMDAwMDAwMDAwMCwidXBkYXRlIjoxODAwMDAwMDAwMDAwfX0=",
          "dependencies": [
            "data.azurerm_resources.document_db",
            "data.azurerm_resources.managed_clusters",
            "data.azurerm_resources.mysql_servers",
            "data.azurerm_resources.virtual_machines",
            "data.azurerm_resources.virtual_networks",
            "module.monitor_activity_log.random_string.random_6"
          ]
        }
      ]
    },
    {
      "module": "module.monitor_activity_log[\"/subscriptions/78c78ae6-b8f6-44d9-88b7-cee29cd59d60/resourcegroups/fourkites-development/providers/microsoft.compute/virtualmachines/ftp-integrations-worker-dev\"]",
      "mode": "managed",
      "type": "azurerm_monitor_activity_log_alert",
      "name": "critical",
      "provider": "provider[\"registry.terraform.io/hashicorp/azurerm\"]",
      "instances": [
        {
          "schema_version": 0,
          "attributes": {
            "action": [
              {
                "action_group_id": "/subscriptions/78c78ae6-b8f6-44d9-88b7-cee29cd59d60/resourceGroups/fourkites-development/providers/microsoft.insights/actionGroups/action-group-critical-alert-w4lHYE",
                "webhook_properties": null
              }
            ],
            "criteria": [
              {
                "caller": "",
                "category": "Administrative",
                "level": "Critical",
                "operation_name": "",
                "recommendation_category": "",
                "recommendation_impact": "",
                "recommendation_type": "",
                "resource_group": "",
                "resource_id": "/subscriptions/78c78ae6-b8f6-44d9-88b7-cee29cd59d60/resourcegroups/fourkites-development/providers/microsoft.compute/virtualmachines/ftp-integrations-worker-dev",
                "resource_provider": "",
                "resource_type": "",
                "service_health": [],
                "status": "",
                "sub_status": ""
              }
            ],
            "description": "This alert will monitor for critical events.",
            "enabled": true,
            "id": "/subscriptions/78c78ae6-b8f6-44d9-88b7-cee29cd59d60/resourceGroups/fourkites-development/providers/microsoft.insights/activityLogAlerts/Activity-Log-Critical-Alert-w4lHYE",
            "name": "Activity-Log-Critical-Alert-w4lHYE",
            "resource_group_name": "fourkites-development",
            "scopes": [
              "/subscriptions/78c78ae6-b8f6-44d9-88b7-cee29cd59d60/resourcegroups/fourkites-development/providers/microsoft.compute/virtualmachines/ftp-integrations-worker-dev"
            ],
            "tags": null,
            "timeouts": null
          },
          "sensitive_attributes": [],
          "private": "eyJlMmJmYjczMC1lY2FhLTExZTYtOGY4OC0zNDM2M2JjN2M0YzAiOnsiY3JlYXRlIjoxODAwMDAwMDAwMDAwLCJkZWxldGUiOjE4MDAwMDAwMDAwMDAsInJlYWQiOjMwMDAwMDAwMDAwMCwidXBkYXRlIjoxODAwMDAwMDAwMDAwfX0=",
          "dependencies": [
            "data.azurerm_resources.document_db",
            "data.azurerm_resources.managed_clusters",
            "data.azurerm_resources.mysql_servers",
            "data.azurerm_resources.virtual_machines",
            "data.azurerm_resources.virtual_networks",
            "module.monitor_activity_log.azurerm_monitor_action_group.critical_action_group_alert",
            "module.monitor_activity_log.random_string.random_6"
          ]
        }
      ]
    },
    {
      "module": "module.monitor_activity_log[\"/subscriptions/78c78ae6-b8f6-44d9-88b7-cee29cd59d60/resourcegroups/fourkites-development/providers/microsoft.compute/virtualmachines/ftp-integrations-worker-dev\"]",
      "mode": "managed",
      "type": "azurerm_monitor_activity_log_alert",
      "name": "error",
      "provider": "provider[\"registry.terraform.io/hashicorp/azurerm\"]",
      "instances": [
        {
          "schema_version": 0,
          "attributes": {
            "action": [
              {
                "action_group_id": "/subscriptions/78c78ae6-b8f6-44d9-88b7-cee29cd59d60/resourceGroups/fourkites-development/providers/microsoft.insights/actionGroups/action-group-high-alert-w4lHYE",
                "webhook_properties": null
              }
            ],
            "criteria": [
              {
                "caller": "",
                "category": "Administrative",
                "level": "Error",
                "operation_name": "",
                "recommendation_category": "",
                "recommendation_impact": "",
                "recommendation_type": "",
                "resource_group": "",
                "resource_id": "/subscriptions/78c78ae6-b8f6-44d9-88b7-cee29cd59d60/resourcegroups/fourkites-development/providers/microsoft.compute/virtualmachines/ftp-integrations-worker-dev",
                "resource_provider": "",
                "resource_type": "",
                "service_health": [],
                "status": "",
                "sub_status": ""
              }
            ],
            "description": "This alert will monitor for error events",
            "enabled": true,
            "id": "/subscriptions/78c78ae6-b8f6-44d9-88b7-cee29cd59d60/resourceGroups/fourkites-development/providers/microsoft.insights/activityLogAlerts/Activity-Log-Error-Alert-w4lHYE",
            "name": "Activity-Log-Error-Alert-w4lHYE",
            "resource_group_name": "fourkites-development",
            "scopes": [
              "/subscriptions/78c78ae6-b8f6-44d9-88b7-cee29cd59d60/resourcegroups/fourkites-development/providers/microsoft.compute/virtualmachines/ftp-integrations-worker-dev"
            ],
            "tags": null,
            "timeouts": null
          },
          "sensitive_attributes": [],
          "private": "eyJlMmJmYjczMC1lY2FhLTExZTYtOGY4OC0zNDM2M2JjN2M0YzAiOnsiY3JlYXRlIjoxODAwMDAwMDAwMDAwLCJkZWxldGUiOjE4MDAwMDAwMDAwMDAsInJlYWQiOjMwMDAwMDAwMDAwMCwidXBkYXRlIjoxODAwMDAwMDAwMDAwfX0=",
          "dependencies": [
            "data.azurerm_resources.document_db",
            "data.azurerm_resources.managed_clusters",
            "data.azurerm_resources.mysql_servers",
            "data.azurerm_resources.virtual_machines",
            "data.azurerm_resources.virtual_networks",
            "module.monitor_activity_log.azurerm_monitor_action_group.high_action_group_alert",
            "module.monitor_activity_log.random_string.random_6"
          ]
        }
      ]
    },
    {
      "module": "module.monitor_activity_log[\"/subscriptions/78c78ae6-b8f6-44d9-88b7-cee29cd59d60/resourcegroups/fourkites-development/providers/microsoft.compute/virtualmachines/ftp-integrations-worker-dev\"]",
      "mode": "managed",
      "type": "random_string",
      "name": "random_6",
      "provider": "provider[\"registry.terraform.io/hashicorp/random\"]",
      "instances": [
        {
          "schema_version": 1,
          "attributes": {
            "id": "w4lHYE",
            "keepers": null,
            "length": 6,
            "lower": true,
            "min_lower": 0,
            "min_numeric": 0,
            "min_special": 0,
            "min_upper": 0,
            "number": true,
            "override_special": "_-",
            "result": "w4lHYE",
            "special": true,
            "upper": true
          },
          "sensitive_attributes": [],
          "private": "eyJzY2hlbWFfdmVyc2lvbiI6IjEifQ==",
          "dependencies": [
            "data.azurerm_resources.document_db",
            "data.azurerm_resources.managed_clusters",
            "data.azurerm_resources.mysql_servers",
            "data.azurerm_resources.virtual_machines",
            "data.azurerm_resources.virtual_networks"
          ]
        }
      ]
    },
    {
      "module": "module.monitor_activity_log[\"/subscriptions/78c78ae6-b8f6-44d9-88b7-cee29cd59d60/resourcegroups/fourkites-development/providers/microsoft.compute/virtualmachines/insightscronfkdev\"]",
      "mode": "managed",
      "type": "azurerm_monitor_action_group",
      "name": "critical_action_group_alert",
      "provider": "provider[\"registry.terraform.io/hashicorp/azurerm\"]",
      "instances": [
        {
          "schema_version": 0,
          "attributes": {
            "arm_role_receiver": [],
            "automation_runbook_receiver": [],
            "azure_app_push_receiver": [],
            "azure_function_receiver": [],
            "email_receiver": [],
            "enabled": true,
            "id": "/subscriptions/78c78ae6-b8f6-44d9-88b7-cee29cd59d60/resourceGroups/fourkites-development/providers/microsoft.insights/actionGroups/action-group-critical-alert-LuNKC6",
            "itsm_receiver": [],
            "logic_app_receiver": [],
            "name": "action-group-critical-alert-LuNKC6",
            "resource_group_name": "fourkites-development",
            "short_name": "ag-tf-LuNKC6",
            "sms_receiver": [],
            "tags": null,
            "timeouts": null,
            "voice_receiver": [],
            "webhook_receiver": [
              {
                "aad_auth": [],
                "name": "https://hooks.slack.com/services/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",
                "service_uri": "https://hooks.slack.com/services/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",
                "use_common_alert_schema": true
              }
            ]
          },
          "sensitive_attributes": [],
          "private": "eyJlMmJmYjczMC1lY2FhLTExZTYtOGY4OC0zNDM2M2JjN2M0YzAiOnsiY3JlYXRlIjoxODAwMDAwMDAwMDAwLCJkZWxldGUiOjE4MDAwMDAwMDAwMDAsInJlYWQiOjMwMDAwMDAwMDAwMCwidXBkYXRlIjoxODAwMDAwMDAwMDAwfX0=",
          "dependencies": [
            "data.azurerm_resources.document_db",
            "data.azurerm_resources.managed_clusters",
            "data.azurerm_resources.mysql_servers",
            "data.azurerm_resources.virtual_machines",
            "data.azurerm_resources.virtual_networks",
            "module.monitor_activity_log.random_string.random_6"
          ]
        }
      ]
    },
    {
      "module": "module.monitor_activity_log[\"/subscriptions/78c78ae6-b8f6-44d9-88b7-cee29cd59d60/resourcegroups/fourkites-development/providers/microsoft.compute/virtualmachines/insightscronfkdev\"]",
      "mode": "managed",
      "type": "azurerm_monitor_action_group",
      "name": "high_action_group_alert",
      "provider": "provider[\"registry.terraform.io/hashicorp/azurerm\"]",
      "instances": [
        {
          "schema_version": 0,
          "attributes": {
            "arm_role_receiver": [],
            "automation_runbook_receiver": [],
            "azure_app_push_receiver": [],
            "azure_function_receiver": [],
            "email_receiver": [],
            "enabled": true,
            "id": "/subscriptions/78c78ae6-b8f6-44d9-88b7-cee29cd59d60/resourceGroups/fourkites-development/providers/microsoft.insights/actionGroups/action-group-high-alert-LuNKC6",
            "itsm_receiver": [],
            "logic_app_receiver": [],
            "name": "action-group-high-alert-LuNKC6",
            "resource_group_name": "fourkites-development",
            "short_name": "ag-tf-LuNKC6",
            "sms_receiver": [],
            "tags": null,
            "timeouts": null,
            "voice_receiver": [],
            "webhook_receiver": [
              {
                "aad_auth": [],
                "name": "https://hooks.slack.com/services/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",
                "service_uri": "https://hooks.slack.com/services/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",
                "use_common_alert_schema": true
              }
            ]
          },
          "sensitive_attributes": [],
          "private": "eyJlMmJmYjczMC1lY2FhLTExZTYtOGY4OC0zNDM2M2JjN2M0YzAiOnsiY3JlYXRlIjoxODAwMDAwMDAwMDAwLCJkZWxldGUiOjE4MDAwMDAwMDAwMDAsInJlYWQiOjMwMDAwMDAwMDAwMCwidXBkYXRlIjoxODAwMDAwMDAwMDAwfX0=",
          "dependencies": [
            "data.azurerm_resources.document_db",
            "data.azurerm_resources.managed_clusters",
            "data.azurerm_resources.mysql_servers",
            "data.azurerm_resources.virtual_machines",
            "data.azurerm_resources.virtual_networks",
            "module.monitor_activity_log.random_string.random_6"
          ]
        }
      ]
    },
    {
      "module": "module.monitor_activity_log[\"/subscriptions/78c78ae6-b8f6-44d9-88b7-cee29cd59d60/resourcegroups/fourkites-development/providers/microsoft.compute/virtualmachines/insightscronfkdev\"]",
      "mode": "managed",
      "type": "azurerm_monitor_activity_log_alert",
      "name": "critical",
      "provider": "provider[\"registry.terraform.io/hashicorp/azurerm\"]",
      "instances": [
        {
          "schema_version": 0,
          "attributes": {
            "action": [
              {
                "action_group_id": "/subscriptions/78c78ae6-b8f6-44d9-88b7-cee29cd59d60/resourceGroups/fourkites-development/providers/microsoft.insights/actionGroups/action-group-critical-alert-LuNKC6",
                "webhook_properties": null
              }
            ],
            "criteria": [
              {
                "caller": "",
                "category": "Administrative",
                "level": "Critical",
                "operation_name": "",
                "recommendation_category": "",
                "recommendation_impact": "",
                "recommendation_type": "",
                "resource_group": "",
                "resource_id": "/subscriptions/78c78ae6-b8f6-44d9-88b7-cee29cd59d60/resourcegroups/fourkites-development/providers/microsoft.compute/virtualmachines/insightscronfkdev",
                "resource_provider": "",
                "resource_type": "",
                "service_health": [],
                "status": "",
                "sub_status": ""
              }
            ],
            "description": "This alert will monitor for critical events.",
            "enabled": true,
            "id": "/subscriptions/78c78ae6-b8f6-44d9-88b7-cee29cd59d60/resourceGroups/fourkites-development/providers/microsoft.insights/activityLogAlerts/Activity-Log-Critical-Alert-LuNKC6",
            "name": "Activity-Log-Critical-Alert-LuNKC6",
            "resource_group_name": "fourkites-development",
            "scopes": [
              "/subscriptions/78c78ae6-b8f6-44d9-88b7-cee29cd59d60/resourcegroups/fourkites-development/providers/microsoft.compute/virtualmachines/insightscronfkdev"
            ],
            "tags": null,
            "timeouts": null
          },
          "sensitive_attributes": [],
          "private": "eyJlMmJmYjczMC1lY2FhLTExZTYtOGY4OC0zNDM2M2JjN2M0YzAiOnsiY3JlYXRlIjoxODAwMDAwMDAwMDAwLCJkZWxldGUiOjE4MDAwMDAwMDAwMDAsInJlYWQiOjMwMDAwMDAwMDAwMCwidXBkYXRlIjoxODAwMDAwMDAwMDAwfX0=",
          "dependencies": [
            "data.azurerm_resources.document_db",
            "data.azurerm_resources.managed_clusters",
            "data.azurerm_resources.mysql_servers",
            "data.azurerm_resources.virtual_machines",
            "data.azurerm_resources.virtual_networks",
            "module.monitor_activity_log.azurerm_monitor_action_group.critical_action_group_alert",
            "module.monitor_activity_log.random_string.random_6"
          ]
        }
      ]
    },
    {
      "module": "module.monitor_activity_log[\"/subscriptions/78c78ae6-b8f6-44d9-88b7-cee29cd59d60/resourcegroups/fourkites-development/providers/microsoft.compute/virtualmachines/insightscronfkdev\"]",
      "mode": "managed",
      "type": "azurerm_monitor_activity_log_alert",
      "name": "error",
      "provider": "provider[\"registry.terraform.io/hashicorp/azurerm\"]",
      "instances": [
        {
          "schema_version": 0,
          "attributes": {
            "action": [
              {
                "action_group_id": "/subscriptions/78c78ae6-b8f6-44d9-88b7-cee29cd59d60/resourceGroups/fourkites-development/providers/microsoft.insights/actionGroups/action-group-high-alert-LuNKC6",
                "webhook_properties": null
              }
            ],
            "criteria": [
              {
                "caller": "",
                "category": "Administrative",
                "level": "Error",
                "operation_name": "",
                "recommendation_category": "",
                "recommendation_impact": "",
                "recommendation_type": "",
                "resource_group": "",
                "resource_id": "/subscriptions/78c78ae6-b8f6-44d9-88b7-cee29cd59d60/resourcegroups/fourkites-development/providers/microsoft.compute/virtualmachines/insightscronfkdev",
                "resource_provider": "",
                "resource_type": "",
                "service_health": [],
                "status": "",
                "sub_status": ""
              }
            ],
            "description": "This alert will monitor for error events",
            "enabled": true,
            "id": "/subscriptions/78c78ae6-b8f6-44d9-88b7-cee29cd59d60/resourceGroups/fourkites-development/providers/microsoft.insights/activityLogAlerts/Activity-Log-Error-Alert-LuNKC6",
            "name": "Activity-Log-Error-Alert-LuNKC6",
            "resource_group_name": "fourkites-development",
            "scopes": [
              "/subscriptions/78c78ae6-b8f6-44d9-88b7-cee29cd59d60/resourcegroups/fourkites-development/providers/microsoft.compute/virtualmachines/insightscronfkdev"
            ],
            "tags": null,
            "timeouts": null
          },
          "sensitive_attributes": [],
          "private": "eyJlMmJmYjczMC1lY2FhLTExZTYtOGY4OC0zNDM2M2JjN2M0YzAiOnsiY3JlYXRlIjoxODAwMDAwMDAwMDAwLCJkZWxldGUiOjE4MDAwMDAwMDAwMDAsInJlYWQiOjMwMDAwMDAwMDAwMCwidXBkYXRlIjoxODAwMDAwMDAwMDAwfX0=",
          "dependencies": [
            "data.azurerm_resources.document_db",
            "data.azurerm_resources.managed_clusters",
            "data.azurerm_resources.mysql_servers",
            "data.azurerm_resources.virtual_machines",
            "data.azurerm_resources.virtual_networks",
            "module.monitor_activity_log.azurerm_monitor_action_group.high_action_group_alert",
            "module.monitor_activity_log.random_string.random_6"
          ]
        }
      ]
    },
    {
      "module": "module.monitor_activity_log[\"/subscriptions/78c78ae6-b8f6-44d9-88b7-cee29cd59d60/resourcegroups/fourkites-development/providers/microsoft.compute/virtualmachines/insightscronfkdev\"]",
      "mode": "managed",
      "type": "random_string",
      "name": "random_6",
      "provider": "provider[\"registry.terraform.io/hashicorp/random\"]",
      "instances": [
        {
          "schema_version": 1,
          "attributes": {
            "id": "LuNKC6",
            "keepers": null,
            "length": 6,
            "lower": true,
            "min_lower": 0,
            "min_numeric": 0,
            "min_special": 0,
            "min_upper": 0,
            "number": true,
            "override_special": "_-",
            "result": "LuNKC6",
            "special": true,
            "upper": true
          },
          "sensitive_attributes": [],
          "private": "eyJzY2hlbWFfdmVyc2lvbiI6IjEifQ==",
          "dependencies": [
            "data.azurerm_resources.document_db",
            "data.azurerm_resources.managed_clusters",
            "data.azurerm_resources.mysql_servers",
            "data.azurerm_resources.virtual_machines",
            "data.azurerm_resources.virtual_networks"
          ]
        }
      ]
    },
    {
      "module": "module.monitor_activity_log[\"/subscriptions/78c78ae6-b8f6-44d9-88b7-cee29cd59d60/resourcegroups/fourkites-development/providers/microsoft.containerservice/managedclusters/fourkites-dev\"]",
      "mode": "managed",
      "type": "azurerm_monitor_action_group",
      "name": "critical_action_group_alert",
      "provider": "provider[\"registry.terraform.io/hashicorp/azurerm\"]",
      "instances": [
        {
          "schema_version": 0,
          "attributes": {
            "arm_role_receiver": [],
            "automation_runbook_receiver": [],
            "azure_app_push_receiver": [],
            "azure_function_receiver": [],
            "email_receiver": [],
            "enabled": true,
            "id": "/subscriptions/78c78ae6-b8f6-44d9-88b7-cee29cd59d60/resourceGroups/fourkites-development/providers/microsoft.insights/actionGroups/action-group-critical-alert-Qjom2b",
            "itsm_receiver": [],
            "logic_app_receiver": [],
            "name": "action-group-critical-alert-Qjom2b",
            "resource_group_name": "fourkites-development",
            "short_name": "ag-tf-Qjom2b",
            "sms_receiver": [],
            "tags": null,
            "timeouts": null,
            "voice_receiver": [],
            "webhook_receiver": [
              {
                "aad_auth": [],
                "name": "https://hooks.slack.com/services/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",
                "service_uri": "https://hooks.slack.com/services/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",
                "use_common_alert_schema": true
              }
            ]
          },
          "sensitive_attributes": [],
          "private": "eyJlMmJmYjczMC1lY2FhLTExZTYtOGY4OC0zNDM2M2JjN2M0YzAiOnsiY3JlYXRlIjoxODAwMDAwMDAwMDAwLCJkZWxldGUiOjE4MDAwMDAwMDAwMDAsInJlYWQiOjMwMDAwMDAwMDAwMCwidXBkYXRlIjoxODAwMDAwMDAwMDAwfX0=",
          "dependencies": [
            "data.azurerm_resources.document_db",
            "data.azurerm_resources.managed_clusters",
            "data.azurerm_resources.mysql_servers",
            "data.azurerm_resources.virtual_machines",
            "data.azurerm_resources.virtual_networks",
            "module.monitor_activity_log.random_string.random_6"
          ]
        }
      ]
    },
    {
      "module": "module.monitor_activity_log[\"/subscriptions/78c78ae6-b8f6-44d9-88b7-cee29cd59d60/resourcegroups/fourkites-development/providers/microsoft.containerservice/managedclusters/fourkites-dev\"]",
      "mode": "managed",
      "type": "azurerm_monitor_action_group",
      "name": "high_action_group_alert",
      "provider": "provider[\"registry.terraform.io/hashicorp/azurerm\"]",
      "instances": [
        {
          "schema_version": 0,
          "attributes": {
            "arm_role_receiver": [],
            "automation_runbook_receiver": [],
            "azure_app_push_receiver": [],
            "azure_function_receiver": [],
            "email_receiver": [],
            "enabled": true,
            "id": "/subscriptions/78c78ae6-b8f6-44d9-88b7-cee29cd59d60/resourceGroups/fourkites-development/providers/microsoft.insights/actionGroups/action-group-high-alert-Qjom2b",
            "itsm_receiver": [],
            "logic_app_receiver": [],
            "name": "action-group-high-alert-Qjom2b",
            "resource_group_name": "fourkites-development",
            "short_name": "ag-tf-Qjom2b",
            "sms_receiver": [],
            "tags": null,
            "timeouts": null,
            "voice_receiver": [],
            "webhook_receiver": [
              {
                "aad_auth": [],
                "name": "https://hooks.slack.com/services/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",
                "service_uri": "https://hooks.slack.com/services/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",
                "use_common_alert_schema": true
              }
            ]
          },
          "sensitive_attributes": [],
          "private": "eyJlMmJmYjczMC1lY2FhLTExZTYtOGY4OC0zNDM2M2JjN2M0YzAiOnsiY3JlYXRlIjoxODAwMDAwMDAwMDAwLCJkZWxldGUiOjE4MDAwMDAwMDAwMDAsInJlYWQiOjMwMDAwMDAwMDAwMCwidXBkYXRlIjoxODAwMDAwMDAwMDAwfX0=",
          "dependencies": [
            "data.azurerm_resources.document_db",
            "data.azurerm_resources.managed_clusters",
            "data.azurerm_resources.mysql_servers",
            "data.azurerm_resources.virtual_machines",
            "data.azurerm_resources.virtual_networks",
            "module.monitor_activity_log.random_string.random_6"
          ]
        }
      ]
    },
    {
      "module": "module.monitor_activity_log[\"/subscriptions/78c78ae6-b8f6-44d9-88b7-cee29cd59d60/resourcegroups/fourkites-development/providers/microsoft.containerservice/managedclusters/fourkites-dev\"]",
      "mode": "managed",
      "type": "azurerm_monitor_activity_log_alert",
      "name": "critical",
      "provider": "provider[\"registry.terraform.io/hashicorp/azurerm\"]",
      "instances": [
        {
          "schema_version": 0,
          "attributes": {
            "action": [
              {
                "action_group_id": "/subscriptions/78c78ae6-b8f6-44d9-88b7-cee29cd59d60/resourceGroups/fourkites-development/providers/microsoft.insights/actionGroups/action-group-critical-alert-Qjom2b",
                "webhook_properties": null
              }
            ],
            "criteria": [
              {
                "caller": "",
                "category": "Administrative",
                "level": "Critical",
                "operation_name": "",
                "recommendation_category": "",
                "recommendation_impact": "",
                "recommendation_type": "",
                "resource_group": "",
                "resource_id": "/subscriptions/78c78ae6-b8f6-44d9-88b7-cee29cd59d60/resourcegroups/fourkites-development/providers/microsoft.containerservice/managedclusters/fourkites-dev",
                "resource_provider": "",
                "resource_type": "",
                "service_health": [],
                "status": "",
                "sub_status": ""
              }
            ],
            "description": "This alert will monitor for critical events.",
            "enabled": true,
            "id": "/subscriptions/78c78ae6-b8f6-44d9-88b7-cee29cd59d60/resourceGroups/fourkites-development/providers/microsoft.insights/activityLogAlerts/Activity-Log-Critical-Alert-Qjom2b",
            "name": "Activity-Log-Critical-Alert-Qjom2b",
            "resource_group_name": "fourkites-development",
            "scopes": [
              "/subscriptions/78c78ae6-b8f6-44d9-88b7-cee29cd59d60/resourcegroups/fourkites-development/providers/microsoft.containerservice/managedclusters/fourkites-dev"
            ],
            "tags": null,
            "timeouts": null
          },
          "sensitive_attributes": [],
          "private": "eyJlMmJmYjczMC1lY2FhLTExZTYtOGY4OC0zNDM2M2JjN2M0YzAiOnsiY3JlYXRlIjoxODAwMDAwMDAwMDAwLCJkZWxldGUiOjE4MDAwMDAwMDAwMDAsInJlYWQiOjMwMDAwMDAwMDAwMCwidXBkYXRlIjoxODAwMDAwMDAwMDAwfX0=",
          "dependencies": [
            "data.azurerm_resources.document_db",
            "data.azurerm_resources.managed_clusters",
            "data.azurerm_resources.mysql_servers",
            "data.azurerm_resources.virtual_machines",
            "data.azurerm_resources.virtual_networks",
            "module.monitor_activity_log.azurerm_monitor_action_group.critical_action_group_alert",
            "module.monitor_activity_log.random_string.random_6"
          ]
        }
      ]
    },
    {
      "module": "module.monitor_activity_log[\"/subscriptions/78c78ae6-b8f6-44d9-88b7-cee29cd59d60/resourcegroups/fourkites-development/providers/microsoft.containerservice/managedclusters/fourkites-dev\"]",
      "mode": "managed",
      "type": "azurerm_monitor_activity_log_alert",
      "name": "error",
      "provider": "provider[\"registry.terraform.io/hashicorp/azurerm\"]",
      "instances": [
        {
          "schema_version": 0,
          "attributes": {
            "action": [
              {
                "action_group_id": "/subscriptions/78c78ae6-b8f6-44d9-88b7-cee29cd59d60/resourceGroups/fourkites-development/providers/microsoft.insights/actionGroups/action-group-high-alert-Qjom2b",
                "webhook_properties": null
              }
            ],
            "criteria": [
              {
                "caller": "",
                "category": "Administrative",
                "level": "Error",
                "operation_name": "",
                "recommendation_category": "",
                "recommendation_impact": "",
                "recommendation_type": "",
                "resource_group": "",
                "resource_id": "/subscriptions/78c78ae6-b8f6-44d9-88b7-cee29cd59d60/resourcegroups/fourkites-development/providers/microsoft.containerservice/managedclusters/fourkites-dev",
                "resource_provider": "",
                "resource_type": "",
                "service_health": [],
                "status": "",
                "sub_status": ""
              }
            ],
            "description": "This alert will monitor for error events",
            "enabled": true,
            "id": "/subscriptions/78c78ae6-b8f6-44d9-88b7-cee29cd59d60/resourceGroups/fourkites-development/providers/microsoft.insights/activityLogAlerts/Activity-Log-Error-Alert-Qjom2b",
            "name": "Activity-Log-Error-Alert-Qjom2b",
            "resource_group_name": "fourkites-development",
            "scopes": [
              "/subscriptions/78c78ae6-b8f6-44d9-88b7-cee29cd59d60/resourcegroups/fourkites-development/providers/microsoft.containerservice/managedclusters/fourkites-dev"
            ],
            "tags": null,
            "timeouts": null
          },
          "sensitive_attributes": [],
          "private": "eyJlMmJmYjczMC1lY2FhLTExZTYtOGY4OC0zNDM2M2JjN2M0YzAiOnsiY3JlYXRlIjoxODAwMDAwMDAwMDAwLCJkZWxldGUiOjE4MDAwMDAwMDAwMDAsInJlYWQiOjMwMDAwMDAwMDAwMCwidXBkYXRlIjoxODAwMDAwMDAwMDAwfX0=",
          "dependencies": [
            "data.azurerm_resources.document_db",
            "data.azurerm_resources.managed_clusters",
            "data.azurerm_resources.mysql_servers",
            "data.azurerm_resources.virtual_machines",
            "data.azurerm_resources.virtual_networks",
            "module.monitor_activity_log.azurerm_monitor_action_group.high_action_group_alert",
            "module.monitor_activity_log.random_string.random_6"
          ]
        }
      ]
    },
    {
      "module": "module.monitor_activity_log[\"/subscriptions/78c78ae6-b8f6-44d9-88b7-cee29cd59d60/resourcegroups/fourkites-development/providers/microsoft.containerservice/managedclusters/fourkites-dev\"]",
      "mode": "managed",
      "type": "random_string",
      "name": "random_6",
      "provider": "provider[\"registry.terraform.io/hashicorp/random\"]",
      "instances": [
        {
          "schema_version": 1,
          "attributes": {
            "id": "Qjom2b",
            "keepers": null,
            "length": 6,
            "lower": true,
            "min_lower": 0,
            "min_numeric": 0,
            "min_special": 0,
            "min_upper": 0,
            "number": true,
            "override_special": "_-",
            "result": "Qjom2b",
            "special": true,
            "upper": true
          },
          "sensitive_attributes": [],
          "private": "eyJzY2hlbWFfdmVyc2lvbiI6IjEifQ==",
          "dependencies": [
            "data.azurerm_resources.document_db",
            "data.azurerm_resources.managed_clusters",
            "data.azurerm_resources.mysql_servers",
            "data.azurerm_resources.virtual_machines",
            "data.azurerm_resources.virtual_networks"
          ]
        }
      ]
    },
    {
      "module": "module.monitor_activity_log[\"/subscriptions/78c78ae6-b8f6-44d9-88b7-cee29cd59d60/resourcegroups/fourkites-development/providers/microsoft.containerservice/managedclusters/fourkites-development\"]",
      "mode": "managed",
      "type": "azurerm_monitor_action_group",
      "name": "critical_action_group_alert",
      "provider": "provider[\"registry.terraform.io/hashicorp/azurerm\"]",
      "instances": [
        {
          "schema_version": 0,
          "attributes": {
            "arm_role_receiver": [],
            "automation_runbook_receiver": [],
            "azure_app_push_receiver": [],
            "azure_function_receiver": [],
            "email_receiver": [],
            "enabled": true,
            "id": "/subscriptions/78c78ae6-b8f6-44d9-88b7-cee29cd59d60/resourceGroups/fourkites-development/providers/microsoft.insights/actionGroups/action-group-critical-alert-5ni-C2",
            "itsm_receiver": [],
            "logic_app_receiver": [],
            "name": "action-group-critical-alert-5ni-C2",
            "resource_group_name": "fourkites-development",
            "short_name": "ag-tf-5ni-C2",
            "sms_receiver": [],
            "tags": null,
            "timeouts": null,
            "voice_receiver": [],
            "webhook_receiver": [
              {
                "aad_auth": [],
                "name": "https://hooks.slack.com/services/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",
                "service_uri": "https://hooks.slack.com/services/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",
                "use_common_alert_schema": true
              }
            ]
          },
          "sensitive_attributes": [],
          "private": "eyJlMmJmYjczMC1lY2FhLTExZTYtOGY4OC0zNDM2M2JjN2M0YzAiOnsiY3JlYXRlIjoxODAwMDAwMDAwMDAwLCJkZWxldGUiOjE4MDAwMDAwMDAwMDAsInJlYWQiOjMwMDAwMDAwMDAwMCwidXBkYXRlIjoxODAwMDAwMDAwMDAwfX0=",
          "dependencies": [
            "data.azurerm_resources.document_db",
            "data.azurerm_resources.managed_clusters",
            "data.azurerm_resources.mysql_servers",
            "data.azurerm_resources.virtual_machines",
            "data.azurerm_resources.virtual_networks",
            "module.monitor_activity_log.random_string.random_6"
          ]
        }
      ]
    },
    {
      "module": "module.monitor_activity_log[\"/subscriptions/78c78ae6-b8f6-44d9-88b7-cee29cd59d60/resourcegroups/fourkites-development/providers/microsoft.containerservice/managedclusters/fourkites-development\"]",
      "mode": "managed",
      "type": "azurerm_monitor_action_group",
      "name": "high_action_group_alert",
      "provider": "provider[\"registry.terraform.io/hashicorp/azurerm\"]",
      "instances": [
        {
          "schema_version": 0,
          "attributes": {
            "arm_role_receiver": [],
            "automation_runbook_receiver": [],
            "azure_app_push_receiver": [],
            "azure_function_receiver": [],
            "email_receiver": [],
            "enabled": true,
            "id": "/subscriptions/78c78ae6-b8f6-44d9-88b7-cee29cd59d60/resourceGroups/fourkites-development/providers/microsoft.insights/actionGroups/action-group-high-alert-5ni-C2",
            "itsm_receiver": [],
            "logic_app_receiver": [],
            "name": "action-group-high-alert-5ni-C2",
            "resource_group_name": "fourkites-development",
            "short_name": "ag-tf-5ni-C2",
            "sms_receiver": [],
            "tags": null,
            "timeouts": null,
            "voice_receiver": [],
            "webhook_receiver": [
              {
                "aad_auth": [],
                "name": "https://hooks.slack.com/services/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",
                "service_uri": "https://hooks.slack.com/services/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",
                "use_common_alert_schema": true
              }
            ]
          },
          "sensitive_attributes": [],
          "private": "eyJlMmJmYjczMC1lY2FhLTExZTYtOGY4OC0zNDM2M2JjN2M0YzAiOnsiY3JlYXRlIjoxODAwMDAwMDAwMDAwLCJkZWxldGUiOjE4MDAwMDAwMDAwMDAsInJlYWQiOjMwMDAwMDAwMDAwMCwidXBkYXRlIjoxODAwMDAwMDAwMDAwfX0=",
          "dependencies": [
            "data.azurerm_resources.document_db",
            "data.azurerm_resources.managed_clusters",
            "data.azurerm_resources.mysql_servers",
            "data.azurerm_resources.virtual_machines",
            "data.azurerm_resources.virtual_networks",
            "module.monitor_activity_log.random_string.random_6"
          ]
        }
      ]
    },
    {
      "module": "module.monitor_activity_log[\"/subscriptions/78c78ae6-b8f6-44d9-88b7-cee29cd59d60/resourcegroups/fourkites-development/providers/microsoft.containerservice/managedclusters/fourkites-development\"]",
      "mode": "managed",
      "type": "azurerm_monitor_activity_log_alert",
      "name": "critical",
      "provider": "provider[\"registry.terraform.io/hashicorp/azurerm\"]",
      "instances": [
        {
          "schema_version": 0,
          "attributes": {
            "action": [
              {
                "action_group_id": "/subscriptions/78c78ae6-b8f6-44d9-88b7-cee29cd59d60/resourceGroups/fourkites-development/providers/microsoft.insights/actionGroups/action-group-critical-alert-5ni-C2",
                "webhook_properties": null
              }
            ],
            "criteria": [
              {
                "caller": "",
                "category": "Administrative",
                "level": "Critical",
                "operation_name": "",
                "recommendation_category": "",
                "recommendation_impact": "",
                "recommendation_type": "",
                "resource_group": "",
                "resource_id": "/subscriptions/78c78ae6-b8f6-44d9-88b7-cee29cd59d60/resourcegroups/fourkites-development/providers/microsoft.containerservice/managedclusters/fourkites-development",
                "resource_provider": "",
                "resource_type": "",
                "service_health": [],
                "status": "",
                "sub_status": ""
              }
            ],
            "description": "This alert will monitor for critical events.",
            "enabled": true,
            "id": "/subscriptions/78c78ae6-b8f6-44d9-88b7-cee29cd59d60/resourceGroups/fourkites-development/providers/microsoft.insights/activityLogAlerts/Activity-Log-Critical-Alert-5ni-C2",
            "name": "Activity-Log-Critical-Alert-5ni-C2",
            "resource_group_name": "fourkites-development",
            "scopes": [
              "/subscriptions/78c78ae6-b8f6-44d9-88b7-cee29cd59d60/resourcegroups/fourkites-development/providers/microsoft.containerservice/managedclusters/fourkites-development"
            ],
            "tags": null,
            "timeouts": null
          },
          "sensitive_attributes": [],
          "private": "eyJlMmJmYjczMC1lY2FhLTExZTYtOGY4OC0zNDM2M2JjN2M0YzAiOnsiY3JlYXRlIjoxODAwMDAwMDAwMDAwLCJkZWxldGUiOjE4MDAwMDAwMDAwMDAsInJlYWQiOjMwMDAwMDAwMDAwMCwidXBkYXRlIjoxODAwMDAwMDAwMDAwfX0=",
          "dependencies": [
            "data.azurerm_resources.document_db",
            "data.azurerm_resources.managed_clusters",
            "data.azurerm_resources.mysql_servers",
            "data.azurerm_resources.virtual_machines",
            "data.azurerm_resources.virtual_networks",
            "module.monitor_activity_log.azurerm_monitor_action_group.critical_action_group_alert",
            "module.monitor_activity_log.random_string.random_6"
          ]
        }
      ]
    },
    {
      "module": "module.monitor_activity_log[\"/subscriptions/78c78ae6-b8f6-44d9-88b7-cee29cd59d60/resourcegroups/fourkites-development/providers/microsoft.containerservice/managedclusters/fourkites-development\"]",
      "mode": "managed",
      "type": "azurerm_monitor_activity_log_alert",
      "name": "error",
      "provider": "provider[\"registry.terraform.io/hashicorp/azurerm\"]",
      "instances": [
        {
          "schema_version": 0,
          "attributes": {
            "action": [
              {
                "action_group_id": "/subscriptions/78c78ae6-b8f6-44d9-88b7-cee29cd59d60/resourceGroups/fourkites-development/providers/microsoft.insights/actionGroups/action-group-high-alert-5ni-C2",
                "webhook_properties": null
              }
            ],
            "criteria": [
              {
                "caller": "",
                "category": "Administrative",
                "level": "Error",
                "operation_name": "",
                "recommendation_category": "",
                "recommendation_impact": "",
                "recommendation_type": "",
                "resource_group": "",
                "resource_id": "/subscriptions/78c78ae6-b8f6-44d9-88b7-cee29cd59d60/resourcegroups/fourkites-development/providers/microsoft.containerservice/managedclusters/fourkites-development",
                "resource_provider": "",
                "resource_type": "",
                "service_health": [],
                "status": "",
                "sub_status": ""
              }
            ],
            "description": "This alert will monitor for error events",
            "enabled": true,
            "id": "/subscriptions/78c78ae6-b8f6-44d9-88b7-cee29cd59d60/resourceGroups/fourkites-development/providers/microsoft.insights/activityLogAlerts/Activity-Log-Error-Alert-5ni-C2",
            "name": "Activity-Log-Error-Alert-5ni-C2",
            "resource_group_name": "fourkites-development",
            "scopes": [
              "/subscriptions/78c78ae6-b8f6-44d9-88b7-cee29cd59d60/resourcegroups/fourkites-development/providers/microsoft.containerservice/managedclusters/fourkites-development"
            ],
            "tags": null,
            "timeouts": null
          },
          "sensitive_attributes": [],
          "private": "eyJlMmJmYjczMC1lY2FhLTExZTYtOGY4OC0zNDM2M2JjN2M0YzAiOnsiY3JlYXRlIjoxODAwMDAwMDAwMDAwLCJkZWxldGUiOjE4MDAwMDAwMDAwMDAsInJlYWQiOjMwMDAwMDAwMDAwMCwidXBkYXRlIjoxODAwMDAwMDAwMDAwfX0=",
          "dependencies": [
            "data.azurerm_resources.document_db",
            "data.azurerm_resources.managed_clusters",
            "data.azurerm_resources.mysql_servers",
            "data.azurerm_resources.virtual_machines",
            "data.azurerm_resources.virtual_networks",
            "module.monitor_activity_log.azurerm_monitor_action_group.high_action_group_alert",
            "module.monitor_activity_log.random_string.random_6"
          ]
        }
      ]
    },
    {
      "module": "module.monitor_activity_log[\"/subscriptions/78c78ae6-b8f6-44d9-88b7-cee29cd59d60/resourcegroups/fourkites-development/providers/microsoft.containerservice/managedclusters/fourkites-development\"]",
      "mode": "managed",
      "type": "random_string",
      "name": "random_6",
      "provider": "provider[\"registry.terraform.io/hashicorp/random\"]",
      "instances": [
        {
          "schema_version": 1,
          "attributes": {
            "id": "5ni-C2",
            "keepers": null,
            "length": 6,
            "lower": true,
            "min_lower": 0,
            "min_numeric": 0,
            "min_special": 0,
            "min_upper": 0,
            "number": true,
            "override_special": "_-",
            "result": "5ni-C2",
            "special": true,
            "upper": true
          },
          "sensitive_attributes": [],
          "private": "eyJzY2hlbWFfdmVyc2lvbiI6IjEifQ==",
          "dependencies": [
            "data.azurerm_resources.document_db",
            "data.azurerm_resources.managed_clusters",
            "data.azurerm_resources.mysql_servers",
            "data.azurerm_resources.virtual_machines",
            "data.azurerm_resources.virtual_networks"
          ]
        }
      ]
    },
    {
      "module": "module.monitor_activity_log[\"/subscriptions/78c78ae6-b8f6-44d9-88b7-cee29cd59d60/resourcegroups/fourkites-development/providers/microsoft.dbformysql/servers/azure-automation-db-vpn-dev\"]",
      "mode": "managed",
      "type": "azurerm_monitor_action_group",
      "name": "critical_action_group_alert",
      "provider": "provider[\"registry.terraform.io/hashicorp/azurerm\"]",
      "instances": [
        {
          "schema_version": 0,
          "attributes": {
            "arm_role_receiver": [],
            "automation_runbook_receiver": [],
            "azure_app_push_receiver": [],
            "azure_function_receiver": [],
            "email_receiver": [],
            "enabled": true,
            "id": "/subscriptions/78c78ae6-b8f6-44d9-88b7-cee29cd59d60/resourceGroups/fourkites-development/providers/microsoft.insights/actionGroups/action-group-critical-alert-ThkXcR",
            "itsm_receiver": [],
            "logic_app_receiver": [],
            "name": "action-group-critical-alert-ThkXcR",
            "resource_group_name": "fourkites-development",
            "short_name": "ag-tf-ThkXcR",
            "sms_receiver": [],
            "tags": null,
            "timeouts": null,
            "voice_receiver": [],
            "webhook_receiver": [
              {
                "aad_auth": [],
                "name": "https://hooks.slack.com/services/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",
                "service_uri": "https://hooks.slack.com/services/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",
                "use_common_alert_schema": true
              }
            ]
          },
          "sensitive_attributes": [],
          "private": "eyJlMmJmYjczMC1lY2FhLTExZTYtOGY4OC0zNDM2M2JjN2M0YzAiOnsiY3JlYXRlIjoxODAwMDAwMDAwMDAwLCJkZWxldGUiOjE4MDAwMDAwMDAwMDAsInJlYWQiOjMwMDAwMDAwMDAwMCwidXBkYXRlIjoxODAwMDAwMDAwMDAwfX0=",
          "dependencies": [
            "data.azurerm_resources.document_db",
            "data.azurerm_resources.managed_clusters",
            "data.azurerm_resources.mysql_servers",
            "data.azurerm_resources.virtual_machines",
            "data.azurerm_resources.virtual_networks",
            "module.monitor_activity_log.random_string.random_6"
          ]
        }
      ]
    },
    {
      "module": "module.monitor_activity_log[\"/subscriptions/78c78ae6-b8f6-44d9-88b7-cee29cd59d60/resourcegroups/fourkites-development/providers/microsoft.dbformysql/servers/azure-automation-db-vpn-dev\"]",
      "mode": "managed",
      "type": "azurerm_monitor_action_group",
      "name": "high_action_group_alert",
      "provider": "provider[\"registry.terraform.io/hashicorp/azurerm\"]",
      "instances": [
        {
          "schema_version": 0,
          "attributes": {
            "arm_role_receiver": [],
            "automation_runbook_receiver": [],
            "azure_app_push_receiver": [],
            "azure_function_receiver": [],
            "email_receiver": [],
            "enabled": true,
            "id": "/subscriptions/78c78ae6-b8f6-44d9-88b7-cee29cd59d60/resourceGroups/fourkites-development/providers/microsoft.insights/actionGroups/action-group-high-alert-ThkXcR",
            "itsm_receiver": [],
            "logic_app_receiver": [],
            "name": "action-group-high-alert-ThkXcR",
            "resource_group_name": "fourkites-development",
            "short_name": "ag-tf-ThkXcR",
            "sms_receiver": [],
            "tags": null,
            "timeouts": null,
            "voice_receiver": [],
            "webhook_receiver": [
              {
                "aad_auth": [],
                "name": "https://hooks.slack.com/services/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",
                "service_uri": "https://hooks.slack.com/services/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",
                "use_common_alert_schema": true
              }
            ]
          },
          "sensitive_attributes": [],
          "private": "eyJlMmJmYjczMC1lY2FhLTExZTYtOGY4OC0zNDM2M2JjN2M0YzAiOnsiY3JlYXRlIjoxODAwMDAwMDAwMDAwLCJkZWxldGUiOjE4MDAwMDAwMDAwMDAsInJlYWQiOjMwMDAwMDAwMDAwMCwidXBkYXRlIjoxODAwMDAwMDAwMDAwfX0=",
          "dependencies": [
            "data.azurerm_resources.document_db",
            "data.azurerm_resources.managed_clusters",
            "data.azurerm_resources.mysql_servers",
            "data.azurerm_resources.virtual_machines",
            "data.azurerm_resources.virtual_networks",
            "module.monitor_activity_log.random_string.random_6"
          ]
        }
      ]
    },
    {
      "module": "module.monitor_activity_log[\"/subscriptions/78c78ae6-b8f6-44d9-88b7-cee29cd59d60/resourcegroups/fourkites-development/providers/microsoft.dbformysql/servers/azure-automation-db-vpn-dev\"]",
      "mode": "managed",
      "type": "azurerm_monitor_activity_log_alert",
      "name": "critical",
      "provider": "provider[\"registry.terraform.io/hashicorp/azurerm\"]",
      "instances": [
        {
          "schema_version": 0,
          "attributes": {
            "action": [
              {
                "action_group_id": "/subscriptions/78c78ae6-b8f6-44d9-88b7-cee29cd59d60/resourceGroups/fourkites-development/providers/microsoft.insights/actionGroups/action-group-critical-alert-ThkXcR",
                "webhook_properties": null
              }
            ],
            "criteria": [
              {
                "caller": "",
                "category": "Administrative",
                "level": "Critical",
                "operation_name": "",
                "recommendation_category": "",
                "recommendation_impact": "",
                "recommendation_type": "",
                "resource_group": "",
                "resource_id": "/subscriptions/78c78ae6-b8f6-44d9-88b7-cee29cd59d60/resourcegroups/fourkites-development/providers/microsoft.dbformysql/servers/azure-automation-db-vpn-dev",
                "resource_provider": "",
                "resource_type": "",
                "service_health": [],
                "status": "",
                "sub_status": ""
              }
            ],
            "description": "This alert will monitor for critical events.",
            "enabled": true,
            "id": "/subscriptions/78c78ae6-b8f6-44d9-88b7-cee29cd59d60/resourceGroups/fourkites-development/providers/microsoft.insights/activityLogAlerts/Activity-Log-Critical-Alert-ThkXcR",
            "name": "Activity-Log-Critical-Alert-ThkXcR",
            "resource_group_name": "fourkites-development",
            "scopes": [
              "/subscriptions/78c78ae6-b8f6-44d9-88b7-cee29cd59d60/resourcegroups/fourkites-development/providers/microsoft.dbformysql/servers/azure-automation-db-vpn-dev"
            ],
            "tags": null,
            "timeouts": null
          },
          "sensitive_attributes": [],
          "private": "eyJlMmJmYjczMC1lY2FhLTExZTYtOGY4OC0zNDM2M2JjN2M0YzAiOnsiY3JlYXRlIjoxODAwMDAwMDAwMDAwLCJkZWxldGUiOjE4MDAwMDAwMDAwMDAsInJlYWQiOjMwMDAwMDAwMDAwMCwidXBkYXRlIjoxODAwMDAwMDAwMDAwfX0=",
          "dependencies": [
            "data.azurerm_resources.document_db",
            "data.azurerm_resources.managed_clusters",
            "data.azurerm_resources.mysql_servers",
            "data.azurerm_resources.virtual_machines",
            "data.azurerm_resources.virtual_networks",
            "module.monitor_activity_log.azurerm_monitor_action_group.critical_action_group_alert",
            "module.monitor_activity_log.random_string.random_6"
          ]
        }
      ]
    },
    {
      "module": "module.monitor_activity_log[\"/subscriptions/78c78ae6-b8f6-44d9-88b7-cee29cd59d60/resourcegroups/fourkites-development/providers/microsoft.dbformysql/servers/azure-automation-db-vpn-dev\"]",
      "mode": "managed",
      "type": "azurerm_monitor_activity_log_alert",
      "name": "error",
      "provider": "provider[\"registry.terraform.io/hashicorp/azurerm\"]",
      "instances": [
        {
          "schema_version": 0,
          "attributes": {
            "action": [
              {
                "action_group_id": "/subscriptions/78c78ae6-b8f6-44d9-88b7-cee29cd59d60/resourceGroups/fourkites-development/providers/microsoft.insights/actionGroups/action-group-high-alert-ThkXcR",
                "webhook_properties": null
              }
            ],
            "criteria": [
              {
                "caller": "",
                "category": "Administrative",
                "level": "Error",
                "operation_name": "",
                "recommendation_category": "",
                "recommendation_impact": "",
                "recommendation_type": "",
                "resource_group": "",
                "resource_id": "/subscriptions/78c78ae6-b8f6-44d9-88b7-cee29cd59d60/resourcegroups/fourkites-development/providers/microsoft.dbformysql/servers/azure-automation-db-vpn-dev",
                "resource_provider": "",
                "resource_type": "",
                "service_health": [],
                "status": "",
                "sub_status": ""
              }
            ],
            "description": "This alert will monitor for error events",
            "enabled": true,
            "id": "/subscriptions/78c78ae6-b8f6-44d9-88b7-cee29cd59d60/resourceGroups/fourkites-development/providers/microsoft.insights/activityLogAlerts/Activity-Log-Error-Alert-ThkXcR",
            "name": "Activity-Log-Error-Alert-ThkXcR",
            "resource_group_name": "fourkites-development",
            "scopes": [
              "/subscriptions/78c78ae6-b8f6-44d9-88b7-cee29cd59d60/resourcegroups/fourkites-development/providers/microsoft.dbformysql/servers/azure-automation-db-vpn-dev"
            ],
            "tags": null,
            "timeouts": null
          },
          "sensitive_attributes": [],
          "private": "eyJlMmJmYjczMC1lY2FhLTExZTYtOGY4OC0zNDM2M2JjN2M0YzAiOnsiY3JlYXRlIjoxODAwMDAwMDAwMDAwLCJkZWxldGUiOjE4MDAwMDAwMDAwMDAsInJlYWQiOjMwMDAwMDAwMDAwMCwidXBkYXRlIjoxODAwMDAwMDAwMDAwfX0=",
          "dependencies": [
            "data.azurerm_resources.document_db",
            "data.azurerm_resources.managed_clusters",
            "data.azurerm_resources.mysql_servers",
            "data.azurerm_resources.virtual_machines",
            "data.azurerm_resources.virtual_networks",
            "module.monitor_activity_log.azurerm_monitor_action_group.high_action_group_alert",
            "module.monitor_activity_log.random_string.random_6"
          ]
        }
      ]
    },
    {
      "module": "module.monitor_activity_log[\"/subscriptions/78c78ae6-b8f6-44d9-88b7-cee29cd59d60/resourcegroups/fourkites-development/providers/microsoft.dbformysql/servers/azure-automation-db-vpn-dev\"]",
      "mode": "managed",
      "type": "random_string",
      "name": "random_6",
      "provider": "provider[\"registry.terraform.io/hashicorp/random\"]",
      "instances": [
        {
          "schema_version": 1,
          "attributes": {
            "id": "ThkXcR",
            "keepers": null,
            "length": 6,
            "lower": true,
            "min_lower": 0,
            "min_numeric": 0,
            "min_special": 0,
            "min_upper": 0,
            "number": true,
            "override_special": "_-",
            "result": "ThkXcR",
            "special": true,
            "upper": true
          },
          "sensitive_attributes": [],
          "private": "eyJzY2hlbWFfdmVyc2lvbiI6IjEifQ==",
          "dependencies": [
            "data.azurerm_resources.document_db",
            "data.azurerm_resources.managed_clusters",
            "data.azurerm_resources.mysql_servers",
            "data.azurerm_resources.virtual_machines",
            "data.azurerm_resources.virtual_networks"
          ]
        }
      ]
    },
    {
      "module": "module.monitor_activity_log[\"/subscriptions/78c78ae6-b8f6-44d9-88b7-cee29cd59d60/resourcegroups/fourkites-development/providers/microsoft.documentdb/databaseaccounts/fourkites-dev-cassandra-account\"]",
      "mode": "managed",
      "type": "azurerm_monitor_action_group",
      "name": "critical_action_group_alert",
      "provider": "provider[\"registry.terraform.io/hashicorp/azurerm\"]",
      "instances": [
        {
          "schema_version": 0,
          "attributes": {
            "arm_role_receiver": [],
            "automation_runbook_receiver": [],
            "azure_app_push_receiver": [],
            "azure_function_receiver": [],
            "email_receiver": [],
            "enabled": true,
            "id": "/subscriptions/78c78ae6-b8f6-44d9-88b7-cee29cd59d60/resourceGroups/fourkites-development/providers/microsoft.insights/actionGroups/action-group-critical-alert-h3UZCg",
            "itsm_receiver": [],
            "logic_app_receiver": [],
            "name": "action-group-critical-alert-h3UZCg",
            "resource_group_name": "fourkites-development",
            "short_name": "ag-tf-h3UZCg",
            "sms_receiver": [],
            "tags": null,
            "timeouts": null,
            "voice_receiver": [],
            "webhook_receiver": [
              {
                "aad_auth": [],
                "name": "https://hooks.slack.com/services/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",
                "service_uri": "https://hooks.slack.com/services/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",
                "use_common_alert_schema": true
              }
            ]
          },
          "sensitive_attributes": [],
          "private": "eyJlMmJmYjczMC1lY2FhLTExZTYtOGY4OC0zNDM2M2JjN2M0YzAiOnsiY3JlYXRlIjoxODAwMDAwMDAwMDAwLCJkZWxldGUiOjE4MDAwMDAwMDAwMDAsInJlYWQiOjMwMDAwMDAwMDAwMCwidXBkYXRlIjoxODAwMDAwMDAwMDAwfX0=",
          "dependencies": [
            "data.azurerm_resources.document_db",
            "data.azurerm_resources.managed_clusters",
            "data.azurerm_resources.mysql_servers",
            "data.azurerm_resources.virtual_machines",
            "data.azurerm_resources.virtual_networks",
            "module.monitor_activity_log.random_string.random_6"
          ]
        }
      ]
    },
    {
      "module": "module.monitor_activity_log[\"/subscriptions/78c78ae6-b8f6-44d9-88b7-cee29cd59d60/resourcegroups/fourkites-development/providers/microsoft.documentdb/databaseaccounts/fourkites-dev-cassandra-account\"]",
      "mode": "managed",
      "type": "azurerm_monitor_action_group",
      "name": "high_action_group_alert",
      "provider": "provider[\"registry.terraform.io/hashicorp/azurerm\"]",
      "instances": [
        {
          "schema_version": 0,
          "attributes": {
            "arm_role_receiver": [],
            "automation_runbook_receiver": [],
            "azure_app_push_receiver": [],
            "azure_function_receiver": [],
            "email_receiver": [],
            "enabled": true,
            "id": "/subscriptions/78c78ae6-b8f6-44d9-88b7-cee29cd59d60/resourceGroups/fourkites-development/providers/microsoft.insights/actionGroups/action-group-high-alert-h3UZCg",
            "itsm_receiver": [],
            "logic_app_receiver": [],
            "name": "action-group-high-alert-h3UZCg",
            "resource_group_name": "fourkites-development",
            "short_name": "ag-tf-h3UZCg",
            "sms_receiver": [],
            "tags": null,
            "timeouts": null,
            "voice_receiver": [],
            "webhook_receiver": [
              {
                "aad_auth": [],
                "name": "https://hooks.slack.com/services/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",
                "service_uri": "https://hooks.slack.com/services/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",
                "use_common_alert_schema": true
              }
            ]
          },
          "sensitive_attributes": [],
          "private": "eyJlMmJmYjczMC1lY2FhLTExZTYtOGY4OC0zNDM2M2JjN2M0YzAiOnsiY3JlYXRlIjoxODAwMDAwMDAwMDAwLCJkZWxldGUiOjE4MDAwMDAwMDAwMDAsInJlYWQiOjMwMDAwMDAwMDAwMCwidXBkYXRlIjoxODAwMDAwMDAwMDAwfX0=",
          "dependencies": [
            "data.azurerm_resources.document_db",
            "data.azurerm_resources.managed_clusters",
            "data.azurerm_resources.mysql_servers",
            "data.azurerm_resources.virtual_machines",
            "data.azurerm_resources.virtual_networks",
            "module.monitor_activity_log.random_string.random_6"
          ]
        }
      ]
    },
    {
      "module": "module.monitor_activity_log[\"/subscriptions/78c78ae6-b8f6-44d9-88b7-cee29cd59d60/resourcegroups/fourkites-development/providers/microsoft.documentdb/databaseaccounts/fourkites-dev-cassandra-account\"]",
      "mode": "managed",
      "type": "azurerm_monitor_activity_log_alert",
      "name": "critical",
      "provider": "provider[\"registry.terraform.io/hashicorp/azurerm\"]",
      "instances": [
        {
          "schema_version": 0,
          "attributes": {
            "action": [
              {
                "action_group_id": "/subscriptions/78c78ae6-b8f6-44d9-88b7-cee29cd59d60/resourceGroups/fourkites-development/providers/microsoft.insights/actionGroups/action-group-critical-alert-h3UZCg",
                "webhook_properties": null
              }
            ],
            "criteria": [
              {
                "caller": "",
                "category": "Administrative",
                "level": "Critical",
                "operation_name": "",
                "recommendation_category": "",
                "recommendation_impact": "",
                "recommendation_type": "",
                "resource_group": "",
                "resource_id": "/subscriptions/78c78ae6-b8f6-44d9-88b7-cee29cd59d60/resourcegroups/fourkites-development/providers/microsoft.documentdb/databaseaccounts/fourkites-dev-cassandra-account",
                "resource_provider": "",
                "resource_type": "",
                "service_health": [],
                "status": "",
                "sub_status": ""
              }
            ],
            "description": "This alert will monitor for critical events.",
            "enabled": true,
            "id": "/subscriptions/78c78ae6-b8f6-44d9-88b7-cee29cd59d60/resourceGroups/fourkites-development/providers/microsoft.insights/activityLogAlerts/Activity-Log-Critical-Alert-h3UZCg",
            "name": "Activity-Log-Critical-Alert-h3UZCg",
            "resource_group_name": "fourkites-development",
            "scopes": [
              "/subscriptions/78c78ae6-b8f6-44d9-88b7-cee29cd59d60/resourcegroups/fourkites-development/providers/microsoft.documentdb/databaseaccounts/fourkites-dev-cassandra-account"
            ],
            "tags": null,
            "timeouts": null
          },
          "sensitive_attributes": [],
          "private": "eyJlMmJmYjczMC1lY2FhLTExZTYtOGY4OC0zNDM2M2JjN2M0YzAiOnsiY3JlYXRlIjoxODAwMDAwMDAwMDAwLCJkZWxldGUiOjE4MDAwMDAwMDAwMDAsInJlYWQiOjMwMDAwMDAwMDAwMCwidXBkYXRlIjoxODAwMDAwMDAwMDAwfX0=",
          "dependencies": [
            "data.azurerm_resources.document_db",
            "data.azurerm_resources.managed_clusters",
            "data.azurerm_resources.mysql_servers",
            "data.azurerm_resources.virtual_machines",
            "data.azurerm_resources.virtual_networks",
            "module.monitor_activity_log.azurerm_monitor_action_group.critical_action_group_alert",
            "module.monitor_activity_log.random_string.random_6"
          ]
        }
      ]
    },
    {
      "module": "module.monitor_activity_log[\"/subscriptions/78c78ae6-b8f6-44d9-88b7-cee29cd59d60/resourcegroups/fourkites-development/providers/microsoft.documentdb/databaseaccounts/fourkites-dev-cassandra-account\"]",
      "mode": "managed",
      "type": "azurerm_monitor_activity_log_alert",
      "name": "error",
      "provider": "provider[\"registry.terraform.io/hashicorp/azurerm\"]",
      "instances": [
        {
          "schema_version": 0,
          "attributes": {
            "action": [
              {
                "action_group_id": "/subscriptions/78c78ae6-b8f6-44d9-88b7-cee29cd59d60/resourceGroups/fourkites-development/providers/microsoft.insights/actionGroups/action-group-high-alert-h3UZCg",
                "webhook_properties": null
              }
            ],
            "criteria": [
              {
                "caller": "",
                "category": "Administrative",
                "level": "Error",
                "operation_name": "",
                "recommendation_category": "",
                "recommendation_impact": "",
                "recommendation_type": "",
                "resource_group": "",
                "resource_id": "/subscriptions/78c78ae6-b8f6-44d9-88b7-cee29cd59d60/resourcegroups/fourkites-development/providers/microsoft.documentdb/databaseaccounts/fourkites-dev-cassandra-account",
                "resource_provider": "",
                "resource_type": "",
                "service_health": [],
                "status": "",
                "sub_status": ""
              }
            ],
            "description": "This alert will monitor for error events",
            "enabled": true,
            "id": "/subscriptions/78c78ae6-b8f6-44d9-88b7-cee29cd59d60/resourceGroups/fourkites-development/providers/microsoft.insights/activityLogAlerts/Activity-Log-Error-Alert-h3UZCg",
            "name": "Activity-Log-Error-Alert-h3UZCg",
            "resource_group_name": "fourkites-development",
            "scopes": [
              "/subscriptions/78c78ae6-b8f6-44d9-88b7-cee29cd59d60/resourcegroups/fourkites-development/providers/microsoft.documentdb/databaseaccounts/fourkites-dev-cassandra-account"
            ],
            "tags": null,
            "timeouts": null
          },
          "sensitive_attributes": [],
          "private": "eyJlMmJmYjczMC1lY2FhLTExZTYtOGY4OC0zNDM2M2JjN2M0YzAiOnsiY3JlYXRlIjoxODAwMDAwMDAwMDAwLCJkZWxldGUiOjE4MDAwMDAwMDAwMDAsInJlYWQiOjMwMDAwMDAwMDAwMCwidXBkYXRlIjoxODAwMDAwMDAwMDAwfX0=",
          "dependencies": [
            "data.azurerm_resources.document_db",
            "data.azurerm_resources.managed_clusters",
            "data.azurerm_resources.mysql_servers",
            "data.azurerm_resources.virtual_machines",
            "data.azurerm_resources.virtual_networks",
            "module.monitor_activity_log.azurerm_monitor_action_group.high_action_group_alert",
            "module.monitor_activity_log.random_string.random_6"
          ]
        }
      ]
    },
    {
      "module": "module.monitor_activity_log[\"/subscriptions/78c78ae6-b8f6-44d9-88b7-cee29cd59d60/resourcegroups/fourkites-development/providers/microsoft.documentdb/databaseaccounts/fourkites-dev-cassandra-account\"]",
      "mode": "managed",
      "type": "random_string",
      "name": "random_6",
      "provider": "provider[\"registry.terraform.io/hashicorp/random\"]",
      "instances": [
        {
          "schema_version": 1,
          "attributes": {
            "id": "h3UZCg",
            "keepers": null,
            "length": 6,
            "lower": true,
            "min_lower": 0,
            "min_numeric": 0,
            "min_special": 0,
            "min_upper": 0,
            "number": true,
            "override_special": "_-",
            "result": "h3UZCg",
            "special": true,
            "upper": true
          },
          "sensitive_attributes": [],
          "private": "eyJzY2hlbWFfdmVyc2lvbiI6IjEifQ==",
          "dependencies": [
            "data.azurerm_resources.document_db",
            "data.azurerm_resources.managed_clusters",
            "data.azurerm_resources.mysql_servers",
            "data.azurerm_resources.virtual_machines",
            "data.azurerm_resources.virtual_networks"
          ]
        }
      ]
    },
    {
      "module": "module.monitor_activity_log[\"/subscriptions/78c78ae6-b8f6-44d9-88b7-cee29cd59d60/resourcegroups/fourkites-development/providers/microsoft.documentdb/databaseaccounts/fourkites-dev-mongo-account\"]",
      "mode": "managed",
      "type": "azurerm_monitor_action_group",
      "name": "critical_action_group_alert",
      "provider": "provider[\"registry.terraform.io/hashicorp/azurerm\"]",
      "instances": [
        {
          "schema_version": 0,
          "attributes": {
            "arm_role_receiver": [],
            "automation_runbook_receiver": [],
            "azure_app_push_receiver": [],
            "azure_function_receiver": [],
            "email_receiver": [],
            "enabled": true,
            "id": "/subscriptions/78c78ae6-b8f6-44d9-88b7-cee29cd59d60/resourceGroups/fourkites-development/providers/microsoft.insights/actionGroups/action-group-critical-alert-9GdKHr",
            "itsm_receiver": [],
            "logic_app_receiver": [],
            "name": "action-group-critical-alert-9GdKHr",
            "resource_group_name": "fourkites-development",
            "short_name": "ag-tf-9GdKHr",
            "sms_receiver": [],
            "tags": null,
            "timeouts": null,
            "voice_receiver": [],
            "webhook_receiver": [
              {
                "aad_auth": [],
                "name": "https://hooks.slack.com/services/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",
                "service_uri": "https://hooks.slack.com/services/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",
                "use_common_alert_schema": true
              }
            ]
          },
          "sensitive_attributes": [],
          "private": "eyJlMmJmYjczMC1lY2FhLTExZTYtOGY4OC0zNDM2M2JjN2M0YzAiOnsiY3JlYXRlIjoxODAwMDAwMDAwMDAwLCJkZWxldGUiOjE4MDAwMDAwMDAwMDAsInJlYWQiOjMwMDAwMDAwMDAwMCwidXBkYXRlIjoxODAwMDAwMDAwMDAwfX0=",
          "dependencies": [
            "data.azurerm_resources.document_db",
            "data.azurerm_resources.managed_clusters",
            "data.azurerm_resources.mysql_servers",
            "data.azurerm_resources.virtual_machines",
            "data.azurerm_resources.virtual_networks",
            "module.monitor_activity_log.random_string.random_6"
          ]
        }
      ]
    },
    {
      "module": "module.monitor_activity_log[\"/subscriptions/78c78ae6-b8f6-44d9-88b7-cee29cd59d60/resourcegroups/fourkites-development/providers/microsoft.documentdb/databaseaccounts/fourkites-dev-mongo-account\"]",
      "mode": "managed",
      "type": "azurerm_monitor_action_group",
      "name": "high_action_group_alert",
      "provider": "provider[\"registry.terraform.io/hashicorp/azurerm\"]",
      "instances": [
        {
          "schema_version": 0,
          "attributes": {
            "arm_role_receiver": [],
            "automation_runbook_receiver": [],
            "azure_app_push_receiver": [],
            "azure_function_receiver": [],
            "email_receiver": [],
            "enabled": true,
            "id": "/subscriptions/78c78ae6-b8f6-44d9-88b7-cee29cd59d60/resourceGroups/fourkites-development/providers/microsoft.insights/actionGroups/action-group-high-alert-9GdKHr",
            "itsm_receiver": [],
            "logic_app_receiver": [],
            "name": "action-group-high-alert-9GdKHr",
            "resource_group_name": "fourkites-development",
            "short_name": "ag-tf-9GdKHr",
            "sms_receiver": [],
            "tags": null,
            "timeouts": null,
            "voice_receiver": [],
            "webhook_receiver": [
              {
                "aad_auth": [],
                "name": "https://hooks.slack.com/services/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",
                "service_uri": "https://hooks.slack.com/services/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",
                "use_common_alert_schema": true
              }
            ]
          },
          "sensitive_attributes": [],
          "private": "eyJlMmJmYjczMC1lY2FhLTExZTYtOGY4OC0zNDM2M2JjN2M0YzAiOnsiY3JlYXRlIjoxODAwMDAwMDAwMDAwLCJkZWxldGUiOjE4MDAwMDAwMDAwMDAsInJlYWQiOjMwMDAwMDAwMDAwMCwidXBkYXRlIjoxODAwMDAwMDAwMDAwfX0=",
          "dependencies": [
            "data.azurerm_resources.document_db",
            "data.azurerm_resources.managed_clusters",
            "data.azurerm_resources.mysql_servers",
            "data.azurerm_resources.virtual_machines",
            "data.azurerm_resources.virtual_networks",
            "module.monitor_activity_log.random_string.random_6"
          ]
        }
      ]
    },
    {
      "module": "module.monitor_activity_log[\"/subscriptions/78c78ae6-b8f6-44d9-88b7-cee29cd59d60/resourcegroups/fourkites-development/providers/microsoft.documentdb/databaseaccounts/fourkites-dev-mongo-account\"]",
      "mode": "managed",
      "type": "azurerm_monitor_activity_log_alert",
      "name": "critical",
      "provider": "provider[\"registry.terraform.io/hashicorp/azurerm\"]",
      "instances": [
        {
          "schema_version": 0,
          "attributes": {
            "action": [
              {
                "action_group_id": "/subscriptions/78c78ae6-b8f6-44d9-88b7-cee29cd59d60/resourceGroups/fourkites-development/providers/microsoft.insights/actionGroups/action-group-critical-alert-9GdKHr",
                "webhook_properties": null
              }
            ],
            "criteria": [
              {
                "caller": "",
                "category": "Administrative",
                "level": "Critical",
                "operation_name": "",
                "recommendation_category": "",
                "recommendation_impact": "",
                "recommendation_type": "",
                "resource_group": "",
                "resource_id": "/subscriptions/78c78ae6-b8f6-44d9-88b7-cee29cd59d60/resourcegroups/fourkites-development/providers/microsoft.documentdb/databaseaccounts/fourkites-dev-mongo-account",
                "resource_provider": "",
                "resource_type": "",
                "service_health": [],
                "status": "",
                "sub_status": ""
              }
            ],
            "description": "This alert will monitor for critical events.",
            "enabled": true,
            "id": "/subscriptions/78c78ae6-b8f6-44d9-88b7-cee29cd59d60/resourceGroups/fourkites-development/providers/microsoft.insights/activityLogAlerts/Activity-Log-Critical-Alert-9GdKHr",
            "name": "Activity-Log-Critical-Alert-9GdKHr",
            "resource_group_name": "fourkites-development",
            "scopes": [
              "/subscriptions/78c78ae6-b8f6-44d9-88b7-cee29cd59d60/resourcegroups/fourkites-development/providers/microsoft.documentdb/databaseaccounts/fourkites-dev-mongo-account"
            ],
            "tags": null,
            "timeouts": null
          },
          "sensitive_attributes": [],
          "private": "eyJlMmJmYjczMC1lY2FhLTExZTYtOGY4OC0zNDM2M2JjN2M0YzAiOnsiY3JlYXRlIjoxODAwMDAwMDAwMDAwLCJkZWxldGUiOjE4MDAwMDAwMDAwMDAsInJlYWQiOjMwMDAwMDAwMDAwMCwidXBkYXRlIjoxODAwMDAwMDAwMDAwfX0=",
          "dependencies": [
            "data.azurerm_resources.document_db",
            "data.azurerm_resources.managed_clusters",
            "data.azurerm_resources.mysql_servers",
            "data.azurerm_resources.virtual_machines",
            "data.azurerm_resources.virtual_networks",
            "module.monitor_activity_log.azurerm_monitor_action_group.critical_action_group_alert",
            "module.monitor_activity_log.random_string.random_6"
          ]
        }
      ]
    },
    {
      "module": "module.monitor_activity_log[\"/subscriptions/78c78ae6-b8f6-44d9-88b7-cee29cd59d60/resourcegroups/fourkites-development/providers/microsoft.documentdb/databaseaccounts/fourkites-dev-mongo-account\"]",
      "mode": "managed",
      "type": "azurerm_monitor_activity_log_alert",
      "name": "error",
      "provider": "provider[\"registry.terraform.io/hashicorp/azurerm\"]",
      "instances": [
        {
          "schema_version": 0,
          "attributes": {
            "action": [
              {
                "action_group_id": "/subscriptions/78c78ae6-b8f6-44d9-88b7-cee29cd59d60/resourceGroups/fourkites-development/providers/microsoft.insights/actionGroups/action-group-high-alert-9GdKHr",
                "webhook_properties": null
              }
            ],
            "criteria": [
              {
                "caller": "",
                "category": "Administrative",
                "level": "Error",
                "operation_name": "",
                "recommendation_category": "",
                "recommendation_impact": "",
                "recommendation_type": "",
                "resource_group": "",
                "resource_id": "/subscriptions/78c78ae6-b8f6-44d9-88b7-cee29cd59d60/resourcegroups/fourkites-development/providers/microsoft.documentdb/databaseaccounts/fourkites-dev-mongo-account",
                "resource_provider": "",
                "resource_type": "",
                "service_health": [],
                "status": "",
                "sub_status": ""
              }
            ],
            "description": "This alert will monitor for error events",
            "enabled": true,
            "id": "/subscriptions/78c78ae6-b8f6-44d9-88b7-cee29cd59d60/resourceGroups/fourkites-development/providers/microsoft.insights/activityLogAlerts/Activity-Log-Error-Alert-9GdKHr",
            "name": "Activity-Log-Error-Alert-9GdKHr",
            "resource_group_name": "fourkites-development",
            "scopes": [
              "/subscriptions/78c78ae6-b8f6-44d9-88b7-cee29cd59d60/resourcegroups/fourkites-development/providers/microsoft.documentdb/databaseaccounts/fourkites-dev-mongo-account"
            ],
            "tags": null,
            "timeouts": null
          },
          "sensitive_attributes": [],
          "private": "eyJlMmJmYjczMC1lY2FhLTExZTYtOGY4OC0zNDM2M2JjN2M0YzAiOnsiY3JlYXRlIjoxODAwMDAwMDAwMDAwLCJkZWxldGUiOjE4MDAwMDAwMDAwMDAsInJlYWQiOjMwMDAwMDAwMDAwMCwidXBkYXRlIjoxODAwMDAwMDAwMDAwfX0=",
          "dependencies": [
            "data.azurerm_resources.document_db",
            "data.azurerm_resources.managed_clusters",
            "data.azurerm_resources.mysql_servers",
            "data.azurerm_resources.virtual_machines",
            "data.azurerm_resources.virtual_networks",
            "module.monitor_activity_log.azurerm_monitor_action_group.high_action_group_alert",
            "module.monitor_activity_log.random_string.random_6"
          ]
        }
      ]
    },
    {
      "module": "module.monitor_activity_log[\"/subscriptions/78c78ae6-b8f6-44d9-88b7-cee29cd59d60/resourcegroups/fourkites-development/providers/microsoft.documentdb/databaseaccounts/fourkites-dev-mongo-account\"]",
      "mode": "managed",
      "type": "random_string",
      "name": "random_6",
      "provider": "provider[\"registry.terraform.io/hashicorp/random\"]",
      "instances": [
        {
          "schema_version": 1,
          "attributes": {
            "id": "9GdKHr",
            "keepers": null,
            "length": 6,
            "lower": true,
            "min_lower": 0,
            "min_numeric": 0,
            "min_special": 0,
            "min_upper": 0,
            "number": true,
            "override_special": "_-",
            "result": "9GdKHr",
            "special": true,
            "upper": true
          },
          "sensitive_attributes": [],
          "private": "eyJzY2hlbWFfdmVyc2lvbiI6IjEifQ==",
          "dependencies": [
            "data.azurerm_resources.document_db",
            "data.azurerm_resources.managed_clusters",
            "data.azurerm_resources.mysql_servers",
            "data.azurerm_resources.virtual_machines",
            "data.azurerm_resources.virtual_networks"
          ]
        }
      ]
    },
    {
      "module": "module.monitor_activity_log[\"/subscriptions/78c78ae6-b8f6-44d9-88b7-cee29cd59d60/resourcegroups/fourkites-development/providers/microsoft.documentdb/databaseaccounts/fourkites-dev-table-account\"]",
      "mode": "managed",
      "type": "azurerm_monitor_action_group",
      "name": "critical_action_group_alert",
      "provider": "provider[\"registry.terraform.io/hashicorp/azurerm\"]",
      "instances": [
        {
          "schema_version": 0,
          "attributes": {
            "arm_role_receiver": [],
            "automation_runbook_receiver": [],
            "azure_app_push_receiver": [],
            "azure_function_receiver": [],
            "email_receiver": [],
            "enabled": true,
            "id": "/subscriptions/78c78ae6-b8f6-44d9-88b7-cee29cd59d60/resourceGroups/fourkites-development/providers/microsoft.insights/actionGroups/action-group-critical-alert-sTtzWQ",
            "itsm_receiver": [],
            "logic_app_receiver": [],
            "name": "action-group-critical-alert-sTtzWQ",
            "resource_group_name": "fourkites-development",
            "short_name": "ag-tf-sTtzWQ",
            "sms_receiver": [],
            "tags": null,
            "timeouts": null,
            "voice_receiver": [],
            "webhook_receiver": [
              {
                "aad_auth": [],
                "name": "https://hooks.slack.com/services/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",
                "service_uri": "https://hooks.slack.com/services/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",
                "use_common_alert_schema": true
              }
            ]
          },
          "sensitive_attributes": [],
          "private": "eyJlMmJmYjczMC1lY2FhLTExZTYtOGY4OC0zNDM2M2JjN2M0YzAiOnsiY3JlYXRlIjoxODAwMDAwMDAwMDAwLCJkZWxldGUiOjE4MDAwMDAwMDAwMDAsInJlYWQiOjMwMDAwMDAwMDAwMCwidXBkYXRlIjoxODAwMDAwMDAwMDAwfX0=",
          "dependencies": [
            "data.azurerm_resources.document_db",
            "data.azurerm_resources.managed_clusters",
            "data.azurerm_resources.mysql_servers",
            "data.azurerm_resources.virtual_machines",
            "data.azurerm_resources.virtual_networks",
            "module.monitor_activity_log.random_string.random_6"
          ]
        }
      ]
    },
    {
      "module": "module.monitor_activity_log[\"/subscriptions/78c78ae6-b8f6-44d9-88b7-cee29cd59d60/resourcegroups/fourkites-development/providers/microsoft.documentdb/databaseaccounts/fourkites-dev-table-account\"]",
      "mode": "managed",
      "type": "azurerm_monitor_action_group",
      "name": "high_action_group_alert",
      "provider": "provider[\"registry.terraform.io/hashicorp/azurerm\"]",
      "instances": [
        {
          "schema_version": 0,
          "attributes": {
            "arm_role_receiver": [],
            "automation_runbook_receiver": [],
            "azure_app_push_receiver": [],
            "azure_function_receiver": [],
            "email_receiver": [],
            "enabled": true,
            "id": "/subscriptions/78c78ae6-b8f6-44d9-88b7-cee29cd59d60/resourceGroups/fourkites-development/providers/microsoft.insights/actionGroups/action-group-high-alert-sTtzWQ",
            "itsm_receiver": [],
            "logic_app_receiver": [],
            "name": "action-group-high-alert-sTtzWQ",
            "resource_group_name": "fourkites-development",
            "short_name": "ag-tf-sTtzWQ",
            "sms_receiver": [],
            "tags": null,
            "timeouts": null,
            "voice_receiver": [],
            "webhook_receiver": [
              {
                "aad_auth": [],
                "name": "https://hooks.slack.com/services/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",
                "service_uri": "https://hooks.slack.com/services/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",
                "use_common_alert_schema": true
              }
            ]
          },
          "sensitive_attributes": [],
          "private": "eyJlMmJmYjczMC1lY2FhLTExZTYtOGY4OC0zNDM2M2JjN2M0YzAiOnsiY3JlYXRlIjoxODAwMDAwMDAwMDAwLCJkZWxldGUiOjE4MDAwMDAwMDAwMDAsInJlYWQiOjMwMDAwMDAwMDAwMCwidXBkYXRlIjoxODAwMDAwMDAwMDAwfX0=",
          "dependencies": [
            "data.azurerm_resources.document_db",
            "data.azurerm_resources.managed_clusters",
            "data.azurerm_resources.mysql_servers",
            "data.azurerm_resources.virtual_machines",
            "data.azurerm_resources.virtual_networks",
            "module.monitor_activity_log.random_string.random_6"
          ]
        }
      ]
    },
    {
      "module": "module.monitor_activity_log[\"/subscriptions/78c78ae6-b8f6-44d9-88b7-cee29cd59d60/resourcegroups/fourkites-development/providers/microsoft.documentdb/databaseaccounts/fourkites-dev-table-account\"]",
      "mode": "managed",
      "type": "azurerm_monitor_activity_log_alert",
      "name": "critical",
      "provider": "provider[\"registry.terraform.io/hashicorp/azurerm\"]",
      "instances": [
        {
          "schema_version": 0,
          "attributes": {
            "action": [
              {
                "action_group_id": "/subscriptions/78c78ae6-b8f6-44d9-88b7-cee29cd59d60/resourceGroups/fourkites-development/providers/microsoft.insights/actionGroups/action-group-critical-alert-sTtzWQ",
                "webhook_properties": null
              }
            ],
            "criteria": [
              {
                "caller": "",
                "category": "Administrative",
                "level": "Critical",
                "operation_name": "",
                "recommendation_category": "",
                "recommendation_impact": "",
                "recommendation_type": "",
                "resource_group": "",
                "resource_id": "/subscriptions/78c78ae6-b8f6-44d9-88b7-cee29cd59d60/resourcegroups/fourkites-development/providers/microsoft.documentdb/databaseaccounts/fourkites-dev-table-account",
                "resource_provider": "",
                "resource_type": "",
                "service_health": [],
                "status": "",
                "sub_status": ""
              }
            ],
            "description": "This alert will monitor for critical events.",
            "enabled": true,
            "id": "/subscriptions/78c78ae6-b8f6-44d9-88b7-cee29cd59d60/resourceGroups/fourkites-development/providers/microsoft.insights/activityLogAlerts/Activity-Log-Critical-Alert-sTtzWQ",
            "name": "Activity-Log-Critical-Alert-sTtzWQ",
            "resource_group_name": "fourkites-development",
            "scopes": [
              "/subscriptions/78c78ae6-b8f6-44d9-88b7-cee29cd59d60/resourcegroups/fourkites-development/providers/microsoft.documentdb/databaseaccounts/fourkites-dev-table-account"
            ],
            "tags": null,
            "timeouts": null
          },
          "sensitive_attributes": [],
          "private": "eyJlMmJmYjczMC1lY2FhLTExZTYtOGY4OC0zNDM2M2JjN2M0YzAiOnsiY3JlYXRlIjoxODAwMDAwMDAwMDAwLCJkZWxldGUiOjE4MDAwMDAwMDAwMDAsInJlYWQiOjMwMDAwMDAwMDAwMCwidXBkYXRlIjoxODAwMDAwMDAwMDAwfX0=",
          "dependencies": [
            "data.azurerm_resources.document_db",
            "data.azurerm_resources.managed_clusters",
            "data.azurerm_resources.mysql_servers",
            "data.azurerm_resources.virtual_machines",
            "data.azurerm_resources.virtual_networks",
            "module.monitor_activity_log.azurerm_monitor_action_group.critical_action_group_alert",
            "module.monitor_activity_log.random_string.random_6"
          ]
        }
      ]
    },
    {
      "module": "module.monitor_activity_log[\"/subscriptions/78c78ae6-b8f6-44d9-88b7-cee29cd59d60/resourcegroups/fourkites-development/providers/microsoft.documentdb/databaseaccounts/fourkites-dev-table-account\"]",
      "mode": "managed",
      "type": "azurerm_monitor_activity_log_alert",
      "name": "error",
      "provider": "provider[\"registry.terraform.io/hashicorp/azurerm\"]",
      "instances": [
        {
          "schema_version": 0,
          "attributes": {
            "action": [
              {
                "action_group_id": "/subscriptions/78c78ae6-b8f6-44d9-88b7-cee29cd59d60/resourceGroups/fourkites-development/providers/microsoft.insights/actionGroups/action-group-high-alert-sTtzWQ",
                "webhook_properties": null
              }
            ],
            "criteria": [
              {
                "caller": "",
                "category": "Administrative",
                "level": "Error",
                "operation_name": "",
                "recommendation_category": "",
                "recommendation_impact": "",
                "recommendation_type": "",
                "resource_group": "",
                "resource_id": "/subscriptions/78c78ae6-b8f6-44d9-88b7-cee29cd59d60/resourcegroups/fourkites-development/providers/microsoft.documentdb/databaseaccounts/fourkites-dev-table-account",
                "resource_provider": "",
                "resource_type": "",
                "service_health": [],
                "status": "",
                "sub_status": ""
              }
            ],
            "description": "This alert will monitor for error events",
            "enabled": true,
            "id": "/subscriptions/78c78ae6-b8f6-44d9-88b7-cee29cd59d60/resourceGroups/fourkites-development/providers/microsoft.insights/activityLogAlerts/Activity-Log-Error-Alert-sTtzWQ",
            "name": "Activity-Log-Error-Alert-sTtzWQ",
            "resource_group_name": "fourkites-development",
            "scopes": [
              "/subscriptions/78c78ae6-b8f6-44d9-88b7-cee29cd59d60/resourcegroups/fourkites-development/providers/microsoft.documentdb/databaseaccounts/fourkites-dev-table-account"
            ],
            "tags": null,
            "timeouts": null
          },
          "sensitive_attributes": [],
          "private": "eyJlMmJmYjczMC1lY2FhLTExZTYtOGY4OC0zNDM2M2JjN2M0YzAiOnsiY3JlYXRlIjoxODAwMDAwMDAwMDAwLCJkZWxldGUiOjE4MDAwMDAwMDAwMDAsInJlYWQiOjMwMDAwMDAwMDAwMCwidXBkYXRlIjoxODAwMDAwMDAwMDAwfX0=",
          "dependencies": [
            "data.azurerm_resources.document_db",
            "data.azurerm_resources.managed_clusters",
            "data.azurerm_resources.mysql_servers",
            "data.azurerm_resources.virtual_machines",
            "data.azurerm_resources.virtual_networks",
            "module.monitor_activity_log.azurerm_monitor_action_group.high_action_group_alert",
            "module.monitor_activity_log.random_string.random_6"
          ]
        }
      ]
    },
    {
      "module": "module.monitor_activity_log[\"/subscriptions/78c78ae6-b8f6-44d9-88b7-cee29cd59d60/resourcegroups/fourkites-development/providers/microsoft.documentdb/databaseaccounts/fourkites-dev-table-account\"]",
      "mode": "managed",
      "type": "random_string",
      "name": "random_6",
      "provider": "provider[\"registry.terraform.io/hashicorp/random\"]",
      "instances": [
        {
          "schema_version": 1,
          "attributes": {
            "id": "sTtzWQ",
            "keepers": null,
            "length": 6,
            "lower": true,
            "min_lower": 0,
            "min_numeric": 0,
            "min_special": 0,
            "min_upper": 0,
            "number": true,
            "override_special": "_-",
            "result": "sTtzWQ",
            "special": true,
            "upper": true
          },
          "sensitive_attributes": [],
          "private": "eyJzY2hlbWFfdmVyc2lvbiI6IjEifQ==",
          "dependencies": [
            "data.azurerm_resources.document_db",
            "data.azurerm_resources.managed_clusters",
            "data.azurerm_resources.mysql_servers",
            "data.azurerm_resources.virtual_machines",
            "data.azurerm_resources.virtual_networks"
          ]
        }
      ]
    },
    {
      "module": "module.monitor_activity_log[\"/subscriptions/78c78ae6-b8f6-44d9-88b7-cee29cd59d60/resourcegroups/fourkites-development/providers/microsoft.documentdb/databaseaccounts/fourkites-development-table-temp\"]",
      "mode": "managed",
      "type": "azurerm_monitor_action_group",
      "name": "critical_action_group_alert",
      "provider": "provider[\"registry.terraform.io/hashicorp/azurerm\"]",
      "instances": [
        {
          "schema_version": 0,
          "attributes": {
            "arm_role_receiver": [],
            "automation_runbook_receiver": [],
            "azure_app_push_receiver": [],
            "azure_function_receiver": [],
            "email_receiver": [],
            "enabled": true,
            "id": "/subscriptions/78c78ae6-b8f6-44d9-88b7-cee29cd59d60/resourceGroups/fourkites-development/providers/microsoft.insights/actionGroups/action-group-critical-alert-Y4BNNB",
            "itsm_receiver": [],
            "logic_app_receiver": [],
            "name": "action-group-critical-alert-Y4BNNB",
            "resource_group_name": "fourkites-development",
            "short_name": "ag-tf-Y4BNNB",
            "sms_receiver": [],
            "tags": null,
            "timeouts": null,
            "voice_receiver": [],
            "webhook_receiver": [
              {
                "aad_auth": [],
                "name": "https://hooks.slack.com/services/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",
                "service_uri": "https://hooks.slack.com/services/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",
                "use_common_alert_schema": true
              }
            ]
          },
          "sensitive_attributes": [],
          "private": "eyJlMmJmYjczMC1lY2FhLTExZTYtOGY4OC0zNDM2M2JjN2M0YzAiOnsiY3JlYXRlIjoxODAwMDAwMDAwMDAwLCJkZWxldGUiOjE4MDAwMDAwMDAwMDAsInJlYWQiOjMwMDAwMDAwMDAwMCwidXBkYXRlIjoxODAwMDAwMDAwMDAwfX0=",
          "dependencies": [
            "data.azurerm_resources.document_db",
            "data.azurerm_resources.managed_clusters",
            "data.azurerm_resources.mysql_servers",
            "data.azurerm_resources.virtual_machines",
            "data.azurerm_resources.virtual_networks",
            "module.monitor_activity_log.random_string.random_6"
          ]
        }
      ]
    },
    {
      "module": "module.monitor_activity_log[\"/subscriptions/78c78ae6-b8f6-44d9-88b7-cee29cd59d60/resourcegroups/fourkites-development/providers/microsoft.documentdb/databaseaccounts/fourkites-development-table-temp\"]",
      "mode": "managed",
      "type": "azurerm_monitor_action_group",
      "name": "high_action_group_alert",
      "provider": "provider[\"registry.terraform.io/hashicorp/azurerm\"]",
      "instances": [
        {
          "schema_version": 0,
          "attributes": {
            "arm_role_receiver": [],
            "automation_runbook_receiver": [],
            "azure_app_push_receiver": [],
            "azure_function_receiver": [],
            "email_receiver": [],
            "enabled": true,
            "id": "/subscriptions/78c78ae6-b8f6-44d9-88b7-cee29cd59d60/resourceGroups/fourkites-development/providers/microsoft.insights/actionGroups/action-group-high-alert-Y4BNNB",
            "itsm_receiver": [],
            "logic_app_receiver": [],
            "name": "action-group-high-alert-Y4BNNB",
            "resource_group_name": "fourkites-development",
            "short_name": "ag-tf-Y4BNNB",
            "sms_receiver": [],
            "tags": null,
            "timeouts": null,
            "voice_receiver": [],
            "webhook_receiver": [
              {
                "aad_auth": [],
                "name": "https://hooks.slack.com/services/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",
                "service_uri": "https://hooks.slack.com/services/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",
                "use_common_alert_schema": true
              }
            ]
          },
          "sensitive_attributes": [],
          "private": "eyJlMmJmYjczMC1lY2FhLTExZTYtOGY4OC0zNDM2M2JjN2M0YzAiOnsiY3JlYXRlIjoxODAwMDAwMDAwMDAwLCJkZWxldGUiOjE4MDAwMDAwMDAwMDAsInJlYWQiOjMwMDAwMDAwMDAwMCwidXBkYXRlIjoxODAwMDAwMDAwMDAwfX0=",
          "dependencies": [
            "data.azurerm_resources.document_db",
            "data.azurerm_resources.managed_clusters",
            "data.azurerm_resources.mysql_servers",
            "data.azurerm_resources.virtual_machines",
            "data.azurerm_resources.virtual_networks",
            "module.monitor_activity_log.random_string.random_6"
          ]
        }
      ]
    },
    {
      "module": "module.monitor_activity_log[\"/subscriptions/78c78ae6-b8f6-44d9-88b7-cee29cd59d60/resourcegroups/fourkites-development/providers/microsoft.documentdb/databaseaccounts/fourkites-development-table-temp\"]",
      "mode": "managed",
      "type": "azurerm_monitor_activity_log_alert",
      "name": "critical",
      "provider": "provider[\"registry.terraform.io/hashicorp/azurerm\"]",
      "instances": [
        {
          "schema_version": 0,
          "attributes": {
            "action": [
              {
                "action_group_id": "/subscriptions/78c78ae6-b8f6-44d9-88b7-cee29cd59d60/resourceGroups/fourkites-development/providers/microsoft.insights/actionGroups/action-group-critical-alert-Y4BNNB",
                "webhook_properties": null
              }
            ],
            "criteria": [
              {
                "caller": "",
                "category": "Administrative",
                "level": "Critical",
                "operation_name": "",
                "recommendation_category": "",
                "recommendation_impact": "",
                "recommendation_type": "",
                "resource_group": "",
                "resource_id": "/subscriptions/78c78ae6-b8f6-44d9-88b7-cee29cd59d60/resourcegroups/fourkites-development/providers/microsoft.documentdb/databaseaccounts/fourkites-development-table-temp",
                "resource_provider": "",
                "resource_type": "",
                "service_health": [],
                "status": "",
                "sub_status": ""
              }
            ],
            "description": "This alert will monitor for critical events.",
            "enabled": true,
            "id": "/subscriptions/78c78ae6-b8f6-44d9-88b7-cee29cd59d60/resourceGroups/fourkites-development/providers/microsoft.insights/activityLogAlerts/Activity-Log-Critical-Alert-Y4BNNB",
            "name": "Activity-Log-Critical-Alert-Y4BNNB",
            "resource_group_name": "fourkites-development",
            "scopes": [
              "/subscriptions/78c78ae6-b8f6-44d9-88b7-cee29cd59d60/resourcegroups/fourkites-development/providers/microsoft.documentdb/databaseaccounts/fourkites-development-table-temp"
            ],
            "tags": null,
            "timeouts": null
          },
          "sensitive_attributes": [],
          "private": "eyJlMmJmYjczMC1lY2FhLTExZTYtOGY4OC0zNDM2M2JjN2M0YzAiOnsiY3JlYXRlIjoxODAwMDAwMDAwMDAwLCJkZWxldGUiOjE4MDAwMDAwMDAwMDAsInJlYWQiOjMwMDAwMDAwMDAwMCwidXBkYXRlIjoxODAwMDAwMDAwMDAwfX0=",
          "dependencies": [
            "data.azurerm_resources.document_db",
            "data.azurerm_resources.managed_clusters",
            "data.azurerm_resources.mysql_servers",
            "data.azurerm_resources.virtual_machines",
            "data.azurerm_resources.virtual_networks",
            "module.monitor_activity_log.azurerm_monitor_action_group.critical_action_group_alert",
            "module.monitor_activity_log.random_string.random_6"
          ]
        }
      ]
    },
    {
      "module": "module.monitor_activity_log[\"/subscriptions/78c78ae6-b8f6-44d9-88b7-cee29cd59d60/resourcegroups/fourkites-development/providers/microsoft.documentdb/databaseaccounts/fourkites-development-table-temp\"]",
      "mode": "managed",
      "type": "azurerm_monitor_activity_log_alert",
      "name": "error",
      "provider": "provider[\"registry.terraform.io/hashicorp/azurerm\"]",
      "instances": [
        {
          "schema_version": 0,
          "attributes": {
            "action": [
              {
                "action_group_id": "/subscriptions/78c78ae6-b8f6-44d9-88b7-cee29cd59d60/resourceGroups/fourkites-development/providers/microsoft.insights/actionGroups/action-group-high-alert-Y4BNNB",
                "webhook_properties": null
              }
            ],
            "criteria": [
              {
                "caller": "",
                "category": "Administrative",
                "level": "Error",
                "operation_name": "",
                "recommendation_category": "",
                "recommendation_impact": "",
                "recommendation_type": "",
                "resource_group": "",
                "resource_id": "/subscriptions/78c78ae6-b8f6-44d9-88b7-cee29cd59d60/resourcegroups/fourkites-development/providers/microsoft.documentdb/databaseaccounts/fourkites-development-table-temp",
                "resource_provider": "",
                "resource_type": "",
                "service_health": [],
                "status": "",
                "sub_status": ""
              }
            ],
            "description": "This alert will monitor for error events",
            "enabled": true,
            "id": "/subscriptions/78c78ae6-b8f6-44d9-88b7-cee29cd59d60/resourceGroups/fourkites-development/providers/microsoft.insights/activityLogAlerts/Activity-Log-Error-Alert-Y4BNNB",
            "name": "Activity-Log-Error-Alert-Y4BNNB",
            "resource_group_name": "fourkites-development",
            "scopes": [
              "/subscriptions/78c78ae6-b8f6-44d9-88b7-cee29cd59d60/resourcegroups/fourkites-development/providers/microsoft.documentdb/databaseaccounts/fourkites-development-table-temp"
            ],
            "tags": null,
            "timeouts": null
          },
          "sensitive_attributes": [],
          "private": "eyJlMmJmYjczMC1lY2FhLTExZTYtOGY4OC0zNDM2M2JjN2M0YzAiOnsiY3JlYXRlIjoxODAwMDAwMDAwMDAwLCJkZWxldGUiOjE4MDAwMDAwMDAwMDAsInJlYWQiOjMwMDAwMDAwMDAwMCwidXBkYXRlIjoxODAwMDAwMDAwMDAwfX0=",
          "dependencies": [
            "data.azurerm_resources.document_db",
            "data.azurerm_resources.managed_clusters",
            "data.azurerm_resources.mysql_servers",
            "data.azurerm_resources.virtual_machines",
            "data.azurerm_resources.virtual_networks",
            "module.monitor_activity_log.azurerm_monitor_action_group.high_action_group_alert",
            "module.monitor_activity_log.random_string.random_6"
          ]
        }
      ]
    },
    {
      "module": "module.monitor_activity_log[\"/subscriptions/78c78ae6-b8f6-44d9-88b7-cee29cd59d60/resourcegroups/fourkites-development/providers/microsoft.documentdb/databaseaccounts/fourkites-development-table-temp\"]",
      "mode": "managed",
      "type": "random_string",
      "name": "random_6",
      "provider": "provider[\"registry.terraform.io/hashicorp/random\"]",
      "instances": [
        {
          "schema_version": 1,
          "attributes": {
            "id": "Y4BNNB",
            "keepers": null,
            "length": 6,
            "lower": true,
            "min_lower": 0,
            "min_numeric": 0,
            "min_special": 0,
            "min_upper": 0,
            "number": true,
            "override_special": "_-",
            "result": "Y4BNNB",
            "special": true,
            "upper": true
          },
          "sensitive_attributes": [],
          "private": "eyJzY2hlbWFfdmVyc2lvbiI6IjEifQ==",
          "dependencies": [
            "data.azurerm_resources.document_db",
            "data.azurerm_resources.managed_clusters",
            "data.azurerm_resources.mysql_servers",
            "data.azurerm_resources.virtual_machines",
            "data.azurerm_resources.virtual_networks"
          ]
        }
      ]
    },
    {
      "module": "module.monitor_activity_log[\"/subscriptions/78c78ae6-b8f6-44d9-88b7-cee29cd59d60/resourcegroups/fourkites-development/providers/microsoft.network/virtualnetworks/aws-to-azure-migration\"]",
      "mode": "managed",
      "type": "azurerm_monitor_action_group",
      "name": "critical_action_group_alert",
      "provider": "provider[\"registry.terraform.io/hashicorp/azurerm\"]",
      "instances": [
        {
          "schema_version": 0,
          "attributes": {
            "arm_role_receiver": [],
            "automation_runbook_receiver": [],
            "azure_app_push_receiver": [],
            "azure_function_receiver": [],
            "email_receiver": [],
            "enabled": true,
            "id": "/subscriptions/78c78ae6-b8f6-44d9-88b7-cee29cd59d60/resourceGroups/fourkites-development/providers/microsoft.insights/actionGroups/action-group-critical-alert-Ab9lRt",
            "itsm_receiver": [],
            "logic_app_receiver": [],
            "name": "action-group-critical-alert-Ab9lRt",
            "resource_group_name": "fourkites-development",
            "short_name": "ag-tf-Ab9lRt",
            "sms_receiver": [],
            "tags": null,
            "timeouts": null,
            "voice_receiver": [],
            "webhook_receiver": [
              {
                "aad_auth": [],
                "name": "https://hooks.slack.com/services/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",
                "service_uri": "https://hooks.slack.com/services/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",
                "use_common_alert_schema": true
              }
            ]
          },
          "sensitive_attributes": [],
          "private": "eyJlMmJmYjczMC1lY2FhLTExZTYtOGY4OC0zNDM2M2JjN2M0YzAiOnsiY3JlYXRlIjoxODAwMDAwMDAwMDAwLCJkZWxldGUiOjE4MDAwMDAwMDAwMDAsInJlYWQiOjMwMDAwMDAwMDAwMCwidXBkYXRlIjoxODAwMDAwMDAwMDAwfX0=",
          "dependencies": [
            "data.azurerm_resources.document_db",
            "data.azurerm_resources.managed_clusters",
            "data.azurerm_resources.mysql_servers",
            "data.azurerm_resources.virtual_machines",
            "data.azurerm_resources.virtual_networks",
            "module.monitor_activity_log.random_string.random_6"
          ]
        }
      ]
    },
    {
      "module": "module.monitor_activity_log[\"/subscriptions/78c78ae6-b8f6-44d9-88b7-cee29cd59d60/resourcegroups/fourkites-development/providers/microsoft.network/virtualnetworks/aws-to-azure-migration\"]",
      "mode": "managed",
      "type": "azurerm_monitor_action_group",
      "name": "high_action_group_alert",
      "provider": "provider[\"registry.terraform.io/hashicorp/azurerm\"]",
      "instances": [
        {
          "schema_version": 0,
          "attributes": {
            "arm_role_receiver": [],
            "automation_runbook_receiver": [],
            "azure_app_push_receiver": [],
            "azure_function_receiver": [],
            "email_receiver": [],
            "enabled": true,
            "id": "/subscriptions/78c78ae6-b8f6-44d9-88b7-cee29cd59d60/resourceGroups/fourkites-development/providers/microsoft.insights/actionGroups/action-group-high-alert-Ab9lRt",
            "itsm_receiver": [],
            "logic_app_receiver": [],
            "name": "action-group-high-alert-Ab9lRt",
            "resource_group_name": "fourkites-development",
            "short_name": "ag-tf-Ab9lRt",
            "sms_receiver": [],
            "tags": null,
            "timeouts": null,
            "voice_receiver": [],
            "webhook_receiver": [
              {
                "aad_auth": [],
                "name": "https://hooks.slack.com/services/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",
                "service_uri": "https://hooks.slack.com/services/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",
                "use_common_alert_schema": true
              }
            ]
          },
          "sensitive_attributes": [],
          "private": "eyJlMmJmYjczMC1lY2FhLTExZTYtOGY4OC0zNDM2M2JjN2M0YzAiOnsiY3JlYXRlIjoxODAwMDAwMDAwMDAwLCJkZWxldGUiOjE4MDAwMDAwMDAwMDAsInJlYWQiOjMwMDAwMDAwMDAwMCwidXBkYXRlIjoxODAwMDAwMDAwMDAwfX0=",
          "dependencies": [
            "data.azurerm_resources.document_db",
            "data.azurerm_resources.managed_clusters",
            "data.azurerm_resources.mysql_servers",
            "data.azurerm_resources.virtual_machines",
            "data.azurerm_resources.virtual_networks",
            "module.monitor_activity_log.random_string.random_6"
          ]
        }
      ]
    },
    {
      "module": "module.monitor_activity_log[\"/subscriptions/78c78ae6-b8f6-44d9-88b7-cee29cd59d60/resourcegroups/fourkites-development/providers/microsoft.network/virtualnetworks/aws-to-azure-migration\"]",
      "mode": "managed",
      "type": "azurerm_monitor_activity_log_alert",
      "name": "critical",
      "provider": "provider[\"registry.terraform.io/hashicorp/azurerm\"]",
      "instances": [
        {
          "schema_version": 0,
          "attributes": {
            "action": [
              {
                "action_group_id": "/subscriptions/78c78ae6-b8f6-44d9-88b7-cee29cd59d60/resourceGroups/fourkites-development/providers/microsoft.insights/actionGroups/action-group-critical-alert-Ab9lRt",
                "webhook_properties": null
              }
            ],
            "criteria": [
              {
                "caller": "",
                "category": "Administrative",
                "level": "Critical",
                "operation_name": "",
                "recommendation_category": "",
                "recommendation_impact": "",
                "recommendation_type": "",
                "resource_group": "",
                "resource_id": "/subscriptions/78c78ae6-b8f6-44d9-88b7-cee29cd59d60/resourcegroups/fourkites-development/providers/microsoft.network/virtualnetworks/aws-to-azure-migration",
                "resource_provider": "",
                "resource_type": "",
                "service_health": [],
                "status": "",
                "sub_status": ""
              }
            ],
            "description": "This alert will monitor for critical events.",
            "enabled": true,
            "id": "/subscriptions/78c78ae6-b8f6-44d9-88b7-cee29cd59d60/resourceGroups/fourkites-development/providers/microsoft.insights/activityLogAlerts/Activity-Log-Critical-Alert-Ab9lRt",
            "name": "Activity-Log-Critical-Alert-Ab9lRt",
            "resource_group_name": "fourkites-development",
            "scopes": [
              "/subscriptions/78c78ae6-b8f6-44d9-88b7-cee29cd59d60/resourcegroups/fourkites-development/providers/microsoft.network/virtualnetworks/aws-to-azure-migration"
            ],
            "tags": null,
            "timeouts": null
          },
          "sensitive_attributes": [],
          "private": "eyJlMmJmYjczMC1lY2FhLTExZTYtOGY4OC0zNDM2M2JjN2M0YzAiOnsiY3JlYXRlIjoxODAwMDAwMDAwMDAwLCJkZWxldGUiOjE4MDAwMDAwMDAwMDAsInJlYWQiOjMwMDAwMDAwMDAwMCwidXBkYXRlIjoxODAwMDAwMDAwMDAwfX0=",
          "dependencies": [
            "data.azurerm_resources.document_db",
            "data.azurerm_resources.managed_clusters",
            "data.azurerm_resources.mysql_servers",
            "data.azurerm_resources.virtual_machines",
            "data.azurerm_resources.virtual_networks",
            "module.monitor_activity_log.azurerm_monitor_action_group.critical_action_group_alert",
            "module.monitor_activity_log.random_string.random_6"
          ]
        }
      ]
    },
    {
      "module": "module.monitor_activity_log[\"/subscriptions/78c78ae6-b8f6-44d9-88b7-cee29cd59d60/resourcegroups/fourkites-development/providers/microsoft.network/virtualnetworks/aws-to-azure-migration\"]",
      "mode": "managed",
      "type": "azurerm_monitor_activity_log_alert",
      "name": "error",
      "provider": "provider[\"registry.terraform.io/hashicorp/azurerm\"]",
      "instances": [
        {
          "schema_version": 0,
          "attributes": {
            "action": [
              {
                "action_group_id": "/subscriptions/78c78ae6-b8f6-44d9-88b7-cee29cd59d60/resourceGroups/fourkites-development/providers/microsoft.insights/actionGroups/action-group-high-alert-Ab9lRt",
                "webhook_properties": null
              }
            ],
            "criteria": [
              {
                "caller": "",
                "category": "Administrative",
                "level": "Error",
                "operation_name": "",
                "recommendation_category": "",
                "recommendation_impact": "",
                "recommendation_type": "",
                "resource_group": "",
                "resource_id": "/subscriptions/78c78ae6-b8f6-44d9-88b7-cee29cd59d60/resourcegroups/fourkites-development/providers/microsoft.network/virtualnetworks/aws-to-azure-migration",
                "resource_provider": "",
                "resource_type": "",
                "service_health": [],
                "status": "",
                "sub_status": ""
              }
            ],
            "description": "This alert will monitor for error events",
            "enabled": true,
            "id": "/subscriptions/78c78ae6-b8f6-44d9-88b7-cee29cd59d60/resourceGroups/fourkites-development/providers/microsoft.insights/activityLogAlerts/Activity-Log-Error-Alert-Ab9lRt",
            "name": "Activity-Log-Error-Alert-Ab9lRt",
            "resource_group_name": "fourkites-development",
            "scopes": [
              "/subscriptions/78c78ae6-b8f6-44d9-88b7-cee29cd59d60/resourcegroups/fourkites-development/providers/microsoft.network/virtualnetworks/aws-to-azure-migration"
            ],
            "tags": null,
            "timeouts": null
          },
          "sensitive_attributes": [],
          "private": "eyJlMmJmYjczMC1lY2FhLTExZTYtOGY4OC0zNDM2M2JjN2M0YzAiOnsiY3JlYXRlIjoxODAwMDAwMDAwMDAwLCJkZWxldGUiOjE4MDAwMDAwMDAwMDAsInJlYWQiOjMwMDAwMDAwMDAwMCwidXBkYXRlIjoxODAwMDAwMDAwMDAwfX0=",
          "dependencies": [
            "data.azurerm_resources.document_db",
            "data.azurerm_resources.managed_clusters",
            "data.azurerm_resources.mysql_servers",
            "data.azurerm_resources.virtual_machines",
            "data.azurerm_resources.virtual_networks",
            "module.monitor_activity_log.azurerm_monitor_action_group.high_action_group_alert",
            "module.monitor_activity_log.random_string.random_6"
          ]
        }
      ]
    },
    {
      "module": "module.monitor_activity_log[\"/subscriptions/78c78ae6-b8f6-44d9-88b7-cee29cd59d60/resourcegroups/fourkites-development/providers/microsoft.network/virtualnetworks/aws-to-azure-migration\"]",
      "mode": "managed",
      "type": "random_string",
      "name": "random_6",
      "provider": "provider[\"registry.terraform.io/hashicorp/random\"]",
      "instances": [
        {
          "schema_version": 1,
          "attributes": {
            "id": "Ab9lRt",
            "keepers": null,
            "length": 6,
            "lower": true,
            "min_lower": 0,
            "min_numeric": 0,
            "min_special": 0,
            "min_upper": 0,
            "number": true,
            "override_special": "_-",
            "result": "Ab9lRt",
            "special": true,
            "upper": true
          },
          "sensitive_attributes": [],
          "private": "eyJzY2hlbWFfdmVyc2lvbiI6IjEifQ==",
          "dependencies": [
            "data.azurerm_resources.document_db",
            "data.azurerm_resources.managed_clusters",
            "data.azurerm_resources.mysql_servers",
            "data.azurerm_resources.virtual_machines",
            "data.azurerm_resources.virtual_networks"
          ]
        }
      ]
    },
    {
      "module": "module.monitor_activity_log[\"/subscriptions/78c78ae6-b8f6-44d9-88b7-cee29cd59d60/resourcegroups/fourkites-development/providers/microsoft.network/virtualnetworks/company-sevice-qat-migration\"]",
      "mode": "managed",
      "type": "azurerm_monitor_action_group",
      "name": "critical_action_group_alert",
      "provider": "provider[\"registry.terraform.io/hashicorp/azurerm\"]",
      "instances": [
        {
          "schema_version": 0,
          "attributes": {
            "arm_role_receiver": [],
            "automation_runbook_receiver": [],
            "azure_app_push_receiver": [],
            "azure_function_receiver": [],
            "email_receiver": [],
            "enabled": true,
            "id": "/subscriptions/78c78ae6-b8f6-44d9-88b7-cee29cd59d60/resourceGroups/fourkites-development/providers/microsoft.insights/actionGroups/action-group-critical-alert-4H3HNd",
            "itsm_receiver": [],
            "logic_app_receiver": [],
            "name": "action-group-critical-alert-4H3HNd",
            "resource_group_name": "fourkites-development",
            "short_name": "ag-tf-4H3HNd",
            "sms_receiver": [],
            "tags": null,
            "timeouts": null,
            "voice_receiver": [],
            "webhook_receiver": [
              {
                "aad_auth": [],
                "name": "https://hooks.slack.com/services/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",
                "service_uri": "https://hooks.slack.com/services/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",
                "use_common_alert_schema": true
              }
            ]
          },
          "sensitive_attributes": [],
          "private": "eyJlMmJmYjczMC1lY2FhLTExZTYtOGY4OC0zNDM2M2JjN2M0YzAiOnsiY3JlYXRlIjoxODAwMDAwMDAwMDAwLCJkZWxldGUiOjE4MDAwMDAwMDAwMDAsInJlYWQiOjMwMDAwMDAwMDAwMCwidXBkYXRlIjoxODAwMDAwMDAwMDAwfX0=",
          "dependencies": [
            "data.azurerm_resources.document_db",
            "data.azurerm_resources.managed_clusters",
            "data.azurerm_resources.mysql_servers",
            "data.azurerm_resources.virtual_machines",
            "data.azurerm_resources.virtual_networks",
            "module.monitor_activity_log.random_string.random_6"
          ]
        }
      ]
    },
    {
      "module": "module.monitor_activity_log[\"/subscriptions/78c78ae6-b8f6-44d9-88b7-cee29cd59d60/resourcegroups/fourkites-development/providers/microsoft.network/virtualnetworks/company-sevice-qat-migration\"]",
      "mode": "managed",
      "type": "azurerm_monitor_action_group",
      "name": "high_action_group_alert",
      "provider": "provider[\"registry.terraform.io/hashicorp/azurerm\"]",
      "instances": [
        {
          "schema_version": 0,
          "attributes": {
            "arm_role_receiver": [],
            "automation_runbook_receiver": [],
            "azure_app_push_receiver": [],
            "azure_function_receiver": [],
            "email_receiver": [],
            "enabled": true,
            "id": "/subscriptions/78c78ae6-b8f6-44d9-88b7-cee29cd59d60/resourceGroups/fourkites-development/providers/microsoft.insights/actionGroups/action-group-high-alert-4H3HNd",
            "itsm_receiver": [],
            "logic_app_receiver": [],
            "name": "action-group-high-alert-4H3HNd",
            "resource_group_name": "fourkites-development",
            "short_name": "ag-tf-4H3HNd",
            "sms_receiver": [],
            "tags": null,
            "timeouts": null,
            "voice_receiver": [],
            "webhook_receiver": [
              {
                "aad_auth": [],
                "name": "https://hooks.slack.com/services/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",
                "service_uri": "https://hooks.slack.com/services/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",
                "use_common_alert_schema": true
              }
            ]
          },
          "sensitive_attributes": [],
          "private": "eyJlMmJmYjczMC1lY2FhLTExZTYtOGY4OC0zNDM2M2JjN2M0YzAiOnsiY3JlYXRlIjoxODAwMDAwMDAwMDAwLCJkZWxldGUiOjE4MDAwMDAwMDAwMDAsInJlYWQiOjMwMDAwMDAwMDAwMCwidXBkYXRlIjoxODAwMDAwMDAwMDAwfX0=",
          "dependencies": [
            "data.azurerm_resources.document_db",
            "data.azurerm_resources.managed_clusters",
            "data.azurerm_resources.mysql_servers",
            "data.azurerm_resources.virtual_machines",
            "data.azurerm_resources.virtual_networks",
            "module.monitor_activity_log.random_string.random_6"
          ]
        }
      ]
    },
    {
      "module": "module.monitor_activity_log[\"/subscriptions/78c78ae6-b8f6-44d9-88b7-cee29cd59d60/resourcegroups/fourkites-development/providers/microsoft.network/virtualnetworks/company-sevice-qat-migration\"]",
      "mode": "managed",
      "type": "azurerm_monitor_activity_log_alert",
      "name": "critical",
      "provider": "provider[\"registry.terraform.io/hashicorp/azurerm\"]",
      "instances": [
        {
          "schema_version": 0,
          "attributes": {
            "action": [
              {
                "action_group_id": "/subscriptions/78c78ae6-b8f6-44d9-88b7-cee29cd59d60/resourceGroups/fourkites-development/providers/microsoft.insights/actionGroups/action-group-critical-alert-4H3HNd",
                "webhook_properties": null
              }
            ],
            "criteria": [
              {
                "caller": "",
                "category": "Administrative",
                "level": "Critical",
                "operation_name": "",
                "recommendation_category": "",
                "recommendation_impact": "",
                "recommendation_type": "",
                "resource_group": "",
                "resource_id": "/subscriptions/78c78ae6-b8f6-44d9-88b7-cee29cd59d60/resourcegroups/fourkites-development/providers/microsoft.network/virtualnetworks/company-sevice-qat-migration",
                "resource_provider": "",
                "resource_type": "",
                "service_health": [],
                "status": "",
                "sub_status": ""
              }
            ],
            "description": "This alert will monitor for critical events.",
            "enabled": true,
            "id": "/subscriptions/78c78ae6-b8f6-44d9-88b7-cee29cd59d60/resourceGroups/fourkites-development/providers/microsoft.insights/activityLogAlerts/Activity-Log-Critical-Alert-4H3HNd",
            "name": "Activity-Log-Critical-Alert-4H3HNd",
            "resource_group_name": "fourkites-development",
            "scopes": [
              "/subscriptions/78c78ae6-b8f6-44d9-88b7-cee29cd59d60/resourcegroups/fourkites-development/providers/microsoft.network/virtualnetworks/company-sevice-qat-migration"
            ],
            "tags": null,
            "timeouts": null
          },
          "sensitive_attributes": [],
          "private": "eyJlMmJmYjczMC1lY2FhLTExZTYtOGY4OC0zNDM2M2JjN2M0YzAiOnsiY3JlYXRlIjoxODAwMDAwMDAwMDAwLCJkZWxldGUiOjE4MDAwMDAwMDAwMDAsInJlYWQiOjMwMDAwMDAwMDAwMCwidXBkYXRlIjoxODAwMDAwMDAwMDAwfX0=",
          "dependencies": [
            "data.azurerm_resources.document_db",
            "data.azurerm_resources.managed_clusters",
            "data.azurerm_resources.mysql_servers",
            "data.azurerm_resources.virtual_machines",
            "data.azurerm_resources.virtual_networks",
            "module.monitor_activity_log.azurerm_monitor_action_group.critical_action_group_alert",
            "module.monitor_activity_log.random_string.random_6"
          ]
        }
      ]
    },
    {
      "module": "module.monitor_activity_log[\"/subscriptions/78c78ae6-b8f6-44d9-88b7-cee29cd59d60/resourcegroups/fourkites-development/providers/microsoft.network/virtualnetworks/company-sevice-qat-migration\"]",
      "mode": "managed",
      "type": "azurerm_monitor_activity_log_alert",
      "name": "error",
      "provider": "provider[\"registry.terraform.io/hashicorp/azurerm\"]",
      "instances": [
        {
          "schema_version": 0,
          "attributes": {
            "action": [
              {
                "action_group_id": "/subscriptions/78c78ae6-b8f6-44d9-88b7-cee29cd59d60/resourceGroups/fourkites-development/providers/microsoft.insights/actionGroups/action-group-high-alert-4H3HNd",
                "webhook_properties": null
              }
            ],
            "criteria": [
              {
                "caller": "",
                "category": "Administrative",
                "level": "Error",
                "operation_name": "",
                "recommendation_category": "",
                "recommendation_impact": "",
                "recommendation_type": "",
                "resource_group": "",
                "resource_id": "/subscriptions/78c78ae6-b8f6-44d9-88b7-cee29cd59d60/resourcegroups/fourkites-development/providers/microsoft.network/virtualnetworks/company-sevice-qat-migration",
                "resource_provider": "",
                "resource_type": "",
                "service_health": [],
                "status": "",
                "sub_status": ""
              }
            ],
            "description": "This alert will monitor for error events",
            "enabled": true,
            "id": "/subscriptions/78c78ae6-b8f6-44d9-88b7-cee29cd59d60/resourceGroups/fourkites-development/providers/microsoft.insights/activityLogAlerts/Activity-Log-Error-Alert-4H3HNd",
            "name": "Activity-Log-Error-Alert-4H3HNd",
            "resource_group_name": "fourkites-development",
            "scopes": [
              "/subscriptions/78c78ae6-b8f6-44d9-88b7-cee29cd59d60/resourcegroups/fourkites-development/providers/microsoft.network/virtualnetworks/company-sevice-qat-migration"
            ],
            "tags": null,
            "timeouts": null
          },
          "sensitive_attributes": [],
          "private": "eyJlMmJmYjczMC1lY2FhLTExZTYtOGY4OC0zNDM2M2JjN2M0YzAiOnsiY3JlYXRlIjoxODAwMDAwMDAwMDAwLCJkZWxldGUiOjE4MDAwMDAwMDAwMDAsInJlYWQiOjMwMDAwMDAwMDAwMCwidXBkYXRlIjoxODAwMDAwMDAwMDAwfX0=",
          "dependencies": [
            "data.azurerm_resources.document_db",
            "data.azurerm_resources.managed_clusters",
            "data.azurerm_resources.mysql_servers",
            "data.azurerm_resources.virtual_machines",
            "data.azurerm_resources.virtual_networks",
            "module.monitor_activity_log.azurerm_monitor_action_group.high_action_group_alert",
            "module.monitor_activity_log.random_string.random_6"
          ]
        }
      ]
    },
    {
      "module": "module.monitor_activity_log[\"/subscriptions/78c78ae6-b8f6-44d9-88b7-cee29cd59d60/resourcegroups/fourkites-development/providers/microsoft.network/virtualnetworks/company-sevice-qat-migration\"]",
      "mode": "managed",
      "type": "random_string",
      "name": "random_6",
      "provider": "provider[\"registry.terraform.io/hashicorp/random\"]",
      "instances": [
        {
          "schema_version": 1,
          "attributes": {
            "id": "4H3HNd",
            "keepers": null,
            "length": 6,
            "lower": true,
            "min_lower": 0,
            "min_numeric": 0,
            "min_special": 0,
            "min_upper": 0,
            "number": true,
            "override_special": "_-",
            "result": "4H3HNd",
            "special": true,
            "upper": true
          },
          "sensitive_attributes": [],
          "private": "eyJzY2hlbWFfdmVyc2lvbiI6IjEifQ==",
          "dependencies": [
            "data.azurerm_resources.document_db",
            "data.azurerm_resources.managed_clusters",
            "data.azurerm_resources.mysql_servers",
            "data.azurerm_resources.virtual_machines",
            "data.azurerm_resources.virtual_networks"
          ]
        }
      ]
    },
    {
      "module": "module.monitor_activity_log[\"/subscriptions/78c78ae6-b8f6-44d9-88b7-cee29cd59d60/resourcegroups/fourkites-development/providers/microsoft.network/virtualnetworks/fourkites-development\"]",
      "mode": "managed",
      "type": "azurerm_monitor_action_group",
      "name": "critical_action_group_alert",
      "provider": "provider[\"registry.terraform.io/hashicorp/azurerm\"]",
      "instances": [
        {
          "schema_version": 0,
          "attributes": {
            "arm_role_receiver": [],
            "automation_runbook_receiver": [],
            "azure_app_push_receiver": [],
            "azure_function_receiver": [],
            "email_receiver": [],
            "enabled": true,
            "id": "/subscriptions/78c78ae6-b8f6-44d9-88b7-cee29cd59d60/resourceGroups/fourkites-development/providers/microsoft.insights/actionGroups/action-group-critical-alert-zCep4i",
            "itsm_receiver": [],
            "logic_app_receiver": [],
            "name": "action-group-critical-alert-zCep4i",
            "resource_group_name": "fourkites-development",
            "short_name": "ag-tf-zCep4i",
            "sms_receiver": [],
            "tags": null,
            "timeouts": null,
            "voice_receiver": [],
            "webhook_receiver": [
              {
                "aad_auth": [],
                "name": "https://hooks.slack.com/services/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",
                "service_uri": "https://hooks.slack.com/services/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",
                "use_common_alert_schema": true
              }
            ]
          },
          "sensitive_attributes": [],
          "private": "eyJlMmJmYjczMC1lY2FhLTExZTYtOGY4OC0zNDM2M2JjN2M0YzAiOnsiY3JlYXRlIjoxODAwMDAwMDAwMDAwLCJkZWxldGUiOjE4MDAwMDAwMDAwMDAsInJlYWQiOjMwMDAwMDAwMDAwMCwidXBkYXRlIjoxODAwMDAwMDAwMDAwfX0=",
          "dependencies": [
            "data.azurerm_resources.document_db",
            "data.azurerm_resources.managed_clusters",
            "data.azurerm_resources.mysql_servers",
            "data.azurerm_resources.virtual_machines",
            "data.azurerm_resources.virtual_networks",
            "module.monitor_activity_log.random_string.random_6"
          ]
        }
      ]
    },
    {
      "module": "module.monitor_activity_log[\"/subscriptions/78c78ae6-b8f6-44d9-88b7-cee29cd59d60/resourcegroups/fourkites-development/providers/microsoft.network/virtualnetworks/fourkites-development\"]",
      "mode": "managed",
      "type": "azurerm_monitor_action_group",
      "name": "high_action_group_alert",
      "provider": "provider[\"registry.terraform.io/hashicorp/azurerm\"]",
      "instances": [
        {
          "schema_version": 0,
          "attributes": {
            "arm_role_receiver": [],
            "automation_runbook_receiver": [],
            "azure_app_push_receiver": [],
            "azure_function_receiver": [],
            "email_receiver": [],
            "enabled": true,
            "id": "/subscriptions/78c78ae6-b8f6-44d9-88b7-cee29cd59d60/resourceGroups/fourkites-development/providers/microsoft.insights/actionGroups/action-group-high-alert-zCep4i",
            "itsm_receiver": [],
            "logic_app_receiver": [],
            "name": "action-group-high-alert-zCep4i",
            "resource_group_name": "fourkites-development",
            "short_name": "ag-tf-zCep4i",
            "sms_receiver": [],
            "tags": null,
            "timeouts": null,
            "voice_receiver": [],
            "webhook_receiver": [
              {
                "aad_auth": [],
                "name": "https://hooks.slack.com/services/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",
                "service_uri": "https://hooks.slack.com/services/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",
                "use_common_alert_schema": true
              }
            ]
          },
          "sensitive_attributes": [],
          "private": "eyJlMmJmYjczMC1lY2FhLTExZTYtOGY4OC0zNDM2M2JjN2M0YzAiOnsiY3JlYXRlIjoxODAwMDAwMDAwMDAwLCJkZWxldGUiOjE4MDAwMDAwMDAwMDAsInJlYWQiOjMwMDAwMDAwMDAwMCwidXBkYXRlIjoxODAwMDAwMDAwMDAwfX0=",
          "dependencies": [
            "data.azurerm_resources.document_db",
            "data.azurerm_resources.managed_clusters",
            "data.azurerm_resources.mysql_servers",
            "data.azurerm_resources.virtual_machines",
            "data.azurerm_resources.virtual_networks",
            "module.monitor_activity_log.random_string.random_6"
          ]
        }
      ]
    },
    {
      "module": "module.monitor_activity_log[\"/subscriptions/78c78ae6-b8f6-44d9-88b7-cee29cd59d60/resourcegroups/fourkites-development/providers/microsoft.network/virtualnetworks/fourkites-development\"]",
      "mode": "managed",
      "type": "azurerm_monitor_activity_log_alert",
      "name": "critical",
      "provider": "provider[\"registry.terraform.io/hashicorp/azurerm\"]",
      "instances": [
        {
          "schema_version": 0,
          "attributes": {
            "action": [
              {
                "action_group_id": "/subscriptions/78c78ae6-b8f6-44d9-88b7-cee29cd59d60/resourceGroups/fourkites-development/providers/microsoft.insights/actionGroups/action-group-critical-alert-zCep4i",
                "webhook_properties": null
              }
            ],
            "criteria": [
              {
                "caller": "",
                "category": "Administrative",
                "level": "Critical",
                "operation_name": "",
                "recommendation_category": "",
                "recommendation_impact": "",
                "recommendation_type": "",
                "resource_group": "",
                "resource_id": "/subscriptions/78c78ae6-b8f6-44d9-88b7-cee29cd59d60/resourcegroups/fourkites-development/providers/microsoft.network/virtualnetworks/fourkites-development",
                "resource_provider": "",
                "resource_type": "",
                "service_health": [],
                "status": "",
                "sub_status": ""
              }
            ],
            "description": "This alert will monitor for critical events.",
            "enabled": true,
            "id": "/subscriptions/78c78ae6-b8f6-44d9-88b7-cee29cd59d60/resourceGroups/fourkites-development/providers/microsoft.insights/activityLogAlerts/Activity-Log-Critical-Alert-zCep4i",
            "name": "Activity-Log-Critical-Alert-zCep4i",
            "resource_group_name": "fourkites-development",
            "scopes": [
              "/subscriptions/78c78ae6-b8f6-44d9-88b7-cee29cd59d60/resourcegroups/fourkites-development/providers/microsoft.network/virtualnetworks/fourkites-development"
            ],
            "tags": null,
            "timeouts": null
          },
          "sensitive_attributes": [],
          "private": "eyJlMmJmYjczMC1lY2FhLTExZTYtOGY4OC0zNDM2M2JjN2M0YzAiOnsiY3JlYXRlIjoxODAwMDAwMDAwMDAwLCJkZWxldGUiOjE4MDAwMDAwMDAwMDAsInJlYWQiOjMwMDAwMDAwMDAwMCwidXBkYXRlIjoxODAwMDAwMDAwMDAwfX0=",
          "dependencies": [
            "data.azurerm_resources.document_db",
            "data.azurerm_resources.managed_clusters",
            "data.azurerm_resources.mysql_servers",
            "data.azurerm_resources.virtual_machines",
            "data.azurerm_resources.virtual_networks",
            "module.monitor_activity_log.azurerm_monitor_action_group.critical_action_group_alert",
            "module.monitor_activity_log.random_string.random_6"
          ]
        }
      ]
    },
    {
      "module": "module.monitor_activity_log[\"/subscriptions/78c78ae6-b8f6-44d9-88b7-cee29cd59d60/resourcegroups/fourkites-development/providers/microsoft.network/virtualnetworks/fourkites-development\"]",
      "mode": "managed",
      "type": "azurerm_monitor_activity_log_alert",
      "name": "error",
      "provider": "provider[\"registry.terraform.io/hashicorp/azurerm\"]",
      "instances": [
        {
          "schema_version": 0,
          "attributes": {
            "action": [
              {
                "action_group_id": "/subscriptions/78c78ae6-b8f6-44d9-88b7-cee29cd59d60/resourceGroups/fourkites-development/providers/microsoft.insights/actionGroups/action-group-high-alert-zCep4i",
                "webhook_properties": null
              }
            ],
            "criteria": [
              {
                "caller": "",
                "category": "Administrative",
                "level": "Error",
                "operation_name": "",
                "recommendation_category": "",
                "recommendation_impact": "",
                "recommendation_type": "",
                "resource_group": "",
                "resource_id": "/subscriptions/78c78ae6-b8f6-44d9-88b7-cee29cd59d60/resourcegroups/fourkites-development/providers/microsoft.network/virtualnetworks/fourkites-development",
                "resource_provider": "",
                "resource_type": "",
                "service_health": [],
                "status": "",
                "sub_status": ""
              }
            ],
            "description": "This alert will monitor for error events",
            "enabled": true,
            "id": "/subscriptions/78c78ae6-b8f6-44d9-88b7-cee29cd59d60/resourceGroups/fourkites-development/providers/microsoft.insights/activityLogAlerts/Activity-Log-Error-Alert-zCep4i",
            "name": "Activity-Log-Error-Alert-zCep4i",
            "resource_group_name": "fourkites-development",
            "scopes": [
              "/subscriptions/78c78ae6-b8f6-44d9-88b7-cee29cd59d60/resourcegroups/fourkites-development/providers/microsoft.network/virtualnetworks/fourkites-development"
            ],
            "tags": null,
            "timeouts": null
          },
          "sensitive_attributes": [],
          "private": "eyJlMmJmYjczMC1lY2FhLTExZTYtOGY4OC0zNDM2M2JjN2M0YzAiOnsiY3JlYXRlIjoxODAwMDAwMDAwMDAwLCJkZWxldGUiOjE4MDAwMDAwMDAwMDAsInJlYWQiOjMwMDAwMDAwMDAwMCwidXBkYXRlIjoxODAwMDAwMDAwMDAwfX0=",
          "dependencies": [
            "data.azurerm_resources.document_db",
            "data.azurerm_resources.managed_clusters",
            "data.azurerm_resources.mysql_servers",
            "data.azurerm_resources.virtual_machines",
            "data.azurerm_resources.virtual_networks",
            "module.monitor_activity_log.azurerm_monitor_action_group.high_action_group_alert",
            "module.monitor_activity_log.random_string.random_6"
          ]
        }
      ]
    },
    {
      "module": "module.monitor_activity_log[\"/subscriptions/78c78ae6-b8f6-44d9-88b7-cee29cd59d60/resourcegroups/fourkites-development/providers/microsoft.network/virtualnetworks/fourkites-development\"]",
      "mode": "managed",
      "type": "random_string",
      "name": "random_6",
      "provider": "provider[\"registry.terraform.io/hashicorp/random\"]",
      "instances": [
        {
          "schema_version": 1,
          "attributes": {
            "id": "zCep4i",
            "keepers": null,
            "length": 6,
            "lower": true,
            "min_lower": 0,
            "min_numeric": 0,
            "min_special": 0,
            "min_upper": 0,
            "number": true,
            "override_special": "_-",
            "result": "zCep4i",
            "special": true,
            "upper": true
          },
          "sensitive_attributes": [],
          "private": "eyJzY2hlbWFfdmVyc2lvbiI6IjEifQ==",
          "dependencies": [
            "data.azurerm_resources.document_db",
            "data.azurerm_resources.managed_clusters",
            "data.azurerm_resources.mysql_servers",
            "data.azurerm_resources.virtual_machines",
            "data.azurerm_resources.virtual_networks"
          ]
        }
      ]
    }
  ]
}
